{
  "version": 4,
  "terraform_version": "1.9.7",
  "serial": 45,
  "lineage": "e66b1fdd-e22f-d28d-9cbf-3ccaa23bafb2",
  "outputs": {},
  "resources": [
    {
      "module": "module.lambda_example_container-image",
      "mode": "data",
      "type": "aws_caller_identity",
      "name": "this",
      "provider": "module.lambda_example_container-image.provider[\"registry.terraform.io/hashicorp/aws\"]",
      "instances": [
        {
          "schema_version": 0,
          "attributes": {
            "account_id": "470942945617",
            "arn": "arn:aws:iam::470942945617:user/Terraform",
            "id": "470942945617",
            "user_id": "AIDAW3JTDCFIVADYJ2SCP"
          },
          "sensitive_attributes": []
        }
      ]
    },
    {
      "module": "module.lambda_example_container-image",
      "mode": "data",
      "type": "aws_ecr_authorization_token",
      "name": "token",
      "provider": "module.lambda_example_container-image.provider[\"registry.terraform.io/hashicorp/aws\"]",
      "instances": [
        {
          "schema_version": 0,
          "attributes": {
            "authorization_token": "QVdTOmV5SndZWGxzYjJGa0lqb2lUWE5CY2xwWE5VbHRjbFpUVEZSSU1VWlpUek5UVVVZd2FrMTNOMHBXUVZFNU1XeE9WbFZCUWpCU2RUaEpVRzF6Y25CbVFsaExhWEV3WlVsNE1raHpkbWhUSzFSekwyaDJNR2x1ZWxJeGJtczVOVE5ZUkVvNGJVZGpUR28zVWtoQ1kyVkhRakJzZG5KT09XVjZPRlp5Y0hwNGFFcE9aVEZoTVhkNlVpdGpSREZqUkdKUVlsQXpTWGxYV2t0dWRUTm5kakl5VWxCcVkwSmtiR1FyUlZGb2J6TlFaa1JYUzFwU2EwcFJiRlI0YzFKUVlUTXZRMmM0U2t4WU1HRkplVWd6Y21RME4wUkVOelpKVDFJeVZuVmpNRzlpWldsc01HOXVVSEZ6ZWt4TVlTdEpUVmxaTVRWWWJTOHhUMDE1UjNaUVowaG1hVk5HVkVocWQyZE1WVE00TVhaVFNXdGtORTU2TlN0dk1ubFdhRU5wTUZsNWFETjBRbWRFYUZOQ2IwbHRSakppTlU0NVdETklWVmcxZHpscVRYWXdRek5pU1ZWTmVVWlpTa1JvVEdwcU1qY3hVR1pZTDNKUVpEUnNRblExSzFWVE0wSk5OMDUyVlU1emQxRjNWR3RZYlN0dk1HSnRRMDFVVlZnd1VYUTNja28yV0ROSGVEaFBURUpJYkRGVVVYb3JUV1p0VVZsdGNrOHJaM2s0TmsxTVJFdHBRMGRQVjB4WGJHaDRhelpNZFhCeVppdFlRalJOSzJaMmJEUTRVMFZOUTBKbVdGVkJPV1ZvVmpORFJVTk1WMk5sVUhkTVRHdE5RMEZ1YURBNVEyTlphek5DVFRsYWFuUllkWFZuZEV4SWFUZEdiV0pSVjFOWmVsVlZTbWRhUVZKc00wTTJjVzVoY0hCNmJYY3pXRXBUU0dWRWNWY3hNRzFGU1dvdkszbGpkbTh3YmtzMWRISkdVa1pGY0RrM056TTFheTgzVWpreVFtOWlXa1JPY21WVGJWaHdPWFkzVWxGa2NucGhMM0pGYmtZcksyTkRkRTlwU1cxblRFUjVWRVZWZDJaRFN6a3hUM1IwY214WVozTkNlalJpY1ZSRVduQjNkRXBDYkVoVU1WUnViekp4WTBSck1tUXdXazVLUkVSeVZWaFlZVmhJYTJ0MEsxaFRWRFl6YlVGR2IzUnFiVTlYTDNCTFlrbGFkakJLUTJSNlZHOTRXbU01WTFaM2FIbFVaSGhOUWpoR2FHUldjRUpVVGxScWFrSm5MMGhWYjFwRlpERlVkVk5DZVNzeGNGSkhTbGRtU1hCSFNGTjNWMGR2VURZd2EwOHZWbE00U0ZFdlJDOWpUVzk1VnpoV1NqZGFiR2RtTUZjeWIyVkpZMGN6ZDFGRFpUVk9WMVY0THpCRGQxTmliMjlYV0Vkc1lrMUxTRkZvUkRoS01XTTFhVUpGWVVoSGRsRjJRV2RvZDNKV1JUVndNVzVIZDNsbWJXUlhjRlpWVnpGRmJrSmhkWEprVFRaWlZrNUtUbkZtVDNoYVMyeGxNM1pXWWsxS01HVmFSemcxT0ZJeWFqbG1WaXRDYTBNeVMzWlFPR3hKYUVKTllXTndVbGxLYldoSVowZFlTRGxaT1RFM1RUY3dSRVZHVFdOTmExVlJhbU5DUWpKeFZFUmlaRlpHTWtGMWIzaHhUVk5VSzJjNFNEbGtVWEpIU0VGcU1qVTJSSHBNVEVjNVpVOXBjRk5KVWtOaVRrMTJRbkFyZHpsQlNXaDNXV1ZuVUdnck5XbENhMXBWWTNwUE5VMVRUWEIxU1ZWR1lUaGxkRTl0UVVGYVMxbHJOR0ZFUVVWcmRXMXBWeUlzSW1SaGRHRnJaWGtpT2lKQlVVVkNRVWhvSzJSVEswSnNUblV3VG5odVdIZHZkMkpKVEhNeE1UVjVhbVFyVEU1QldtaENURnB6ZFc1UGVHc3pRVUZCUVVnMGQyWkJXVXBMYjFwSmFIWmpUa0ZSWTBkdlJ6aDNZbEZKUWtGRVFtOUNaMnR4YUd0cFJ6bDNNRUpDZDBWM1NHZFpTbGxKV2tsQlYxVkVRa0ZGZFUxQ1JVVkVUMGROUWxGbVRVMUhZMmxzVUdkTFQzZEpRa1ZKUVRkelNqVXlWRUZqTkV4bk1FSnNMMDFhV0ZGWmFqZFphSHBNTjFkYWVqQnhTbXBFVFdGeVVXaHJOa00xV0hkS1ZHSkhkbFExZVU1WmNUTkJSMjVPY25kb1VtcEdOVXhpYVVadVJFeFVkSFIzUFNJc0luWmxjbk5wYjI0aU9pSXlJaXdpZEhsd1pTSTZJa1JCVkVGZlMwVlpJaXdpWlhod2FYSmhkR2x2YmlJNk1UY3lPVEkwTnpjNU9IMD0=",
            "expires_at": "2024-10-18T10:36:38Z",
            "id": "eu-west-1",
            "password": "eyJwYXlsb2FkIjoiTXNBclpXNUltclZTTFRIMUZZTzNTUUYwak13N0pWQVE5MWxOVlVBQjBSdThJUG1zcnBmQlhLaXEwZUl4MkhzdmhTK1RzL2h2MGluelIxbms5NTNYREo4bUdjTGo3UkhCY2VHQjBsdnJOOWV6OFZycHp4aEpOZTFhMXd6UitjRDFjRGJQYlAzSXlXWktudTNndjIyUlBqY0JkbGQrRVFobzNQZkRXS1pSa0pRbFR4c1JQYTMvQ2c4SkxYMGFJeUgzcmQ0N0RENzZJT1IyVnVjMG9iZWlsMG9uUHFzekxMYStJTVlZMTVYbS8xT015R3ZQZ0hmaVNGVEhqd2dMVTM4MXZTSWtkNE56NStvMnlWaENpMFl5aDN0QmdEaFNCb0ltRjJiNU45WDNIVVg1dzlqTXYwQzNiSVVNeUZZSkRoTGpqMjcxUGZYL3JQZDRsQnQ1K1VTM0JNN052VU5zd1F3VGtYbStvMGJtQ01UVVgwUXQ3cko2WDNHeDhPTEJIbDFUUXorTWZtUVltck8rZ3k4Nk1MREtpQ0dPV0xXbGh4azZMdXByZitYQjRNK2Z2bDQ4U0VNQ0JmWFVBOWVoVjNDRUNMV2NlUHdMTGtNQ0FuaDA5Q2NZazNCTTlaanRYdXVndExIaTdGbWJRV1NZelVVSmdaQVJsM0M2cW5hcHB6bXczWEpTSGVEcVcxMG1FSWovK3ljdm8wbks1dHJGUkZFcDk3NzM1ay83UjkyQm9iWkROcmVTbVhwOXY3UlFkcnphL3JFbkYrK2NDdE9pSW1nTER5VEVVd2ZDSzkxT3R0cmxYZ3NCejRicVREWnB3dEpCbEhUMVRubzJxY0RrMmQwWk5KRERyVVhYYVhIa2t0K1hTVDYzbUFGb3RqbU9XL3BLYkladjBKQ2R6VG94WmM5Y1Z3aHlUZHhNQjhGaGRWcEJUTlRqakJnL0hVb1pFZDFUdVNCeSsxcFJHSldmSXBHSFN3V0dvUDYwa08vVlM4SFEvRC9jTW95VzhWSjdabGdmMFcyb2VJY0czd1FDZTVOV1V4LzBDd1Nib29XWEdsYk1LSFFoRDhKMWM1aUJFYUhHdlF2QWdod3JWRTVwMW5Hd3lmbWRXcFZVVzFFbkJhdXJkTTZZVk5KTnFmT3haS2xlM3ZWYk1KMGVaRzg1OFIyajlmVitCa0MyS3ZQOGxJaEJNYWNwUllKbWhIZ0dYSDlZOTE3TTcwREVGTWNNa1VRamNCQjJxVERiZFZGMkF1b3hxTVNUK2c4SDlkUXJHSEFqMjU2RHpMTEc5ZU9pcFNJUkNiTk12QnArdzlBSWh3WWVnUGgrNWlCa1pVY3pPNU1TTXB1SVVGYThldE9tQUFaS1lrNGFEQUVrdW1pVyIsImRhdGFrZXkiOiJBUUVCQUhoK2RTK0JsTnUwTnhuWHdvd2JJTHMxMTV5amQrTE5BWmhCTFpzdW5PeGszQUFBQUg0d2ZBWUpLb1pJaHZjTkFRY0dvRzh3YlFJQkFEQm9CZ2txaGtpRzl3MEJCd0V3SGdZSllJWklBV1VEQkFFdU1CRUVET0dNQlFmTU1HY2lsUGdLT3dJQkVJQTdzSjUyVEFjNExnMEJsL01aWFFZajdZaHpMN1daejBxSmpETWFyUWhrNkM1WHdKVGJHdlQ1eU5ZcTNBR25OcndoUmpGNUxiaUZuRExUdHR3PSIsInZlcnNpb24iOiIyIiwidHlwZSI6IkRBVEFfS0VZIiwiZXhwaXJhdGlvbiI6MTcyOTI0Nzc5OH0=",
            "proxy_endpoint": "https://470942945617.dkr.ecr.eu-west-1.amazonaws.com",
            "registry_id": null,
            "user_name": "AWS"
          },
          "sensitive_attributes": [
            [
              {
                "type": "get_attr",
                "value": "password"
              }
            ],
            [
              {
                "type": "get_attr",
                "value": "authorization_token"
              }
            ]
          ]
        }
      ]
    },
    {
      "module": "module.lambda_example_container-image",
      "mode": "data",
      "type": "aws_region",
      "name": "current",
      "provider": "module.lambda_example_container-image.provider[\"registry.terraform.io/hashicorp/aws\"]",
      "instances": [
        {
          "schema_version": 0,
          "attributes": {
            "description": "Europe (Ireland)",
            "endpoint": "ec2.eu-west-1.amazonaws.com",
            "id": "eu-west-1",
            "name": "eu-west-1"
          },
          "sensitive_attributes": []
        }
      ]
    },
    {
      "module": "module.lambda_example_container-image",
      "mode": "managed",
      "type": "random_pet",
      "name": "this",
      "provider": "provider[\"registry.terraform.io/hashicorp/random\"]",
      "instances": [
        {
          "schema_version": 0,
          "attributes": {
            "id": "expert-iguana",
            "keepers": null,
            "length": 2,
            "prefix": null,
            "separator": "-"
          },
          "sensitive_attributes": [],
          "create_before_destroy": true
        }
      ]
    },
    {
      "module": "module.lambda_example_container-image.module.docker_build",
      "mode": "data",
      "type": "aws_caller_identity",
      "name": "this",
      "provider": "module.lambda_example_container-image.provider[\"registry.terraform.io/hashicorp/aws\"]",
      "instances": [
        {
          "schema_version": 0,
          "attributes": {
            "account_id": "470942945617",
            "arn": "arn:aws:iam::470942945617:user/Terraform",
            "id": "470942945617",
            "user_id": "AIDAW3JTDCFIVADYJ2SCP"
          },
          "sensitive_attributes": []
        }
      ]
    },
    {
      "module": "module.lambda_example_container-image.module.docker_build",
      "mode": "data",
      "type": "aws_region",
      "name": "current",
      "provider": "module.lambda_example_container-image.provider[\"registry.terraform.io/hashicorp/aws\"]",
      "instances": [
        {
          "schema_version": 0,
          "attributes": {
            "description": "Europe (Ireland)",
            "endpoint": "ec2.eu-west-1.amazonaws.com",
            "id": "eu-west-1",
            "name": "eu-west-1"
          },
          "sensitive_attributes": []
        }
      ]
    },
    {
      "module": "module.lambda_example_container-image.module.docker_build",
      "mode": "managed",
      "type": "aws_ecr_lifecycle_policy",
      "name": "this",
      "provider": "module.lambda_example_container-image.provider[\"registry.terraform.io/hashicorp/aws\"]",
      "instances": [
        {
          "index_key": 0,
          "schema_version": 0,
          "attributes": {
            "id": "expert-iguana",
            "policy": "{\"rules\":[{\"action\":{\"type\":\"expire\"},\"description\":\"Keep only the last 2 images\",\"rulePriority\":1,\"selection\":{\"countNumber\":2,\"countType\":\"imageCountMoreThan\",\"tagStatus\":\"any\"}}]}",
            "registry_id": "470942945617",
            "repository": "expert-iguana"
          },
          "sensitive_attributes": [],
          "private": "bnVsbA==",
          "dependencies": [
            "module.lambda_example_container-image.module.docker_build.aws_ecr_repository.this",
            "module.lambda_example_container-image.random_pet.this"
          ]
        }
      ]
    },
    {
      "module": "module.lambda_example_container-image.module.docker_build",
      "mode": "managed",
      "type": "aws_ecr_repository",
      "name": "this",
      "provider": "module.lambda_example_container-image.provider[\"registry.terraform.io/hashicorp/aws\"]",
      "instances": [
        {
          "index_key": 0,
          "schema_version": 0,
          "attributes": {
            "arn": "arn:aws:ecr:eu-west-1:470942945617:repository/expert-iguana",
            "encryption_configuration": [
              {
                "encryption_type": "AES256",
                "kms_key": ""
              }
            ],
            "force_delete": true,
            "id": "expert-iguana",
            "image_scanning_configuration": [
              {
                "scan_on_push": false
              }
            ],
            "image_tag_mutability": "MUTABLE",
            "name": "expert-iguana",
            "registry_id": "470942945617",
            "repository_url": "470942945617.dkr.ecr.eu-west-1.amazonaws.com/expert-iguana",
            "tags": {},
            "tags_all": {},
            "timeouts": null
          },
          "sensitive_attributes": [],
          "private": "eyJlMmJmYjczMC1lY2FhLTExZTYtOGY4OC0zNDM2M2JjN2M0YzAiOnsiZGVsZXRlIjoxMjAwMDAwMDAwMDAwfX0=",
          "dependencies": [
            "module.lambda_example_container-image.random_pet.this"
          ],
          "create_before_destroy": true
        }
      ]
    },
    {
      "module": "module.lambda_example_container-image.module.docker_build",
      "mode": "managed",
      "type": "docker_image",
      "name": "this",
      "provider": "module.lambda_example_container-image.provider[\"registry.terraform.io/kreuzwerker/docker\"]",
      "instances": [
        {
          "schema_version": 0,
          "attributes": {
            "build": [
              {
                "auth_config": [],
                "build_arg": null,
                "build_args": {
                  "FOO": "bar"
                },
                "build_id": "",
                "cache_from": [],
                "cgroup_parent": "",
                "context": "context",
                "cpu_period": null,
                "cpu_quota": null,
                "cpu_set_cpus": "",
                "cpu_set_mems": "",
                "cpu_shares": null,
                "dockerfile": "Dockerfile",
                "extra_hosts": [],
                "force_remove": null,
                "isolation": "",
                "label": null,
                "labels": null,
                "memory": null,
                "memory_swap": null,
                "network_mode": "",
                "no_cache": null,
                "platform": "linux/amd64",
                "pull_parent": null,
                "remote_context": "",
                "remove": true,
                "security_opt": [],
                "session_id": "",
                "shm_size": null,
                "squash": null,
                "suppress_output": null,
                "tag": [],
                "target": "",
                "ulimit": [],
                "version": ""
              }
            ],
            "force_remove": false,
            "id": "sha256:52e5c3c9110827ad2c3c4219ea86d916b464d41bbd4d6d1e1cf532afef64b824470942945617.dkr.ecr.eu-west-1.amazonaws.com/expert-iguana",
            "image_id": "sha256:52e5c3c9110827ad2c3c4219ea86d916b464d41bbd4d6d1e1cf532afef64b824",
            "keep_locally": false,
            "name": "470942945617.dkr.ecr.eu-west-1.amazonaws.com/expert-iguana",
            "platform": null,
            "pull_triggers": null,
            "repo_digest": "",
            "triggers": {
              "dir_sha": "da39a3ee5e6b4b0d3255bfef95601890afd80709"
            }
          },
          "sensitive_attributes": [],
          "private": "bnVsbA==",
          "dependencies": [
            "module.lambda_example_container-image.data.aws_caller_identity.this",
            "module.lambda_example_container-image.data.aws_ecr_authorization_token.token",
            "module.lambda_example_container-image.data.aws_region.current",
            "module.lambda_example_container-image.module.docker_build.aws_ecr_repository.this",
            "module.lambda_example_container-image.module.docker_build.data.aws_caller_identity.this",
            "module.lambda_example_container-image.module.docker_build.data.aws_region.current",
            "module.lambda_example_container-image.random_pet.this"
          ]
        }
      ]
    },
    {
      "module": "module.lambda_example_container-image.module.docker_build",
      "mode": "managed",
      "type": "docker_registry_image",
      "name": "this",
      "provider": "module.lambda_example_container-image.provider[\"registry.terraform.io/kreuzwerker/docker\"]",
      "instances": [
        {
          "schema_version": 0,
          "attributes": {
            "id": "sha256:303c08225221c2f1e531325f6d55f88a41fb4371f61db1a21c934b3dc8c26450",
            "insecure_skip_verify": false,
            "keep_remotely": false,
            "name": "470942945617.dkr.ecr.eu-west-1.amazonaws.com/expert-iguana",
            "sha256_digest": "sha256:303c08225221c2f1e531325f6d55f88a41fb4371f61db1a21c934b3dc8c26450",
            "triggers": {
              "dir_sha": "da39a3ee5e6b4b0d3255bfef95601890afd80709"
            }
          },
          "sensitive_attributes": [],
          "private": "bnVsbA==",
          "dependencies": [
            "module.lambda_example_container-image.data.aws_caller_identity.this",
            "module.lambda_example_container-image.data.aws_ecr_authorization_token.token",
            "module.lambda_example_container-image.data.aws_region.current",
            "module.lambda_example_container-image.module.docker_build.aws_ecr_repository.this",
            "module.lambda_example_container-image.module.docker_build.data.aws_caller_identity.this",
            "module.lambda_example_container-image.module.docker_build.data.aws_region.current",
            "module.lambda_example_container-image.module.docker_build.docker_image.this",
            "module.lambda_example_container-image.random_pet.this"
          ]
        }
      ]
    },
    {
      "module": "module.lambda_example_container-image.module.docker_build_from_ecr",
      "mode": "data",
      "type": "aws_caller_identity",
      "name": "this",
      "provider": "module.lambda_example_container-image.provider[\"registry.terraform.io/hashicorp/aws\"]",
      "instances": [
        {
          "schema_version": 0,
          "attributes": {
            "account_id": "470942945617",
            "arn": "arn:aws:iam::470942945617:user/Terraform",
            "id": "470942945617",
            "user_id": "AIDAW3JTDCFIVADYJ2SCP"
          },
          "sensitive_attributes": []
        }
      ]
    },
    {
      "module": "module.lambda_example_container-image.module.docker_build_from_ecr",
      "mode": "data",
      "type": "aws_region",
      "name": "current",
      "provider": "module.lambda_example_container-image.provider[\"registry.terraform.io/hashicorp/aws\"]",
      "instances": [
        {
          "schema_version": 0,
          "attributes": {
            "description": "Europe (Ireland)",
            "endpoint": "ec2.eu-west-1.amazonaws.com",
            "id": "eu-west-1",
            "name": "eu-west-1"
          },
          "sensitive_attributes": []
        }
      ]
    },
    {
      "module": "module.lambda_example_container-image.module.docker_build_from_ecr",
      "mode": "managed",
      "type": "aws_ecr_repository",
      "name": "this",
      "provider": "module.lambda_example_container-image.provider[\"registry.terraform.io/hashicorp/aws\"]",
      "instances": []
    },
    {
      "module": "module.lambda_example_container-image.module.docker_build_from_ecr",
      "mode": "managed",
      "type": "docker_image",
      "name": "this",
      "provider": "module.lambda_example_container-image.provider[\"registry.terraform.io/kreuzwerker/docker\"]",
      "instances": [
        {
          "schema_version": 0,
          "attributes": {
            "build": [
              {
                "auth_config": [],
                "build_arg": null,
                "build_args": {
                  "FOO": "bar"
                },
                "build_id": "",
                "cache_from": [],
                "cgroup_parent": "",
                "context": "context",
                "cpu_period": null,
                "cpu_quota": null,
                "cpu_set_cpus": "",
                "cpu_set_mems": "",
                "cpu_shares": null,
                "dockerfile": "Dockerfile",
                "extra_hosts": [],
                "force_remove": null,
                "isolation": "",
                "label": null,
                "labels": null,
                "memory": null,
                "memory_swap": null,
                "network_mode": "",
                "no_cache": null,
                "platform": "linux/amd64",
                "pull_parent": null,
                "remote_context": "",
                "remove": true,
                "security_opt": [],
                "session_id": "",
                "shm_size": null,
                "squash": null,
                "suppress_output": null,
                "tag": [],
                "target": "",
                "ulimit": [],
                "version": ""
              }
            ],
            "force_remove": false,
            "id": "sha256:52e5c3c9110827ad2c3c4219ea86d916b464d41bbd4d6d1e1cf532afef64b824470942945617.dkr.ecr.eu-west-1.amazonaws.com/expert-iguana-ecr",
            "image_id": "sha256:52e5c3c9110827ad2c3c4219ea86d916b464d41bbd4d6d1e1cf532afef64b824",
            "keep_locally": false,
            "name": "470942945617.dkr.ecr.eu-west-1.amazonaws.com/expert-iguana-ecr",
            "platform": null,
            "pull_triggers": null,
            "repo_digest": "",
            "triggers": {
              "dir_sha": "da39a3ee5e6b4b0d3255bfef95601890afd80709"
            }
          },
          "sensitive_attributes": [],
          "private": "bnVsbA==",
          "dependencies": [
            "module.lambda_example_container-image.data.aws_caller_identity.this",
            "module.lambda_example_container-image.data.aws_ecr_authorization_token.token",
            "module.lambda_example_container-image.data.aws_region.current",
            "module.lambda_example_container-image.module.docker_build_from_ecr.aws_ecr_repository.this",
            "module.lambda_example_container-image.module.docker_build_from_ecr.data.aws_caller_identity.this",
            "module.lambda_example_container-image.module.docker_build_from_ecr.data.aws_region.current",
            "module.lambda_example_container-image.module.ecr.aws_ecr_repository.this",
            "module.lambda_example_container-image.module.ecr.aws_ecrpublic_repository.this",
            "module.lambda_example_container-image.random_pet.this"
          ]
        }
      ]
    },
    {
      "module": "module.lambda_example_container-image.module.docker_build_from_ecr",
      "mode": "managed",
      "type": "docker_registry_image",
      "name": "this",
      "provider": "module.lambda_example_container-image.provider[\"registry.terraform.io/kreuzwerker/docker\"]",
      "instances": [
        {
          "schema_version": 0,
          "attributes": {
            "id": "sha256:303c08225221c2f1e531325f6d55f88a41fb4371f61db1a21c934b3dc8c26450",
            "insecure_skip_verify": false,
            "keep_remotely": false,
            "name": "470942945617.dkr.ecr.eu-west-1.amazonaws.com/expert-iguana-ecr",
            "sha256_digest": "sha256:303c08225221c2f1e531325f6d55f88a41fb4371f61db1a21c934b3dc8c26450",
            "triggers": {
              "dir_sha": "da39a3ee5e6b4b0d3255bfef95601890afd80709"
            }
          },
          "sensitive_attributes": [],
          "private": "bnVsbA==",
          "dependencies": [
            "module.lambda_example_container-image.data.aws_caller_identity.this",
            "module.lambda_example_container-image.data.aws_ecr_authorization_token.token",
            "module.lambda_example_container-image.data.aws_region.current",
            "module.lambda_example_container-image.module.docker_build_from_ecr.aws_ecr_repository.this",
            "module.lambda_example_container-image.module.docker_build_from_ecr.data.aws_caller_identity.this",
            "module.lambda_example_container-image.module.docker_build_from_ecr.data.aws_region.current",
            "module.lambda_example_container-image.module.docker_build_from_ecr.docker_image.this",
            "module.lambda_example_container-image.module.ecr.aws_ecr_repository.this",
            "module.lambda_example_container-image.module.ecr.aws_ecrpublic_repository.this",
            "module.lambda_example_container-image.random_pet.this"
          ]
        }
      ]
    },
    {
      "module": "module.lambda_example_container-image.module.ecr",
      "mode": "data",
      "type": "aws_caller_identity",
      "name": "current",
      "provider": "module.lambda_example_container-image.provider[\"registry.terraform.io/hashicorp/aws\"]",
      "instances": [
        {
          "schema_version": 0,
          "attributes": {
            "account_id": "470942945617",
            "arn": "arn:aws:iam::470942945617:user/Terraform",
            "id": "470942945617",
            "user_id": "AIDAW3JTDCFIVADYJ2SCP"
          },
          "sensitive_attributes": []
        }
      ]
    },
    {
      "module": "module.lambda_example_container-image.module.ecr",
      "mode": "data",
      "type": "aws_partition",
      "name": "current",
      "provider": "module.lambda_example_container-image.provider[\"registry.terraform.io/hashicorp/aws\"]",
      "instances": [
        {
          "schema_version": 0,
          "attributes": {
            "dns_suffix": "amazonaws.com",
            "id": "aws",
            "partition": "aws",
            "reverse_dns_prefix": "com.amazonaws"
          },
          "sensitive_attributes": []
        }
      ]
    },
    {
      "module": "module.lambda_example_container-image.module.ecr",
      "mode": "managed",
      "type": "aws_ecr_repository",
      "name": "this",
      "provider": "module.lambda_example_container-image.provider[\"registry.terraform.io/hashicorp/aws\"]",
      "instances": [
        {
          "index_key": 0,
          "schema_version": 0,
          "attributes": {
            "arn": "arn:aws:ecr:eu-west-1:470942945617:repository/expert-iguana-ecr",
            "encryption_configuration": [
              {
                "encryption_type": "AES256",
                "kms_key": ""
              }
            ],
            "force_delete": true,
            "id": "expert-iguana-ecr",
            "image_scanning_configuration": [
              {
                "scan_on_push": true
              }
            ],
            "image_tag_mutability": "IMMUTABLE",
            "name": "expert-iguana-ecr",
            "registry_id": "470942945617",
            "repository_url": "470942945617.dkr.ecr.eu-west-1.amazonaws.com/expert-iguana-ecr",
            "tags": {},
            "tags_all": {},
            "timeouts": null
          },
          "sensitive_attributes": [],
          "private": "eyJlMmJmYjczMC1lY2FhLTExZTYtOGY4OC0zNDM2M2JjN2M0YzAiOnsiZGVsZXRlIjoxMjAwMDAwMDAwMDAwfX0=",
          "dependencies": [
            "module.lambda_example_container-image.random_pet.this"
          ],
          "create_before_destroy": true
        }
      ]
    },
    {
      "module": "module.lambda_example_container-image.module.ecr",
      "mode": "managed",
      "type": "aws_ecrpublic_repository",
      "name": "this",
      "provider": "module.lambda_example_container-image.provider[\"registry.terraform.io/hashicorp/aws\"]",
      "instances": []
    },
    {
      "module": "module.lambda_example_container-image.module.lambda_function_with_docker_build",
      "mode": "data",
      "type": "aws_arn",
      "name": "log_group_arn",
      "provider": "module.lambda_example_container-image.provider[\"registry.terraform.io/hashicorp/aws\"]",
      "instances": []
    },
    {
      "module": "module.lambda_example_container-image.module.lambda_function_with_docker_build",
      "mode": "data",
      "type": "aws_caller_identity",
      "name": "current",
      "provider": "module.lambda_example_container-image.provider[\"registry.terraform.io/hashicorp/aws\"]",
      "instances": [
        {
          "schema_version": 0,
          "attributes": {
            "account_id": "470942945617",
            "arn": "arn:aws:iam::470942945617:user/Terraform",
            "id": "470942945617",
            "user_id": "AIDAW3JTDCFIVADYJ2SCP"
          },
          "sensitive_attributes": []
        }
      ]
    },
    {
      "module": "module.lambda_example_container-image.module.lambda_function_with_docker_build",
      "mode": "data",
      "type": "aws_cloudwatch_log_group",
      "name": "lambda",
      "provider": "module.lambda_example_container-image.provider[\"registry.terraform.io/hashicorp/aws\"]",
      "instances": []
    },
    {
      "module": "module.lambda_example_container-image.module.lambda_function_with_docker_build",
      "mode": "data",
      "type": "aws_iam_policy",
      "name": "tracing",
      "provider": "module.lambda_example_container-image.provider[\"registry.terraform.io/hashicorp/aws\"]",
      "instances": []
    },
    {
      "module": "module.lambda_example_container-image.module.lambda_function_with_docker_build",
      "mode": "data",
      "type": "aws_iam_policy",
      "name": "vpc",
      "provider": "module.lambda_example_container-image.provider[\"registry.terraform.io/hashicorp/aws\"]",
      "instances": []
    },
    {
      "module": "module.lambda_example_container-image.module.lambda_function_with_docker_build",
      "mode": "data",
      "type": "aws_iam_policy_document",
      "name": "additional_inline",
      "provider": "module.lambda_example_container-image.provider[\"registry.terraform.io/hashicorp/aws\"]",
      "instances": []
    },
    {
      "module": "module.lambda_example_container-image.module.lambda_function_with_docker_build",
      "mode": "data",
      "type": "aws_iam_policy_document",
      "name": "assume_role",
      "provider": "module.lambda_example_container-image.provider[\"registry.terraform.io/hashicorp/aws\"]",
      "instances": [
        {
          "index_key": 0,
          "schema_version": 0,
          "attributes": {
            "id": "2690255455",
            "json": "{\n  \"Version\": \"2012-10-17\",\n  \"Statement\": [\n    {\n      \"Effect\": \"Allow\",\n      \"Action\": \"sts:AssumeRole\",\n      \"Principal\": {\n        \"Service\": \"lambda.amazonaws.com\"\n      }\n    }\n  ]\n}",
            "minified_json": "{\"Version\":\"2012-10-17\",\"Statement\":[{\"Effect\":\"Allow\",\"Action\":\"sts:AssumeRole\",\"Principal\":{\"Service\":\"lambda.amazonaws.com\"}}]}",
            "override_json": null,
            "override_policy_documents": null,
            "policy_id": null,
            "source_json": null,
            "source_policy_documents": null,
            "statement": [
              {
                "actions": [
                  "sts:AssumeRole"
                ],
                "condition": [],
                "effect": "Allow",
                "not_actions": [],
                "not_principals": [],
                "not_resources": [],
                "principals": [
                  {
                    "identifiers": [
                      "lambda.amazonaws.com"
                    ],
                    "type": "Service"
                  }
                ],
                "resources": [],
                "sid": ""
              }
            ],
            "version": "2012-10-17"
          },
          "sensitive_attributes": []
        }
      ]
    },
    {
      "module": "module.lambda_example_container-image.module.lambda_function_with_docker_build",
      "mode": "data",
      "type": "aws_iam_policy_document",
      "name": "async",
      "provider": "module.lambda_example_container-image.provider[\"registry.terraform.io/hashicorp/aws\"]",
      "instances": []
    },
    {
      "module": "module.lambda_example_container-image.module.lambda_function_with_docker_build",
      "mode": "data",
      "type": "aws_iam_policy_document",
      "name": "dead_letter",
      "provider": "module.lambda_example_container-image.provider[\"registry.terraform.io/hashicorp/aws\"]",
      "instances": []
    },
    {
      "module": "module.lambda_example_container-image.module.lambda_function_with_docker_build",
      "mode": "data",
      "type": "aws_iam_policy_document",
      "name": "logs",
      "provider": "module.lambda_example_container-image.provider[\"registry.terraform.io/hashicorp/aws\"]",
      "instances": [
        {
          "index_key": 0,
          "schema_version": 0,
          "attributes": {
            "id": "598973222",
            "json": "{\n  \"Version\": \"2012-10-17\",\n  \"Statement\": [\n    {\n      \"Effect\": \"Allow\",\n      \"Action\": [\n        \"logs:PutLogEvents\",\n        \"logs:CreateLogStream\",\n        \"logs:CreateLogGroup\"\n      ],\n      \"Resource\": [\n        \"arn:aws:logs:eu-west-1:470942945617:log-group:/aws/lambda/expert-iguana-lambda-with-docker-build:*:*\",\n        \"arn:aws:logs:eu-west-1:470942945617:log-group:/aws/lambda/expert-iguana-lambda-with-docker-build:*\"\n      ]\n    }\n  ]\n}",
            "minified_json": "{\"Version\":\"2012-10-17\",\"Statement\":[{\"Effect\":\"Allow\",\"Action\":[\"logs:PutLogEvents\",\"logs:CreateLogStream\",\"logs:CreateLogGroup\"],\"Resource\":[\"arn:aws:logs:eu-west-1:470942945617:log-group:/aws/lambda/expert-iguana-lambda-with-docker-build:*:*\",\"arn:aws:logs:eu-west-1:470942945617:log-group:/aws/lambda/expert-iguana-lambda-with-docker-build:*\"]}]}",
            "override_json": null,
            "override_policy_documents": null,
            "policy_id": null,
            "source_json": null,
            "source_policy_documents": null,
            "statement": [
              {
                "actions": [
                  "logs:CreateLogGroup",
                  "logs:CreateLogStream",
                  "logs:PutLogEvents"
                ],
                "condition": [],
                "effect": "Allow",
                "not_actions": [],
                "not_principals": [],
                "not_resources": [],
                "principals": [],
                "resources": [
                  "arn:aws:logs:eu-west-1:470942945617:log-group:/aws/lambda/expert-iguana-lambda-with-docker-build:*",
                  "arn:aws:logs:eu-west-1:470942945617:log-group:/aws/lambda/expert-iguana-lambda-with-docker-build:*:*"
                ],
                "sid": ""
              }
            ],
            "version": "2012-10-17"
          },
          "sensitive_attributes": []
        }
      ]
    },
    {
      "module": "module.lambda_example_container-image.module.lambda_function_with_docker_build",
      "mode": "data",
      "type": "aws_partition",
      "name": "current",
      "provider": "module.lambda_example_container-image.provider[\"registry.terraform.io/hashicorp/aws\"]",
      "instances": [
        {
          "schema_version": 0,
          "attributes": {
            "dns_suffix": "amazonaws.com",
            "id": "aws",
            "partition": "aws",
            "reverse_dns_prefix": "com.amazonaws"
          },
          "sensitive_attributes": []
        }
      ]
    },
    {
      "module": "module.lambda_example_container-image.module.lambda_function_with_docker_build",
      "mode": "data",
      "type": "aws_region",
      "name": "current",
      "provider": "module.lambda_example_container-image.provider[\"registry.terraform.io/hashicorp/aws\"]",
      "instances": [
        {
          "schema_version": 0,
          "attributes": {
            "description": "Europe (Ireland)",
            "endpoint": "ec2.eu-west-1.amazonaws.com",
            "id": "eu-west-1",
            "name": "eu-west-1"
          },
          "sensitive_attributes": []
        }
      ]
    },
    {
      "module": "module.lambda_example_container-image.module.lambda_function_with_docker_build",
      "mode": "data",
      "type": "external",
      "name": "archive_prepare",
      "provider": "provider[\"registry.terraform.io/hashicorp/external\"]",
      "instances": []
    },
    {
      "module": "module.lambda_example_container-image.module.lambda_function_with_docker_build",
      "mode": "managed",
      "type": "aws_cloudwatch_log_group",
      "name": "lambda",
      "provider": "module.lambda_example_container-image.provider[\"registry.terraform.io/hashicorp/aws\"]",
      "instances": [
        {
          "index_key": 0,
          "schema_version": 0,
          "attributes": {
            "arn": "arn:aws:logs:eu-west-1:470942945617:log-group:/aws/lambda/expert-iguana-lambda-with-docker-build",
            "id": "/aws/lambda/expert-iguana-lambda-with-docker-build",
            "kms_key_id": "",
            "log_group_class": "STANDARD",
            "name": "/aws/lambda/expert-iguana-lambda-with-docker-build",
            "name_prefix": "",
            "retention_in_days": 0,
            "skip_destroy": false,
            "tags": {},
            "tags_all": {}
          },
          "sensitive_attributes": [],
          "private": "bnVsbA==",
          "dependencies": [
            "module.lambda_example_container-image.random_pet.this"
          ],
          "create_before_destroy": true
        }
      ]
    },
    {
      "module": "module.lambda_example_container-image.module.lambda_function_with_docker_build",
      "mode": "managed",
      "type": "aws_iam_policy",
      "name": "additional_inline",
      "provider": "module.lambda_example_container-image.provider[\"registry.terraform.io/hashicorp/aws\"]",
      "instances": []
    },
    {
      "module": "module.lambda_example_container-image.module.lambda_function_with_docker_build",
      "mode": "managed",
      "type": "aws_iam_policy",
      "name": "additional_json",
      "provider": "module.lambda_example_container-image.provider[\"registry.terraform.io/hashicorp/aws\"]",
      "instances": []
    },
    {
      "module": "module.lambda_example_container-image.module.lambda_function_with_docker_build",
      "mode": "managed",
      "type": "aws_iam_policy",
      "name": "additional_jsons",
      "provider": "module.lambda_example_container-image.provider[\"registry.terraform.io/hashicorp/aws\"]",
      "instances": []
    },
    {
      "module": "module.lambda_example_container-image.module.lambda_function_with_docker_build",
      "mode": "managed",
      "type": "aws_iam_policy",
      "name": "async",
      "provider": "module.lambda_example_container-image.provider[\"registry.terraform.io/hashicorp/aws\"]",
      "instances": []
    },
    {
      "module": "module.lambda_example_container-image.module.lambda_function_with_docker_build",
      "mode": "managed",
      "type": "aws_iam_policy",
      "name": "dead_letter",
      "provider": "module.lambda_example_container-image.provider[\"registry.terraform.io/hashicorp/aws\"]",
      "instances": []
    },
    {
      "module": "module.lambda_example_container-image.module.lambda_function_with_docker_build",
      "mode": "managed",
      "type": "aws_iam_policy",
      "name": "tracing",
      "provider": "module.lambda_example_container-image.provider[\"registry.terraform.io/hashicorp/aws\"]",
      "instances": []
    },
    {
      "module": "module.lambda_example_container-image.module.lambda_function_with_docker_build",
      "mode": "managed",
      "type": "aws_iam_policy",
      "name": "vpc",
      "provider": "module.lambda_example_container-image.provider[\"registry.terraform.io/hashicorp/aws\"]",
      "instances": []
    },
    {
      "module": "module.lambda_example_container-image.module.lambda_function_with_docker_build",
      "mode": "managed",
      "type": "aws_s3_object",
      "name": "lambda_package",
      "provider": "module.lambda_example_container-image.provider[\"registry.terraform.io/hashicorp/aws\"]",
      "instances": []
    },
    {
      "module": "module.lambda_example_container-image.module.lambda_function_with_docker_build",
      "mode": "managed",
      "type": "local_file",
      "name": "archive_plan",
      "provider": "provider[\"registry.terraform.io/hashicorp/local\"]",
      "instances": []
    },
    {
      "module": "module.lambda_example_container-image.module.lambda_function_with_docker_build",
      "mode": "managed",
      "type": "null_resource",
      "name": "archive",
      "provider": "provider[\"registry.terraform.io/hashicorp/null\"]",
      "instances": []
    },
    {
      "module": "module.lambda_example_container-image.module.lambda_function_with_docker_build_from_ecr",
      "mode": "data",
      "type": "aws_arn",
      "name": "log_group_arn",
      "provider": "module.lambda_example_container-image.provider[\"registry.terraform.io/hashicorp/aws\"]",
      "instances": []
    },
    {
      "module": "module.lambda_example_container-image.module.lambda_function_with_docker_build_from_ecr",
      "mode": "data",
      "type": "aws_caller_identity",
      "name": "current",
      "provider": "module.lambda_example_container-image.provider[\"registry.terraform.io/hashicorp/aws\"]",
      "instances": [
        {
          "schema_version": 0,
          "attributes": {
            "account_id": "470942945617",
            "arn": "arn:aws:iam::470942945617:user/Terraform",
            "id": "470942945617",
            "user_id": "AIDAW3JTDCFIVADYJ2SCP"
          },
          "sensitive_attributes": []
        }
      ]
    },
    {
      "module": "module.lambda_example_container-image.module.lambda_function_with_docker_build_from_ecr",
      "mode": "data",
      "type": "aws_cloudwatch_log_group",
      "name": "lambda",
      "provider": "module.lambda_example_container-image.provider[\"registry.terraform.io/hashicorp/aws\"]",
      "instances": []
    },
    {
      "module": "module.lambda_example_container-image.module.lambda_function_with_docker_build_from_ecr",
      "mode": "data",
      "type": "aws_iam_policy",
      "name": "tracing",
      "provider": "module.lambda_example_container-image.provider[\"registry.terraform.io/hashicorp/aws\"]",
      "instances": []
    },
    {
      "module": "module.lambda_example_container-image.module.lambda_function_with_docker_build_from_ecr",
      "mode": "data",
      "type": "aws_iam_policy",
      "name": "vpc",
      "provider": "module.lambda_example_container-image.provider[\"registry.terraform.io/hashicorp/aws\"]",
      "instances": []
    },
    {
      "module": "module.lambda_example_container-image.module.lambda_function_with_docker_build_from_ecr",
      "mode": "data",
      "type": "aws_iam_policy_document",
      "name": "additional_inline",
      "provider": "module.lambda_example_container-image.provider[\"registry.terraform.io/hashicorp/aws\"]",
      "instances": []
    },
    {
      "module": "module.lambda_example_container-image.module.lambda_function_with_docker_build_from_ecr",
      "mode": "data",
      "type": "aws_iam_policy_document",
      "name": "assume_role",
      "provider": "module.lambda_example_container-image.provider[\"registry.terraform.io/hashicorp/aws\"]",
      "instances": [
        {
          "index_key": 0,
          "schema_version": 0,
          "attributes": {
            "id": "2690255455",
            "json": "{\n  \"Version\": \"2012-10-17\",\n  \"Statement\": [\n    {\n      \"Effect\": \"Allow\",\n      \"Action\": \"sts:AssumeRole\",\n      \"Principal\": {\n        \"Service\": \"lambda.amazonaws.com\"\n      }\n    }\n  ]\n}",
            "minified_json": "{\"Version\":\"2012-10-17\",\"Statement\":[{\"Effect\":\"Allow\",\"Action\":\"sts:AssumeRole\",\"Principal\":{\"Service\":\"lambda.amazonaws.com\"}}]}",
            "override_json": null,
            "override_policy_documents": null,
            "policy_id": null,
            "source_json": null,
            "source_policy_documents": null,
            "statement": [
              {
                "actions": [
                  "sts:AssumeRole"
                ],
                "condition": [],
                "effect": "Allow",
                "not_actions": [],
                "not_principals": [],
                "not_resources": [],
                "principals": [
                  {
                    "identifiers": [
                      "lambda.amazonaws.com"
                    ],
                    "type": "Service"
                  }
                ],
                "resources": [],
                "sid": ""
              }
            ],
            "version": "2012-10-17"
          },
          "sensitive_attributes": []
        }
      ]
    },
    {
      "module": "module.lambda_example_container-image.module.lambda_function_with_docker_build_from_ecr",
      "mode": "data",
      "type": "aws_iam_policy_document",
      "name": "async",
      "provider": "module.lambda_example_container-image.provider[\"registry.terraform.io/hashicorp/aws\"]",
      "instances": []
    },
    {
      "module": "module.lambda_example_container-image.module.lambda_function_with_docker_build_from_ecr",
      "mode": "data",
      "type": "aws_iam_policy_document",
      "name": "dead_letter",
      "provider": "module.lambda_example_container-image.provider[\"registry.terraform.io/hashicorp/aws\"]",
      "instances": []
    },
    {
      "module": "module.lambda_example_container-image.module.lambda_function_with_docker_build_from_ecr",
      "mode": "data",
      "type": "aws_iam_policy_document",
      "name": "logs",
      "provider": "module.lambda_example_container-image.provider[\"registry.terraform.io/hashicorp/aws\"]",
      "instances": [
        {
          "index_key": 0,
          "schema_version": 0,
          "attributes": {
            "id": "4030626111",
            "json": "{\n  \"Version\": \"2012-10-17\",\n  \"Statement\": [\n    {\n      \"Effect\": \"Allow\",\n      \"Action\": [\n        \"logs:PutLogEvents\",\n        \"logs:CreateLogStream\",\n        \"logs:CreateLogGroup\"\n      ],\n      \"Resource\": [\n        \"arn:aws:logs:eu-west-1:470942945617:log-group:/aws/lambda/expert-iguana-lambda-with-docker-build-from-ecr:*:*\",\n        \"arn:aws:logs:eu-west-1:470942945617:log-group:/aws/lambda/expert-iguana-lambda-with-docker-build-from-ecr:*\"\n      ]\n    }\n  ]\n}",
            "minified_json": "{\"Version\":\"2012-10-17\",\"Statement\":[{\"Effect\":\"Allow\",\"Action\":[\"logs:PutLogEvents\",\"logs:CreateLogStream\",\"logs:CreateLogGroup\"],\"Resource\":[\"arn:aws:logs:eu-west-1:470942945617:log-group:/aws/lambda/expert-iguana-lambda-with-docker-build-from-ecr:*:*\",\"arn:aws:logs:eu-west-1:470942945617:log-group:/aws/lambda/expert-iguana-lambda-with-docker-build-from-ecr:*\"]}]}",
            "override_json": null,
            "override_policy_documents": null,
            "policy_id": null,
            "source_json": null,
            "source_policy_documents": null,
            "statement": [
              {
                "actions": [
                  "logs:CreateLogGroup",
                  "logs:CreateLogStream",
                  "logs:PutLogEvents"
                ],
                "condition": [],
                "effect": "Allow",
                "not_actions": [],
                "not_principals": [],
                "not_resources": [],
                "principals": [],
                "resources": [
                  "arn:aws:logs:eu-west-1:470942945617:log-group:/aws/lambda/expert-iguana-lambda-with-docker-build-from-ecr:*",
                  "arn:aws:logs:eu-west-1:470942945617:log-group:/aws/lambda/expert-iguana-lambda-with-docker-build-from-ecr:*:*"
                ],
                "sid": ""
              }
            ],
            "version": "2012-10-17"
          },
          "sensitive_attributes": []
        }
      ]
    },
    {
      "module": "module.lambda_example_container-image.module.lambda_function_with_docker_build_from_ecr",
      "mode": "data",
      "type": "aws_partition",
      "name": "current",
      "provider": "module.lambda_example_container-image.provider[\"registry.terraform.io/hashicorp/aws\"]",
      "instances": [
        {
          "schema_version": 0,
          "attributes": {
            "dns_suffix": "amazonaws.com",
            "id": "aws",
            "partition": "aws",
            "reverse_dns_prefix": "com.amazonaws"
          },
          "sensitive_attributes": []
        }
      ]
    },
    {
      "module": "module.lambda_example_container-image.module.lambda_function_with_docker_build_from_ecr",
      "mode": "data",
      "type": "aws_region",
      "name": "current",
      "provider": "module.lambda_example_container-image.provider[\"registry.terraform.io/hashicorp/aws\"]",
      "instances": [
        {
          "schema_version": 0,
          "attributes": {
            "description": "Europe (Ireland)",
            "endpoint": "ec2.eu-west-1.amazonaws.com",
            "id": "eu-west-1",
            "name": "eu-west-1"
          },
          "sensitive_attributes": []
        }
      ]
    },
    {
      "module": "module.lambda_example_container-image.module.lambda_function_with_docker_build_from_ecr",
      "mode": "data",
      "type": "external",
      "name": "archive_prepare",
      "provider": "provider[\"registry.terraform.io/hashicorp/external\"]",
      "instances": []
    },
    {
      "module": "module.lambda_example_container-image.module.lambda_function_with_docker_build_from_ecr",
      "mode": "managed",
      "type": "aws_cloudwatch_log_group",
      "name": "lambda",
      "provider": "module.lambda_example_container-image.provider[\"registry.terraform.io/hashicorp/aws\"]",
      "instances": [
        {
          "index_key": 0,
          "schema_version": 0,
          "attributes": {
            "arn": "arn:aws:logs:eu-west-1:470942945617:log-group:/aws/lambda/expert-iguana-lambda-with-docker-build-from-ecr",
            "id": "/aws/lambda/expert-iguana-lambda-with-docker-build-from-ecr",
            "kms_key_id": "",
            "log_group_class": "STANDARD",
            "name": "/aws/lambda/expert-iguana-lambda-with-docker-build-from-ecr",
            "name_prefix": "",
            "retention_in_days": 0,
            "skip_destroy": false,
            "tags": {},
            "tags_all": {}
          },
          "sensitive_attributes": [],
          "private": "bnVsbA==",
          "dependencies": [
            "module.lambda_example_container-image.random_pet.this"
          ],
          "create_before_destroy": true
        }
      ]
    },
    {
      "module": "module.lambda_example_container-image.module.lambda_function_with_docker_build_from_ecr",
      "mode": "managed",
      "type": "aws_iam_policy",
      "name": "additional_inline",
      "provider": "module.lambda_example_container-image.provider[\"registry.terraform.io/hashicorp/aws\"]",
      "instances": []
    },
    {
      "module": "module.lambda_example_container-image.module.lambda_function_with_docker_build_from_ecr",
      "mode": "managed",
      "type": "aws_iam_policy",
      "name": "additional_json",
      "provider": "module.lambda_example_container-image.provider[\"registry.terraform.io/hashicorp/aws\"]",
      "instances": []
    },
    {
      "module": "module.lambda_example_container-image.module.lambda_function_with_docker_build_from_ecr",
      "mode": "managed",
      "type": "aws_iam_policy",
      "name": "additional_jsons",
      "provider": "module.lambda_example_container-image.provider[\"registry.terraform.io/hashicorp/aws\"]",
      "instances": []
    },
    {
      "module": "module.lambda_example_container-image.module.lambda_function_with_docker_build_from_ecr",
      "mode": "managed",
      "type": "aws_iam_policy",
      "name": "async",
      "provider": "module.lambda_example_container-image.provider[\"registry.terraform.io/hashicorp/aws\"]",
      "instances": []
    },
    {
      "module": "module.lambda_example_container-image.module.lambda_function_with_docker_build_from_ecr",
      "mode": "managed",
      "type": "aws_iam_policy",
      "name": "dead_letter",
      "provider": "module.lambda_example_container-image.provider[\"registry.terraform.io/hashicorp/aws\"]",
      "instances": []
    },
    {
      "module": "module.lambda_example_container-image.module.lambda_function_with_docker_build_from_ecr",
      "mode": "managed",
      "type": "aws_iam_policy",
      "name": "tracing",
      "provider": "module.lambda_example_container-image.provider[\"registry.terraform.io/hashicorp/aws\"]",
      "instances": []
    },
    {
      "module": "module.lambda_example_container-image.module.lambda_function_with_docker_build_from_ecr",
      "mode": "managed",
      "type": "aws_iam_policy",
      "name": "vpc",
      "provider": "module.lambda_example_container-image.provider[\"registry.terraform.io/hashicorp/aws\"]",
      "instances": []
    },
    {
      "module": "module.lambda_example_container-image.module.lambda_function_with_docker_build_from_ecr",
      "mode": "managed",
      "type": "aws_s3_object",
      "name": "lambda_package",
      "provider": "module.lambda_example_container-image.provider[\"registry.terraform.io/hashicorp/aws\"]",
      "instances": []
    },
    {
      "module": "module.lambda_example_container-image.module.lambda_function_with_docker_build_from_ecr",
      "mode": "managed",
      "type": "local_file",
      "name": "archive_plan",
      "provider": "provider[\"registry.terraform.io/hashicorp/local\"]",
      "instances": []
    },
    {
      "module": "module.lambda_example_container-image.module.lambda_function_with_docker_build_from_ecr",
      "mode": "managed",
      "type": "null_resource",
      "name": "archive",
      "provider": "provider[\"registry.terraform.io/hashicorp/null\"]",
      "instances": []
    }
  ],
  "check_results": null
}
