{
  "version": 4,
  "terraform_version": "1.9.7",
  "serial": 36,
  "lineage": "e66b1fdd-e22f-d28d-9cbf-3ccaa23bafb2",
  "outputs": {},
  "resources": [
    {
      "module": "module.lambda_example_container-image",
      "mode": "data",
      "type": "aws_caller_identity",
      "name": "this",
      "provider": "module.lambda_example_container-image.provider[\"registry.terraform.io/hashicorp/aws\"]",
      "instances": [
        {
          "schema_version": 0,
          "attributes": {
            "account_id": "470942945617",
            "arn": "arn:aws:iam::470942945617:user/Terraform",
            "id": "470942945617",
            "user_id": "AIDAW3JTDCFIVADYJ2SCP"
          },
          "sensitive_attributes": []
        }
      ]
    },
    {
      "module": "module.lambda_example_container-image",
      "mode": "data",
      "type": "aws_ecr_authorization_token",
      "name": "token",
      "provider": "module.lambda_example_container-image.provider[\"registry.terraform.io/hashicorp/aws\"]",
      "instances": [
        {
          "schema_version": 0,
          "attributes": {
            "authorization_token": "QVdTOmV5SndZWGxzYjJGa0lqb2lUSGhyU1ZGWU4zRTFSMDFqV2tOWWQycERkMFpvZUVsVlpVczFiREF3ZFVWeVMybDJTWFl2TWtzeGJuTllhbGhJVmxWaFNTOUViV1pvWVhOM1ZuaEtXVm95YVZGd09IVjVaMDlhU3l0WlNFRXpSekkyZDBJMGJUQmxibWhWZWtGdk1EVTBlRmdyZEVGMlp6Rm5WRlJFUTNZeFN6aFpXbTQwVG1aM05XSnljM3BMU2tkVVlsZHZPRVl6VXpKbGRrMXpLMFEzUW5oSGQwSkpZbmhIUVZsMVRtWjFUVVV4Ykhkc1ZUUlZlalp6TmtrMlMyWkpZMjlNT1V0dFUyWnNRbGRXT1VkUUwwMWpaVU5hU0c5RVdXNWFTSHBvTWxGV01sWkdkVEEzY0d0blZFNUdSMnBDZHpjdmNIaFdNM0JJYTBwQ01HMU1UMnB5TTI5dmVXSnBhVlpETUM4eGNrWjZWek56VmtwMFREaG9lV3gzU0VNeFJIRXhMMGh4VlZSUmFYaElOVTVFYlcxbVdGTm5OMEl6UkhaT1RtRjBPR01yUWxoUk9XbGxkVmRRUjBrelRHMUxNVFI0YnpoaU0ybHlla0pLVlVveWFrbFpTbWhuWTFoQlUxWnJTSGRDU1RsaFFtWTVaWFJRY1V0VVZVTnBaek5vYVVsYVZWVlVhREoxZFhWc2EwVTRlbXBETVhWR1kzRm5VRTVhUXpBck1ubDBlV2hGVWxaeGFuRlJXQzlhZDFSSE9GbHBVRTB3VmxWYVNuWktOblJxVjFSV1ZVVkNTazFyV2pNclRqZFVSMWg2ZFdWVVdVMHdaa3Q1UTFSRWRXUnpkMXBSTWtsbFVFRnlVM1ZqYVZKNFkwbHNZVzE1WkhCVk5DdFFNWGxuTWxWRVRDczVTRVppTlUxamR6WmxOSE5vVnpaYU9YRlZjRmxCVEU1eE9IUjVMMVZoU0VKSFoxY3ZjbFIwUW5Oa2FGZHJkMGQ1ZVhWM1Z6SkRNRkJqTlVJMWFVTnJTV2hUUVdKblRsVnlWWEIzZWpKSGNUWTNhSGxoVVhoTWMzQlVVMUV4VG5JM055OUhabkI1Tm1SNGNWVnhlRmQ2TlRrNFRISXhaalZ1YnpCV2FsRldTakk0U2toU1J6ZHRVMU5ZTWtab2RsVkpha2xYV0VoSE9WbEZVMjFUVWpoYVJteExhRUpaZG01TFlteDNSRnAzVDB4Uk5UUmxkVXN6VWtsdmRqSjNXbTVXV0M5S1VFdDVORXBDZFhack1YTnRWMUpFZUU5TWNIb3ZWV28zTUZvelNISXhSREZpZDNjdlRuVTJXbVpEVFRjNWJ6QlBSa0ozUWtwU04yWjVMM0pLYVM5TU56SkllbmhPTTJkT1JGVnBWQzlFUW5KdlVuQnhWbHB3UnpnMVRrTjZUMUkwWW01M1VHVlFlR2h4ZG5GWEsyMHhORW81WmtoUk1VOWlhMDVrTlRkalJFMHJORGsxYUc5aVRFSXdiUzk0T0RWWmFuWmhWbmQ0TWxKSFExTnhPV0ZVY0U1Rk1FaGFNRmxsYTB0a2RXbGtiV0Z4T0RGd2VHRkhTRTA0ZW1vMldIRkRPRkZwUlVGak5sZHZNRXBMUldoWEwxVnFPR2RhUkRobmJHMDBZVU52UlZrMFVIWTNZVTVaYXpGMFVrZzJWMkZLWVhGMFZWVmtRa3BSWVdkaE0wdDFVbmxEVmpRMWVreDNkMk5QZVVkUFZIcFBSVlJzWkRCeFNIUXlNM2RLU1M5NGMySkZiR3B5YUdsMlpFVk1lRWx3VHpsT1dqUnlZMEpTWjNVeVRVeDRkRTFQYlRoRVlYUk5TUzlMVUZoMU4yeEJkQ0lzSW1SaGRHRnJaWGtpT2lKQlVVVkNRVWhvSzJSVEswSnNUblV3VG5odVdIZHZkMkpKVEhNeE1UVjVhbVFyVEU1QldtaENURnB6ZFc1UGVHc3pRVUZCUVVnMGQyWkJXVXBMYjFwSmFIWmpUa0ZSWTBkdlJ6aDNZbEZKUWtGRVFtOUNaMnR4YUd0cFJ6bDNNRUpDZDBWM1NHZFpTbGxKV2tsQlYxVkVRa0ZGZFUxQ1JVVkVVRUY0UVhadWQzaHJkMkV6ZFZsdlNWRkpRa1ZKUVRkU09FNXZielpNS3pKNVRXcG1hRE01UTFGNk16TklMMUYxU1M5SWVHMVJWMmRPV1ZkVVR6VlFSall3UzI1NWNFcFpPVlZaUjJ4SWRIQmxVV1ZDYTB0NmExTXZiVkphWWxocE0xWlRPRWs0UFNJc0luWmxjbk5wYjI0aU9pSXlJaXdpZEhsd1pTSTZJa1JCVkVGZlMwVlpJaXdpWlhod2FYSmhkR2x2YmlJNk1UY3lPVEkwTnpZeE1uMD0=",
            "expires_at": "2024-10-18T10:33:32Z",
            "id": "eu-west-1",
            "password": "eyJwYXlsb2FkIjoiTHhrSVFYN3E1R01jWkNYd2pDd0ZoeElVZUs1bDAwdUVyS2l2SXYvMksxbnNYalhIVlVhSS9EbWZoYXN3VnhKWVoyaVFwOHV5Z09aSytZSEEzRzI2d0I0bTBlbmhVekFvMDU0eFgrdEF2ZzFnVFREQ3YxSzhZWm40TmZ3NWJyc3pLSkdUYldvOEYzUzJldk1zK0Q3QnhHd0JJYnhHQVl1TmZ1TUUxbHdsVTRVejZzNkk2S2ZJY29MOUttU2ZsQldWOUdQL01jZUNaSG9EWW5aSHpoMlFWMlZGdTA3cGtnVE5GR2pCdzcvcHhWM3BIa0pCMG1MT2pyM29veWJpaVZDMC8xckZ6VzNzVkp0TDhoeWx3SEMxRHExL0hxVVRRaXhINU5EbW1mWFNnN0IzRHZOTmF0OGMrQlhROWlldVdQR0kzTG1LMTR4bzhiM2lyekJKVUoyaklZSmhnY1hBU1ZrSHdCSTlhQmY5ZXRQcUtUVUNpZzNoaUlaVVVUaDJ1dXVsa0U4empDMXVGY3FnUE5aQzArMnl0eWhFUlZxanFRWC9ad1RHOFlpUE0wVlVaSnZKNnRqV1RWVUVCSk1rWjMrTjdUR1h6dWVUWU0wZkt5Q1REdWRzd1pRMkllUEFyU3VjaVJ4Y0lsYW15ZHBVNCtQMXlnMlVETCs5SEZiNU1jdzZlNHNoVzZaOXFVcFlBTE5xOHR5L1VhSEJHZ1cvclR0QnNkaFdrd0d5eXV3VzJDMFBjNUI1aUNrSWhTQWJnTlVyVXB3ejJHcTY3aHlhUXhMc3BUU1ExTnI3Ny9HZnB5NmR4cVVxeFd6NTk4THIxZjVubzBWalFWSjI4SkhSRzdtU1NYMkZodlVJaklXWEhHOVlFU21TUjhaRmxLaEJZdm5LYmx3RFp3T0xRNTRldUszUklvdjJ3Wm5WWC9KUEt5NEpCdXZrMXNtV1JEeE9McHovVWo3MFozSHIxRDFid3cvTnU2WmZDTTc5bzBPRkJ3QkpSN2Z5L3JKaS9MNzJIenhOM2dORFVpVC9EQnJvUnBxVlpwRzg1TkN6T1I0Ym53UGVQeGhxdnFXK20xNEo5ZkhRMU9ia05kNTdjRE0rNDk1aG9iTEIwbS94ODVZanZhVnd4MlJHQ1NxOWFUcE5FMEhaMFlla0tkdWlkbWFxODFweGFHSE04emo2WHFDOFFpRUFjNldvMEpLRWhXL1VqOGdaRDhnbG00YUNvRVk0UHY3YU5ZazF0Ukg2V2FKYXF0VVVkQkpRYWdhM0t1UnlDVjQ1ekx3d2NPeUdPVHpPRVRsZDBxSHQyM3dKSS94c2JFbGpyaGl2ZEVMeElwTzlOWjRyY0JSZ3UyTUx4dE1PbThEYXRNSS9LUFh1N2xBdCIsImRhdGFrZXkiOiJBUUVCQUhoK2RTK0JsTnUwTnhuWHdvd2JJTHMxMTV5amQrTE5BWmhCTFpzdW5PeGszQUFBQUg0d2ZBWUpLb1pJaHZjTkFRY0dvRzh3YlFJQkFEQm9CZ2txaGtpRzl3MEJCd0V3SGdZSllJWklBV1VEQkFFdU1CRUVEUEF4QXZud3hrd2EzdVlvSVFJQkVJQTdSOE5vbzZMKzJ5TWpmaDM5Q1F6MzNIL1F1SS9IeG1RV2dOWVdUTzVQRjYwS255cEpZOVVZR2xIdHBlUWVCa0t6a1MvbVJaYlhpM1ZTOEk4PSIsInZlcnNpb24iOiIyIiwidHlwZSI6IkRBVEFfS0VZIiwiZXhwaXJhdGlvbiI6MTcyOTI0NzYxMn0=",
            "proxy_endpoint": "https://470942945617.dkr.ecr.eu-west-1.amazonaws.com",
            "registry_id": null,
            "user_name": "AWS"
          },
          "sensitive_attributes": [
            [
              {
                "type": "get_attr",
                "value": "authorization_token"
              }
            ],
            [
              {
                "type": "get_attr",
                "value": "password"
              }
            ]
          ]
        }
      ]
    },
    {
      "module": "module.lambda_example_container-image",
      "mode": "data",
      "type": "aws_region",
      "name": "current",
      "provider": "module.lambda_example_container-image.provider[\"registry.terraform.io/hashicorp/aws\"]",
      "instances": [
        {
          "schema_version": 0,
          "attributes": {
            "description": "Europe (Ireland)",
            "endpoint": "ec2.eu-west-1.amazonaws.com",
            "id": "eu-west-1",
            "name": "eu-west-1"
          },
          "sensitive_attributes": []
        }
      ]
    },
    {
      "module": "module.lambda_example_container-image",
      "mode": "managed",
      "type": "random_pet",
      "name": "this",
      "provider": "provider[\"registry.terraform.io/hashicorp/random\"]",
      "instances": [
        {
          "schema_version": 0,
          "attributes": {
            "id": "expert-iguana",
            "keepers": null,
            "length": 2,
            "prefix": null,
            "separator": "-"
          },
          "sensitive_attributes": [],
          "create_before_destroy": true
        }
      ]
    },
    {
      "module": "module.lambda_example_container-image.module.docker_build",
      "mode": "data",
      "type": "aws_caller_identity",
      "name": "this",
      "provider": "module.lambda_example_container-image.provider[\"registry.terraform.io/hashicorp/aws\"]",
      "instances": [
        {
          "schema_version": 0,
          "attributes": {
            "account_id": "470942945617",
            "arn": "arn:aws:iam::470942945617:user/Terraform",
            "id": "470942945617",
            "user_id": "AIDAW3JTDCFIVADYJ2SCP"
          },
          "sensitive_attributes": []
        }
      ]
    },
    {
      "module": "module.lambda_example_container-image.module.docker_build",
      "mode": "data",
      "type": "aws_region",
      "name": "current",
      "provider": "module.lambda_example_container-image.provider[\"registry.terraform.io/hashicorp/aws\"]",
      "instances": [
        {
          "schema_version": 0,
          "attributes": {
            "description": "Europe (Ireland)",
            "endpoint": "ec2.eu-west-1.amazonaws.com",
            "id": "eu-west-1",
            "name": "eu-west-1"
          },
          "sensitive_attributes": []
        }
      ]
    },
    {
      "module": "module.lambda_example_container-image.module.docker_build",
      "mode": "managed",
      "type": "aws_ecr_lifecycle_policy",
      "name": "this",
      "provider": "module.lambda_example_container-image.provider[\"registry.terraform.io/hashicorp/aws\"]",
      "instances": [
        {
          "index_key": 0,
          "schema_version": 0,
          "attributes": {
            "id": "expert-iguana",
            "policy": "{\"rules\":[{\"action\":{\"type\":\"expire\"},\"description\":\"Keep only the last 2 images\",\"rulePriority\":1,\"selection\":{\"countNumber\":2,\"countType\":\"imageCountMoreThan\",\"tagStatus\":\"any\"}}]}",
            "registry_id": "470942945617",
            "repository": "expert-iguana"
          },
          "sensitive_attributes": [],
          "private": "bnVsbA==",
          "dependencies": [
            "module.lambda_example_container-image.module.docker_build.aws_ecr_repository.this",
            "module.lambda_example_container-image.random_pet.this"
          ]
        }
      ]
    },
    {
      "module": "module.lambda_example_container-image.module.docker_build",
      "mode": "managed",
      "type": "aws_ecr_repository",
      "name": "this",
      "provider": "module.lambda_example_container-image.provider[\"registry.terraform.io/hashicorp/aws\"]",
      "instances": [
        {
          "index_key": 0,
          "schema_version": 0,
          "attributes": {
            "arn": "arn:aws:ecr:eu-west-1:470942945617:repository/expert-iguana",
            "encryption_configuration": [
              {
                "encryption_type": "AES256",
                "kms_key": ""
              }
            ],
            "force_delete": true,
            "id": "expert-iguana",
            "image_scanning_configuration": [
              {
                "scan_on_push": false
              }
            ],
            "image_tag_mutability": "MUTABLE",
            "name": "expert-iguana",
            "registry_id": "470942945617",
            "repository_url": "470942945617.dkr.ecr.eu-west-1.amazonaws.com/expert-iguana",
            "tags": {},
            "tags_all": {},
            "timeouts": null
          },
          "sensitive_attributes": [],
          "private": "eyJlMmJmYjczMC1lY2FhLTExZTYtOGY4OC0zNDM2M2JjN2M0YzAiOnsiZGVsZXRlIjoxMjAwMDAwMDAwMDAwfX0=",
          "dependencies": [
            "module.lambda_example_container-image.random_pet.this"
          ],
          "create_before_destroy": true
        }
      ]
    },
    {
      "module": "module.lambda_example_container-image.module.docker_build_from_ecr",
      "mode": "data",
      "type": "aws_caller_identity",
      "name": "this",
      "provider": "module.lambda_example_container-image.provider[\"registry.terraform.io/hashicorp/aws\"]",
      "instances": [
        {
          "schema_version": 0,
          "attributes": {
            "account_id": "470942945617",
            "arn": "arn:aws:iam::470942945617:user/Terraform",
            "id": "470942945617",
            "user_id": "AIDAW3JTDCFIVADYJ2SCP"
          },
          "sensitive_attributes": []
        }
      ]
    },
    {
      "module": "module.lambda_example_container-image.module.docker_build_from_ecr",
      "mode": "data",
      "type": "aws_region",
      "name": "current",
      "provider": "module.lambda_example_container-image.provider[\"registry.terraform.io/hashicorp/aws\"]",
      "instances": [
        {
          "schema_version": 0,
          "attributes": {
            "description": "Europe (Ireland)",
            "endpoint": "ec2.eu-west-1.amazonaws.com",
            "id": "eu-west-1",
            "name": "eu-west-1"
          },
          "sensitive_attributes": []
        }
      ]
    },
    {
      "module": "module.lambda_example_container-image.module.docker_build_from_ecr",
      "mode": "managed",
      "type": "aws_ecr_repository",
      "name": "this",
      "provider": "module.lambda_example_container-image.provider[\"registry.terraform.io/hashicorp/aws\"]",
      "instances": []
    },
    {
      "module": "module.lambda_example_container-image.module.ecr",
      "mode": "data",
      "type": "aws_caller_identity",
      "name": "current",
      "provider": "module.lambda_example_container-image.provider[\"registry.terraform.io/hashicorp/aws\"]",
      "instances": [
        {
          "schema_version": 0,
          "attributes": {
            "account_id": "470942945617",
            "arn": "arn:aws:iam::470942945617:user/Terraform",
            "id": "470942945617",
            "user_id": "AIDAW3JTDCFIVADYJ2SCP"
          },
          "sensitive_attributes": []
        }
      ]
    },
    {
      "module": "module.lambda_example_container-image.module.ecr",
      "mode": "data",
      "type": "aws_partition",
      "name": "current",
      "provider": "module.lambda_example_container-image.provider[\"registry.terraform.io/hashicorp/aws\"]",
      "instances": [
        {
          "schema_version": 0,
          "attributes": {
            "dns_suffix": "amazonaws.com",
            "id": "aws",
            "partition": "aws",
            "reverse_dns_prefix": "com.amazonaws"
          },
          "sensitive_attributes": []
        }
      ]
    },
    {
      "module": "module.lambda_example_container-image.module.ecr",
      "mode": "managed",
      "type": "aws_ecr_repository",
      "name": "this",
      "provider": "module.lambda_example_container-image.provider[\"registry.terraform.io/hashicorp/aws\"]",
      "instances": [
        {
          "index_key": 0,
          "schema_version": 0,
          "attributes": {
            "arn": "arn:aws:ecr:eu-west-1:470942945617:repository/expert-iguana-ecr",
            "encryption_configuration": [
              {
                "encryption_type": "AES256",
                "kms_key": ""
              }
            ],
            "force_delete": true,
            "id": "expert-iguana-ecr",
            "image_scanning_configuration": [
              {
                "scan_on_push": true
              }
            ],
            "image_tag_mutability": "IMMUTABLE",
            "name": "expert-iguana-ecr",
            "registry_id": "470942945617",
            "repository_url": "470942945617.dkr.ecr.eu-west-1.amazonaws.com/expert-iguana-ecr",
            "tags": {},
            "tags_all": {},
            "timeouts": null
          },
          "sensitive_attributes": [],
          "private": "eyJlMmJmYjczMC1lY2FhLTExZTYtOGY4OC0zNDM2M2JjN2M0YzAiOnsiZGVsZXRlIjoxMjAwMDAwMDAwMDAwfX0=",
          "dependencies": [
            "module.lambda_example_container-image.random_pet.this"
          ],
          "create_before_destroy": true
        }
      ]
    },
    {
      "module": "module.lambda_example_container-image.module.ecr",
      "mode": "managed",
      "type": "aws_ecrpublic_repository",
      "name": "this",
      "provider": "module.lambda_example_container-image.provider[\"registry.terraform.io/hashicorp/aws\"]",
      "instances": []
    },
    {
      "module": "module.lambda_example_container-image.module.lambda_function_with_docker_build",
      "mode": "data",
      "type": "aws_arn",
      "name": "log_group_arn",
      "provider": "module.lambda_example_container-image.provider[\"registry.terraform.io/hashicorp/aws\"]",
      "instances": []
    },
    {
      "module": "module.lambda_example_container-image.module.lambda_function_with_docker_build",
      "mode": "data",
      "type": "aws_caller_identity",
      "name": "current",
      "provider": "module.lambda_example_container-image.provider[\"registry.terraform.io/hashicorp/aws\"]",
      "instances": [
        {
          "schema_version": 0,
          "attributes": {
            "account_id": "470942945617",
            "arn": "arn:aws:iam::470942945617:user/Terraform",
            "id": "470942945617",
            "user_id": "AIDAW3JTDCFIVADYJ2SCP"
          },
          "sensitive_attributes": []
        }
      ]
    },
    {
      "module": "module.lambda_example_container-image.module.lambda_function_with_docker_build",
      "mode": "data",
      "type": "aws_cloudwatch_log_group",
      "name": "lambda",
      "provider": "module.lambda_example_container-image.provider[\"registry.terraform.io/hashicorp/aws\"]",
      "instances": []
    },
    {
      "module": "module.lambda_example_container-image.module.lambda_function_with_docker_build",
      "mode": "data",
      "type": "aws_iam_policy",
      "name": "tracing",
      "provider": "module.lambda_example_container-image.provider[\"registry.terraform.io/hashicorp/aws\"]",
      "instances": []
    },
    {
      "module": "module.lambda_example_container-image.module.lambda_function_with_docker_build",
      "mode": "data",
      "type": "aws_iam_policy",
      "name": "vpc",
      "provider": "module.lambda_example_container-image.provider[\"registry.terraform.io/hashicorp/aws\"]",
      "instances": []
    },
    {
      "module": "module.lambda_example_container-image.module.lambda_function_with_docker_build",
      "mode": "data",
      "type": "aws_iam_policy_document",
      "name": "additional_inline",
      "provider": "module.lambda_example_container-image.provider[\"registry.terraform.io/hashicorp/aws\"]",
      "instances": []
    },
    {
      "module": "module.lambda_example_container-image.module.lambda_function_with_docker_build",
      "mode": "data",
      "type": "aws_iam_policy_document",
      "name": "assume_role",
      "provider": "module.lambda_example_container-image.provider[\"registry.terraform.io/hashicorp/aws\"]",
      "instances": [
        {
          "index_key": 0,
          "schema_version": 0,
          "attributes": {
            "id": "2690255455",
            "json": "{\n  \"Version\": \"2012-10-17\",\n  \"Statement\": [\n    {\n      \"Effect\": \"Allow\",\n      \"Action\": \"sts:AssumeRole\",\n      \"Principal\": {\n        \"Service\": \"lambda.amazonaws.com\"\n      }\n    }\n  ]\n}",
            "minified_json": "{\"Version\":\"2012-10-17\",\"Statement\":[{\"Effect\":\"Allow\",\"Action\":\"sts:AssumeRole\",\"Principal\":{\"Service\":\"lambda.amazonaws.com\"}}]}",
            "override_json": null,
            "override_policy_documents": null,
            "policy_id": null,
            "source_json": null,
            "source_policy_documents": null,
            "statement": [
              {
                "actions": [
                  "sts:AssumeRole"
                ],
                "condition": [],
                "effect": "Allow",
                "not_actions": [],
                "not_principals": [],
                "not_resources": [],
                "principals": [
                  {
                    "identifiers": [
                      "lambda.amazonaws.com"
                    ],
                    "type": "Service"
                  }
                ],
                "resources": [],
                "sid": ""
              }
            ],
            "version": "2012-10-17"
          },
          "sensitive_attributes": []
        }
      ]
    },
    {
      "module": "module.lambda_example_container-image.module.lambda_function_with_docker_build",
      "mode": "data",
      "type": "aws_iam_policy_document",
      "name": "async",
      "provider": "module.lambda_example_container-image.provider[\"registry.terraform.io/hashicorp/aws\"]",
      "instances": []
    },
    {
      "module": "module.lambda_example_container-image.module.lambda_function_with_docker_build",
      "mode": "data",
      "type": "aws_iam_policy_document",
      "name": "dead_letter",
      "provider": "module.lambda_example_container-image.provider[\"registry.terraform.io/hashicorp/aws\"]",
      "instances": []
    },
    {
      "module": "module.lambda_example_container-image.module.lambda_function_with_docker_build",
      "mode": "data",
      "type": "aws_iam_policy_document",
      "name": "logs",
      "provider": "module.lambda_example_container-image.provider[\"registry.terraform.io/hashicorp/aws\"]",
      "instances": [
        {
          "index_key": 0,
          "schema_version": 0,
          "attributes": {
            "id": "598973222",
            "json": "{\n  \"Version\": \"2012-10-17\",\n  \"Statement\": [\n    {\n      \"Effect\": \"Allow\",\n      \"Action\": [\n        \"logs:PutLogEvents\",\n        \"logs:CreateLogStream\",\n        \"logs:CreateLogGroup\"\n      ],\n      \"Resource\": [\n        \"arn:aws:logs:eu-west-1:470942945617:log-group:/aws/lambda/expert-iguana-lambda-with-docker-build:*:*\",\n        \"arn:aws:logs:eu-west-1:470942945617:log-group:/aws/lambda/expert-iguana-lambda-with-docker-build:*\"\n      ]\n    }\n  ]\n}",
            "minified_json": "{\"Version\":\"2012-10-17\",\"Statement\":[{\"Effect\":\"Allow\",\"Action\":[\"logs:PutLogEvents\",\"logs:CreateLogStream\",\"logs:CreateLogGroup\"],\"Resource\":[\"arn:aws:logs:eu-west-1:470942945617:log-group:/aws/lambda/expert-iguana-lambda-with-docker-build:*:*\",\"arn:aws:logs:eu-west-1:470942945617:log-group:/aws/lambda/expert-iguana-lambda-with-docker-build:*\"]}]}",
            "override_json": null,
            "override_policy_documents": null,
            "policy_id": null,
            "source_json": null,
            "source_policy_documents": null,
            "statement": [
              {
                "actions": [
                  "logs:CreateLogGroup",
                  "logs:CreateLogStream",
                  "logs:PutLogEvents"
                ],
                "condition": [],
                "effect": "Allow",
                "not_actions": [],
                "not_principals": [],
                "not_resources": [],
                "principals": [],
                "resources": [
                  "arn:aws:logs:eu-west-1:470942945617:log-group:/aws/lambda/expert-iguana-lambda-with-docker-build:*",
                  "arn:aws:logs:eu-west-1:470942945617:log-group:/aws/lambda/expert-iguana-lambda-with-docker-build:*:*"
                ],
                "sid": ""
              }
            ],
            "version": "2012-10-17"
          },
          "sensitive_attributes": []
        }
      ]
    },
    {
      "module": "module.lambda_example_container-image.module.lambda_function_with_docker_build",
      "mode": "data",
      "type": "aws_partition",
      "name": "current",
      "provider": "module.lambda_example_container-image.provider[\"registry.terraform.io/hashicorp/aws\"]",
      "instances": [
        {
          "schema_version": 0,
          "attributes": {
            "dns_suffix": "amazonaws.com",
            "id": "aws",
            "partition": "aws",
            "reverse_dns_prefix": "com.amazonaws"
          },
          "sensitive_attributes": []
        }
      ]
    },
    {
      "module": "module.lambda_example_container-image.module.lambda_function_with_docker_build",
      "mode": "data",
      "type": "aws_region",
      "name": "current",
      "provider": "module.lambda_example_container-image.provider[\"registry.terraform.io/hashicorp/aws\"]",
      "instances": [
        {
          "schema_version": 0,
          "attributes": {
            "description": "Europe (Ireland)",
            "endpoint": "ec2.eu-west-1.amazonaws.com",
            "id": "eu-west-1",
            "name": "eu-west-1"
          },
          "sensitive_attributes": []
        }
      ]
    },
    {
      "module": "module.lambda_example_container-image.module.lambda_function_with_docker_build",
      "mode": "data",
      "type": "external",
      "name": "archive_prepare",
      "provider": "provider[\"registry.terraform.io/hashicorp/external\"]",
      "instances": []
    },
    {
      "module": "module.lambda_example_container-image.module.lambda_function_with_docker_build",
      "mode": "managed",
      "type": "aws_cloudwatch_log_group",
      "name": "lambda",
      "provider": "module.lambda_example_container-image.provider[\"registry.terraform.io/hashicorp/aws\"]",
      "instances": [
        {
          "index_key": 0,
          "schema_version": 0,
          "attributes": {
            "arn": "arn:aws:logs:eu-west-1:470942945617:log-group:/aws/lambda/expert-iguana-lambda-with-docker-build",
            "id": "/aws/lambda/expert-iguana-lambda-with-docker-build",
            "kms_key_id": "",
            "log_group_class": "STANDARD",
            "name": "/aws/lambda/expert-iguana-lambda-with-docker-build",
            "name_prefix": "",
            "retention_in_days": 0,
            "skip_destroy": false,
            "tags": {},
            "tags_all": {}
          },
          "sensitive_attributes": [],
          "private": "bnVsbA==",
          "dependencies": [
            "module.lambda_example_container-image.random_pet.this"
          ],
          "create_before_destroy": true
        }
      ]
    },
    {
      "module": "module.lambda_example_container-image.module.lambda_function_with_docker_build",
      "mode": "managed",
      "type": "aws_iam_policy",
      "name": "additional_inline",
      "provider": "module.lambda_example_container-image.provider[\"registry.terraform.io/hashicorp/aws\"]",
      "instances": []
    },
    {
      "module": "module.lambda_example_container-image.module.lambda_function_with_docker_build",
      "mode": "managed",
      "type": "aws_iam_policy",
      "name": "additional_json",
      "provider": "module.lambda_example_container-image.provider[\"registry.terraform.io/hashicorp/aws\"]",
      "instances": []
    },
    {
      "module": "module.lambda_example_container-image.module.lambda_function_with_docker_build",
      "mode": "managed",
      "type": "aws_iam_policy",
      "name": "additional_jsons",
      "provider": "module.lambda_example_container-image.provider[\"registry.terraform.io/hashicorp/aws\"]",
      "instances": []
    },
    {
      "module": "module.lambda_example_container-image.module.lambda_function_with_docker_build",
      "mode": "managed",
      "type": "aws_iam_policy",
      "name": "async",
      "provider": "module.lambda_example_container-image.provider[\"registry.terraform.io/hashicorp/aws\"]",
      "instances": []
    },
    {
      "module": "module.lambda_example_container-image.module.lambda_function_with_docker_build",
      "mode": "managed",
      "type": "aws_iam_policy",
      "name": "dead_letter",
      "provider": "module.lambda_example_container-image.provider[\"registry.terraform.io/hashicorp/aws\"]",
      "instances": []
    },
    {
      "module": "module.lambda_example_container-image.module.lambda_function_with_docker_build",
      "mode": "managed",
      "type": "aws_iam_policy",
      "name": "tracing",
      "provider": "module.lambda_example_container-image.provider[\"registry.terraform.io/hashicorp/aws\"]",
      "instances": []
    },
    {
      "module": "module.lambda_example_container-image.module.lambda_function_with_docker_build",
      "mode": "managed",
      "type": "aws_iam_policy",
      "name": "vpc",
      "provider": "module.lambda_example_container-image.provider[\"registry.terraform.io/hashicorp/aws\"]",
      "instances": []
    },
    {
      "module": "module.lambda_example_container-image.module.lambda_function_with_docker_build",
      "mode": "managed",
      "type": "aws_s3_object",
      "name": "lambda_package",
      "provider": "module.lambda_example_container-image.provider[\"registry.terraform.io/hashicorp/aws\"]",
      "instances": []
    },
    {
      "module": "module.lambda_example_container-image.module.lambda_function_with_docker_build",
      "mode": "managed",
      "type": "local_file",
      "name": "archive_plan",
      "provider": "provider[\"registry.terraform.io/hashicorp/local\"]",
      "instances": []
    },
    {
      "module": "module.lambda_example_container-image.module.lambda_function_with_docker_build",
      "mode": "managed",
      "type": "null_resource",
      "name": "archive",
      "provider": "provider[\"registry.terraform.io/hashicorp/null\"]",
      "instances": []
    },
    {
      "module": "module.lambda_example_container-image.module.lambda_function_with_docker_build_from_ecr",
      "mode": "data",
      "type": "aws_arn",
      "name": "log_group_arn",
      "provider": "module.lambda_example_container-image.provider[\"registry.terraform.io/hashicorp/aws\"]",
      "instances": []
    },
    {
      "module": "module.lambda_example_container-image.module.lambda_function_with_docker_build_from_ecr",
      "mode": "data",
      "type": "aws_caller_identity",
      "name": "current",
      "provider": "module.lambda_example_container-image.provider[\"registry.terraform.io/hashicorp/aws\"]",
      "instances": [
        {
          "schema_version": 0,
          "attributes": {
            "account_id": "470942945617",
            "arn": "arn:aws:iam::470942945617:user/Terraform",
            "id": "470942945617",
            "user_id": "AIDAW3JTDCFIVADYJ2SCP"
          },
          "sensitive_attributes": []
        }
      ]
    },
    {
      "module": "module.lambda_example_container-image.module.lambda_function_with_docker_build_from_ecr",
      "mode": "data",
      "type": "aws_cloudwatch_log_group",
      "name": "lambda",
      "provider": "module.lambda_example_container-image.provider[\"registry.terraform.io/hashicorp/aws\"]",
      "instances": []
    },
    {
      "module": "module.lambda_example_container-image.module.lambda_function_with_docker_build_from_ecr",
      "mode": "data",
      "type": "aws_iam_policy",
      "name": "tracing",
      "provider": "module.lambda_example_container-image.provider[\"registry.terraform.io/hashicorp/aws\"]",
      "instances": []
    },
    {
      "module": "module.lambda_example_container-image.module.lambda_function_with_docker_build_from_ecr",
      "mode": "data",
      "type": "aws_iam_policy",
      "name": "vpc",
      "provider": "module.lambda_example_container-image.provider[\"registry.terraform.io/hashicorp/aws\"]",
      "instances": []
    },
    {
      "module": "module.lambda_example_container-image.module.lambda_function_with_docker_build_from_ecr",
      "mode": "data",
      "type": "aws_iam_policy_document",
      "name": "additional_inline",
      "provider": "module.lambda_example_container-image.provider[\"registry.terraform.io/hashicorp/aws\"]",
      "instances": []
    },
    {
      "module": "module.lambda_example_container-image.module.lambda_function_with_docker_build_from_ecr",
      "mode": "data",
      "type": "aws_iam_policy_document",
      "name": "assume_role",
      "provider": "module.lambda_example_container-image.provider[\"registry.terraform.io/hashicorp/aws\"]",
      "instances": [
        {
          "index_key": 0,
          "schema_version": 0,
          "attributes": {
            "id": "2690255455",
            "json": "{\n  \"Version\": \"2012-10-17\",\n  \"Statement\": [\n    {\n      \"Effect\": \"Allow\",\n      \"Action\": \"sts:AssumeRole\",\n      \"Principal\": {\n        \"Service\": \"lambda.amazonaws.com\"\n      }\n    }\n  ]\n}",
            "minified_json": "{\"Version\":\"2012-10-17\",\"Statement\":[{\"Effect\":\"Allow\",\"Action\":\"sts:AssumeRole\",\"Principal\":{\"Service\":\"lambda.amazonaws.com\"}}]}",
            "override_json": null,
            "override_policy_documents": null,
            "policy_id": null,
            "source_json": null,
            "source_policy_documents": null,
            "statement": [
              {
                "actions": [
                  "sts:AssumeRole"
                ],
                "condition": [],
                "effect": "Allow",
                "not_actions": [],
                "not_principals": [],
                "not_resources": [],
                "principals": [
                  {
                    "identifiers": [
                      "lambda.amazonaws.com"
                    ],
                    "type": "Service"
                  }
                ],
                "resources": [],
                "sid": ""
              }
            ],
            "version": "2012-10-17"
          },
          "sensitive_attributes": []
        }
      ]
    },
    {
      "module": "module.lambda_example_container-image.module.lambda_function_with_docker_build_from_ecr",
      "mode": "data",
      "type": "aws_iam_policy_document",
      "name": "async",
      "provider": "module.lambda_example_container-image.provider[\"registry.terraform.io/hashicorp/aws\"]",
      "instances": []
    },
    {
      "module": "module.lambda_example_container-image.module.lambda_function_with_docker_build_from_ecr",
      "mode": "data",
      "type": "aws_iam_policy_document",
      "name": "dead_letter",
      "provider": "module.lambda_example_container-image.provider[\"registry.terraform.io/hashicorp/aws\"]",
      "instances": []
    },
    {
      "module": "module.lambda_example_container-image.module.lambda_function_with_docker_build_from_ecr",
      "mode": "data",
      "type": "aws_iam_policy_document",
      "name": "logs",
      "provider": "module.lambda_example_container-image.provider[\"registry.terraform.io/hashicorp/aws\"]",
      "instances": [
        {
          "index_key": 0,
          "schema_version": 0,
          "attributes": {
            "id": "4030626111",
            "json": "{\n  \"Version\": \"2012-10-17\",\n  \"Statement\": [\n    {\n      \"Effect\": \"Allow\",\n      \"Action\": [\n        \"logs:PutLogEvents\",\n        \"logs:CreateLogStream\",\n        \"logs:CreateLogGroup\"\n      ],\n      \"Resource\": [\n        \"arn:aws:logs:eu-west-1:470942945617:log-group:/aws/lambda/expert-iguana-lambda-with-docker-build-from-ecr:*:*\",\n        \"arn:aws:logs:eu-west-1:470942945617:log-group:/aws/lambda/expert-iguana-lambda-with-docker-build-from-ecr:*\"\n      ]\n    }\n  ]\n}",
            "minified_json": "{\"Version\":\"2012-10-17\",\"Statement\":[{\"Effect\":\"Allow\",\"Action\":[\"logs:PutLogEvents\",\"logs:CreateLogStream\",\"logs:CreateLogGroup\"],\"Resource\":[\"arn:aws:logs:eu-west-1:470942945617:log-group:/aws/lambda/expert-iguana-lambda-with-docker-build-from-ecr:*:*\",\"arn:aws:logs:eu-west-1:470942945617:log-group:/aws/lambda/expert-iguana-lambda-with-docker-build-from-ecr:*\"]}]}",
            "override_json": null,
            "override_policy_documents": null,
            "policy_id": null,
            "source_json": null,
            "source_policy_documents": null,
            "statement": [
              {
                "actions": [
                  "logs:CreateLogGroup",
                  "logs:CreateLogStream",
                  "logs:PutLogEvents"
                ],
                "condition": [],
                "effect": "Allow",
                "not_actions": [],
                "not_principals": [],
                "not_resources": [],
                "principals": [],
                "resources": [
                  "arn:aws:logs:eu-west-1:470942945617:log-group:/aws/lambda/expert-iguana-lambda-with-docker-build-from-ecr:*",
                  "arn:aws:logs:eu-west-1:470942945617:log-group:/aws/lambda/expert-iguana-lambda-with-docker-build-from-ecr:*:*"
                ],
                "sid": ""
              }
            ],
            "version": "2012-10-17"
          },
          "sensitive_attributes": []
        }
      ]
    },
    {
      "module": "module.lambda_example_container-image.module.lambda_function_with_docker_build_from_ecr",
      "mode": "data",
      "type": "aws_partition",
      "name": "current",
      "provider": "module.lambda_example_container-image.provider[\"registry.terraform.io/hashicorp/aws\"]",
      "instances": [
        {
          "schema_version": 0,
          "attributes": {
            "dns_suffix": "amazonaws.com",
            "id": "aws",
            "partition": "aws",
            "reverse_dns_prefix": "com.amazonaws"
          },
          "sensitive_attributes": []
        }
      ]
    },
    {
      "module": "module.lambda_example_container-image.module.lambda_function_with_docker_build_from_ecr",
      "mode": "data",
      "type": "aws_region",
      "name": "current",
      "provider": "module.lambda_example_container-image.provider[\"registry.terraform.io/hashicorp/aws\"]",
      "instances": [
        {
          "schema_version": 0,
          "attributes": {
            "description": "Europe (Ireland)",
            "endpoint": "ec2.eu-west-1.amazonaws.com",
            "id": "eu-west-1",
            "name": "eu-west-1"
          },
          "sensitive_attributes": []
        }
      ]
    },
    {
      "module": "module.lambda_example_container-image.module.lambda_function_with_docker_build_from_ecr",
      "mode": "data",
      "type": "external",
      "name": "archive_prepare",
      "provider": "provider[\"registry.terraform.io/hashicorp/external\"]",
      "instances": []
    },
    {
      "module": "module.lambda_example_container-image.module.lambda_function_with_docker_build_from_ecr",
      "mode": "managed",
      "type": "aws_cloudwatch_log_group",
      "name": "lambda",
      "provider": "module.lambda_example_container-image.provider[\"registry.terraform.io/hashicorp/aws\"]",
      "instances": [
        {
          "index_key": 0,
          "schema_version": 0,
          "attributes": {
            "arn": "arn:aws:logs:eu-west-1:470942945617:log-group:/aws/lambda/expert-iguana-lambda-with-docker-build-from-ecr",
            "id": "/aws/lambda/expert-iguana-lambda-with-docker-build-from-ecr",
            "kms_key_id": "",
            "log_group_class": "STANDARD",
            "name": "/aws/lambda/expert-iguana-lambda-with-docker-build-from-ecr",
            "name_prefix": "",
            "retention_in_days": 0,
            "skip_destroy": false,
            "tags": {},
            "tags_all": {}
          },
          "sensitive_attributes": [],
          "private": "bnVsbA==",
          "dependencies": [
            "module.lambda_example_container-image.random_pet.this"
          ],
          "create_before_destroy": true
        }
      ]
    },
    {
      "module": "module.lambda_example_container-image.module.lambda_function_with_docker_build_from_ecr",
      "mode": "managed",
      "type": "aws_iam_policy",
      "name": "additional_inline",
      "provider": "module.lambda_example_container-image.provider[\"registry.terraform.io/hashicorp/aws\"]",
      "instances": []
    },
    {
      "module": "module.lambda_example_container-image.module.lambda_function_with_docker_build_from_ecr",
      "mode": "managed",
      "type": "aws_iam_policy",
      "name": "additional_json",
      "provider": "module.lambda_example_container-image.provider[\"registry.terraform.io/hashicorp/aws\"]",
      "instances": []
    },
    {
      "module": "module.lambda_example_container-image.module.lambda_function_with_docker_build_from_ecr",
      "mode": "managed",
      "type": "aws_iam_policy",
      "name": "additional_jsons",
      "provider": "module.lambda_example_container-image.provider[\"registry.terraform.io/hashicorp/aws\"]",
      "instances": []
    },
    {
      "module": "module.lambda_example_container-image.module.lambda_function_with_docker_build_from_ecr",
      "mode": "managed",
      "type": "aws_iam_policy",
      "name": "async",
      "provider": "module.lambda_example_container-image.provider[\"registry.terraform.io/hashicorp/aws\"]",
      "instances": []
    },
    {
      "module": "module.lambda_example_container-image.module.lambda_function_with_docker_build_from_ecr",
      "mode": "managed",
      "type": "aws_iam_policy",
      "name": "dead_letter",
      "provider": "module.lambda_example_container-image.provider[\"registry.terraform.io/hashicorp/aws\"]",
      "instances": []
    },
    {
      "module": "module.lambda_example_container-image.module.lambda_function_with_docker_build_from_ecr",
      "mode": "managed",
      "type": "aws_iam_policy",
      "name": "tracing",
      "provider": "module.lambda_example_container-image.provider[\"registry.terraform.io/hashicorp/aws\"]",
      "instances": []
    },
    {
      "module": "module.lambda_example_container-image.module.lambda_function_with_docker_build_from_ecr",
      "mode": "managed",
      "type": "aws_iam_policy",
      "name": "vpc",
      "provider": "module.lambda_example_container-image.provider[\"registry.terraform.io/hashicorp/aws\"]",
      "instances": []
    },
    {
      "module": "module.lambda_example_container-image.module.lambda_function_with_docker_build_from_ecr",
      "mode": "managed",
      "type": "aws_s3_object",
      "name": "lambda_package",
      "provider": "module.lambda_example_container-image.provider[\"registry.terraform.io/hashicorp/aws\"]",
      "instances": []
    },
    {
      "module": "module.lambda_example_container-image.module.lambda_function_with_docker_build_from_ecr",
      "mode": "managed",
      "type": "local_file",
      "name": "archive_plan",
      "provider": "provider[\"registry.terraform.io/hashicorp/local\"]",
      "instances": []
    },
    {
      "module": "module.lambda_example_container-image.module.lambda_function_with_docker_build_from_ecr",
      "mode": "managed",
      "type": "null_resource",
      "name": "archive",
      "provider": "provider[\"registry.terraform.io/hashicorp/null\"]",
      "instances": []
    }
  ],
  "check_results": null
}
