{
  "version": 4,
  "terraform_version": "1.9.7",
  "serial": 29,
  "lineage": "e945fdd8-08f4-8f81-b138-1f648b11caa3",
  "outputs": {},
  "resources": [
    {
      "mode": "managed",
      "type": "aws_api_gateway_deployment",
      "name": "example",
      "provider": "provider[\"registry.terraform.io/hashicorp/aws\"]",
      "instances": [
        {
          "schema_version": 0,
          "attributes": {
            "canary_settings": [],
            "created_date": "2024-10-17T23:06:09Z",
            "description": "",
            "execution_arn": "arn:aws:execute-api:eu-central-1:470942945617:202r8ou8y3/",
            "id": "ecufu6",
            "invoke_url": "https://202r8ou8y3.execute-api.eu-central-1.amazonaws.com/",
            "rest_api_id": "202r8ou8y3",
            "stage_description": null,
            "stage_name": null,
            "triggers": {
              "redeployment": "2dd0de7ae1aaa855d82c4a52cc6e4ee736de9b1b"
            },
            "variables": null
          },
          "sensitive_attributes": [],
          "private": "bnVsbA==",
          "dependencies": [
            "aws_api_gateway_integration.example",
            "aws_api_gateway_method.example",
            "aws_api_gateway_resource.example",
            "aws_api_gateway_rest_api.example"
          ],
          "create_before_destroy": true
        }
      ]
    },
    {
      "mode": "managed",
      "type": "aws_api_gateway_integration",
      "name": "example",
      "provider": "provider[\"registry.terraform.io/hashicorp/aws\"]",
      "instances": [
        {
          "schema_version": 0,
          "attributes": {
            "cache_key_parameters": null,
            "cache_namespace": "s7ab7y",
            "connection_id": "",
            "connection_type": "INTERNET",
            "content_handling": "",
            "credentials": "",
            "http_method": "GET",
            "id": "agi-202r8ou8y3-s7ab7y-GET",
            "integration_http_method": "",
            "passthrough_behavior": "WHEN_NO_MATCH",
            "request_parameters": null,
            "request_templates": null,
            "resource_id": "s7ab7y",
            "rest_api_id": "202r8ou8y3",
            "timeout_milliseconds": 29000,
            "tls_config": [],
            "type": "MOCK",
            "uri": ""
          },
          "sensitive_attributes": [],
          "private": "bnVsbA==",
          "dependencies": [
            "aws_api_gateway_method.example",
            "aws_api_gateway_resource.example",
            "aws_api_gateway_rest_api.example"
          ],
          "create_before_destroy": true
        }
      ]
    },
    {
      "mode": "managed",
      "type": "aws_api_gateway_method",
      "name": "example",
      "provider": "provider[\"registry.terraform.io/hashicorp/aws\"]",
      "instances": [
        {
          "schema_version": 0,
          "attributes": {
            "api_key_required": false,
            "authorization": "NONE",
            "authorization_scopes": null,
            "authorizer_id": null,
            "http_method": "GET",
            "id": "agm-202r8ou8y3-s7ab7y-GET",
            "operation_name": null,
            "request_models": null,
            "request_parameters": null,
            "request_validator_id": null,
            "resource_id": "s7ab7y",
            "rest_api_id": "202r8ou8y3"
          },
          "sensitive_attributes": [],
          "private": "bnVsbA==",
          "dependencies": [
            "aws_api_gateway_resource.example",
            "aws_api_gateway_rest_api.example"
          ],
          "create_before_destroy": true
        }
      ]
    },
    {
      "mode": "managed",
      "type": "aws_api_gateway_resource",
      "name": "example",
      "provider": "provider[\"registry.terraform.io/hashicorp/aws\"]",
      "instances": [
        {
          "schema_version": 0,
          "attributes": {
            "id": "s7ab7y",
            "parent_id": "8utctphb5a",
            "path": "/example",
            "path_part": "example",
            "rest_api_id": "202r8ou8y3"
          },
          "sensitive_attributes": [],
          "private": "bnVsbA==",
          "dependencies": [
            "aws_api_gateway_rest_api.example"
          ],
          "create_before_destroy": true
        }
      ]
    },
    {
      "mode": "managed",
      "type": "aws_api_gateway_rest_api",
      "name": "example",
      "provider": "provider[\"registry.terraform.io/hashicorp/aws\"]",
      "instances": [
        {
          "schema_version": 0,
          "attributes": {
            "api_key_source": "HEADER",
            "arn": "arn:aws:apigateway:eu-central-1::/restapis/202r8ou8y3",
            "binary_media_types": [],
            "body": null,
            "created_date": "2024-10-17T23:06:08Z",
            "description": "",
            "disable_execute_api_endpoint": false,
            "endpoint_configuration": [
              {
                "types": [
                  "EDGE"
                ],
                "vpc_endpoint_ids": []
              }
            ],
            "execution_arn": "arn:aws:execute-api:eu-central-1:470942945617:202r8ou8y3",
            "fail_on_warnings": null,
            "id": "202r8ou8y3",
            "minimum_compression_size": "",
            "name": "example",
            "parameters": null,
            "policy": "",
            "put_rest_api_mode": null,
            "root_resource_id": "8utctphb5a",
            "tags": null,
            "tags_all": {}
          },
          "sensitive_attributes": [],
          "private": "bnVsbA==",
          "create_before_destroy": true
        }
      ]
    },
    {
      "mode": "managed",
      "type": "aws_api_gateway_stage",
      "name": "example",
      "provider": "provider[\"registry.terraform.io/hashicorp/aws\"]",
      "instances": [
        {
          "schema_version": 0,
          "attributes": {
            "access_log_settings": [],
            "arn": "arn:aws:apigateway:eu-central-1::/restapis/202r8ou8y3/stages/example",
            "cache_cluster_enabled": false,
            "cache_cluster_size": "",
            "canary_settings": [],
            "client_certificate_id": "",
            "deployment_id": "ecufu6",
            "description": "",
            "documentation_version": "",
            "execution_arn": "arn:aws:execute-api:eu-central-1:470942945617:202r8ou8y3/example",
            "id": "ags-202r8ou8y3-example",
            "invoke_url": "https://202r8ou8y3.execute-api.eu-central-1.amazonaws.com/example",
            "rest_api_id": "202r8ou8y3",
            "stage_name": "example",
            "tags": null,
            "tags_all": {},
            "variables": null,
            "web_acl_arn": "",
            "xray_tracing_enabled": false
          },
          "sensitive_attributes": [],
          "private": "bnVsbA==",
          "dependencies": [
            "aws_api_gateway_deployment.example",
            "aws_api_gateway_integration.example",
            "aws_api_gateway_method.example",
            "aws_api_gateway_resource.example",
            "aws_api_gateway_rest_api.example"
          ]
        }
      ]
    },
    {
      "module": "module.lambda_example_container-image",
      "mode": "data",
      "type": "aws_caller_identity",
      "name": "this",
      "provider": "module.lambda_example_container-image.provider[\"registry.terraform.io/hashicorp/aws\"]",
      "instances": [
        {
          "schema_version": 0,
          "attributes": {
            "account_id": "470942945617",
            "arn": "arn:aws:iam::470942945617:user/Terraform",
            "id": "470942945617",
            "user_id": "AIDAW3JTDCFIVADYJ2SCP"
          },
          "sensitive_attributes": []
        }
      ]
    },
    {
      "module": "module.lambda_example_container-image",
      "mode": "data",
      "type": "aws_ecr_authorization_token",
      "name": "token",
      "provider": "module.lambda_example_container-image.provider[\"registry.terraform.io/hashicorp/aws\"]",
      "instances": [
        {
          "schema_version": 0,
          "attributes": {
            "authorization_token": "QVdTOmV5SndZWGxzYjJGa0lqb2lhV1pJYlcxeWNUTnNUMUZPZFVWWVFWSlpLMmhRTmpoVlJXRjVVMjAwVlRoTllXZ3haa3BIUlhreGJuTXdaRWRyTTNBM1MxUlBSMVJvYjNNclFXWnpaRkZTY2tWV2JuSlZhV2xTZEV4dE1rNDNkMk0wV0ZaaGFtZHFZMVY0Y1UxM2VEbHhNR2Q0YjNoaWJrRmhXV0pIYTBjeGVIUklkVGx2Vm1kUU5uRjFSa1JEZW1SdWVtaFZaMjlLYkZCamVXbFRhVzB3TDJaMVVXaGtiREEwYTJNcmIwdFdhMjgwZGtkNVJ6TklSVlp1TlhoUlRGUnpjWGczZG5BdlNsSkJWV3R6ZEdad04wNUhOMEZLUlV0TGVDdElkM2hZZEVOVFNXYzFlR1pKSzBjMWEyODFVbmd6UjBaSmNUZElWelp1TDJ4Sk1rY3ZZVmMxVUhOelVrNVpOMVp1UkVWQlprWkdWSEpwY1ZSM1MwMTNUbUl5UkZRM05qVnllbTVFVW05b05FUm1kbVpwYmtWWlIyNWhOQzkxUzNwVlZrcDRUbTFhU21Jdk1FMUhSblpqWlhWYU9HeHFjakJzWWpSdWJrdHJZMFp3ZDJSeWVuQnZSVzl2TVhSdWVuZGhOVWRZVTJ0cFZHOHZORU4wTm5VclVFdEZNMGhvZDBReVVYUlVkVEp3TDJ4T0sxRTRLMGhIUlVGclR6ZEVUM05JT0dnNFJHRkRNVlZhYkhKTGMwVnFVbTVxZWtSUWVsSm9iV2RhVlVSa1JVVXJjelJRUzA1d05rUkRRbEZuTkZoU1VsTlhaa3hCVFRkdVZuSXhWREYwTW1GNlpEWXlhMnhEU2tsVGRtSkNValZhYURkQmNEUXdaMFJTYmxOblYyVmpOelkyZUhkNVIwSnRaQ3RCTVhsWlJEQlNlbGd3VW5Od2VWWjBhbXRZYWtGWVFWUnZTMVEwVUdabFpEazRRa1JrVWxwMWNHcExkbVpXVjB0RWMzWlBSVk5wT1RkUWJUbEtaVnBqY0dkVGQwZGlUM1pwZFhKTk1WZFBWemt4UkVOVVJuRXlkWEoxU1ZSQ2EweERWekIzVVRKT0szaHRhSGhFS3pVeFJrWjZVRU5hUTNBeU5TdFdkWFZqUlRsV09UTkthMU5GWkhNeU1FNTJTRWRwVmpaRE9VRTJaa2RwV2paTE1TOWFiRVozYkhOdVJVSlZOazVtUkhobk1qaDFaMjFITVVjdmVXTlJhbmh3Y0d4S1MzbzBhMmgxVUVSU2JHOHJVMnR3YkcxQ1EyWkJValIxUlRaak1tTTBORzUwWVZONE4zcG9SMWhtUm0xRE5reHFWVEZRT0VocGRsVTVNV1p2YzBreWVYQmtOblJ0SzNNdlZVa3lkSEI2TURaRFZrOWplQzh6U1ZObE5VcFhZVmhJUVRWelVEaFhkV1ptWldaNGVqbDNjakpsY1VGNlFpdDZlRWRzVDNVMlVpc3pXaTlsYWswdldHWXJiMDVXU25kV1JHUXZURm8xVmxsU1FXMVVkakZSYjBGNmNWWmxUVmRsVW14dFVVMHZRazQxU1VWWGMxZERUMDlYWm5SNlpYRlhUMXAwT1daTVoyMTRlVTFLWkdScVdsSTNka2s1Tm1wRWJscGhTaTlaUm10V2JUQnlTM2hyYzFKU04wZEtjWGt3YVVFd04wdzNRVTV4ZFRjd1dtWXpkM0ZKUzJkMGQyVndUelkzWm1JMmNrVlhMMmwyWmtSaGFtSlpaVW93Y1dsT1RGQjRNRUpQZVhOWVIyVlRjRlJHUkRBMlJWaEZSbGh5VXpnMEwwZDZRbTFSVlV3M2JqVlhUVTFyWkVOeWFDOVVTeUlzSW1SaGRHRnJaWGtpT2lKQlVVVkNRVWhvSzJSVEswSnNUblV3VG5odVdIZHZkMkpKVEhNeE1UVjVhbVFyVEU1QldtaENURnB6ZFc1UGVHc3pRVUZCUVVnMGQyWkJXVXBMYjFwSmFIWmpUa0ZSWTBkdlJ6aDNZbEZKUWtGRVFtOUNaMnR4YUd0cFJ6bDNNRUpDZDBWM1NHZFpTbGxKV2tsQlYxVkVRa0ZGZFUxQ1JVVkVRWEUwUXpKQ1RUWlBiV05hTjFwQk9VRkpRa1ZKUVRkdWRGazNOVmxJTTBwbmRGaFhRakZ0ZFZKTE1VcDNXbTVxVGpCalRtVjFiMXBZVDNVMFkzSmlXVlpaT0c1M1ZXTlFVblZRT0hCaVJrUkVVRkJ4T1haVWEyRTFjMlJJZWtGeU0wNVNZMnc0UFNJc0luWmxjbk5wYjI0aU9pSXlJaXdpZEhsd1pTSTZJa1JCVkVGZlMwVlpJaXdpWlhod2FYSmhkR2x2YmlJNk1UY3lPVEkwT1RVMk5YMD0=",
            "expires_at": "2024-10-18T11:06:05Z",
            "id": "eu-west-1",
            "password": "eyJwYXlsb2FkIjoiaWZIbW1ycTNsT1FOdUVYQVJZK2hQNjhVRWF5U200VThNYWgxZkpHRXkxbnMwZEdrM3A3S1RPR1Rob3MrQWZzZFFSckVWbnJVaWlSdExtMk43d2M0WFZhamdqY1V4cU13eDlxMGd4b3hibkFhWWJHa0cxeHRIdTlvVmdQNnF1RkRDemRuemhVZ29KbFBjeWlTaW0wL2Z1UWhkbDA0a2Mrb0tWa280dkd5RzNIRVZuNXhRTFRzcXg3dnAvSlJBVWtzdGZwN05HN0FKRUtLeCtId3hYdENTSWc1eGZJK0c1a281UngzR0ZJcTdIVzZuL2xJMkcvYVc1UHNzUk5ZN1ZuREVBZkZGVHJpcVR3S013TmIyRFQ3NjVyem5EUm9oNERmdmZpbkVZR25hNC91S3pVVkp4Tm1aSmIvME1HRnZjZXVaOGxqcjBsYjRubktrY0Zwd2RyenBvRW9vMXRuendhNUdYU2tpVG8vNEN0NnUrUEtFM0hod0QyUXRUdTJwL2xOK1E4K0hHRUFrTzdET3NIOGg4RGFDMVVabHJLc0VqUm5qekRQelJobWdaVURkRUUrczRQS05wNkRDQlFnNFhSUlNXZkxBTTduVnIxVDF0MmF6ZDYya2xDSklTdmJCUjVaaDdBcDQwZ0RSblNnV2VjNzY2eHd5R0JtZCtBMXlZRDBSelgwUnNweVZ0amtYakFYQVRvS1Q0UGZlZDk4QkRkUlp1cGpLdmZWV0tEc3ZPRVNpOTdQbTlKZVpjcGdTd0diT3ZpdXJNMVdPVzkxRENURnEydXJ1SVRCa0xDVzB3UTJOK3htaHhEKzUxRkZ6UENaQ3AyNStWdXVjRTlWOTNKa1NFZHMyME52SEdpVjZDOUE2ZkdpWjZLMS9abEZ3bHNuRUJVNk5mRHhnMjh1Z21HMUcveWNRanhwcGxKS3o0a2h1UERSbG8rU2twbG1CQ2ZBUjR1RTZjMmM0NG50YVN4N3poR1hmRm1DNkxqVTFQOEhpdlU5MWZvc0kyeXBkNnRtK3MvVUkydHB6MDZDVk9jeC8zSVNlNUpXYVhIQTVzUDhXdWZmZWZ4ejl3cjJlcUF6Qit6eEdsT3U2UiszWi9lak0vWGYrb05WSndWRGQvTFo1VllSQW1UdjFRb0F6cVZlTVdlUmxtUU0vQk41SUVXc1dDT09XZnR6ZXFXT1p0OWZMZ214eU1KZGRqWlI3dkk5NmpEblphSi9ZRmtWbTByS3hrc1JSN0dKcXkwaUEwN0w3QU5xdTcwWmYzd3FJS2d0d2VwTzY3ZmI2ckVXL2l2ZkRhamJZZUowcWlOTFB4MEJPeXNYR2VTcFRGRDA2RVhFRlhyUzg0L0d6Qm1RVUw3bjVXTU1rZENyaC9USyIsImRhdGFrZXkiOiJBUUVCQUhoK2RTK0JsTnUwTnhuWHdvd2JJTHMxMTV5amQrTE5BWmhCTFpzdW5PeGszQUFBQUg0d2ZBWUpLb1pJaHZjTkFRY0dvRzh3YlFJQkFEQm9CZ2txaGtpRzl3MEJCd0V3SGdZSllJWklBV1VEQkFFdU1CRUVEQXE0QzJCTTZPbWNaN1pBOUFJQkVJQTdudFk3NVlIM0pndFhXQjFtdVJLMUp3Wm5qTjBjTmV1b1pYT3U0Y3JiWVZZOG53VWNQUnVQOHBiRkREUFBxOXZUa2E1c2RIekFyM05SY2w4PSIsInZlcnNpb24iOiIyIiwidHlwZSI6IkRBVEFfS0VZIiwiZXhwaXJhdGlvbiI6MTcyOTI0OTU2NX0=",
            "proxy_endpoint": "https://470942945617.dkr.ecr.eu-west-1.amazonaws.com",
            "registry_id": null,
            "user_name": "AWS"
          },
          "sensitive_attributes": [
            [
              {
                "type": "get_attr",
                "value": "authorization_token"
              }
            ],
            [
              {
                "type": "get_attr",
                "value": "password"
              }
            ]
          ]
        }
      ]
    },
    {
      "module": "module.lambda_example_container-image",
      "mode": "data",
      "type": "aws_region",
      "name": "current",
      "provider": "module.lambda_example_container-image.provider[\"registry.terraform.io/hashicorp/aws\"]",
      "instances": [
        {
          "schema_version": 0,
          "attributes": {
            "description": "Europe (Ireland)",
            "endpoint": "ec2.eu-west-1.amazonaws.com",
            "id": "eu-west-1",
            "name": "eu-west-1"
          },
          "sensitive_attributes": []
        }
      ]
    },
    {
      "module": "module.lambda_example_container-image",
      "mode": "managed",
      "type": "random_pet",
      "name": "this",
      "provider": "provider[\"registry.terraform.io/hashicorp/random\"]",
      "instances": [
        {
          "schema_version": 0,
          "attributes": {
            "id": "humorous-mullet",
            "keepers": null,
            "length": 2,
            "prefix": null,
            "separator": "-"
          },
          "sensitive_attributes": []
        }
      ]
    },
    {
      "module": "module.lambda_example_container-image.module.docker_build",
      "mode": "data",
      "type": "aws_caller_identity",
      "name": "this",
      "provider": "module.lambda_example_container-image.provider[\"registry.terraform.io/hashicorp/aws\"]",
      "instances": [
        {
          "schema_version": 0,
          "attributes": {
            "account_id": "470942945617",
            "arn": "arn:aws:iam::470942945617:user/Terraform",
            "id": "470942945617",
            "user_id": "AIDAW3JTDCFIVADYJ2SCP"
          },
          "sensitive_attributes": []
        }
      ]
    },
    {
      "module": "module.lambda_example_container-image.module.docker_build",
      "mode": "data",
      "type": "aws_region",
      "name": "current",
      "provider": "module.lambda_example_container-image.provider[\"registry.terraform.io/hashicorp/aws\"]",
      "instances": [
        {
          "schema_version": 0,
          "attributes": {
            "description": "Europe (Ireland)",
            "endpoint": "ec2.eu-west-1.amazonaws.com",
            "id": "eu-west-1",
            "name": "eu-west-1"
          },
          "sensitive_attributes": []
        }
      ]
    },
    {
      "module": "module.lambda_example_container-image.module.docker_build",
      "mode": "managed",
      "type": "aws_ecr_lifecycle_policy",
      "name": "this",
      "provider": "module.lambda_example_container-image.provider[\"registry.terraform.io/hashicorp/aws\"]",
      "instances": [
        {
          "index_key": 0,
          "schema_version": 0,
          "attributes": {
            "id": "humorous-mullet",
            "policy": "{\"rules\":[{\"action\":{\"type\":\"expire\"},\"description\":\"Keep only the last 2 images\",\"rulePriority\":1,\"selection\":{\"countNumber\":2,\"countType\":\"imageCountMoreThan\",\"tagStatus\":\"any\"}}]}",
            "registry_id": "470942945617",
            "repository": "humorous-mullet"
          },
          "sensitive_attributes": [],
          "private": "bnVsbA==",
          "dependencies": [
            "module.lambda_example_container-image.module.docker_build.aws_ecr_repository.this",
            "module.lambda_example_container-image.random_pet.this"
          ]
        }
      ]
    },
    {
      "module": "module.lambda_example_container-image.module.docker_build",
      "mode": "managed",
      "type": "aws_ecr_repository",
      "name": "this",
      "provider": "module.lambda_example_container-image.provider[\"registry.terraform.io/hashicorp/aws\"]",
      "instances": [
        {
          "index_key": 0,
          "schema_version": 0,
          "attributes": {
            "arn": "arn:aws:ecr:eu-west-1:470942945617:repository/humorous-mullet",
            "encryption_configuration": [
              {
                "encryption_type": "AES256",
                "kms_key": ""
              }
            ],
            "force_delete": true,
            "id": "humorous-mullet",
            "image_scanning_configuration": [
              {
                "scan_on_push": false
              }
            ],
            "image_tag_mutability": "MUTABLE",
            "name": "humorous-mullet",
            "registry_id": "470942945617",
            "repository_url": "470942945617.dkr.ecr.eu-west-1.amazonaws.com/humorous-mullet",
            "tags": null,
            "tags_all": {},
            "timeouts": null
          },
          "sensitive_attributes": [],
          "private": "eyJlMmJmYjczMC1lY2FhLTExZTYtOGY4OC0zNDM2M2JjN2M0YzAiOnsiZGVsZXRlIjoxMjAwMDAwMDAwMDAwfX0=",
          "dependencies": [
            "module.lambda_example_container-image.random_pet.this"
          ]
        }
      ]
    },
    {
      "module": "module.lambda_example_container-image.module.docker_build",
      "mode": "managed",
      "type": "docker_image",
      "name": "this",
      "provider": "module.lambda_example_container-image.provider[\"registry.terraform.io/kreuzwerker/docker\"]",
      "instances": [
        {
          "schema_version": 0,
          "attributes": {
            "build": [
              {
                "auth_config": [],
                "build_arg": null,
                "build_args": {
                  "FOO": "bar"
                },
                "build_id": "",
                "cache_from": [],
                "cgroup_parent": "",
                "context": "context",
                "cpu_period": null,
                "cpu_quota": null,
                "cpu_set_cpus": "",
                "cpu_set_mems": "",
                "cpu_shares": null,
                "dockerfile": "Dockerfile",
                "extra_hosts": [],
                "force_remove": null,
                "isolation": "",
                "label": null,
                "labels": null,
                "memory": null,
                "memory_swap": null,
                "network_mode": "",
                "no_cache": null,
                "platform": "linux/amd64",
                "pull_parent": null,
                "remote_context": "",
                "remove": true,
                "security_opt": [],
                "session_id": "",
                "shm_size": null,
                "squash": null,
                "suppress_output": null,
                "tag": [],
                "target": "",
                "ulimit": [],
                "version": ""
              }
            ],
            "force_remove": false,
            "id": "sha256:52e5c3c9110827ad2c3c4219ea86d916b464d41bbd4d6d1e1cf532afef64b824470942945617.dkr.ecr.eu-west-1.amazonaws.com/humorous-mullet",
            "image_id": "sha256:52e5c3c9110827ad2c3c4219ea86d916b464d41bbd4d6d1e1cf532afef64b824",
            "keep_locally": false,
            "name": "470942945617.dkr.ecr.eu-west-1.amazonaws.com/humorous-mullet",
            "platform": null,
            "pull_triggers": null,
            "repo_digest": "470942945617.dkr.ecr.eu-west-1.amazonaws.com/expert-iguana-ecr@sha256:303c08225221c2f1e531325f6d55f88a41fb4371f61db1a21c934b3dc8c26450",
            "triggers": {
              "dir_sha": "da39a3ee5e6b4b0d3255bfef95601890afd80709"
            }
          },
          "sensitive_attributes": [],
          "private": "bnVsbA==",
          "dependencies": [
            "module.lambda_example_container-image.data.aws_caller_identity.this",
            "module.lambda_example_container-image.data.aws_ecr_authorization_token.token",
            "module.lambda_example_container-image.data.aws_region.current",
            "module.lambda_example_container-image.module.docker_build.aws_ecr_repository.this",
            "module.lambda_example_container-image.module.docker_build.data.aws_caller_identity.this",
            "module.lambda_example_container-image.module.docker_build.data.aws_region.current",
            "module.lambda_example_container-image.random_pet.this"
          ]
        }
      ]
    },
    {
      "module": "module.lambda_example_container-image.module.docker_build",
      "mode": "managed",
      "type": "docker_registry_image",
      "name": "this",
      "provider": "module.lambda_example_container-image.provider[\"registry.terraform.io/kreuzwerker/docker\"]",
      "instances": [
        {
          "schema_version": 0,
          "attributes": {
            "id": "sha256:303c08225221c2f1e531325f6d55f88a41fb4371f61db1a21c934b3dc8c26450",
            "insecure_skip_verify": false,
            "keep_remotely": false,
            "name": "470942945617.dkr.ecr.eu-west-1.amazonaws.com/humorous-mullet",
            "sha256_digest": "sha256:303c08225221c2f1e531325f6d55f88a41fb4371f61db1a21c934b3dc8c26450",
            "triggers": {
              "dir_sha": "da39a3ee5e6b4b0d3255bfef95601890afd80709"
            }
          },
          "sensitive_attributes": [],
          "private": "bnVsbA==",
          "dependencies": [
            "module.lambda_example_container-image.data.aws_caller_identity.this",
            "module.lambda_example_container-image.data.aws_ecr_authorization_token.token",
            "module.lambda_example_container-image.data.aws_region.current",
            "module.lambda_example_container-image.module.docker_build.aws_ecr_repository.this",
            "module.lambda_example_container-image.module.docker_build.data.aws_caller_identity.this",
            "module.lambda_example_container-image.module.docker_build.data.aws_region.current",
            "module.lambda_example_container-image.module.docker_build.docker_image.this",
            "module.lambda_example_container-image.random_pet.this"
          ]
        }
      ]
    },
    {
      "module": "module.lambda_example_container-image.module.docker_build_from_ecr",
      "mode": "data",
      "type": "aws_caller_identity",
      "name": "this",
      "provider": "module.lambda_example_container-image.provider[\"registry.terraform.io/hashicorp/aws\"]",
      "instances": [
        {
          "schema_version": 0,
          "attributes": {
            "account_id": "470942945617",
            "arn": "arn:aws:iam::470942945617:user/Terraform",
            "id": "470942945617",
            "user_id": "AIDAW3JTDCFIVADYJ2SCP"
          },
          "sensitive_attributes": []
        }
      ]
    },
    {
      "module": "module.lambda_example_container-image.module.docker_build_from_ecr",
      "mode": "data",
      "type": "aws_region",
      "name": "current",
      "provider": "module.lambda_example_container-image.provider[\"registry.terraform.io/hashicorp/aws\"]",
      "instances": [
        {
          "schema_version": 0,
          "attributes": {
            "description": "Europe (Ireland)",
            "endpoint": "ec2.eu-west-1.amazonaws.com",
            "id": "eu-west-1",
            "name": "eu-west-1"
          },
          "sensitive_attributes": []
        }
      ]
    },
    {
      "module": "module.lambda_example_container-image.module.docker_build_from_ecr",
      "mode": "managed",
      "type": "docker_image",
      "name": "this",
      "provider": "module.lambda_example_container-image.provider[\"registry.terraform.io/kreuzwerker/docker\"]",
      "instances": [
        {
          "schema_version": 0,
          "attributes": {
            "build": [
              {
                "auth_config": [],
                "build_arg": null,
                "build_args": {
                  "FOO": "bar"
                },
                "build_id": "",
                "cache_from": [],
                "cgroup_parent": "",
                "context": "context",
                "cpu_period": null,
                "cpu_quota": null,
                "cpu_set_cpus": "",
                "cpu_set_mems": "",
                "cpu_shares": null,
                "dockerfile": "Dockerfile",
                "extra_hosts": [],
                "force_remove": null,
                "isolation": "",
                "label": null,
                "labels": null,
                "memory": null,
                "memory_swap": null,
                "network_mode": "",
                "no_cache": null,
                "platform": "linux/amd64",
                "pull_parent": null,
                "remote_context": "",
                "remove": true,
                "security_opt": [],
                "session_id": "",
                "shm_size": null,
                "squash": null,
                "suppress_output": null,
                "tag": [],
                "target": "",
                "ulimit": [],
                "version": ""
              }
            ],
            "force_remove": false,
            "id": "sha256:52e5c3c9110827ad2c3c4219ea86d916b464d41bbd4d6d1e1cf532afef64b824470942945617.dkr.ecr.eu-west-1.amazonaws.com/humorous-mullet-ecr",
            "image_id": "sha256:52e5c3c9110827ad2c3c4219ea86d916b464d41bbd4d6d1e1cf532afef64b824",
            "keep_locally": false,
            "name": "470942945617.dkr.ecr.eu-west-1.amazonaws.com/humorous-mullet-ecr",
            "platform": null,
            "pull_triggers": null,
            "repo_digest": "470942945617.dkr.ecr.eu-west-1.amazonaws.com/expert-iguana-ecr@sha256:303c08225221c2f1e531325f6d55f88a41fb4371f61db1a21c934b3dc8c26450",
            "triggers": {
              "dir_sha": "da39a3ee5e6b4b0d3255bfef95601890afd80709"
            }
          },
          "sensitive_attributes": [],
          "private": "bnVsbA==",
          "dependencies": [
            "module.lambda_example_container-image.data.aws_caller_identity.this",
            "module.lambda_example_container-image.data.aws_ecr_authorization_token.token",
            "module.lambda_example_container-image.data.aws_region.current",
            "module.lambda_example_container-image.module.docker_build_from_ecr.aws_ecr_repository.this",
            "module.lambda_example_container-image.module.docker_build_from_ecr.data.aws_caller_identity.this",
            "module.lambda_example_container-image.module.docker_build_from_ecr.data.aws_region.current",
            "module.lambda_example_container-image.module.ecr.aws_ecr_repository.this",
            "module.lambda_example_container-image.module.ecr.aws_ecrpublic_repository.this",
            "module.lambda_example_container-image.random_pet.this"
          ]
        }
      ]
    },
    {
      "module": "module.lambda_example_container-image.module.docker_build_from_ecr",
      "mode": "managed",
      "type": "docker_registry_image",
      "name": "this",
      "provider": "module.lambda_example_container-image.provider[\"registry.terraform.io/kreuzwerker/docker\"]",
      "instances": [
        {
          "schema_version": 0,
          "attributes": {
            "id": "sha256:303c08225221c2f1e531325f6d55f88a41fb4371f61db1a21c934b3dc8c26450",
            "insecure_skip_verify": false,
            "keep_remotely": false,
            "name": "470942945617.dkr.ecr.eu-west-1.amazonaws.com/humorous-mullet-ecr",
            "sha256_digest": "sha256:303c08225221c2f1e531325f6d55f88a41fb4371f61db1a21c934b3dc8c26450",
            "triggers": {
              "dir_sha": "da39a3ee5e6b4b0d3255bfef95601890afd80709"
            }
          },
          "sensitive_attributes": [],
          "private": "bnVsbA==",
          "dependencies": [
            "module.lambda_example_container-image.data.aws_caller_identity.this",
            "module.lambda_example_container-image.data.aws_ecr_authorization_token.token",
            "module.lambda_example_container-image.data.aws_region.current",
            "module.lambda_example_container-image.module.docker_build_from_ecr.aws_ecr_repository.this",
            "module.lambda_example_container-image.module.docker_build_from_ecr.data.aws_caller_identity.this",
            "module.lambda_example_container-image.module.docker_build_from_ecr.data.aws_region.current",
            "module.lambda_example_container-image.module.docker_build_from_ecr.docker_image.this",
            "module.lambda_example_container-image.module.ecr.aws_ecr_repository.this",
            "module.lambda_example_container-image.module.ecr.aws_ecrpublic_repository.this",
            "module.lambda_example_container-image.random_pet.this"
          ]
        }
      ]
    },
    {
      "module": "module.lambda_example_container-image.module.ecr",
      "mode": "data",
      "type": "aws_caller_identity",
      "name": "current",
      "provider": "module.lambda_example_container-image.provider[\"registry.terraform.io/hashicorp/aws\"]",
      "instances": [
        {
          "schema_version": 0,
          "attributes": {
            "account_id": "470942945617",
            "arn": "arn:aws:iam::470942945617:user/Terraform",
            "id": "470942945617",
            "user_id": "AIDAW3JTDCFIVADYJ2SCP"
          },
          "sensitive_attributes": []
        }
      ]
    },
    {
      "module": "module.lambda_example_container-image.module.ecr",
      "mode": "data",
      "type": "aws_iam_policy_document",
      "name": "repository",
      "provider": "module.lambda_example_container-image.provider[\"registry.terraform.io/hashicorp/aws\"]",
      "instances": [
        {
          "index_key": 0,
          "schema_version": 0,
          "attributes": {
            "id": "2051324354",
            "json": "{\n  \"Version\": \"2012-10-17\",\n  \"Statement\": [\n    {\n      \"Sid\": \"PrivateReadOnly\",\n      \"Effect\": \"Allow\",\n      \"Action\": [\n        \"ecr:ListTagsForResource\",\n        \"ecr:ListImages\",\n        \"ecr:GetRepositoryPolicy\",\n        \"ecr:GetLifecyclePolicyPreview\",\n        \"ecr:GetLifecyclePolicy\",\n        \"ecr:GetDownloadUrlForLayer\",\n        \"ecr:GetAuthorizationToken\",\n        \"ecr:DescribeRepositories\",\n        \"ecr:DescribeImages\",\n        \"ecr:DescribeImageScanFindings\",\n        \"ecr:BatchGetImage\",\n        \"ecr:BatchCheckLayerAvailability\"\n      ],\n      \"Principal\": {\n        \"AWS\": \"arn:aws:iam::470942945617:root\"\n      }\n    },\n    {\n      \"Sid\": \"PrivateLambdaReadOnly\",\n      \"Effect\": \"Allow\",\n      \"Action\": [\n        \"ecr:GetDownloadUrlForLayer\",\n        \"ecr:BatchGetImage\"\n      ],\n      \"Principal\": {\n        \"Service\": \"lambda.amazonaws.com\"\n      },\n      \"Condition\": {\n        \"StringLike\": {\n          \"aws:sourceArn\": \"arn:aws:lambda:eu-west-1:470942945617:function:humorous-mullet-lambda-with-docker-build-from-ecr\"\n        }\n      }\n    }\n  ]\n}",
            "minified_json": "{\"Version\":\"2012-10-17\",\"Statement\":[{\"Sid\":\"PrivateReadOnly\",\"Effect\":\"Allow\",\"Action\":[\"ecr:ListTagsForResource\",\"ecr:ListImages\",\"ecr:GetRepositoryPolicy\",\"ecr:GetLifecyclePolicyPreview\",\"ecr:GetLifecyclePolicy\",\"ecr:GetDownloadUrlForLayer\",\"ecr:GetAuthorizationToken\",\"ecr:DescribeRepositories\",\"ecr:DescribeImages\",\"ecr:DescribeImageScanFindings\",\"ecr:BatchGetImage\",\"ecr:BatchCheckLayerAvailability\"],\"Principal\":{\"AWS\":\"arn:aws:iam::470942945617:root\"}},{\"Sid\":\"PrivateLambdaReadOnly\",\"Effect\":\"Allow\",\"Action\":[\"ecr:GetDownloadUrlForLayer\",\"ecr:BatchGetImage\"],\"Principal\":{\"Service\":\"lambda.amazonaws.com\"},\"Condition\":{\"StringLike\":{\"aws:sourceArn\":\"arn:aws:lambda:eu-west-1:470942945617:function:humorous-mullet-lambda-with-docker-build-from-ecr\"}}}]}",
            "override_json": null,
            "override_policy_documents": null,
            "policy_id": null,
            "source_json": null,
            "source_policy_documents": null,
            "statement": [
              {
                "actions": [
                  "ecr:BatchCheckLayerAvailability",
                  "ecr:BatchGetImage",
                  "ecr:DescribeImageScanFindings",
                  "ecr:DescribeImages",
                  "ecr:DescribeRepositories",
                  "ecr:GetAuthorizationToken",
                  "ecr:GetDownloadUrlForLayer",
                  "ecr:GetLifecyclePolicy",
                  "ecr:GetLifecyclePolicyPreview",
                  "ecr:GetRepositoryPolicy",
                  "ecr:ListImages",
                  "ecr:ListTagsForResource"
                ],
                "condition": [],
                "effect": "Allow",
                "not_actions": [],
                "not_principals": [],
                "not_resources": [],
                "principals": [
                  {
                    "identifiers": [
                      "arn:aws:iam::470942945617:root"
                    ],
                    "type": "AWS"
                  }
                ],
                "resources": [],
                "sid": "PrivateReadOnly"
              },
              {
                "actions": [
                  "ecr:BatchGetImage",
                  "ecr:GetDownloadUrlForLayer"
                ],
                "condition": [
                  {
                    "test": "StringLike",
                    "values": [
                      "arn:aws:lambda:eu-west-1:470942945617:function:humorous-mullet-lambda-with-docker-build-from-ecr"
                    ],
                    "variable": "aws:sourceArn"
                  }
                ],
                "effect": "Allow",
                "not_actions": [],
                "not_principals": [],
                "not_resources": [],
                "principals": [
                  {
                    "identifiers": [
                      "lambda.amazonaws.com"
                    ],
                    "type": "Service"
                  }
                ],
                "resources": [],
                "sid": "PrivateLambdaReadOnly"
              }
            ],
            "version": "2012-10-17"
          },
          "sensitive_attributes": []
        }
      ]
    },
    {
      "module": "module.lambda_example_container-image.module.ecr",
      "mode": "data",
      "type": "aws_partition",
      "name": "current",
      "provider": "module.lambda_example_container-image.provider[\"registry.terraform.io/hashicorp/aws\"]",
      "instances": [
        {
          "schema_version": 0,
          "attributes": {
            "dns_suffix": "amazonaws.com",
            "id": "aws",
            "partition": "aws",
            "reverse_dns_prefix": "com.amazonaws"
          },
          "sensitive_attributes": []
        }
      ]
    },
    {
      "module": "module.lambda_example_container-image.module.ecr",
      "mode": "managed",
      "type": "aws_ecr_repository",
      "name": "this",
      "provider": "module.lambda_example_container-image.provider[\"registry.terraform.io/hashicorp/aws\"]",
      "instances": [
        {
          "index_key": 0,
          "schema_version": 0,
          "attributes": {
            "arn": "arn:aws:ecr:eu-west-1:470942945617:repository/humorous-mullet-ecr",
            "encryption_configuration": [
              {
                "encryption_type": "AES256",
                "kms_key": ""
              }
            ],
            "force_delete": true,
            "id": "humorous-mullet-ecr",
            "image_scanning_configuration": [
              {
                "scan_on_push": true
              }
            ],
            "image_tag_mutability": "IMMUTABLE",
            "name": "humorous-mullet-ecr",
            "registry_id": "470942945617",
            "repository_url": "470942945617.dkr.ecr.eu-west-1.amazonaws.com/humorous-mullet-ecr",
            "tags": null,
            "tags_all": {},
            "timeouts": null
          },
          "sensitive_attributes": [],
          "private": "eyJlMmJmYjczMC1lY2FhLTExZTYtOGY4OC0zNDM2M2JjN2M0YzAiOnsiZGVsZXRlIjoxMjAwMDAwMDAwMDAwfX0=",
          "dependencies": [
            "module.lambda_example_container-image.random_pet.this"
          ]
        }
      ]
    },
    {
      "module": "module.lambda_example_container-image.module.ecr",
      "mode": "managed",
      "type": "aws_ecr_repository_policy",
      "name": "this",
      "provider": "module.lambda_example_container-image.provider[\"registry.terraform.io/hashicorp/aws\"]",
      "instances": [
        {
          "index_key": 0,
          "schema_version": 0,
          "attributes": {
            "id": "humorous-mullet-ecr",
            "policy": "{\"Statement\":[{\"Action\":[\"ecr:ListTagsForResource\",\"ecr:ListImages\",\"ecr:GetRepositoryPolicy\",\"ecr:GetLifecyclePolicyPreview\",\"ecr:GetLifecyclePolicy\",\"ecr:GetDownloadUrlForLayer\",\"ecr:GetAuthorizationToken\",\"ecr:DescribeRepositories\",\"ecr:DescribeImages\",\"ecr:DescribeImageScanFindings\",\"ecr:BatchGetImage\",\"ecr:BatchCheckLayerAvailability\"],\"Effect\":\"Allow\",\"Principal\":{\"AWS\":\"arn:aws:iam::470942945617:root\"},\"Sid\":\"PrivateReadOnly\"},{\"Action\":[\"ecr:GetDownloadUrlForLayer\",\"ecr:BatchGetImage\"],\"Condition\":{\"StringLike\":{\"aws:sourceArn\":\"arn:aws:lambda:eu-west-1:470942945617:function:humorous-mullet-lambda-with-docker-build-from-ecr\"}},\"Effect\":\"Allow\",\"Principal\":{\"Service\":\"lambda.amazonaws.com\"},\"Sid\":\"PrivateLambdaReadOnly\"}],\"Version\":\"2012-10-17\"}",
            "registry_id": "470942945617",
            "repository": "humorous-mullet-ecr"
          },
          "sensitive_attributes": [],
          "private": "bnVsbA==",
          "dependencies": [
            "module.lambda_example_container-image.data.aws_caller_identity.this",
            "module.lambda_example_container-image.data.aws_ecr_authorization_token.token",
            "module.lambda_example_container-image.data.aws_region.current",
            "module.lambda_example_container-image.module.docker_build_from_ecr.aws_ecr_repository.this",
            "module.lambda_example_container-image.module.docker_build_from_ecr.data.aws_caller_identity.this",
            "module.lambda_example_container-image.module.docker_build_from_ecr.data.aws_region.current",
            "module.lambda_example_container-image.module.docker_build_from_ecr.docker_image.this",
            "module.lambda_example_container-image.module.docker_build_from_ecr.docker_registry_image.this",
            "module.lambda_example_container-image.module.ecr.aws_ecr_repository.this",
            "module.lambda_example_container-image.module.ecr.aws_ecrpublic_repository.this",
            "module.lambda_example_container-image.module.ecr.data.aws_caller_identity.current",
            "module.lambda_example_container-image.module.ecr.data.aws_iam_policy_document.repository",
            "module.lambda_example_container-image.module.ecr.data.aws_partition.current",
            "module.lambda_example_container-image.module.lambda_function_with_docker_build_from_ecr.aws_cloudwatch_log_group.lambda",
            "module.lambda_example_container-image.module.lambda_function_with_docker_build_from_ecr.aws_iam_policy.additional_inline",
            "module.lambda_example_container-image.module.lambda_function_with_docker_build_from_ecr.aws_iam_policy.additional_json",
            "module.lambda_example_container-image.module.lambda_function_with_docker_build_from_ecr.aws_iam_policy.additional_jsons",
            "module.lambda_example_container-image.module.lambda_function_with_docker_build_from_ecr.aws_iam_policy.async",
            "module.lambda_example_container-image.module.lambda_function_with_docker_build_from_ecr.aws_iam_policy.dead_letter",
            "module.lambda_example_container-image.module.lambda_function_with_docker_build_from_ecr.aws_iam_policy.logs",
            "module.lambda_example_container-image.module.lambda_function_with_docker_build_from_ecr.aws_iam_policy.tracing",
            "module.lambda_example_container-image.module.lambda_function_with_docker_build_from_ecr.aws_iam_policy.vpc",
            "module.lambda_example_container-image.module.lambda_function_with_docker_build_from_ecr.aws_iam_role.lambda",
            "module.lambda_example_container-image.module.lambda_function_with_docker_build_from_ecr.aws_iam_role_policy_attachment.additional_inline",
            "module.lambda_example_container-image.module.lambda_function_with_docker_build_from_ecr.aws_iam_role_policy_attachment.additional_json",
            "module.lambda_example_container-image.module.lambda_function_with_docker_build_from_ecr.aws_iam_role_policy_attachment.additional_jsons",
            "module.lambda_example_container-image.module.lambda_function_with_docker_build_from_ecr.aws_iam_role_policy_attachment.additional_many",
            "module.lambda_example_container-image.module.lambda_function_with_docker_build_from_ecr.aws_iam_role_policy_attachment.additional_one",
            "module.lambda_example_container-image.module.lambda_function_with_docker_build_from_ecr.aws_iam_role_policy_attachment.async",
            "module.lambda_example_container-image.module.lambda_function_with_docker_build_from_ecr.aws_iam_role_policy_attachment.dead_letter",
            "module.lambda_example_container-image.module.lambda_function_with_docker_build_from_ecr.aws_iam_role_policy_attachment.logs",
            "module.lambda_example_container-image.module.lambda_function_with_docker_build_from_ecr.aws_iam_role_policy_attachment.tracing",
            "module.lambda_example_container-image.module.lambda_function_with_docker_build_from_ecr.aws_iam_role_policy_attachment.vpc",
            "module.lambda_example_container-image.module.lambda_function_with_docker_build_from_ecr.aws_lambda_function.this",
            "module.lambda_example_container-image.module.lambda_function_with_docker_build_from_ecr.aws_s3_object.lambda_package",
            "module.lambda_example_container-image.module.lambda_function_with_docker_build_from_ecr.data.aws_arn.log_group_arn",
            "module.lambda_example_container-image.module.lambda_function_with_docker_build_from_ecr.data.aws_cloudwatch_log_group.lambda",
            "module.lambda_example_container-image.module.lambda_function_with_docker_build_from_ecr.data.aws_iam_policy.tracing",
            "module.lambda_example_container-image.module.lambda_function_with_docker_build_from_ecr.data.aws_iam_policy.vpc",
            "module.lambda_example_container-image.module.lambda_function_with_docker_build_from_ecr.data.aws_iam_policy_document.additional_inline",
            "module.lambda_example_container-image.module.lambda_function_with_docker_build_from_ecr.data.aws_iam_policy_document.assume_role",
            "module.lambda_example_container-image.module.lambda_function_with_docker_build_from_ecr.data.aws_iam_policy_document.async",
            "module.lambda_example_container-image.module.lambda_function_with_docker_build_from_ecr.data.aws_iam_policy_document.dead_letter",
            "module.lambda_example_container-image.module.lambda_function_with_docker_build_from_ecr.data.aws_iam_policy_document.logs",
            "module.lambda_example_container-image.module.lambda_function_with_docker_build_from_ecr.data.aws_partition.current",
            "module.lambda_example_container-image.module.lambda_function_with_docker_build_from_ecr.data.external.archive_prepare",
            "module.lambda_example_container-image.module.lambda_function_with_docker_build_from_ecr.local_file.archive_plan",
            "module.lambda_example_container-image.module.lambda_function_with_docker_build_from_ecr.null_resource.archive",
            "module.lambda_example_container-image.random_pet.this"
          ]
        }
      ]
    },
    {
      "module": "module.lambda_example_container-image.module.lambda_function_with_docker_build",
      "mode": "data",
      "type": "aws_caller_identity",
      "name": "current",
      "provider": "module.lambda_example_container-image.provider[\"registry.terraform.io/hashicorp/aws\"]",
      "instances": [
        {
          "schema_version": 0,
          "attributes": {
            "account_id": "470942945617",
            "arn": "arn:aws:iam::470942945617:user/Terraform",
            "id": "470942945617",
            "user_id": "AIDAW3JTDCFIVADYJ2SCP"
          },
          "sensitive_attributes": []
        }
      ]
    },
    {
      "module": "module.lambda_example_container-image.module.lambda_function_with_docker_build",
      "mode": "data",
      "type": "aws_iam_policy_document",
      "name": "assume_role",
      "provider": "module.lambda_example_container-image.provider[\"registry.terraform.io/hashicorp/aws\"]",
      "instances": [
        {
          "index_key": 0,
          "schema_version": 0,
          "attributes": {
            "id": "2690255455",
            "json": "{\n  \"Version\": \"2012-10-17\",\n  \"Statement\": [\n    {\n      \"Effect\": \"Allow\",\n      \"Action\": \"sts:AssumeRole\",\n      \"Principal\": {\n        \"Service\": \"lambda.amazonaws.com\"\n      }\n    }\n  ]\n}",
            "minified_json": "{\"Version\":\"2012-10-17\",\"Statement\":[{\"Effect\":\"Allow\",\"Action\":\"sts:AssumeRole\",\"Principal\":{\"Service\":\"lambda.amazonaws.com\"}}]}",
            "override_json": null,
            "override_policy_documents": null,
            "policy_id": null,
            "source_json": null,
            "source_policy_documents": null,
            "statement": [
              {
                "actions": [
                  "sts:AssumeRole"
                ],
                "condition": [],
                "effect": "Allow",
                "not_actions": [],
                "not_principals": [],
                "not_resources": [],
                "principals": [
                  {
                    "identifiers": [
                      "lambda.amazonaws.com"
                    ],
                    "type": "Service"
                  }
                ],
                "resources": [],
                "sid": ""
              }
            ],
            "version": "2012-10-17"
          },
          "sensitive_attributes": []
        }
      ]
    },
    {
      "module": "module.lambda_example_container-image.module.lambda_function_with_docker_build",
      "mode": "data",
      "type": "aws_iam_policy_document",
      "name": "logs",
      "provider": "module.lambda_example_container-image.provider[\"registry.terraform.io/hashicorp/aws\"]",
      "instances": [
        {
          "index_key": 0,
          "schema_version": 0,
          "attributes": {
            "id": "730630695",
            "json": "{\n  \"Version\": \"2012-10-17\",\n  \"Statement\": [\n    {\n      \"Effect\": \"Allow\",\n      \"Action\": [\n        \"logs:PutLogEvents\",\n        \"logs:CreateLogStream\",\n        \"logs:CreateLogGroup\"\n      ],\n      \"Resource\": [\n        \"arn:aws:logs:eu-west-1:470942945617:log-group:/aws/lambda/humorous-mullet-lambda-with-docker-build:*:*\",\n        \"arn:aws:logs:eu-west-1:470942945617:log-group:/aws/lambda/humorous-mullet-lambda-with-docker-build:*\"\n      ]\n    }\n  ]\n}",
            "minified_json": "{\"Version\":\"2012-10-17\",\"Statement\":[{\"Effect\":\"Allow\",\"Action\":[\"logs:PutLogEvents\",\"logs:CreateLogStream\",\"logs:CreateLogGroup\"],\"Resource\":[\"arn:aws:logs:eu-west-1:470942945617:log-group:/aws/lambda/humorous-mullet-lambda-with-docker-build:*:*\",\"arn:aws:logs:eu-west-1:470942945617:log-group:/aws/lambda/humorous-mullet-lambda-with-docker-build:*\"]}]}",
            "override_json": null,
            "override_policy_documents": null,
            "policy_id": null,
            "source_json": null,
            "source_policy_documents": null,
            "statement": [
              {
                "actions": [
                  "logs:CreateLogGroup",
                  "logs:CreateLogStream",
                  "logs:PutLogEvents"
                ],
                "condition": [],
                "effect": "Allow",
                "not_actions": [],
                "not_principals": [],
                "not_resources": [],
                "principals": [],
                "resources": [
                  "arn:aws:logs:eu-west-1:470942945617:log-group:/aws/lambda/humorous-mullet-lambda-with-docker-build:*",
                  "arn:aws:logs:eu-west-1:470942945617:log-group:/aws/lambda/humorous-mullet-lambda-with-docker-build:*:*"
                ],
                "sid": ""
              }
            ],
            "version": "2012-10-17"
          },
          "sensitive_attributes": []
        }
      ]
    },
    {
      "module": "module.lambda_example_container-image.module.lambda_function_with_docker_build",
      "mode": "data",
      "type": "aws_partition",
      "name": "current",
      "provider": "module.lambda_example_container-image.provider[\"registry.terraform.io/hashicorp/aws\"]",
      "instances": [
        {
          "schema_version": 0,
          "attributes": {
            "dns_suffix": "amazonaws.com",
            "id": "aws",
            "partition": "aws",
            "reverse_dns_prefix": "com.amazonaws"
          },
          "sensitive_attributes": []
        }
      ]
    },
    {
      "module": "module.lambda_example_container-image.module.lambda_function_with_docker_build",
      "mode": "data",
      "type": "aws_region",
      "name": "current",
      "provider": "module.lambda_example_container-image.provider[\"registry.terraform.io/hashicorp/aws\"]",
      "instances": [
        {
          "schema_version": 0,
          "attributes": {
            "description": "Europe (Ireland)",
            "endpoint": "ec2.eu-west-1.amazonaws.com",
            "id": "eu-west-1",
            "name": "eu-west-1"
          },
          "sensitive_attributes": []
        }
      ]
    },
    {
      "module": "module.lambda_example_container-image.module.lambda_function_with_docker_build",
      "mode": "managed",
      "type": "aws_cloudwatch_log_group",
      "name": "lambda",
      "provider": "module.lambda_example_container-image.provider[\"registry.terraform.io/hashicorp/aws\"]",
      "instances": [
        {
          "index_key": 0,
          "schema_version": 0,
          "attributes": {
            "arn": "arn:aws:logs:eu-west-1:470942945617:log-group:/aws/lambda/humorous-mullet-lambda-with-docker-build",
            "id": "/aws/lambda/humorous-mullet-lambda-with-docker-build",
            "kms_key_id": "",
            "log_group_class": "STANDARD",
            "name": "/aws/lambda/humorous-mullet-lambda-with-docker-build",
            "name_prefix": "",
            "retention_in_days": 0,
            "skip_destroy": false,
            "tags": null,
            "tags_all": {}
          },
          "sensitive_attributes": [],
          "private": "bnVsbA==",
          "dependencies": [
            "module.lambda_example_container-image.random_pet.this"
          ]
        }
      ]
    },
    {
      "module": "module.lambda_example_container-image.module.lambda_function_with_docker_build",
      "mode": "managed",
      "type": "aws_iam_policy",
      "name": "logs",
      "provider": "module.lambda_example_container-image.provider[\"registry.terraform.io/hashicorp/aws\"]",
      "instances": [
        {
          "index_key": 0,
          "schema_version": 0,
          "attributes": {
            "arn": "arn:aws:iam::470942945617:policy/humorous-mullet-lambda-with-docker-build-logs",
            "attachment_count": 0,
            "description": "",
            "id": "arn:aws:iam::470942945617:policy/humorous-mullet-lambda-with-docker-build-logs",
            "name": "humorous-mullet-lambda-with-docker-build-logs",
            "name_prefix": "",
            "path": "/",
            "policy": "{\"Statement\":[{\"Action\":[\"logs:PutLogEvents\",\"logs:CreateLogStream\",\"logs:CreateLogGroup\"],\"Effect\":\"Allow\",\"Resource\":[\"arn:aws:logs:eu-west-1:470942945617:log-group:/aws/lambda/humorous-mullet-lambda-with-docker-build:*:*\",\"arn:aws:logs:eu-west-1:470942945617:log-group:/aws/lambda/humorous-mullet-lambda-with-docker-build:*\"]}],\"Version\":\"2012-10-17\"}",
            "policy_id": "ANPAW3JTDCFITKGU2MWC7",
            "tags": null,
            "tags_all": {}
          },
          "sensitive_attributes": [],
          "private": "bnVsbA==",
          "dependencies": [
            "module.lambda_example_container-image.module.lambda_function_with_docker_build.aws_cloudwatch_log_group.lambda",
            "module.lambda_example_container-image.module.lambda_function_with_docker_build.data.aws_arn.log_group_arn",
            "module.lambda_example_container-image.module.lambda_function_with_docker_build.data.aws_cloudwatch_log_group.lambda",
            "module.lambda_example_container-image.module.lambda_function_with_docker_build.data.aws_iam_policy_document.logs",
            "module.lambda_example_container-image.random_pet.this"
          ]
        }
      ]
    },
    {
      "module": "module.lambda_example_container-image.module.lambda_function_with_docker_build",
      "mode": "managed",
      "type": "aws_iam_role",
      "name": "lambda",
      "provider": "module.lambda_example_container-image.provider[\"registry.terraform.io/hashicorp/aws\"]",
      "instances": [
        {
          "index_key": 0,
          "schema_version": 0,
          "attributes": {
            "arn": "arn:aws:iam::470942945617:role/humorous-mullet-lambda-with-docker-build",
            "assume_role_policy": "{\"Statement\":[{\"Action\":\"sts:AssumeRole\",\"Effect\":\"Allow\",\"Principal\":{\"Service\":\"lambda.amazonaws.com\"}}],\"Version\":\"2012-10-17\"}",
            "create_date": "2024-10-17T23:06:08Z",
            "description": "",
            "force_detach_policies": true,
            "id": "humorous-mullet-lambda-with-docker-build",
            "inline_policy": [],
            "managed_policy_arns": [],
            "max_session_duration": 3600,
            "name": "humorous-mullet-lambda-with-docker-build",
            "name_prefix": "",
            "path": "/",
            "permissions_boundary": "",
            "tags": null,
            "tags_all": {},
            "unique_id": "AROAW3JTDCFIYPQSLLASX"
          },
          "sensitive_attributes": [],
          "private": "bnVsbA==",
          "dependencies": [
            "module.lambda_example_container-image.module.lambda_function_with_docker_build.data.aws_iam_policy_document.assume_role",
            "module.lambda_example_container-image.random_pet.this"
          ]
        }
      ]
    },
    {
      "module": "module.lambda_example_container-image.module.lambda_function_with_docker_build",
      "mode": "managed",
      "type": "aws_iam_role_policy_attachment",
      "name": "logs",
      "provider": "module.lambda_example_container-image.provider[\"registry.terraform.io/hashicorp/aws\"]",
      "instances": [
        {
          "index_key": 0,
          "schema_version": 0,
          "attributes": {
            "id": "humorous-mullet-lambda-with-docker-build-20241017230609763300000001",
            "policy_arn": "arn:aws:iam::470942945617:policy/humorous-mullet-lambda-with-docker-build-logs",
            "role": "humorous-mullet-lambda-with-docker-build"
          },
          "sensitive_attributes": [],
          "private": "bnVsbA==",
          "dependencies": [
            "module.lambda_example_container-image.module.lambda_function_with_docker_build.aws_cloudwatch_log_group.lambda",
            "module.lambda_example_container-image.module.lambda_function_with_docker_build.aws_iam_policy.logs",
            "module.lambda_example_container-image.module.lambda_function_with_docker_build.aws_iam_role.lambda",
            "module.lambda_example_container-image.module.lambda_function_with_docker_build.data.aws_arn.log_group_arn",
            "module.lambda_example_container-image.module.lambda_function_with_docker_build.data.aws_cloudwatch_log_group.lambda",
            "module.lambda_example_container-image.module.lambda_function_with_docker_build.data.aws_iam_policy_document.assume_role",
            "module.lambda_example_container-image.module.lambda_function_with_docker_build.data.aws_iam_policy_document.logs",
            "module.lambda_example_container-image.random_pet.this"
          ]
        }
      ]
    },
    {
      "module": "module.lambda_example_container-image.module.lambda_function_with_docker_build",
      "mode": "managed",
      "type": "aws_lambda_function",
      "name": "this",
      "provider": "module.lambda_example_container-image.provider[\"registry.terraform.io/hashicorp/aws\"]",
      "instances": [
        {
          "index_key": 0,
          "schema_version": 0,
          "attributes": {
            "architectures": [
              "arm64"
            ],
            "arn": "arn:aws:lambda:eu-west-1:470942945617:function:humorous-mullet-lambda-with-docker-build",
            "code_sha256": "303c08225221c2f1e531325f6d55f88a41fb4371f61db1a21c934b3dc8c26450",
            "code_signing_config_arn": "",
            "dead_letter_config": [],
            "description": "My awesome lambda function with container image by modules/docker-build",
            "environment": [],
            "ephemeral_storage": [
              {
                "size": 512
              }
            ],
            "file_system_config": [],
            "filename": null,
            "function_name": "humorous-mullet-lambda-with-docker-build",
            "handler": "",
            "id": "humorous-mullet-lambda-with-docker-build",
            "image_config": [],
            "image_uri": "470942945617.dkr.ecr.eu-west-1.amazonaws.com/humorous-mullet@sha256:303c08225221c2f1e531325f6d55f88a41fb4371f61db1a21c934b3dc8c26450",
            "invoke_arn": "arn:aws:apigateway:eu-west-1:lambda:path/2015-03-31/functions/arn:aws:lambda:eu-west-1:470942945617:function:humorous-mullet-lambda-with-docker-build/invocations",
            "kms_key_arn": "",
            "last_modified": "2024-10-17T23:06:29.730+0000",
            "layers": null,
            "logging_config": [
              {
                "application_log_level": "",
                "log_format": "Text",
                "log_group": "/aws/lambda/humorous-mullet-lambda-with-docker-build",
                "system_log_level": ""
              }
            ],
            "memory_size": 128,
            "package_type": "Image",
            "publish": false,
            "qualified_arn": "arn:aws:lambda:eu-west-1:470942945617:function:humorous-mullet-lambda-with-docker-build:$LATEST",
            "qualified_invoke_arn": "arn:aws:apigateway:eu-west-1:lambda:path/2015-03-31/functions/arn:aws:lambda:eu-west-1:470942945617:function:humorous-mullet-lambda-with-docker-build:$LATEST/invocations",
            "replace_security_groups_on_destroy": null,
            "replacement_security_group_ids": null,
            "reserved_concurrent_executions": -1,
            "role": "arn:aws:iam::470942945617:role/humorous-mullet-lambda-with-docker-build",
            "runtime": "",
            "s3_bucket": null,
            "s3_key": null,
            "s3_object_version": null,
            "signing_job_arn": "",
            "signing_profile_version_arn": "",
            "skip_destroy": false,
            "snap_start": [],
            "source_code_hash": "",
            "source_code_size": 0,
            "tags": {
              "terraform-aws-modules": "lambda"
            },
            "tags_all": {
              "terraform-aws-modules": "lambda"
            },
            "timeout": 3,
            "timeouts": null,
            "tracing_config": [
              {
                "mode": "PassThrough"
              }
            ],
            "version": "$LATEST",
            "vpc_config": []
          },
          "sensitive_attributes": [],
          "private": "eyJlMmJmYjczMC1lY2FhLTExZTYtOGY4OC0zNDM2M2JjN2M0YzAiOnsiY3JlYXRlIjo2MDAwMDAwMDAwMDAsImRlbGV0ZSI6NjAwMDAwMDAwMDAwLCJ1cGRhdGUiOjYwMDAwMDAwMDAwMH19",
          "dependencies": [
            "module.lambda_example_container-image.data.aws_caller_identity.this",
            "module.lambda_example_container-image.data.aws_ecr_authorization_token.token",
            "module.lambda_example_container-image.data.aws_region.current",
            "module.lambda_example_container-image.module.docker_build.aws_ecr_repository.this",
            "module.lambda_example_container-image.module.docker_build.data.aws_caller_identity.this",
            "module.lambda_example_container-image.module.docker_build.data.aws_region.current",
            "module.lambda_example_container-image.module.docker_build.docker_image.this",
            "module.lambda_example_container-image.module.docker_build.docker_registry_image.this",
            "module.lambda_example_container-image.module.lambda_function_with_docker_build.aws_cloudwatch_log_group.lambda",
            "module.lambda_example_container-image.module.lambda_function_with_docker_build.aws_iam_policy.additional_inline",
            "module.lambda_example_container-image.module.lambda_function_with_docker_build.aws_iam_policy.additional_json",
            "module.lambda_example_container-image.module.lambda_function_with_docker_build.aws_iam_policy.additional_jsons",
            "module.lambda_example_container-image.module.lambda_function_with_docker_build.aws_iam_policy.async",
            "module.lambda_example_container-image.module.lambda_function_with_docker_build.aws_iam_policy.dead_letter",
            "module.lambda_example_container-image.module.lambda_function_with_docker_build.aws_iam_policy.logs",
            "module.lambda_example_container-image.module.lambda_function_with_docker_build.aws_iam_policy.tracing",
            "module.lambda_example_container-image.module.lambda_function_with_docker_build.aws_iam_policy.vpc",
            "module.lambda_example_container-image.module.lambda_function_with_docker_build.aws_iam_role.lambda",
            "module.lambda_example_container-image.module.lambda_function_with_docker_build.aws_iam_role_policy_attachment.additional_inline",
            "module.lambda_example_container-image.module.lambda_function_with_docker_build.aws_iam_role_policy_attachment.additional_json",
            "module.lambda_example_container-image.module.lambda_function_with_docker_build.aws_iam_role_policy_attachment.additional_jsons",
            "module.lambda_example_container-image.module.lambda_function_with_docker_build.aws_iam_role_policy_attachment.additional_many",
            "module.lambda_example_container-image.module.lambda_function_with_docker_build.aws_iam_role_policy_attachment.additional_one",
            "module.lambda_example_container-image.module.lambda_function_with_docker_build.aws_iam_role_policy_attachment.async",
            "module.lambda_example_container-image.module.lambda_function_with_docker_build.aws_iam_role_policy_attachment.dead_letter",
            "module.lambda_example_container-image.module.lambda_function_with_docker_build.aws_iam_role_policy_attachment.logs",
            "module.lambda_example_container-image.module.lambda_function_with_docker_build.aws_iam_role_policy_attachment.tracing",
            "module.lambda_example_container-image.module.lambda_function_with_docker_build.aws_iam_role_policy_attachment.vpc",
            "module.lambda_example_container-image.module.lambda_function_with_docker_build.aws_s3_object.lambda_package",
            "module.lambda_example_container-image.module.lambda_function_with_docker_build.data.aws_arn.log_group_arn",
            "module.lambda_example_container-image.module.lambda_function_with_docker_build.data.aws_cloudwatch_log_group.lambda",
            "module.lambda_example_container-image.module.lambda_function_with_docker_build.data.aws_iam_policy.tracing",
            "module.lambda_example_container-image.module.lambda_function_with_docker_build.data.aws_iam_policy.vpc",
            "module.lambda_example_container-image.module.lambda_function_with_docker_build.data.aws_iam_policy_document.additional_inline",
            "module.lambda_example_container-image.module.lambda_function_with_docker_build.data.aws_iam_policy_document.assume_role",
            "module.lambda_example_container-image.module.lambda_function_with_docker_build.data.aws_iam_policy_document.async",
            "module.lambda_example_container-image.module.lambda_function_with_docker_build.data.aws_iam_policy_document.dead_letter",
            "module.lambda_example_container-image.module.lambda_function_with_docker_build.data.aws_iam_policy_document.logs",
            "module.lambda_example_container-image.module.lambda_function_with_docker_build.data.aws_partition.current",
            "module.lambda_example_container-image.module.lambda_function_with_docker_build.data.external.archive_prepare",
            "module.lambda_example_container-image.module.lambda_function_with_docker_build.local_file.archive_plan",
            "module.lambda_example_container-image.module.lambda_function_with_docker_build.null_resource.archive",
            "module.lambda_example_container-image.random_pet.this"
          ]
        }
      ]
    },
    {
      "module": "module.lambda_example_container-image.module.lambda_function_with_docker_build_from_ecr",
      "mode": "data",
      "type": "aws_caller_identity",
      "name": "current",
      "provider": "module.lambda_example_container-image.provider[\"registry.terraform.io/hashicorp/aws\"]",
      "instances": [
        {
          "schema_version": 0,
          "attributes": {
            "account_id": "470942945617",
            "arn": "arn:aws:iam::470942945617:user/Terraform",
            "id": "470942945617",
            "user_id": "AIDAW3JTDCFIVADYJ2SCP"
          },
          "sensitive_attributes": []
        }
      ]
    },
    {
      "module": "module.lambda_example_container-image.module.lambda_function_with_docker_build_from_ecr",
      "mode": "data",
      "type": "aws_iam_policy_document",
      "name": "assume_role",
      "provider": "module.lambda_example_container-image.provider[\"registry.terraform.io/hashicorp/aws\"]",
      "instances": [
        {
          "index_key": 0,
          "schema_version": 0,
          "attributes": {
            "id": "2690255455",
            "json": "{\n  \"Version\": \"2012-10-17\",\n  \"Statement\": [\n    {\n      \"Effect\": \"Allow\",\n      \"Action\": \"sts:AssumeRole\",\n      \"Principal\": {\n        \"Service\": \"lambda.amazonaws.com\"\n      }\n    }\n  ]\n}",
            "minified_json": "{\"Version\":\"2012-10-17\",\"Statement\":[{\"Effect\":\"Allow\",\"Action\":\"sts:AssumeRole\",\"Principal\":{\"Service\":\"lambda.amazonaws.com\"}}]}",
            "override_json": null,
            "override_policy_documents": null,
            "policy_id": null,
            "source_json": null,
            "source_policy_documents": null,
            "statement": [
              {
                "actions": [
                  "sts:AssumeRole"
                ],
                "condition": [],
                "effect": "Allow",
                "not_actions": [],
                "not_principals": [],
                "not_resources": [],
                "principals": [
                  {
                    "identifiers": [
                      "lambda.amazonaws.com"
                    ],
                    "type": "Service"
                  }
                ],
                "resources": [],
                "sid": ""
              }
            ],
            "version": "2012-10-17"
          },
          "sensitive_attributes": []
        }
      ]
    },
    {
      "module": "module.lambda_example_container-image.module.lambda_function_with_docker_build_from_ecr",
      "mode": "data",
      "type": "aws_iam_policy_document",
      "name": "logs",
      "provider": "module.lambda_example_container-image.provider[\"registry.terraform.io/hashicorp/aws\"]",
      "instances": [
        {
          "index_key": 0,
          "schema_version": 0,
          "attributes": {
            "id": "4038779641",
            "json": "{\n  \"Version\": \"2012-10-17\",\n  \"Statement\": [\n    {\n      \"Effect\": \"Allow\",\n      \"Action\": [\n        \"logs:PutLogEvents\",\n        \"logs:CreateLogStream\",\n        \"logs:CreateLogGroup\"\n      ],\n      \"Resource\": [\n        \"arn:aws:logs:eu-west-1:470942945617:log-group:/aws/lambda/humorous-mullet-lambda-with-docker-build-from-ecr:*:*\",\n        \"arn:aws:logs:eu-west-1:470942945617:log-group:/aws/lambda/humorous-mullet-lambda-with-docker-build-from-ecr:*\"\n      ]\n    }\n  ]\n}",
            "minified_json": "{\"Version\":\"2012-10-17\",\"Statement\":[{\"Effect\":\"Allow\",\"Action\":[\"logs:PutLogEvents\",\"logs:CreateLogStream\",\"logs:CreateLogGroup\"],\"Resource\":[\"arn:aws:logs:eu-west-1:470942945617:log-group:/aws/lambda/humorous-mullet-lambda-with-docker-build-from-ecr:*:*\",\"arn:aws:logs:eu-west-1:470942945617:log-group:/aws/lambda/humorous-mullet-lambda-with-docker-build-from-ecr:*\"]}]}",
            "override_json": null,
            "override_policy_documents": null,
            "policy_id": null,
            "source_json": null,
            "source_policy_documents": null,
            "statement": [
              {
                "actions": [
                  "logs:CreateLogGroup",
                  "logs:CreateLogStream",
                  "logs:PutLogEvents"
                ],
                "condition": [],
                "effect": "Allow",
                "not_actions": [],
                "not_principals": [],
                "not_resources": [],
                "principals": [],
                "resources": [
                  "arn:aws:logs:eu-west-1:470942945617:log-group:/aws/lambda/humorous-mullet-lambda-with-docker-build-from-ecr:*",
                  "arn:aws:logs:eu-west-1:470942945617:log-group:/aws/lambda/humorous-mullet-lambda-with-docker-build-from-ecr:*:*"
                ],
                "sid": ""
              }
            ],
            "version": "2012-10-17"
          },
          "sensitive_attributes": []
        }
      ]
    },
    {
      "module": "module.lambda_example_container-image.module.lambda_function_with_docker_build_from_ecr",
      "mode": "data",
      "type": "aws_partition",
      "name": "current",
      "provider": "module.lambda_example_container-image.provider[\"registry.terraform.io/hashicorp/aws\"]",
      "instances": [
        {
          "schema_version": 0,
          "attributes": {
            "dns_suffix": "amazonaws.com",
            "id": "aws",
            "partition": "aws",
            "reverse_dns_prefix": "com.amazonaws"
          },
          "sensitive_attributes": []
        }
      ]
    },
    {
      "module": "module.lambda_example_container-image.module.lambda_function_with_docker_build_from_ecr",
      "mode": "data",
      "type": "aws_region",
      "name": "current",
      "provider": "module.lambda_example_container-image.provider[\"registry.terraform.io/hashicorp/aws\"]",
      "instances": [
        {
          "schema_version": 0,
          "attributes": {
            "description": "Europe (Ireland)",
            "endpoint": "ec2.eu-west-1.amazonaws.com",
            "id": "eu-west-1",
            "name": "eu-west-1"
          },
          "sensitive_attributes": []
        }
      ]
    },
    {
      "module": "module.lambda_example_container-image.module.lambda_function_with_docker_build_from_ecr",
      "mode": "managed",
      "type": "aws_cloudwatch_log_group",
      "name": "lambda",
      "provider": "module.lambda_example_container-image.provider[\"registry.terraform.io/hashicorp/aws\"]",
      "instances": [
        {
          "index_key": 0,
          "schema_version": 0,
          "attributes": {
            "arn": "arn:aws:logs:eu-west-1:470942945617:log-group:/aws/lambda/humorous-mullet-lambda-with-docker-build-from-ecr",
            "id": "/aws/lambda/humorous-mullet-lambda-with-docker-build-from-ecr",
            "kms_key_id": "",
            "log_group_class": "STANDARD",
            "name": "/aws/lambda/humorous-mullet-lambda-with-docker-build-from-ecr",
            "name_prefix": "",
            "retention_in_days": 0,
            "skip_destroy": false,
            "tags": null,
            "tags_all": {}
          },
          "sensitive_attributes": [],
          "private": "bnVsbA==",
          "dependencies": [
            "module.lambda_example_container-image.random_pet.this"
          ]
        }
      ]
    },
    {
      "module": "module.lambda_example_container-image.module.lambda_function_with_docker_build_from_ecr",
      "mode": "managed",
      "type": "aws_iam_policy",
      "name": "logs",
      "provider": "module.lambda_example_container-image.provider[\"registry.terraform.io/hashicorp/aws\"]",
      "instances": [
        {
          "index_key": 0,
          "schema_version": 0,
          "attributes": {
            "arn": "arn:aws:iam::470942945617:policy/humorous-mullet-lambda-with-docker-build-from-ecr-logs",
            "attachment_count": 0,
            "description": "",
            "id": "arn:aws:iam::470942945617:policy/humorous-mullet-lambda-with-docker-build-from-ecr-logs",
            "name": "humorous-mullet-lambda-with-docker-build-from-ecr-logs",
            "name_prefix": "",
            "path": "/",
            "policy": "{\"Statement\":[{\"Action\":[\"logs:PutLogEvents\",\"logs:CreateLogStream\",\"logs:CreateLogGroup\"],\"Effect\":\"Allow\",\"Resource\":[\"arn:aws:logs:eu-west-1:470942945617:log-group:/aws/lambda/humorous-mullet-lambda-with-docker-build-from-ecr:*:*\",\"arn:aws:logs:eu-west-1:470942945617:log-group:/aws/lambda/humorous-mullet-lambda-with-docker-build-from-ecr:*\"]}],\"Version\":\"2012-10-17\"}",
            "policy_id": "ANPAW3JTDCFI3ZFDXY5RR",
            "tags": null,
            "tags_all": {}
          },
          "sensitive_attributes": [],
          "private": "bnVsbA==",
          "dependencies": [
            "module.lambda_example_container-image.module.lambda_function_with_docker_build_from_ecr.aws_cloudwatch_log_group.lambda",
            "module.lambda_example_container-image.module.lambda_function_with_docker_build_from_ecr.data.aws_arn.log_group_arn",
            "module.lambda_example_container-image.module.lambda_function_with_docker_build_from_ecr.data.aws_cloudwatch_log_group.lambda",
            "module.lambda_example_container-image.module.lambda_function_with_docker_build_from_ecr.data.aws_iam_policy_document.logs",
            "module.lambda_example_container-image.random_pet.this"
          ]
        }
      ]
    },
    {
      "module": "module.lambda_example_container-image.module.lambda_function_with_docker_build_from_ecr",
      "mode": "managed",
      "type": "aws_iam_role",
      "name": "lambda",
      "provider": "module.lambda_example_container-image.provider[\"registry.terraform.io/hashicorp/aws\"]",
      "instances": [
        {
          "index_key": 0,
          "schema_version": 0,
          "attributes": {
            "arn": "arn:aws:iam::470942945617:role/humorous-mullet-lambda-with-docker-build-from-ecr",
            "assume_role_policy": "{\"Statement\":[{\"Action\":\"sts:AssumeRole\",\"Effect\":\"Allow\",\"Principal\":{\"Service\":\"lambda.amazonaws.com\"}}],\"Version\":\"2012-10-17\"}",
            "create_date": "2024-10-17T23:06:08Z",
            "description": "",
            "force_detach_policies": true,
            "id": "humorous-mullet-lambda-with-docker-build-from-ecr",
            "inline_policy": [],
            "managed_policy_arns": [],
            "max_session_duration": 3600,
            "name": "humorous-mullet-lambda-with-docker-build-from-ecr",
            "name_prefix": "",
            "path": "/",
            "permissions_boundary": "",
            "tags": null,
            "tags_all": {},
            "unique_id": "AROAW3JTDCFIWPRUP34WD"
          },
          "sensitive_attributes": [],
          "private": "bnVsbA==",
          "dependencies": [
            "module.lambda_example_container-image.module.lambda_function_with_docker_build_from_ecr.data.aws_iam_policy_document.assume_role",
            "module.lambda_example_container-image.random_pet.this"
          ]
        }
      ]
    },
    {
      "module": "module.lambda_example_container-image.module.lambda_function_with_docker_build_from_ecr",
      "mode": "managed",
      "type": "aws_iam_role_policy_attachment",
      "name": "logs",
      "provider": "module.lambda_example_container-image.provider[\"registry.terraform.io/hashicorp/aws\"]",
      "instances": [
        {
          "index_key": 0,
          "schema_version": 0,
          "attributes": {
            "id": "humorous-mullet-lambda-with-docker-build-from-ecr-20241017230609818000000002",
            "policy_arn": "arn:aws:iam::470942945617:policy/humorous-mullet-lambda-with-docker-build-from-ecr-logs",
            "role": "humorous-mullet-lambda-with-docker-build-from-ecr"
          },
          "sensitive_attributes": [],
          "private": "bnVsbA==",
          "dependencies": [
            "module.lambda_example_container-image.module.lambda_function_with_docker_build_from_ecr.aws_cloudwatch_log_group.lambda",
            "module.lambda_example_container-image.module.lambda_function_with_docker_build_from_ecr.aws_iam_policy.logs",
            "module.lambda_example_container-image.module.lambda_function_with_docker_build_from_ecr.aws_iam_role.lambda",
            "module.lambda_example_container-image.module.lambda_function_with_docker_build_from_ecr.data.aws_arn.log_group_arn",
            "module.lambda_example_container-image.module.lambda_function_with_docker_build_from_ecr.data.aws_cloudwatch_log_group.lambda",
            "module.lambda_example_container-image.module.lambda_function_with_docker_build_from_ecr.data.aws_iam_policy_document.assume_role",
            "module.lambda_example_container-image.module.lambda_function_with_docker_build_from_ecr.data.aws_iam_policy_document.logs",
            "module.lambda_example_container-image.random_pet.this"
          ]
        }
      ]
    },
    {
      "module": "module.lambda_example_container-image.module.lambda_function_with_docker_build_from_ecr",
      "mode": "managed",
      "type": "aws_lambda_function",
      "name": "this",
      "provider": "module.lambda_example_container-image.provider[\"registry.terraform.io/hashicorp/aws\"]",
      "instances": [
        {
          "index_key": 0,
          "schema_version": 0,
          "attributes": {
            "architectures": [
              "arm64"
            ],
            "arn": "arn:aws:lambda:eu-west-1:470942945617:function:humorous-mullet-lambda-with-docker-build-from-ecr",
            "code_sha256": "303c08225221c2f1e531325f6d55f88a41fb4371f61db1a21c934b3dc8c26450",
            "code_signing_config_arn": "",
            "dead_letter_config": [],
            "description": "My awesome lambda function with container image by modules/docker-build and ECR repository created by terraform-aws-ecr module",
            "environment": [],
            "ephemeral_storage": [
              {
                "size": 512
              }
            ],
            "file_system_config": [],
            "filename": null,
            "function_name": "humorous-mullet-lambda-with-docker-build-from-ecr",
            "handler": "",
            "id": "humorous-mullet-lambda-with-docker-build-from-ecr",
            "image_config": [],
            "image_uri": "470942945617.dkr.ecr.eu-west-1.amazonaws.com/humorous-mullet-ecr@sha256:303c08225221c2f1e531325f6d55f88a41fb4371f61db1a21c934b3dc8c26450",
            "invoke_arn": "arn:aws:apigateway:eu-west-1:lambda:path/2015-03-31/functions/arn:aws:lambda:eu-west-1:470942945617:function:humorous-mullet-lambda-with-docker-build-from-ecr/invocations",
            "kms_key_arn": "",
            "last_modified": "2024-10-17T23:06:33.015+0000",
            "layers": null,
            "logging_config": [
              {
                "application_log_level": "",
                "log_format": "Text",
                "log_group": "/aws/lambda/humorous-mullet-lambda-with-docker-build-from-ecr",
                "system_log_level": ""
              }
            ],
            "memory_size": 128,
            "package_type": "Image",
            "publish": false,
            "qualified_arn": "arn:aws:lambda:eu-west-1:470942945617:function:humorous-mullet-lambda-with-docker-build-from-ecr:$LATEST",
            "qualified_invoke_arn": "arn:aws:apigateway:eu-west-1:lambda:path/2015-03-31/functions/arn:aws:lambda:eu-west-1:470942945617:function:humorous-mullet-lambda-with-docker-build-from-ecr:$LATEST/invocations",
            "replace_security_groups_on_destroy": null,
            "replacement_security_group_ids": null,
            "reserved_concurrent_executions": -1,
            "role": "arn:aws:iam::470942945617:role/humorous-mullet-lambda-with-docker-build-from-ecr",
            "runtime": "",
            "s3_bucket": null,
            "s3_key": null,
            "s3_object_version": null,
            "signing_job_arn": "",
            "signing_profile_version_arn": "",
            "skip_destroy": false,
            "snap_start": [],
            "source_code_hash": "",
            "source_code_size": 0,
            "tags": {
              "terraform-aws-modules": "lambda"
            },
            "tags_all": {
              "terraform-aws-modules": "lambda"
            },
            "timeout": 3,
            "timeouts": null,
            "tracing_config": [
              {
                "mode": "PassThrough"
              }
            ],
            "version": "$LATEST",
            "vpc_config": []
          },
          "sensitive_attributes": [],
          "private": "eyJlMmJmYjczMC1lY2FhLTExZTYtOGY4OC0zNDM2M2JjN2M0YzAiOnsiY3JlYXRlIjo2MDAwMDAwMDAwMDAsImRlbGV0ZSI6NjAwMDAwMDAwMDAwLCJ1cGRhdGUiOjYwMDAwMDAwMDAwMH19",
          "dependencies": [
            "module.lambda_example_container-image.data.aws_caller_identity.this",
            "module.lambda_example_container-image.data.aws_ecr_authorization_token.token",
            "module.lambda_example_container-image.data.aws_region.current",
            "module.lambda_example_container-image.module.docker_build_from_ecr.aws_ecr_repository.this",
            "module.lambda_example_container-image.module.docker_build_from_ecr.data.aws_caller_identity.this",
            "module.lambda_example_container-image.module.docker_build_from_ecr.data.aws_region.current",
            "module.lambda_example_container-image.module.docker_build_from_ecr.docker_image.this",
            "module.lambda_example_container-image.module.docker_build_from_ecr.docker_registry_image.this",
            "module.lambda_example_container-image.module.ecr.aws_ecr_repository.this",
            "module.lambda_example_container-image.module.ecr.aws_ecrpublic_repository.this",
            "module.lambda_example_container-image.module.lambda_function_with_docker_build_from_ecr.aws_cloudwatch_log_group.lambda",
            "module.lambda_example_container-image.module.lambda_function_with_docker_build_from_ecr.aws_iam_policy.additional_inline",
            "module.lambda_example_container-image.module.lambda_function_with_docker_build_from_ecr.aws_iam_policy.additional_json",
            "module.lambda_example_container-image.module.lambda_function_with_docker_build_from_ecr.aws_iam_policy.additional_jsons",
            "module.lambda_example_container-image.module.lambda_function_with_docker_build_from_ecr.aws_iam_policy.async",
            "module.lambda_example_container-image.module.lambda_function_with_docker_build_from_ecr.aws_iam_policy.dead_letter",
            "module.lambda_example_container-image.module.lambda_function_with_docker_build_from_ecr.aws_iam_policy.logs",
            "module.lambda_example_container-image.module.lambda_function_with_docker_build_from_ecr.aws_iam_policy.tracing",
            "module.lambda_example_container-image.module.lambda_function_with_docker_build_from_ecr.aws_iam_policy.vpc",
            "module.lambda_example_container-image.module.lambda_function_with_docker_build_from_ecr.aws_iam_role.lambda",
            "module.lambda_example_container-image.module.lambda_function_with_docker_build_from_ecr.aws_iam_role_policy_attachment.additional_inline",
            "module.lambda_example_container-image.module.lambda_function_with_docker_build_from_ecr.aws_iam_role_policy_attachment.additional_json",
            "module.lambda_example_container-image.module.lambda_function_with_docker_build_from_ecr.aws_iam_role_policy_attachment.additional_jsons",
            "module.lambda_example_container-image.module.lambda_function_with_docker_build_from_ecr.aws_iam_role_policy_attachment.additional_many",
            "module.lambda_example_container-image.module.lambda_function_with_docker_build_from_ecr.aws_iam_role_policy_attachment.additional_one",
            "module.lambda_example_container-image.module.lambda_function_with_docker_build_from_ecr.aws_iam_role_policy_attachment.async",
            "module.lambda_example_container-image.module.lambda_function_with_docker_build_from_ecr.aws_iam_role_policy_attachment.dead_letter",
            "module.lambda_example_container-image.module.lambda_function_with_docker_build_from_ecr.aws_iam_role_policy_attachment.logs",
            "module.lambda_example_container-image.module.lambda_function_with_docker_build_from_ecr.aws_iam_role_policy_attachment.tracing",
            "module.lambda_example_container-image.module.lambda_function_with_docker_build_from_ecr.aws_iam_role_policy_attachment.vpc",
            "module.lambda_example_container-image.module.lambda_function_with_docker_build_from_ecr.aws_s3_object.lambda_package",
            "module.lambda_example_container-image.module.lambda_function_with_docker_build_from_ecr.data.aws_arn.log_group_arn",
            "module.lambda_example_container-image.module.lambda_function_with_docker_build_from_ecr.data.aws_cloudwatch_log_group.lambda",
            "module.lambda_example_container-image.module.lambda_function_with_docker_build_from_ecr.data.aws_iam_policy.tracing",
            "module.lambda_example_container-image.module.lambda_function_with_docker_build_from_ecr.data.aws_iam_policy.vpc",
            "module.lambda_example_container-image.module.lambda_function_with_docker_build_from_ecr.data.aws_iam_policy_document.additional_inline",
            "module.lambda_example_container-image.module.lambda_function_with_docker_build_from_ecr.data.aws_iam_policy_document.assume_role",
            "module.lambda_example_container-image.module.lambda_function_with_docker_build_from_ecr.data.aws_iam_policy_document.async",
            "module.lambda_example_container-image.module.lambda_function_with_docker_build_from_ecr.data.aws_iam_policy_document.dead_letter",
            "module.lambda_example_container-image.module.lambda_function_with_docker_build_from_ecr.data.aws_iam_policy_document.logs",
            "module.lambda_example_container-image.module.lambda_function_with_docker_build_from_ecr.data.aws_partition.current",
            "module.lambda_example_container-image.module.lambda_function_with_docker_build_from_ecr.data.external.archive_prepare",
            "module.lambda_example_container-image.module.lambda_function_with_docker_build_from_ecr.local_file.archive_plan",
            "module.lambda_example_container-image.module.lambda_function_with_docker_build_from_ecr.null_resource.archive",
            "module.lambda_example_container-image.random_pet.this"
          ]
        }
      ]
    }
  ],
  "check_results": null
}
