{
  "version": 4,
  "terraform_version": "1.9.7",
  "serial": 22,
  "lineage": "e66b1fdd-e22f-d28d-9cbf-3ccaa23bafb2",
  "outputs": {},
  "resources": [
    {
      "module": "module.lambda_example_container-image",
      "mode": "data",
      "type": "aws_caller_identity",
      "name": "this",
      "provider": "module.lambda_example_container-image.provider[\"registry.terraform.io/hashicorp/aws\"]",
      "instances": [
        {
          "schema_version": 0,
          "attributes": {
            "account_id": "470942945617",
            "arn": "arn:aws:iam::470942945617:user/Terraform",
            "id": "470942945617",
            "user_id": "AIDAW3JTDCFIVADYJ2SCP"
          },
          "sensitive_attributes": []
        }
      ]
    },
    {
      "module": "module.lambda_example_container-image",
      "mode": "data",
      "type": "aws_ecr_authorization_token",
      "name": "token",
      "provider": "module.lambda_example_container-image.provider[\"registry.terraform.io/hashicorp/aws\"]",
      "instances": [
        {
          "schema_version": 0,
          "attributes": {
            "authorization_token": "QVdTOmV5SndZWGxzYjJGa0lqb2lSV3hNZW1zdlZrVlVjREk1Ym10TEwxZFhWV0l3ZDJGeFExUlphbFJGZFU5a1FVUlplVlZYT0VsSlVrczJPR3BUTUZVd2QyWm5RVTVIVDJGWGVHbGxhVk5oWW14ck1HeHljSFYxVVhReE9UVkJlaTlOY1VSR1ptZGpWamRPY1RGc1JVZHZkR2hXWkc1YVRISkRiMmgzY2tKVFVVMVdjbEozYm5Wd2EwTXlMMDF0Ykd0a1dFZHBTbWhGTjBwa2JHUmtWR3BKTWpSeFdpOXJRMDVRY2pSRVRsWTVSbUZITkVKemQyeERhbHBYTm00d1dqVXdORU0wV0RjMFlUWmphRzVpYzJFell6VXhSM0pOYXk5dVJWSjBhR1U0VlhwbmVFMUVjV3RMVUdObVozVXZTRzgzV1RaNVVVUm9Ra3RWVWpGalV6ZEVVR1EyVTI1QmRsSlhjV000Unk5S1kxcHhhSE5sT0VaWFJsVmhSMmRpY1Vnd1NWaHhNRXc1T1dWT01WbHdUR0U1WlZWVlJHRkRlRFJwWjNVelQzSnlWazFGYUdwbmNUWkpVSFZYY2k5YVpIaEdhbmsxVFV0SU1XbEdkbGhoVTNaQ1VtaFNaREl2VG1WUVJFRTNaVlZSZDJNMmJHTTBWbEZYTnpCMWFGVnllVVZXVWtaTlprVmFaSEJKWmxaSEwwSklMMEpPU1ZFMVJXNUJSVTFSTVdoTU1YTTNNa0o2VTA1aFQwSlNPVWc1UVRsSk9GaDRjRU51ZUhWcVFXdEVXWGd4T0ZOcFF6WXlSa2cxV1V4MFVUQk1iak0zVjJWYWVIbG5PVmxUVEVOeFJHdEpiaTh4U0d4VVlqUlpSRFpSZFVaR0wzZFhTMkU0VXpBNFQzVXpkVFJ5ZEcwd1pYWTJaMFpYYjB4Ulp6aG5OWEprYUZSWVptczJjek5WVEZkM2JtMUlWSEZLWnpseWEwOUlaVzkxY1hGQlpIaFpXV0pyZEd3eFlWaEhibVU0VkdjMlVYYzFUWEJCVmxOVE5qYzJOMmhrZDBWWU0wVlBVRUp0VVcxNFNFVmhjMWhDZUhWbEwxQmxMMkpJWkVWblRtaFBXRmgyWmxRNFdXcHhNa2RJSzBoT1NpOXpaMWwzUzJadVNtRktZVnBMTlZod1ZHZDNkMGhGY2xaTE4ySllkSGRaTDB4Q01uaExkMUphZVU5dFRuSlRhak5PVTJOSVFYSTFUMHcyZFV0amVsZE1lSE0wTlU1SlQzWmxObTVxSzAxVlZXVkdiRzlSWTBsTFpsVlNWRXgzU21reVQwbGhNamxXVUd0Q1ZrdHBaV05ZZFROeFZWSktUV3BFVDFSNmFrTjJSREI2TWtRcmMyTnZUVGwzU25wNUswWXJWV3QxVFVONVowaDJiM2x6VVV0cFNYZFJkbUYzY0c1cWVuQnNaRzUzYzNsMmRtcGhhRmx0Y1hkTVowMURlSEpSWWt0d2NFeGphR2hJTVVwUVprWXlOREl5UkV4WWFVVnhRa1JHT1U4MVVqSjJkRTFGZVdrMVVWVXhhelI0YUZaSlMydEhTMUppZUZKMmFFTTBVRXhCZHpscVoyUXhUbVZ1VkhsMVFsWlFObEIwVWxsTVdERnJjMkpyYUc5cU4yOXRZVXgwYjFjdmNuTmxRV0Z0Vml0MFR6bFBOVXQ0YWxKVFpXY3lUbmxLTkhkS2NrcEtUV2xvYTBsd1VuVmxjMncyVG5KV2NtdzVVRVV3VjA1QlJsRktibmRaT1ZwNWIxWTFVMWx2TDNNM04wNW5ZM1ZzU3pkR1NXc3JTbFZwTVM5TWJFbExjRWhPY0docGJXSldibnBFY1RSR2FGazNPU0lzSW1SaGRHRnJaWGtpT2lKQlVVVkNRVWhvSzJSVEswSnNUblV3VG5odVdIZHZkMkpKVEhNeE1UVjVhbVFyVEU1QldtaENURnB6ZFc1UGVHc3pRVUZCUVVnMGQyWkJXVXBMYjFwSmFIWmpUa0ZSWTBkdlJ6aDNZbEZKUWtGRVFtOUNaMnR4YUd0cFJ6bDNNRUpDZDBWM1NHZFpTbGxKV2tsQlYxVkVRa0ZGZFUxQ1JVVkVSR2wxV1dndmFGUjBaMGRMUmtOdGNrRkpRa1ZKUVRjeWRXNVJkWEF2UjNKcFJ6TTBXbEJJY0d0Wk5DOTBkMlJJWTNnelMzaDJTaTlJUmtSemRrMTNZa2dyZVVWa1ptMHhRbVpOVWtoamJuZERWa2RIWlRSb1NYWjVWMGcxZFVoTlRVZG5iRVJ2UFNJc0luWmxjbk5wYjI0aU9pSXlJaXdpZEhsd1pTSTZJa1JCVkVGZlMwVlpJaXdpWlhod2FYSmhkR2x2YmlJNk1UY3lPVEkwTnpNME4zMD0=",
            "expires_at": "2024-10-18T10:29:07Z",
            "id": "eu-west-1",
            "password": "eyJwYXlsb2FkIjoiRWxMemsvVkVUcDI5bmtLL1dXVWIwd2FxQ1RZalRFdU9kQURZeVVXOElJUks2OGpTMFUwd2ZnQU5HT2FXeGllaVNhYmxrMGxycHV1UXQxOTVBei9NcURGZmdjVjdOcTFsRUdvdGhWZG5aTHJDb2h3ckJTUU1WclJ3bnVwa0MyL01tbGtkWEdpSmhFN0pkbGRkVGpJMjRxWi9rQ05QcjRETlY5RmFHNEJzd2xDalpXNm4wWjUwNEM0WDc0YTZjaG5ic2EzYzUxR3JNay9uRVJ0aGU4VXpneE1EcWtLUGNmZ3UvSG83WTZ5UURoQktVUjFjUzdEUGQ2U25BdlJXcWM4Ry9KY1pxaHNlOEZXRlVhR2dicUgwSVhxMEw5OWVOMVlwTGE5ZVVVRGFDeDRpZ3UzT3JyVk1FaGpncTZJUHVXci9aZHhGank1TUtIMWlGdlhhU3ZCUmhSZDIvTmVQREE3ZVVRd2M2bGM0VlFXNzB1aFVyeUVWUkZNZkVaZHBJZlZHL0JIL0JOSVE1RW5BRU1RMWhMMXM3MkJ6U05hT0JSOUg5QTlJOFh4cENueHVqQWtEWXgxOFNpQzYyRkg1WUx0UTBMbjM3V2VaeHlnOVlTTENxRGtJbi8xSGxUYjRZRDZRdUZGL3dXS2E4UzA4T3UzdTRydG0wZXY2Z0ZXb0xRZzhnNXJkaFRYZms2czNVTFd3bm1IVHFKZzlya09IZW91cXFBZHhZWWJrdGwxYVhHbmU4VGc2UXc1TXBBVlNTNjc2N2hkd0VYM0VPUEJtUW14SEVhc1hCeHVlL1BlL2JIZEVnTmhPWFh2ZlQ4WWpxMkdIK0hOSi9zZ1l3S2ZuSmFKYVpLNVhwVGd3d0hFclZLN2JYdHdZL0xCMnhLd1JaeU9tTnJTajNOU2NIQXI1T0w2dUtjeldMeHM0NU5JT3ZlNm5qK01VVWVGbG9RY0lLZlVSVEx3SmkyT0lhMjlWUGtCVktpZWNYdTNxVVJKTWpET1R6akN2RDB6MkQrc2NvTTl3Snp5K0YrVWt1TUN5Z0h2b3lzUUtpSXdRdmF3cG5qenBsZG53c3l2dmphaFltcXdMZ01DeHJRYktwcExjaGhIMUpQZkYyNDIyRExYaUVxQkRGOU81UjJ2dE1FeWk1UVUxazR4aFZJS2tHS1JieFJ2aEM0UExBdzlqZ2QxTmVuVHl1QlZQNlB0UllMWDFrc2JraG9qN29tYUx0b1cvcnNlQWFtVit0TzlPNUt4alJTZWcyTnlKNHdKckpKTWloa0lwUnVlc2w2TnJWcmw5UEUwV05BRlFKbndZOVp5b1Y1U1lvL3M3N05nY3VsSzdGSWsrSlVpMS9MbElLcEhOcGhpbWJWbnpEcTRGaFk3OSIsImRhdGFrZXkiOiJBUUVCQUhoK2RTK0JsTnUwTnhuWHdvd2JJTHMxMTV5amQrTE5BWmhCTFpzdW5PeGszQUFBQUg0d2ZBWUpLb1pJaHZjTkFRY0dvRzh3YlFJQkFEQm9CZ2txaGtpRzl3MEJCd0V3SGdZSllJWklBV1VEQkFFdU1CRUVERGl1WWgvaFR0Z0dLRkNtckFJQkVJQTcydW5RdXAvR3JpRzM0WlBIcGtZNC90d2RIY3gzS3h2Si9IRkRzdk13YkgreUVkZm0xQmZNUkhjbndDVkdHZTRoSXZ5V0g1dUhNTUdnbERvPSIsInZlcnNpb24iOiIyIiwidHlwZSI6IkRBVEFfS0VZIiwiZXhwaXJhdGlvbiI6MTcyOTI0NzM0N30=",
            "proxy_endpoint": "https://470942945617.dkr.ecr.eu-west-1.amazonaws.com",
            "registry_id": null,
            "user_name": "AWS"
          },
          "sensitive_attributes": [
            [
              {
                "type": "get_attr",
                "value": "authorization_token"
              }
            ],
            [
              {
                "type": "get_attr",
                "value": "password"
              }
            ]
          ]
        }
      ]
    },
    {
      "module": "module.lambda_example_container-image",
      "mode": "data",
      "type": "aws_region",
      "name": "current",
      "provider": "module.lambda_example_container-image.provider[\"registry.terraform.io/hashicorp/aws\"]",
      "instances": [
        {
          "schema_version": 0,
          "attributes": {
            "description": "Europe (Ireland)",
            "endpoint": "ec2.eu-west-1.amazonaws.com",
            "id": "eu-west-1",
            "name": "eu-west-1"
          },
          "sensitive_attributes": []
        }
      ]
    },
    {
      "module": "module.lambda_example_container-image",
      "mode": "managed",
      "type": "random_pet",
      "name": "this",
      "provider": "provider[\"registry.terraform.io/hashicorp/random\"]",
      "instances": [
        {
          "schema_version": 0,
          "attributes": {
            "id": "expert-iguana",
            "keepers": null,
            "length": 2,
            "prefix": null,
            "separator": "-"
          },
          "sensitive_attributes": [],
          "create_before_destroy": true
        }
      ]
    },
    {
      "module": "module.lambda_example_container-image.module.docker_build",
      "mode": "data",
      "type": "aws_caller_identity",
      "name": "this",
      "provider": "module.lambda_example_container-image.provider[\"registry.terraform.io/hashicorp/aws\"]",
      "instances": [
        {
          "schema_version": 0,
          "attributes": {
            "account_id": "470942945617",
            "arn": "arn:aws:iam::470942945617:user/Terraform",
            "id": "470942945617",
            "user_id": "AIDAW3JTDCFIVADYJ2SCP"
          },
          "sensitive_attributes": []
        }
      ]
    },
    {
      "module": "module.lambda_example_container-image.module.docker_build",
      "mode": "data",
      "type": "aws_region",
      "name": "current",
      "provider": "module.lambda_example_container-image.provider[\"registry.terraform.io/hashicorp/aws\"]",
      "instances": [
        {
          "schema_version": 0,
          "attributes": {
            "description": "Europe (Ireland)",
            "endpoint": "ec2.eu-west-1.amazonaws.com",
            "id": "eu-west-1",
            "name": "eu-west-1"
          },
          "sensitive_attributes": []
        }
      ]
    },
    {
      "module": "module.lambda_example_container-image.module.docker_build",
      "mode": "managed",
      "type": "aws_ecr_lifecycle_policy",
      "name": "this",
      "provider": "module.lambda_example_container-image.provider[\"registry.terraform.io/hashicorp/aws\"]",
      "instances": [
        {
          "index_key": 0,
          "schema_version": 0,
          "attributes": {
            "id": "expert-iguana",
            "policy": "{\"rules\":[{\"action\":{\"type\":\"expire\"},\"description\":\"Keep only the last 2 images\",\"rulePriority\":1,\"selection\":{\"countNumber\":2,\"countType\":\"imageCountMoreThan\",\"tagStatus\":\"any\"}}]}",
            "registry_id": "470942945617",
            "repository": "expert-iguana"
          },
          "sensitive_attributes": [],
          "private": "bnVsbA==",
          "dependencies": [
            "module.lambda_example_container-image.module.docker_build.aws_ecr_repository.this",
            "module.lambda_example_container-image.random_pet.this"
          ]
        }
      ]
    },
    {
      "module": "module.lambda_example_container-image.module.docker_build",
      "mode": "managed",
      "type": "aws_ecr_repository",
      "name": "this",
      "provider": "module.lambda_example_container-image.provider[\"registry.terraform.io/hashicorp/aws\"]",
      "instances": [
        {
          "index_key": 0,
          "schema_version": 0,
          "attributes": {
            "arn": "arn:aws:ecr:eu-west-1:470942945617:repository/expert-iguana",
            "encryption_configuration": [
              {
                "encryption_type": "AES256",
                "kms_key": ""
              }
            ],
            "force_delete": true,
            "id": "expert-iguana",
            "image_scanning_configuration": [
              {
                "scan_on_push": false
              }
            ],
            "image_tag_mutability": "MUTABLE",
            "name": "expert-iguana",
            "registry_id": "470942945617",
            "repository_url": "470942945617.dkr.ecr.eu-west-1.amazonaws.com/expert-iguana",
            "tags": null,
            "tags_all": {},
            "timeouts": null
          },
          "sensitive_attributes": [],
          "private": "eyJlMmJmYjczMC1lY2FhLTExZTYtOGY4OC0zNDM2M2JjN2M0YzAiOnsiZGVsZXRlIjoxMjAwMDAwMDAwMDAwfX0=",
          "dependencies": [
            "module.lambda_example_container-image.random_pet.this"
          ]
        }
      ]
    },
    {
      "module": "module.lambda_example_container-image.module.docker_build_from_ecr",
      "mode": "data",
      "type": "aws_caller_identity",
      "name": "this",
      "provider": "module.lambda_example_container-image.provider[\"registry.terraform.io/hashicorp/aws\"]",
      "instances": [
        {
          "schema_version": 0,
          "attributes": {
            "account_id": "470942945617",
            "arn": "arn:aws:iam::470942945617:user/Terraform",
            "id": "470942945617",
            "user_id": "AIDAW3JTDCFIVADYJ2SCP"
          },
          "sensitive_attributes": []
        }
      ]
    },
    {
      "module": "module.lambda_example_container-image.module.docker_build_from_ecr",
      "mode": "data",
      "type": "aws_region",
      "name": "current",
      "provider": "module.lambda_example_container-image.provider[\"registry.terraform.io/hashicorp/aws\"]",
      "instances": [
        {
          "schema_version": 0,
          "attributes": {
            "description": "Europe (Ireland)",
            "endpoint": "ec2.eu-west-1.amazonaws.com",
            "id": "eu-west-1",
            "name": "eu-west-1"
          },
          "sensitive_attributes": []
        }
      ]
    },
    {
      "module": "module.lambda_example_container-image.module.docker_build_from_ecr",
      "mode": "managed",
      "type": "aws_ecr_repository",
      "name": "this",
      "provider": "module.lambda_example_container-image.provider[\"registry.terraform.io/hashicorp/aws\"]",
      "instances": []
    },
    {
      "module": "module.lambda_example_container-image.module.ecr",
      "mode": "data",
      "type": "aws_caller_identity",
      "name": "current",
      "provider": "module.lambda_example_container-image.provider[\"registry.terraform.io/hashicorp/aws\"]",
      "instances": [
        {
          "schema_version": 0,
          "attributes": {
            "account_id": "470942945617",
            "arn": "arn:aws:iam::470942945617:user/Terraform",
            "id": "470942945617",
            "user_id": "AIDAW3JTDCFIVADYJ2SCP"
          },
          "sensitive_attributes": []
        }
      ]
    },
    {
      "module": "module.lambda_example_container-image.module.ecr",
      "mode": "data",
      "type": "aws_partition",
      "name": "current",
      "provider": "module.lambda_example_container-image.provider[\"registry.terraform.io/hashicorp/aws\"]",
      "instances": [
        {
          "schema_version": 0,
          "attributes": {
            "dns_suffix": "amazonaws.com",
            "id": "aws",
            "partition": "aws",
            "reverse_dns_prefix": "com.amazonaws"
          },
          "sensitive_attributes": []
        }
      ]
    },
    {
      "module": "module.lambda_example_container-image.module.ecr",
      "mode": "managed",
      "type": "aws_ecr_repository",
      "name": "this",
      "provider": "module.lambda_example_container-image.provider[\"registry.terraform.io/hashicorp/aws\"]",
      "instances": [
        {
          "index_key": 0,
          "schema_version": 0,
          "attributes": {
            "arn": "arn:aws:ecr:eu-west-1:470942945617:repository/expert-iguana-ecr",
            "encryption_configuration": [
              {
                "encryption_type": "AES256",
                "kms_key": ""
              }
            ],
            "force_delete": true,
            "id": "expert-iguana-ecr",
            "image_scanning_configuration": [
              {
                "scan_on_push": true
              }
            ],
            "image_tag_mutability": "IMMUTABLE",
            "name": "expert-iguana-ecr",
            "registry_id": "470942945617",
            "repository_url": "470942945617.dkr.ecr.eu-west-1.amazonaws.com/expert-iguana-ecr",
            "tags": null,
            "tags_all": {},
            "timeouts": null
          },
          "sensitive_attributes": [],
          "private": "eyJlMmJmYjczMC1lY2FhLTExZTYtOGY4OC0zNDM2M2JjN2M0YzAiOnsiZGVsZXRlIjoxMjAwMDAwMDAwMDAwfX0=",
          "dependencies": [
            "module.lambda_example_container-image.random_pet.this"
          ]
        }
      ]
    },
    {
      "module": "module.lambda_example_container-image.module.ecr",
      "mode": "managed",
      "type": "aws_ecrpublic_repository",
      "name": "this",
      "provider": "module.lambda_example_container-image.provider[\"registry.terraform.io/hashicorp/aws\"]",
      "instances": []
    },
    {
      "module": "module.lambda_example_container-image.module.lambda_function_with_docker_build",
      "mode": "data",
      "type": "aws_arn",
      "name": "log_group_arn",
      "provider": "module.lambda_example_container-image.provider[\"registry.terraform.io/hashicorp/aws\"]",
      "instances": []
    },
    {
      "module": "module.lambda_example_container-image.module.lambda_function_with_docker_build",
      "mode": "data",
      "type": "aws_caller_identity",
      "name": "current",
      "provider": "module.lambda_example_container-image.provider[\"registry.terraform.io/hashicorp/aws\"]",
      "instances": [
        {
          "schema_version": 0,
          "attributes": {
            "account_id": "470942945617",
            "arn": "arn:aws:iam::470942945617:user/Terraform",
            "id": "470942945617",
            "user_id": "AIDAW3JTDCFIVADYJ2SCP"
          },
          "sensitive_attributes": []
        }
      ]
    },
    {
      "module": "module.lambda_example_container-image.module.lambda_function_with_docker_build",
      "mode": "data",
      "type": "aws_cloudwatch_log_group",
      "name": "lambda",
      "provider": "module.lambda_example_container-image.provider[\"registry.terraform.io/hashicorp/aws\"]",
      "instances": []
    },
    {
      "module": "module.lambda_example_container-image.module.lambda_function_with_docker_build",
      "mode": "data",
      "type": "aws_iam_policy",
      "name": "tracing",
      "provider": "module.lambda_example_container-image.provider[\"registry.terraform.io/hashicorp/aws\"]",
      "instances": []
    },
    {
      "module": "module.lambda_example_container-image.module.lambda_function_with_docker_build",
      "mode": "data",
      "type": "aws_iam_policy",
      "name": "vpc",
      "provider": "module.lambda_example_container-image.provider[\"registry.terraform.io/hashicorp/aws\"]",
      "instances": []
    },
    {
      "module": "module.lambda_example_container-image.module.lambda_function_with_docker_build",
      "mode": "data",
      "type": "aws_iam_policy_document",
      "name": "additional_inline",
      "provider": "module.lambda_example_container-image.provider[\"registry.terraform.io/hashicorp/aws\"]",
      "instances": []
    },
    {
      "module": "module.lambda_example_container-image.module.lambda_function_with_docker_build",
      "mode": "data",
      "type": "aws_iam_policy_document",
      "name": "assume_role",
      "provider": "module.lambda_example_container-image.provider[\"registry.terraform.io/hashicorp/aws\"]",
      "instances": [
        {
          "index_key": 0,
          "schema_version": 0,
          "attributes": {
            "id": "2690255455",
            "json": "{\n  \"Version\": \"2012-10-17\",\n  \"Statement\": [\n    {\n      \"Effect\": \"Allow\",\n      \"Action\": \"sts:AssumeRole\",\n      \"Principal\": {\n        \"Service\": \"lambda.amazonaws.com\"\n      }\n    }\n  ]\n}",
            "minified_json": "{\"Version\":\"2012-10-17\",\"Statement\":[{\"Effect\":\"Allow\",\"Action\":\"sts:AssumeRole\",\"Principal\":{\"Service\":\"lambda.amazonaws.com\"}}]}",
            "override_json": null,
            "override_policy_documents": null,
            "policy_id": null,
            "source_json": null,
            "source_policy_documents": null,
            "statement": [
              {
                "actions": [
                  "sts:AssumeRole"
                ],
                "condition": [],
                "effect": "Allow",
                "not_actions": [],
                "not_principals": [],
                "not_resources": [],
                "principals": [
                  {
                    "identifiers": [
                      "lambda.amazonaws.com"
                    ],
                    "type": "Service"
                  }
                ],
                "resources": [],
                "sid": ""
              }
            ],
            "version": "2012-10-17"
          },
          "sensitive_attributes": []
        }
      ]
    },
    {
      "module": "module.lambda_example_container-image.module.lambda_function_with_docker_build",
      "mode": "data",
      "type": "aws_iam_policy_document",
      "name": "async",
      "provider": "module.lambda_example_container-image.provider[\"registry.terraform.io/hashicorp/aws\"]",
      "instances": []
    },
    {
      "module": "module.lambda_example_container-image.module.lambda_function_with_docker_build",
      "mode": "data",
      "type": "aws_iam_policy_document",
      "name": "dead_letter",
      "provider": "module.lambda_example_container-image.provider[\"registry.terraform.io/hashicorp/aws\"]",
      "instances": []
    },
    {
      "module": "module.lambda_example_container-image.module.lambda_function_with_docker_build",
      "mode": "data",
      "type": "aws_iam_policy_document",
      "name": "logs",
      "provider": "module.lambda_example_container-image.provider[\"registry.terraform.io/hashicorp/aws\"]",
      "instances": [
        {
          "index_key": 0,
          "schema_version": 0,
          "attributes": {
            "id": "598973222",
            "json": "{\n  \"Version\": \"2012-10-17\",\n  \"Statement\": [\n    {\n      \"Effect\": \"Allow\",\n      \"Action\": [\n        \"logs:PutLogEvents\",\n        \"logs:CreateLogStream\",\n        \"logs:CreateLogGroup\"\n      ],\n      \"Resource\": [\n        \"arn:aws:logs:eu-west-1:470942945617:log-group:/aws/lambda/expert-iguana-lambda-with-docker-build:*:*\",\n        \"arn:aws:logs:eu-west-1:470942945617:log-group:/aws/lambda/expert-iguana-lambda-with-docker-build:*\"\n      ]\n    }\n  ]\n}",
            "minified_json": "{\"Version\":\"2012-10-17\",\"Statement\":[{\"Effect\":\"Allow\",\"Action\":[\"logs:PutLogEvents\",\"logs:CreateLogStream\",\"logs:CreateLogGroup\"],\"Resource\":[\"arn:aws:logs:eu-west-1:470942945617:log-group:/aws/lambda/expert-iguana-lambda-with-docker-build:*:*\",\"arn:aws:logs:eu-west-1:470942945617:log-group:/aws/lambda/expert-iguana-lambda-with-docker-build:*\"]}]}",
            "override_json": null,
            "override_policy_documents": null,
            "policy_id": null,
            "source_json": null,
            "source_policy_documents": null,
            "statement": [
              {
                "actions": [
                  "logs:CreateLogGroup",
                  "logs:CreateLogStream",
                  "logs:PutLogEvents"
                ],
                "condition": [],
                "effect": "Allow",
                "not_actions": [],
                "not_principals": [],
                "not_resources": [],
                "principals": [],
                "resources": [
                  "arn:aws:logs:eu-west-1:470942945617:log-group:/aws/lambda/expert-iguana-lambda-with-docker-build:*",
                  "arn:aws:logs:eu-west-1:470942945617:log-group:/aws/lambda/expert-iguana-lambda-with-docker-build:*:*"
                ],
                "sid": ""
              }
            ],
            "version": "2012-10-17"
          },
          "sensitive_attributes": []
        }
      ]
    },
    {
      "module": "module.lambda_example_container-image.module.lambda_function_with_docker_build",
      "mode": "data",
      "type": "aws_partition",
      "name": "current",
      "provider": "module.lambda_example_container-image.provider[\"registry.terraform.io/hashicorp/aws\"]",
      "instances": [
        {
          "schema_version": 0,
          "attributes": {
            "dns_suffix": "amazonaws.com",
            "id": "aws",
            "partition": "aws",
            "reverse_dns_prefix": "com.amazonaws"
          },
          "sensitive_attributes": []
        }
      ]
    },
    {
      "module": "module.lambda_example_container-image.module.lambda_function_with_docker_build",
      "mode": "data",
      "type": "aws_region",
      "name": "current",
      "provider": "module.lambda_example_container-image.provider[\"registry.terraform.io/hashicorp/aws\"]",
      "instances": [
        {
          "schema_version": 0,
          "attributes": {
            "description": "Europe (Ireland)",
            "endpoint": "ec2.eu-west-1.amazonaws.com",
            "id": "eu-west-1",
            "name": "eu-west-1"
          },
          "sensitive_attributes": []
        }
      ]
    },
    {
      "module": "module.lambda_example_container-image.module.lambda_function_with_docker_build",
      "mode": "data",
      "type": "external",
      "name": "archive_prepare",
      "provider": "provider[\"registry.terraform.io/hashicorp/external\"]",
      "instances": []
    },
    {
      "module": "module.lambda_example_container-image.module.lambda_function_with_docker_build",
      "mode": "managed",
      "type": "aws_cloudwatch_log_group",
      "name": "lambda",
      "provider": "module.lambda_example_container-image.provider[\"registry.terraform.io/hashicorp/aws\"]",
      "instances": [
        {
          "index_key": 0,
          "schema_version": 0,
          "attributes": {
            "arn": "arn:aws:logs:eu-west-1:470942945617:log-group:/aws/lambda/expert-iguana-lambda-with-docker-build",
            "id": "/aws/lambda/expert-iguana-lambda-with-docker-build",
            "kms_key_id": "",
            "log_group_class": "STANDARD",
            "name": "/aws/lambda/expert-iguana-lambda-with-docker-build",
            "name_prefix": "",
            "retention_in_days": 0,
            "skip_destroy": false,
            "tags": null,
            "tags_all": {}
          },
          "sensitive_attributes": [],
          "private": "bnVsbA==",
          "dependencies": [
            "module.lambda_example_container-image.random_pet.this"
          ]
        }
      ]
    },
    {
      "module": "module.lambda_example_container-image.module.lambda_function_with_docker_build",
      "mode": "managed",
      "type": "aws_iam_policy",
      "name": "additional_inline",
      "provider": "module.lambda_example_container-image.provider[\"registry.terraform.io/hashicorp/aws\"]",
      "instances": []
    },
    {
      "module": "module.lambda_example_container-image.module.lambda_function_with_docker_build",
      "mode": "managed",
      "type": "aws_iam_policy",
      "name": "additional_json",
      "provider": "module.lambda_example_container-image.provider[\"registry.terraform.io/hashicorp/aws\"]",
      "instances": []
    },
    {
      "module": "module.lambda_example_container-image.module.lambda_function_with_docker_build",
      "mode": "managed",
      "type": "aws_iam_policy",
      "name": "additional_jsons",
      "provider": "module.lambda_example_container-image.provider[\"registry.terraform.io/hashicorp/aws\"]",
      "instances": []
    },
    {
      "module": "module.lambda_example_container-image.module.lambda_function_with_docker_build",
      "mode": "managed",
      "type": "aws_iam_policy",
      "name": "async",
      "provider": "module.lambda_example_container-image.provider[\"registry.terraform.io/hashicorp/aws\"]",
      "instances": []
    },
    {
      "module": "module.lambda_example_container-image.module.lambda_function_with_docker_build",
      "mode": "managed",
      "type": "aws_iam_policy",
      "name": "dead_letter",
      "provider": "module.lambda_example_container-image.provider[\"registry.terraform.io/hashicorp/aws\"]",
      "instances": []
    },
    {
      "module": "module.lambda_example_container-image.module.lambda_function_with_docker_build",
      "mode": "managed",
      "type": "aws_iam_policy",
      "name": "tracing",
      "provider": "module.lambda_example_container-image.provider[\"registry.terraform.io/hashicorp/aws\"]",
      "instances": []
    },
    {
      "module": "module.lambda_example_container-image.module.lambda_function_with_docker_build",
      "mode": "managed",
      "type": "aws_iam_policy",
      "name": "vpc",
      "provider": "module.lambda_example_container-image.provider[\"registry.terraform.io/hashicorp/aws\"]",
      "instances": []
    },
    {
      "module": "module.lambda_example_container-image.module.lambda_function_with_docker_build",
      "mode": "managed",
      "type": "aws_s3_object",
      "name": "lambda_package",
      "provider": "module.lambda_example_container-image.provider[\"registry.terraform.io/hashicorp/aws\"]",
      "instances": []
    },
    {
      "module": "module.lambda_example_container-image.module.lambda_function_with_docker_build",
      "mode": "managed",
      "type": "local_file",
      "name": "archive_plan",
      "provider": "provider[\"registry.terraform.io/hashicorp/local\"]",
      "instances": []
    },
    {
      "module": "module.lambda_example_container-image.module.lambda_function_with_docker_build",
      "mode": "managed",
      "type": "null_resource",
      "name": "archive",
      "provider": "provider[\"registry.terraform.io/hashicorp/null\"]",
      "instances": []
    },
    {
      "module": "module.lambda_example_container-image.module.lambda_function_with_docker_build_from_ecr",
      "mode": "data",
      "type": "aws_arn",
      "name": "log_group_arn",
      "provider": "module.lambda_example_container-image.provider[\"registry.terraform.io/hashicorp/aws\"]",
      "instances": []
    },
    {
      "module": "module.lambda_example_container-image.module.lambda_function_with_docker_build_from_ecr",
      "mode": "data",
      "type": "aws_caller_identity",
      "name": "current",
      "provider": "module.lambda_example_container-image.provider[\"registry.terraform.io/hashicorp/aws\"]",
      "instances": [
        {
          "schema_version": 0,
          "attributes": {
            "account_id": "470942945617",
            "arn": "arn:aws:iam::470942945617:user/Terraform",
            "id": "470942945617",
            "user_id": "AIDAW3JTDCFIVADYJ2SCP"
          },
          "sensitive_attributes": []
        }
      ]
    },
    {
      "module": "module.lambda_example_container-image.module.lambda_function_with_docker_build_from_ecr",
      "mode": "data",
      "type": "aws_cloudwatch_log_group",
      "name": "lambda",
      "provider": "module.lambda_example_container-image.provider[\"registry.terraform.io/hashicorp/aws\"]",
      "instances": []
    },
    {
      "module": "module.lambda_example_container-image.module.lambda_function_with_docker_build_from_ecr",
      "mode": "data",
      "type": "aws_iam_policy",
      "name": "tracing",
      "provider": "module.lambda_example_container-image.provider[\"registry.terraform.io/hashicorp/aws\"]",
      "instances": []
    },
    {
      "module": "module.lambda_example_container-image.module.lambda_function_with_docker_build_from_ecr",
      "mode": "data",
      "type": "aws_iam_policy",
      "name": "vpc",
      "provider": "module.lambda_example_container-image.provider[\"registry.terraform.io/hashicorp/aws\"]",
      "instances": []
    },
    {
      "module": "module.lambda_example_container-image.module.lambda_function_with_docker_build_from_ecr",
      "mode": "data",
      "type": "aws_iam_policy_document",
      "name": "additional_inline",
      "provider": "module.lambda_example_container-image.provider[\"registry.terraform.io/hashicorp/aws\"]",
      "instances": []
    },
    {
      "module": "module.lambda_example_container-image.module.lambda_function_with_docker_build_from_ecr",
      "mode": "data",
      "type": "aws_iam_policy_document",
      "name": "assume_role",
      "provider": "module.lambda_example_container-image.provider[\"registry.terraform.io/hashicorp/aws\"]",
      "instances": [
        {
          "index_key": 0,
          "schema_version": 0,
          "attributes": {
            "id": "2690255455",
            "json": "{\n  \"Version\": \"2012-10-17\",\n  \"Statement\": [\n    {\n      \"Effect\": \"Allow\",\n      \"Action\": \"sts:AssumeRole\",\n      \"Principal\": {\n        \"Service\": \"lambda.amazonaws.com\"\n      }\n    }\n  ]\n}",
            "minified_json": "{\"Version\":\"2012-10-17\",\"Statement\":[{\"Effect\":\"Allow\",\"Action\":\"sts:AssumeRole\",\"Principal\":{\"Service\":\"lambda.amazonaws.com\"}}]}",
            "override_json": null,
            "override_policy_documents": null,
            "policy_id": null,
            "source_json": null,
            "source_policy_documents": null,
            "statement": [
              {
                "actions": [
                  "sts:AssumeRole"
                ],
                "condition": [],
                "effect": "Allow",
                "not_actions": [],
                "not_principals": [],
                "not_resources": [],
                "principals": [
                  {
                    "identifiers": [
                      "lambda.amazonaws.com"
                    ],
                    "type": "Service"
                  }
                ],
                "resources": [],
                "sid": ""
              }
            ],
            "version": "2012-10-17"
          },
          "sensitive_attributes": []
        }
      ]
    },
    {
      "module": "module.lambda_example_container-image.module.lambda_function_with_docker_build_from_ecr",
      "mode": "data",
      "type": "aws_iam_policy_document",
      "name": "async",
      "provider": "module.lambda_example_container-image.provider[\"registry.terraform.io/hashicorp/aws\"]",
      "instances": []
    },
    {
      "module": "module.lambda_example_container-image.module.lambda_function_with_docker_build_from_ecr",
      "mode": "data",
      "type": "aws_iam_policy_document",
      "name": "dead_letter",
      "provider": "module.lambda_example_container-image.provider[\"registry.terraform.io/hashicorp/aws\"]",
      "instances": []
    },
    {
      "module": "module.lambda_example_container-image.module.lambda_function_with_docker_build_from_ecr",
      "mode": "data",
      "type": "aws_iam_policy_document",
      "name": "logs",
      "provider": "module.lambda_example_container-image.provider[\"registry.terraform.io/hashicorp/aws\"]",
      "instances": [
        {
          "index_key": 0,
          "schema_version": 0,
          "attributes": {
            "id": "4030626111",
            "json": "{\n  \"Version\": \"2012-10-17\",\n  \"Statement\": [\n    {\n      \"Effect\": \"Allow\",\n      \"Action\": [\n        \"logs:PutLogEvents\",\n        \"logs:CreateLogStream\",\n        \"logs:CreateLogGroup\"\n      ],\n      \"Resource\": [\n        \"arn:aws:logs:eu-west-1:470942945617:log-group:/aws/lambda/expert-iguana-lambda-with-docker-build-from-ecr:*:*\",\n        \"arn:aws:logs:eu-west-1:470942945617:log-group:/aws/lambda/expert-iguana-lambda-with-docker-build-from-ecr:*\"\n      ]\n    }\n  ]\n}",
            "minified_json": "{\"Version\":\"2012-10-17\",\"Statement\":[{\"Effect\":\"Allow\",\"Action\":[\"logs:PutLogEvents\",\"logs:CreateLogStream\",\"logs:CreateLogGroup\"],\"Resource\":[\"arn:aws:logs:eu-west-1:470942945617:log-group:/aws/lambda/expert-iguana-lambda-with-docker-build-from-ecr:*:*\",\"arn:aws:logs:eu-west-1:470942945617:log-group:/aws/lambda/expert-iguana-lambda-with-docker-build-from-ecr:*\"]}]}",
            "override_json": null,
            "override_policy_documents": null,
            "policy_id": null,
            "source_json": null,
            "source_policy_documents": null,
            "statement": [
              {
                "actions": [
                  "logs:CreateLogGroup",
                  "logs:CreateLogStream",
                  "logs:PutLogEvents"
                ],
                "condition": [],
                "effect": "Allow",
                "not_actions": [],
                "not_principals": [],
                "not_resources": [],
                "principals": [],
                "resources": [
                  "arn:aws:logs:eu-west-1:470942945617:log-group:/aws/lambda/expert-iguana-lambda-with-docker-build-from-ecr:*",
                  "arn:aws:logs:eu-west-1:470942945617:log-group:/aws/lambda/expert-iguana-lambda-with-docker-build-from-ecr:*:*"
                ],
                "sid": ""
              }
            ],
            "version": "2012-10-17"
          },
          "sensitive_attributes": []
        }
      ]
    },
    {
      "module": "module.lambda_example_container-image.module.lambda_function_with_docker_build_from_ecr",
      "mode": "data",
      "type": "aws_partition",
      "name": "current",
      "provider": "module.lambda_example_container-image.provider[\"registry.terraform.io/hashicorp/aws\"]",
      "instances": [
        {
          "schema_version": 0,
          "attributes": {
            "dns_suffix": "amazonaws.com",
            "id": "aws",
            "partition": "aws",
            "reverse_dns_prefix": "com.amazonaws"
          },
          "sensitive_attributes": []
        }
      ]
    },
    {
      "module": "module.lambda_example_container-image.module.lambda_function_with_docker_build_from_ecr",
      "mode": "data",
      "type": "aws_region",
      "name": "current",
      "provider": "module.lambda_example_container-image.provider[\"registry.terraform.io/hashicorp/aws\"]",
      "instances": [
        {
          "schema_version": 0,
          "attributes": {
            "description": "Europe (Ireland)",
            "endpoint": "ec2.eu-west-1.amazonaws.com",
            "id": "eu-west-1",
            "name": "eu-west-1"
          },
          "sensitive_attributes": []
        }
      ]
    },
    {
      "module": "module.lambda_example_container-image.module.lambda_function_with_docker_build_from_ecr",
      "mode": "data",
      "type": "external",
      "name": "archive_prepare",
      "provider": "provider[\"registry.terraform.io/hashicorp/external\"]",
      "instances": []
    },
    {
      "module": "module.lambda_example_container-image.module.lambda_function_with_docker_build_from_ecr",
      "mode": "managed",
      "type": "aws_cloudwatch_log_group",
      "name": "lambda",
      "provider": "module.lambda_example_container-image.provider[\"registry.terraform.io/hashicorp/aws\"]",
      "instances": [
        {
          "index_key": 0,
          "schema_version": 0,
          "attributes": {
            "arn": "arn:aws:logs:eu-west-1:470942945617:log-group:/aws/lambda/expert-iguana-lambda-with-docker-build-from-ecr",
            "id": "/aws/lambda/expert-iguana-lambda-with-docker-build-from-ecr",
            "kms_key_id": "",
            "log_group_class": "STANDARD",
            "name": "/aws/lambda/expert-iguana-lambda-with-docker-build-from-ecr",
            "name_prefix": "",
            "retention_in_days": 0,
            "skip_destroy": false,
            "tags": null,
            "tags_all": {}
          },
          "sensitive_attributes": [],
          "private": "bnVsbA==",
          "dependencies": [
            "module.lambda_example_container-image.random_pet.this"
          ]
        }
      ]
    },
    {
      "module": "module.lambda_example_container-image.module.lambda_function_with_docker_build_from_ecr",
      "mode": "managed",
      "type": "aws_iam_policy",
      "name": "additional_inline",
      "provider": "module.lambda_example_container-image.provider[\"registry.terraform.io/hashicorp/aws\"]",
      "instances": []
    },
    {
      "module": "module.lambda_example_container-image.module.lambda_function_with_docker_build_from_ecr",
      "mode": "managed",
      "type": "aws_iam_policy",
      "name": "additional_json",
      "provider": "module.lambda_example_container-image.provider[\"registry.terraform.io/hashicorp/aws\"]",
      "instances": []
    },
    {
      "module": "module.lambda_example_container-image.module.lambda_function_with_docker_build_from_ecr",
      "mode": "managed",
      "type": "aws_iam_policy",
      "name": "additional_jsons",
      "provider": "module.lambda_example_container-image.provider[\"registry.terraform.io/hashicorp/aws\"]",
      "instances": []
    },
    {
      "module": "module.lambda_example_container-image.module.lambda_function_with_docker_build_from_ecr",
      "mode": "managed",
      "type": "aws_iam_policy",
      "name": "async",
      "provider": "module.lambda_example_container-image.provider[\"registry.terraform.io/hashicorp/aws\"]",
      "instances": []
    },
    {
      "module": "module.lambda_example_container-image.module.lambda_function_with_docker_build_from_ecr",
      "mode": "managed",
      "type": "aws_iam_policy",
      "name": "dead_letter",
      "provider": "module.lambda_example_container-image.provider[\"registry.terraform.io/hashicorp/aws\"]",
      "instances": []
    },
    {
      "module": "module.lambda_example_container-image.module.lambda_function_with_docker_build_from_ecr",
      "mode": "managed",
      "type": "aws_iam_policy",
      "name": "tracing",
      "provider": "module.lambda_example_container-image.provider[\"registry.terraform.io/hashicorp/aws\"]",
      "instances": []
    },
    {
      "module": "module.lambda_example_container-image.module.lambda_function_with_docker_build_from_ecr",
      "mode": "managed",
      "type": "aws_iam_policy",
      "name": "vpc",
      "provider": "module.lambda_example_container-image.provider[\"registry.terraform.io/hashicorp/aws\"]",
      "instances": []
    },
    {
      "module": "module.lambda_example_container-image.module.lambda_function_with_docker_build_from_ecr",
      "mode": "managed",
      "type": "aws_s3_object",
      "name": "lambda_package",
      "provider": "module.lambda_example_container-image.provider[\"registry.terraform.io/hashicorp/aws\"]",
      "instances": []
    },
    {
      "module": "module.lambda_example_container-image.module.lambda_function_with_docker_build_from_ecr",
      "mode": "managed",
      "type": "local_file",
      "name": "archive_plan",
      "provider": "provider[\"registry.terraform.io/hashicorp/local\"]",
      "instances": []
    },
    {
      "module": "module.lambda_example_container-image.module.lambda_function_with_docker_build_from_ecr",
      "mode": "managed",
      "type": "null_resource",
      "name": "archive",
      "provider": "provider[\"registry.terraform.io/hashicorp/null\"]",
      "instances": []
    }
  ],
  "check_results": null
}
