{
  "version": 4,
  "terraform_version": "1.9.7",
  "serial": 56,
  "lineage": "e66b1fdd-e22f-d28d-9cbf-3ccaa23bafb2",
  "outputs": {},
  "resources": [
    {
      "module": "module.lambda_example_container-image",
      "mode": "data",
      "type": "aws_caller_identity",
      "name": "this",
      "provider": "module.lambda_example_container-image.provider[\"registry.terraform.io/hashicorp/aws\"]",
      "instances": [
        {
          "schema_version": 0,
          "attributes": {
            "account_id": "470942945617",
            "arn": "arn:aws:iam::470942945617:user/Terraform",
            "id": "470942945617",
            "user_id": "AIDAW3JTDCFIVADYJ2SCP"
          },
          "sensitive_attributes": []
        }
      ]
    },
    {
      "module": "module.lambda_example_container-image",
      "mode": "data",
      "type": "aws_ecr_authorization_token",
      "name": "token",
      "provider": "module.lambda_example_container-image.provider[\"registry.terraform.io/hashicorp/aws\"]",
      "instances": [
        {
          "schema_version": 0,
          "attributes": {
            "authorization_token": "QVdTOmV5SndZWGxzYjJGa0lqb2lUM3BQT0U5b1FqQXdUVzV0U2tKS2VFSk1RMVJ6TWxjclVsVTBTVlJLYXl0c1FUaDRhV0ZqY2pGMGVGaHROVnBHYm1GbE1uQmljWFZKZWtSMVVHVmhabGhTYldvclYzWnFOQzlDTm5FM2VHUnZaRTByVkhSWVdGVlNkRkYyYTFFM1dFODJkVzB4TkVGbVRsRmlLekE1TkZvMVpYSm5PRzVvYzBKa2JrVllTa3BuTm1kU1RWVjFjVzluZDBkNFkzQTJhbGxHWVdoYU4wdHRWVmhUVUVvMGJrY3dUMjl0WVc5NE0yTlhXR3hIZVZsak5FVmxaVkJuVldoWGNYSlRka05aYkM5dVdYRXlXVGh6UlV3MGJIYzNiRFU0Y2tZMVUyRktaVmh0YjJGWE4yTXlSbHBXY1RoU1NYUk1UVXhJSzBOdE5GSmxjMnAyVFdoUlMxbHBlRU0xUVRkWFYyazBhQ3MzVkVScFoyeENRWGsxWlRkV2JEWmhlRVpPZDBaRlUwZzRlbEoxT0VwTlFqQXZkVmxyZVVGcmRqQnBVemxTU3pkMWFtNVNkRmxUZVU4dmVtOXlTRWx3TUdzd2JqTkxURGxoVldsRGFUbGtNak5uVTFJdmNWQk1aV051UjJGUFJXcHpXV3ROWnpaSGFUUk5jVTFRUjFOSWNWbE9XbkZWVWtSSlEzUjZTVEJXY2pZNE5VazNNVEZDWjJOR1JXaFZhRTluYkROVlMwVTFWRTgwT1hwVWFHcGhlVEZ4U2pWcGVYUlNiVzFoTVhkM2NVSkZjV00xWWxWS1l6Qk1UbEUyS3psVGJ6ZFRXRXBUU0U1dWRVeEdjMFZ5SzFaVVRFVnpVbXczVVdOSlpFcDZZbk5VTWtoM2EzZzNkMFJ1TkUxQlRqVXpTRUpKYXpKSE1EVjFOM1ptTmtoRlFqWkdkVkoyTWpWdFJsWmplbGhzZG1sNGJuTk5jbWgxTVVOcFdVaHpWRUp5V0RNemRFWTVkVlF3WlhaQlRFODFlVGhGVjB4NEwwZEpVV0pZYjJJeVQxTlRjbXBzVUhKbGVHdHFPWGRoVUZKT05sVnhjV0YxV0VwUEwwNTBWa2x3TDJWM0swRnNOVEJKUVVzNGVsVm1UWFY1YzBoTlNFWnpiREk1Y0hOVlUycEhia1ZLV2prelVGSXlOalJaYkZwVmRXdEhVWFpKTlRSNGNEZFJOVlYxWmpkVWF6azROMmd6SzFVMEt6TlJjM2MwUVROeVEyTnRlVVVyYVdGa01FUk1SbTE0YVRKVGRqTkZTbHBYUnpWTE9YSlRiMFZ2ZG10d1JtbHVLMUpQWW1kV2RqWjRkekJIUjA0dk4zZzBURE5zYnpsbmVVZFhiMkpaWTFkcmRVMUhXVlpoYUN0UEwxZDVhblJHTTBWNk5IRkZXWGxPZVVwUmNFWnViRGhvTmtRMFUyOXJVelpaUVRWRlpVVldWVWQwVjFCMFVHZEpibWgwV2tnNFlVSkRaRVpVZFZOcFFXNUlPVVoxVWpCVGNITldjRkpEVVhvMlRXcE1Zemx2TXpWQlNVeDJka1ZxTlhobk1qRkdVems1UW5kb09Ua3hja0puWkVKUlRVVjJTa3hvV1VoemRrZFpSM00wYVZoeVdFcFNTSFZ2V0doU1dVTmthVFJ2TTI1MkszRlFaRFZwVnpkSWRtcE1Xa3d2YVZGMGNIVTJUbEIxUjNONEwwRkNaSFJpTkVabU5VNDNSVXByUlcxSk9IQnpSbGRSYlVoSFRreDZTV3htY3pRdmJFaE5UR1U0TUZCbVJtcEtTWHBxVGs1NFoxSkdZWGhQVjBSV056TldLMDFMUml0Sk1ISmFRaUlzSW1SaGRHRnJaWGtpT2lKQlVVVkNRVWhvSzJSVEswSnNUblV3VG5odVdIZHZkMkpKVEhNeE1UVjVhbVFyVEU1QldtaENURnB6ZFc1UGVHc3pRVUZCUVVnMGQyWkJXVXBMYjFwSmFIWmpUa0ZSWTBkdlJ6aDNZbEZKUWtGRVFtOUNaMnR4YUd0cFJ6bDNNRUpDZDBWM1NHZFpTbGxKV2tsQlYxVkVRa0ZGZFUxQ1JVVkVTVUpOTVZaU1NFTTBaVWQzYzFJdk5XZEpRa1ZKUVRjd1pYWjZOelV4VUZkWlVVNWpTek15VkRreGMzSkNXR0pCUkdSUFpUZGlSMUJ2ZVhFNWIzaG1OVzA1U1daSlVtNDFVakpCTkV4dWMxZG5lVkUxVEUxaE5HMUhPVlZzUW5GeGRGSnRUVVJSUFNJc0luWmxjbk5wYjI0aU9pSXlJaXdpZEhsd1pTSTZJa1JCVkVGZlMwVlpJaXdpWlhod2FYSmhkR2x2YmlJNk1UY3lPVEkwT0RBME1IMD0=",
            "expires_at": "2024-10-18T10:40:40Z",
            "id": "eu-west-1",
            "password": "eyJwYXlsb2FkIjoiT3pPOE9oQjAwTW5tSkJKeEJMQ1RzMlcrUlU0SVRKaytsQTh4aWFjcjF0eFhtNVpGbmFlMnBicXVJekR1UGVhZlhSbWorV3ZqNC9CNnE3eGRvZE0rVHRYWFVSdFF2a1E3WE82dW0xNEFmTlFiKzA5NFo1ZXJnOG5oc0JkbkVYSkpnNmdSTVV1cW9nd0d4Y3A2allGYWhaN0ttVVhTUEo0bkcwT29tYW94M2NXWGxHeVljNEVlZVBnVWhXcXJTdkNZbC9uWXEyWThzRUw0bHc3bDU4ckY1U2FKZVhtb2FXN2MyRlpWcThSSXRMTUxIK0NtNFJlc2p2TWhRS1lpeEM1QTdXV2k0aCs3VERpZ2xCQXk1ZTdWbDZheEZOd0ZFU0g4elJ1OEpNQjAvdVlreUFrdjBpUzlSSzd1am5SdFlTeU8vem9ySElwMGswbjNLTDlhVWlDaTlkMjNnU1IvcVBMZWNuR2FPRWpzWWtNZzZHaTRNcU1QR1NIcVlOWnFVUkRJQ3R6STBWcjY4NUk3MTFCZ2NGRWhVaE9nbDNVS0U1VE80OXpUaGpheTFxSjVpeXRSbW1hMXd3cUJFcWM1YlVKYzBMTlE2KzlTbzdTWEpTSE5udUxGc0VyK1ZUTEVzUmw3UWNJZEp6YnNUMkh3a3g3d0RuNE1BTjUzSEJJazJHMDV1N3ZmNkhFQjZGdVJ2MjVtRlZjelhsdml4bnNNcmh1MUNpWUhzVEJyWDMzdEY5dVQwZXZBTE81eThFV0x4L0dJUWJYb2IyT1NTcmpsUHJleGtqOXdhUFJONlVxcWF1WEpPL050VklwL2V3K0FsNTBJQUs4elVmTXV5c0hNSEZzbDI5cHNVU2pHbkVKWjkzUFIyNjRZbFpVdWtHUXZJNTR4cDdRNVV1ZjdUazk4N2gzK1U0KzNRc3c0QTNyQ2NteUUraWFkMERMRm14aTJTdjNFSlpXRzVLOXJTb0VvdmtwRmluK1JPYmdWdjZ4dzBHR04vN3g0TDNsbzlneUdXb2JZY1drdU1HWVZhaCtPL1d5anRGM0V6NHFFWXlOeUpRcEZubDhoNkQ0U29rUzZZQTVFZUVWVUd0V1B0UGdJbmh0Wkg4YUJDZEZUdVNpQW5IOUZ1UjBTcHNWcFJDUXo2TWpMYzlvMzVBSUx2dkVqNXhnMjFGUzk5QndoOTkxckJnZEJRTUV2SkxoWUhzdkdZR3M0aVhyWEpSSHVvWGhSWUNkaTRvM252K3FQZDVpVzdIdmpMWkwvaVF0cHU2TlB1R3N4L0FCZHRiNEZmNU43RUprRW1JOHBzRldRbUhHTkx6SWxmczQvbEhNTGU4MFBmRmpKSXpqTk54Z1JGYXhPV0RWNzNWK01LRitJMHJaQiIsImRhdGFrZXkiOiJBUUVCQUhoK2RTK0JsTnUwTnhuWHdvd2JJTHMxMTV5amQrTE5BWmhCTFpzdW5PeGszQUFBQUg0d2ZBWUpLb1pJaHZjTkFRY0dvRzh3YlFJQkFEQm9CZ2txaGtpRzl3MEJCd0V3SGdZSllJWklBV1VEQkFFdU1CRUVESUJNMVZSSEM0ZUd3c1IvNWdJQkVJQTcwZXZ6NzUxUFdZUU5jSzMyVDkxc3JCWGJBRGRPZTdiR1BveXE5b3hmNW05SWZJUm41UjJBNExuc1dneVE1TE1hNG1HOVVsQnFxdFJtTURRPSIsInZlcnNpb24iOiIyIiwidHlwZSI6IkRBVEFfS0VZIiwiZXhwaXJhdGlvbiI6MTcyOTI0ODA0MH0=",
            "proxy_endpoint": "https://470942945617.dkr.ecr.eu-west-1.amazonaws.com",
            "registry_id": null,
            "user_name": "AWS"
          },
          "sensitive_attributes": [
            [
              {
                "type": "get_attr",
                "value": "authorization_token"
              }
            ],
            [
              {
                "type": "get_attr",
                "value": "password"
              }
            ]
          ]
        }
      ]
    },
    {
      "module": "module.lambda_example_container-image",
      "mode": "data",
      "type": "aws_region",
      "name": "current",
      "provider": "module.lambda_example_container-image.provider[\"registry.terraform.io/hashicorp/aws\"]",
      "instances": [
        {
          "schema_version": 0,
          "attributes": {
            "description": "Europe (Ireland)",
            "endpoint": "ec2.eu-west-1.amazonaws.com",
            "id": "eu-west-1",
            "name": "eu-west-1"
          },
          "sensitive_attributes": []
        }
      ]
    },
    {
      "module": "module.lambda_example_container-image",
      "mode": "managed",
      "type": "random_pet",
      "name": "this",
      "provider": "provider[\"registry.terraform.io/hashicorp/random\"]",
      "instances": [
        {
          "schema_version": 0,
          "attributes": {
            "id": "expert-iguana",
            "keepers": null,
            "length": 2,
            "prefix": null,
            "separator": "-"
          },
          "sensitive_attributes": [],
          "create_before_destroy": true
        }
      ]
    },
    {
      "module": "module.lambda_example_container-image.module.docker_build",
      "mode": "data",
      "type": "aws_caller_identity",
      "name": "this",
      "provider": "module.lambda_example_container-image.provider[\"registry.terraform.io/hashicorp/aws\"]",
      "instances": [
        {
          "schema_version": 0,
          "attributes": {
            "account_id": "470942945617",
            "arn": "arn:aws:iam::470942945617:user/Terraform",
            "id": "470942945617",
            "user_id": "AIDAW3JTDCFIVADYJ2SCP"
          },
          "sensitive_attributes": []
        }
      ]
    },
    {
      "module": "module.lambda_example_container-image.module.docker_build",
      "mode": "data",
      "type": "aws_region",
      "name": "current",
      "provider": "module.lambda_example_container-image.provider[\"registry.terraform.io/hashicorp/aws\"]",
      "instances": [
        {
          "schema_version": 0,
          "attributes": {
            "description": "Europe (Ireland)",
            "endpoint": "ec2.eu-west-1.amazonaws.com",
            "id": "eu-west-1",
            "name": "eu-west-1"
          },
          "sensitive_attributes": []
        }
      ]
    },
    {
      "module": "module.lambda_example_container-image.module.docker_build",
      "mode": "managed",
      "type": "aws_ecr_lifecycle_policy",
      "name": "this",
      "provider": "module.lambda_example_container-image.provider[\"registry.terraform.io/hashicorp/aws\"]",
      "instances": [
        {
          "index_key": 0,
          "schema_version": 0,
          "attributes": {
            "id": "expert-iguana",
            "policy": "{\"rules\":[{\"action\":{\"type\":\"expire\"},\"description\":\"Keep only the last 2 images\",\"rulePriority\":1,\"selection\":{\"countNumber\":2,\"countType\":\"imageCountMoreThan\",\"tagStatus\":\"any\"}}]}",
            "registry_id": "470942945617",
            "repository": "expert-iguana"
          },
          "sensitive_attributes": [],
          "private": "bnVsbA==",
          "dependencies": [
            "module.lambda_example_container-image.module.docker_build.aws_ecr_repository.this",
            "module.lambda_example_container-image.random_pet.this"
          ]
        }
      ]
    },
    {
      "module": "module.lambda_example_container-image.module.docker_build",
      "mode": "managed",
      "type": "aws_ecr_repository",
      "name": "this",
      "provider": "module.lambda_example_container-image.provider[\"registry.terraform.io/hashicorp/aws\"]",
      "instances": [
        {
          "index_key": 0,
          "schema_version": 0,
          "attributes": {
            "arn": "arn:aws:ecr:eu-west-1:470942945617:repository/expert-iguana",
            "encryption_configuration": [
              {
                "encryption_type": "AES256",
                "kms_key": ""
              }
            ],
            "force_delete": true,
            "id": "expert-iguana",
            "image_scanning_configuration": [
              {
                "scan_on_push": false
              }
            ],
            "image_tag_mutability": "MUTABLE",
            "name": "expert-iguana",
            "registry_id": "470942945617",
            "repository_url": "470942945617.dkr.ecr.eu-west-1.amazonaws.com/expert-iguana",
            "tags": {},
            "tags_all": {},
            "timeouts": null
          },
          "sensitive_attributes": [],
          "private": "eyJlMmJmYjczMC1lY2FhLTExZTYtOGY4OC0zNDM2M2JjN2M0YzAiOnsiZGVsZXRlIjoxMjAwMDAwMDAwMDAwfX0=",
          "dependencies": [
            "module.lambda_example_container-image.random_pet.this"
          ],
          "create_before_destroy": true
        }
      ]
    },
    {
      "module": "module.lambda_example_container-image.module.docker_build",
      "mode": "managed",
      "type": "docker_image",
      "name": "this",
      "provider": "module.lambda_example_container-image.provider[\"registry.terraform.io/kreuzwerker/docker\"]",
      "instances": [
        {
          "schema_version": 0,
          "attributes": {
            "build": [
              {
                "auth_config": [],
                "build_arg": {},
                "build_args": {
                  "FOO": "bar"
                },
                "build_id": "",
                "cache_from": [],
                "cgroup_parent": "",
                "context": "context",
                "cpu_period": 0,
                "cpu_quota": 0,
                "cpu_set_cpus": "",
                "cpu_set_mems": "",
                "cpu_shares": 0,
                "dockerfile": "Dockerfile",
                "extra_hosts": [],
                "force_remove": false,
                "isolation": "",
                "label": {},
                "labels": {},
                "memory": 0,
                "memory_swap": 0,
                "network_mode": "",
                "no_cache": false,
                "platform": "linux/amd64",
                "pull_parent": false,
                "remote_context": "",
                "remove": true,
                "security_opt": [],
                "session_id": "",
                "shm_size": 0,
                "squash": false,
                "suppress_output": false,
                "tag": [],
                "target": "",
                "ulimit": [],
                "version": ""
              }
            ],
            "force_remove": false,
            "id": "sha256:52e5c3c9110827ad2c3c4219ea86d916b464d41bbd4d6d1e1cf532afef64b824470942945617.dkr.ecr.eu-west-1.amazonaws.com/expert-iguana",
            "image_id": "sha256:52e5c3c9110827ad2c3c4219ea86d916b464d41bbd4d6d1e1cf532afef64b824",
            "keep_locally": false,
            "name": "470942945617.dkr.ecr.eu-west-1.amazonaws.com/expert-iguana",
            "platform": null,
            "pull_triggers": null,
            "repo_digest": "470942945617.dkr.ecr.eu-west-1.amazonaws.com/expert-iguana-ecr@sha256:303c08225221c2f1e531325f6d55f88a41fb4371f61db1a21c934b3dc8c26450",
            "triggers": {
              "dir_sha": "da39a3ee5e6b4b0d3255bfef95601890afd80709"
            }
          },
          "sensitive_attributes": [],
          "private": "bnVsbA==",
          "dependencies": [
            "module.lambda_example_container-image.data.aws_caller_identity.this",
            "module.lambda_example_container-image.data.aws_ecr_authorization_token.token",
            "module.lambda_example_container-image.data.aws_region.current",
            "module.lambda_example_container-image.module.docker_build.aws_ecr_repository.this",
            "module.lambda_example_container-image.module.docker_build.data.aws_caller_identity.this",
            "module.lambda_example_container-image.module.docker_build.data.aws_region.current",
            "module.lambda_example_container-image.random_pet.this"
          ],
          "create_before_destroy": true
        }
      ]
    },
    {
      "module": "module.lambda_example_container-image.module.docker_build",
      "mode": "managed",
      "type": "docker_registry_image",
      "name": "this",
      "provider": "module.lambda_example_container-image.provider[\"registry.terraform.io/kreuzwerker/docker\"]",
      "instances": [
        {
          "schema_version": 0,
          "attributes": {
            "id": "sha256:303c08225221c2f1e531325f6d55f88a41fb4371f61db1a21c934b3dc8c26450",
            "insecure_skip_verify": false,
            "keep_remotely": false,
            "name": "470942945617.dkr.ecr.eu-west-1.amazonaws.com/expert-iguana",
            "sha256_digest": "sha256:303c08225221c2f1e531325f6d55f88a41fb4371f61db1a21c934b3dc8c26450",
            "triggers": {
              "dir_sha": "da39a3ee5e6b4b0d3255bfef95601890afd80709"
            }
          },
          "sensitive_attributes": [],
          "private": "bnVsbA==",
          "dependencies": [
            "module.lambda_example_container-image.data.aws_caller_identity.this",
            "module.lambda_example_container-image.data.aws_ecr_authorization_token.token",
            "module.lambda_example_container-image.data.aws_region.current",
            "module.lambda_example_container-image.module.docker_build.aws_ecr_repository.this",
            "module.lambda_example_container-image.module.docker_build.data.aws_caller_identity.this",
            "module.lambda_example_container-image.module.docker_build.data.aws_region.current",
            "module.lambda_example_container-image.module.docker_build.docker_image.this",
            "module.lambda_example_container-image.random_pet.this"
          ],
          "create_before_destroy": true
        }
      ]
    },
    {
      "module": "module.lambda_example_container-image.module.docker_build_from_ecr",
      "mode": "data",
      "type": "aws_caller_identity",
      "name": "this",
      "provider": "module.lambda_example_container-image.provider[\"registry.terraform.io/hashicorp/aws\"]",
      "instances": [
        {
          "schema_version": 0,
          "attributes": {
            "account_id": "470942945617",
            "arn": "arn:aws:iam::470942945617:user/Terraform",
            "id": "470942945617",
            "user_id": "AIDAW3JTDCFIVADYJ2SCP"
          },
          "sensitive_attributes": []
        }
      ]
    },
    {
      "module": "module.lambda_example_container-image.module.docker_build_from_ecr",
      "mode": "data",
      "type": "aws_region",
      "name": "current",
      "provider": "module.lambda_example_container-image.provider[\"registry.terraform.io/hashicorp/aws\"]",
      "instances": [
        {
          "schema_version": 0,
          "attributes": {
            "description": "Europe (Ireland)",
            "endpoint": "ec2.eu-west-1.amazonaws.com",
            "id": "eu-west-1",
            "name": "eu-west-1"
          },
          "sensitive_attributes": []
        }
      ]
    },
    {
      "module": "module.lambda_example_container-image.module.docker_build_from_ecr",
      "mode": "managed",
      "type": "docker_image",
      "name": "this",
      "provider": "module.lambda_example_container-image.provider[\"registry.terraform.io/kreuzwerker/docker\"]",
      "instances": [
        {
          "schema_version": 0,
          "attributes": {
            "build": [
              {
                "auth_config": [],
                "build_arg": {},
                "build_args": {
                  "FOO": "bar"
                },
                "build_id": "",
                "cache_from": [],
                "cgroup_parent": "",
                "context": "context",
                "cpu_period": 0,
                "cpu_quota": 0,
                "cpu_set_cpus": "",
                "cpu_set_mems": "",
                "cpu_shares": 0,
                "dockerfile": "Dockerfile",
                "extra_hosts": [],
                "force_remove": false,
                "isolation": "",
                "label": {},
                "labels": {},
                "memory": 0,
                "memory_swap": 0,
                "network_mode": "",
                "no_cache": false,
                "platform": "linux/amd64",
                "pull_parent": false,
                "remote_context": "",
                "remove": true,
                "security_opt": [],
                "session_id": "",
                "shm_size": 0,
                "squash": false,
                "suppress_output": false,
                "tag": [],
                "target": "",
                "ulimit": [],
                "version": ""
              }
            ],
            "force_remove": false,
            "id": "sha256:52e5c3c9110827ad2c3c4219ea86d916b464d41bbd4d6d1e1cf532afef64b824470942945617.dkr.ecr.eu-west-1.amazonaws.com/expert-iguana-ecr",
            "image_id": "sha256:52e5c3c9110827ad2c3c4219ea86d916b464d41bbd4d6d1e1cf532afef64b824",
            "keep_locally": false,
            "name": "470942945617.dkr.ecr.eu-west-1.amazonaws.com/expert-iguana-ecr",
            "platform": null,
            "pull_triggers": null,
            "repo_digest": "470942945617.dkr.ecr.eu-west-1.amazonaws.com/expert-iguana-ecr@sha256:303c08225221c2f1e531325f6d55f88a41fb4371f61db1a21c934b3dc8c26450",
            "triggers": {
              "dir_sha": "da39a3ee5e6b4b0d3255bfef95601890afd80709"
            }
          },
          "sensitive_attributes": [],
          "private": "bnVsbA==",
          "dependencies": [
            "module.lambda_example_container-image.data.aws_caller_identity.this",
            "module.lambda_example_container-image.data.aws_ecr_authorization_token.token",
            "module.lambda_example_container-image.data.aws_region.current",
            "module.lambda_example_container-image.module.docker_build_from_ecr.aws_ecr_repository.this",
            "module.lambda_example_container-image.module.docker_build_from_ecr.data.aws_caller_identity.this",
            "module.lambda_example_container-image.module.docker_build_from_ecr.data.aws_region.current",
            "module.lambda_example_container-image.module.ecr.aws_ecr_repository.this",
            "module.lambda_example_container-image.module.ecr.aws_ecrpublic_repository.this",
            "module.lambda_example_container-image.random_pet.this"
          ],
          "create_before_destroy": true
        }
      ]
    },
    {
      "module": "module.lambda_example_container-image.module.docker_build_from_ecr",
      "mode": "managed",
      "type": "docker_registry_image",
      "name": "this",
      "provider": "module.lambda_example_container-image.provider[\"registry.terraform.io/kreuzwerker/docker\"]",
      "instances": [
        {
          "schema_version": 0,
          "attributes": {
            "id": "sha256:303c08225221c2f1e531325f6d55f88a41fb4371f61db1a21c934b3dc8c26450",
            "insecure_skip_verify": false,
            "keep_remotely": false,
            "name": "470942945617.dkr.ecr.eu-west-1.amazonaws.com/expert-iguana-ecr",
            "sha256_digest": "sha256:303c08225221c2f1e531325f6d55f88a41fb4371f61db1a21c934b3dc8c26450",
            "triggers": {
              "dir_sha": "da39a3ee5e6b4b0d3255bfef95601890afd80709"
            }
          },
          "sensitive_attributes": [],
          "private": "bnVsbA==",
          "dependencies": [
            "module.lambda_example_container-image.data.aws_caller_identity.this",
            "module.lambda_example_container-image.data.aws_ecr_authorization_token.token",
            "module.lambda_example_container-image.data.aws_region.current",
            "module.lambda_example_container-image.module.docker_build_from_ecr.aws_ecr_repository.this",
            "module.lambda_example_container-image.module.docker_build_from_ecr.data.aws_caller_identity.this",
            "module.lambda_example_container-image.module.docker_build_from_ecr.data.aws_region.current",
            "module.lambda_example_container-image.module.docker_build_from_ecr.docker_image.this",
            "module.lambda_example_container-image.module.ecr.aws_ecr_repository.this",
            "module.lambda_example_container-image.module.ecr.aws_ecrpublic_repository.this",
            "module.lambda_example_container-image.random_pet.this"
          ],
          "create_before_destroy": true
        }
      ]
    },
    {
      "module": "module.lambda_example_container-image.module.ecr",
      "mode": "data",
      "type": "aws_caller_identity",
      "name": "current",
      "provider": "module.lambda_example_container-image.provider[\"registry.terraform.io/hashicorp/aws\"]",
      "instances": [
        {
          "schema_version": 0,
          "attributes": {
            "account_id": "470942945617",
            "arn": "arn:aws:iam::470942945617:user/Terraform",
            "id": "470942945617",
            "user_id": "AIDAW3JTDCFIVADYJ2SCP"
          },
          "sensitive_attributes": []
        }
      ]
    },
    {
      "module": "module.lambda_example_container-image.module.ecr",
      "mode": "data",
      "type": "aws_iam_policy_document",
      "name": "repository",
      "provider": "module.lambda_example_container-image.provider[\"registry.terraform.io/hashicorp/aws\"]",
      "instances": [
        {
          "index_key": 0,
          "schema_version": 0,
          "attributes": {
            "id": "909065731",
            "json": "{\n  \"Version\": \"2012-10-17\",\n  \"Statement\": [\n    {\n      \"Sid\": \"PrivateReadOnly\",\n      \"Effect\": \"Allow\",\n      \"Action\": [\n        \"ecr:ListTagsForResource\",\n        \"ecr:ListImages\",\n        \"ecr:GetRepositoryPolicy\",\n        \"ecr:GetLifecyclePolicyPreview\",\n        \"ecr:GetLifecyclePolicy\",\n        \"ecr:GetDownloadUrlForLayer\",\n        \"ecr:GetAuthorizationToken\",\n        \"ecr:DescribeRepositories\",\n        \"ecr:DescribeImages\",\n        \"ecr:DescribeImageScanFindings\",\n        \"ecr:BatchGetImage\",\n        \"ecr:BatchCheckLayerAvailability\"\n      ],\n      \"Principal\": {\n        \"AWS\": \"arn:aws:iam::470942945617:root\"\n      }\n    },\n    {\n      \"Sid\": \"PrivateLambdaReadOnly\",\n      \"Effect\": \"Allow\",\n      \"Action\": [\n        \"ecr:GetDownloadUrlForLayer\",\n        \"ecr:BatchGetImage\"\n      ],\n      \"Principal\": {\n        \"Service\": \"lambda.amazonaws.com\"\n      },\n      \"Condition\": {\n        \"StringLike\": {\n          \"aws:sourceArn\": \"arn:aws:lambda:eu-west-1:470942945617:function:expert-iguana-lambda-with-docker-build-from-ecr\"\n        }\n      }\n    }\n  ]\n}",
            "minified_json": "{\"Version\":\"2012-10-17\",\"Statement\":[{\"Sid\":\"PrivateReadOnly\",\"Effect\":\"Allow\",\"Action\":[\"ecr:ListTagsForResource\",\"ecr:ListImages\",\"ecr:GetRepositoryPolicy\",\"ecr:GetLifecyclePolicyPreview\",\"ecr:GetLifecyclePolicy\",\"ecr:GetDownloadUrlForLayer\",\"ecr:GetAuthorizationToken\",\"ecr:DescribeRepositories\",\"ecr:DescribeImages\",\"ecr:DescribeImageScanFindings\",\"ecr:BatchGetImage\",\"ecr:BatchCheckLayerAvailability\"],\"Principal\":{\"AWS\":\"arn:aws:iam::470942945617:root\"}},{\"Sid\":\"PrivateLambdaReadOnly\",\"Effect\":\"Allow\",\"Action\":[\"ecr:GetDownloadUrlForLayer\",\"ecr:BatchGetImage\"],\"Principal\":{\"Service\":\"lambda.amazonaws.com\"},\"Condition\":{\"StringLike\":{\"aws:sourceArn\":\"arn:aws:lambda:eu-west-1:470942945617:function:expert-iguana-lambda-with-docker-build-from-ecr\"}}}]}",
            "override_json": null,
            "override_policy_documents": null,
            "policy_id": null,
            "source_json": null,
            "source_policy_documents": null,
            "statement": [
              {
                "actions": [
                  "ecr:BatchCheckLayerAvailability",
                  "ecr:BatchGetImage",
                  "ecr:DescribeImageScanFindings",
                  "ecr:DescribeImages",
                  "ecr:DescribeRepositories",
                  "ecr:GetAuthorizationToken",
                  "ecr:GetDownloadUrlForLayer",
                  "ecr:GetLifecyclePolicy",
                  "ecr:GetLifecyclePolicyPreview",
                  "ecr:GetRepositoryPolicy",
                  "ecr:ListImages",
                  "ecr:ListTagsForResource"
                ],
                "condition": [],
                "effect": "Allow",
                "not_actions": [],
                "not_principals": [],
                "not_resources": [],
                "principals": [
                  {
                    "identifiers": [
                      "arn:aws:iam::470942945617:root"
                    ],
                    "type": "AWS"
                  }
                ],
                "resources": [],
                "sid": "PrivateReadOnly"
              },
              {
                "actions": [
                  "ecr:BatchGetImage",
                  "ecr:GetDownloadUrlForLayer"
                ],
                "condition": [
                  {
                    "test": "StringLike",
                    "values": [
                      "arn:aws:lambda:eu-west-1:470942945617:function:expert-iguana-lambda-with-docker-build-from-ecr"
                    ],
                    "variable": "aws:sourceArn"
                  }
                ],
                "effect": "Allow",
                "not_actions": [],
                "not_principals": [],
                "not_resources": [],
                "principals": [
                  {
                    "identifiers": [
                      "lambda.amazonaws.com"
                    ],
                    "type": "Service"
                  }
                ],
                "resources": [],
                "sid": "PrivateLambdaReadOnly"
              }
            ],
            "version": "2012-10-17"
          },
          "sensitive_attributes": []
        }
      ]
    },
    {
      "module": "module.lambda_example_container-image.module.ecr",
      "mode": "data",
      "type": "aws_partition",
      "name": "current",
      "provider": "module.lambda_example_container-image.provider[\"registry.terraform.io/hashicorp/aws\"]",
      "instances": [
        {
          "schema_version": 0,
          "attributes": {
            "dns_suffix": "amazonaws.com",
            "id": "aws",
            "partition": "aws",
            "reverse_dns_prefix": "com.amazonaws"
          },
          "sensitive_attributes": []
        }
      ]
    },
    {
      "module": "module.lambda_example_container-image.module.ecr",
      "mode": "managed",
      "type": "aws_ecr_repository",
      "name": "this",
      "provider": "module.lambda_example_container-image.provider[\"registry.terraform.io/hashicorp/aws\"]",
      "instances": [
        {
          "index_key": 0,
          "schema_version": 0,
          "attributes": {
            "arn": "arn:aws:ecr:eu-west-1:470942945617:repository/expert-iguana-ecr",
            "encryption_configuration": [
              {
                "encryption_type": "AES256",
                "kms_key": ""
              }
            ],
            "force_delete": true,
            "id": "expert-iguana-ecr",
            "image_scanning_configuration": [
              {
                "scan_on_push": true
              }
            ],
            "image_tag_mutability": "IMMUTABLE",
            "name": "expert-iguana-ecr",
            "registry_id": "470942945617",
            "repository_url": "470942945617.dkr.ecr.eu-west-1.amazonaws.com/expert-iguana-ecr",
            "tags": {},
            "tags_all": {},
            "timeouts": null
          },
          "sensitive_attributes": [],
          "private": "eyJlMmJmYjczMC1lY2FhLTExZTYtOGY4OC0zNDM2M2JjN2M0YzAiOnsiZGVsZXRlIjoxMjAwMDAwMDAwMDAwfX0=",
          "dependencies": [
            "module.lambda_example_container-image.random_pet.this"
          ],
          "create_before_destroy": true
        }
      ]
    },
    {
      "module": "module.lambda_example_container-image.module.ecr",
      "mode": "managed",
      "type": "aws_ecr_repository_policy",
      "name": "this",
      "provider": "module.lambda_example_container-image.provider[\"registry.terraform.io/hashicorp/aws\"]",
      "instances": [
        {
          "index_key": 0,
          "schema_version": 0,
          "attributes": {
            "id": "expert-iguana-ecr",
            "policy": "{\"Statement\":[{\"Action\":[\"ecr:ListTagsForResource\",\"ecr:ListImages\",\"ecr:GetRepositoryPolicy\",\"ecr:GetLifecyclePolicyPreview\",\"ecr:GetLifecyclePolicy\",\"ecr:GetDownloadUrlForLayer\",\"ecr:GetAuthorizationToken\",\"ecr:DescribeRepositories\",\"ecr:DescribeImages\",\"ecr:DescribeImageScanFindings\",\"ecr:BatchGetImage\",\"ecr:BatchCheckLayerAvailability\"],\"Effect\":\"Allow\",\"Principal\":{\"AWS\":\"arn:aws:iam::470942945617:root\"},\"Sid\":\"PrivateReadOnly\"},{\"Action\":[\"ecr:GetDownloadUrlForLayer\",\"ecr:BatchGetImage\"],\"Condition\":{\"StringLike\":{\"aws:sourceArn\":\"arn:aws:lambda:eu-west-1:470942945617:function:expert-iguana-lambda-with-docker-build-from-ecr\"}},\"Effect\":\"Allow\",\"Principal\":{\"Service\":\"lambda.amazonaws.com\"},\"Sid\":\"PrivateLambdaReadOnly\"}],\"Version\":\"2012-10-17\"}",
            "registry_id": "470942945617",
            "repository": "expert-iguana-ecr"
          },
          "sensitive_attributes": [],
          "private": "bnVsbA==",
          "dependencies": [
            "module.lambda_example_container-image.data.aws_caller_identity.this",
            "module.lambda_example_container-image.data.aws_ecr_authorization_token.token",
            "module.lambda_example_container-image.data.aws_region.current",
            "module.lambda_example_container-image.module.docker_build_from_ecr.aws_ecr_repository.this",
            "module.lambda_example_container-image.module.docker_build_from_ecr.data.aws_caller_identity.this",
            "module.lambda_example_container-image.module.docker_build_from_ecr.data.aws_region.current",
            "module.lambda_example_container-image.module.docker_build_from_ecr.docker_image.this",
            "module.lambda_example_container-image.module.docker_build_from_ecr.docker_registry_image.this",
            "module.lambda_example_container-image.module.ecr.aws_ecr_repository.this",
            "module.lambda_example_container-image.module.ecr.aws_ecrpublic_repository.this",
            "module.lambda_example_container-image.module.ecr.data.aws_caller_identity.current",
            "module.lambda_example_container-image.module.ecr.data.aws_iam_policy_document.repository",
            "module.lambda_example_container-image.module.ecr.data.aws_partition.current",
            "module.lambda_example_container-image.module.lambda_function_with_docker_build_from_ecr.aws_cloudwatch_log_group.lambda",
            "module.lambda_example_container-image.module.lambda_function_with_docker_build_from_ecr.aws_iam_policy.additional_inline",
            "module.lambda_example_container-image.module.lambda_function_with_docker_build_from_ecr.aws_iam_policy.additional_json",
            "module.lambda_example_container-image.module.lambda_function_with_docker_build_from_ecr.aws_iam_policy.additional_jsons",
            "module.lambda_example_container-image.module.lambda_function_with_docker_build_from_ecr.aws_iam_policy.async",
            "module.lambda_example_container-image.module.lambda_function_with_docker_build_from_ecr.aws_iam_policy.dead_letter",
            "module.lambda_example_container-image.module.lambda_function_with_docker_build_from_ecr.aws_iam_policy.logs",
            "module.lambda_example_container-image.module.lambda_function_with_docker_build_from_ecr.aws_iam_policy.tracing",
            "module.lambda_example_container-image.module.lambda_function_with_docker_build_from_ecr.aws_iam_policy.vpc",
            "module.lambda_example_container-image.module.lambda_function_with_docker_build_from_ecr.aws_iam_role.lambda",
            "module.lambda_example_container-image.module.lambda_function_with_docker_build_from_ecr.aws_iam_role_policy_attachment.additional_inline",
            "module.lambda_example_container-image.module.lambda_function_with_docker_build_from_ecr.aws_iam_role_policy_attachment.additional_json",
            "module.lambda_example_container-image.module.lambda_function_with_docker_build_from_ecr.aws_iam_role_policy_attachment.additional_jsons",
            "module.lambda_example_container-image.module.lambda_function_with_docker_build_from_ecr.aws_iam_role_policy_attachment.additional_many",
            "module.lambda_example_container-image.module.lambda_function_with_docker_build_from_ecr.aws_iam_role_policy_attachment.additional_one",
            "module.lambda_example_container-image.module.lambda_function_with_docker_build_from_ecr.aws_iam_role_policy_attachment.async",
            "module.lambda_example_container-image.module.lambda_function_with_docker_build_from_ecr.aws_iam_role_policy_attachment.dead_letter",
            "module.lambda_example_container-image.module.lambda_function_with_docker_build_from_ecr.aws_iam_role_policy_attachment.logs",
            "module.lambda_example_container-image.module.lambda_function_with_docker_build_from_ecr.aws_iam_role_policy_attachment.tracing",
            "module.lambda_example_container-image.module.lambda_function_with_docker_build_from_ecr.aws_iam_role_policy_attachment.vpc",
            "module.lambda_example_container-image.module.lambda_function_with_docker_build_from_ecr.aws_lambda_function.this",
            "module.lambda_example_container-image.module.lambda_function_with_docker_build_from_ecr.aws_s3_object.lambda_package",
            "module.lambda_example_container-image.module.lambda_function_with_docker_build_from_ecr.data.aws_arn.log_group_arn",
            "module.lambda_example_container-image.module.lambda_function_with_docker_build_from_ecr.data.aws_cloudwatch_log_group.lambda",
            "module.lambda_example_container-image.module.lambda_function_with_docker_build_from_ecr.data.aws_iam_policy.tracing",
            "module.lambda_example_container-image.module.lambda_function_with_docker_build_from_ecr.data.aws_iam_policy.vpc",
            "module.lambda_example_container-image.module.lambda_function_with_docker_build_from_ecr.data.aws_iam_policy_document.additional_inline",
            "module.lambda_example_container-image.module.lambda_function_with_docker_build_from_ecr.data.aws_iam_policy_document.assume_role",
            "module.lambda_example_container-image.module.lambda_function_with_docker_build_from_ecr.data.aws_iam_policy_document.async",
            "module.lambda_example_container-image.module.lambda_function_with_docker_build_from_ecr.data.aws_iam_policy_document.dead_letter",
            "module.lambda_example_container-image.module.lambda_function_with_docker_build_from_ecr.data.aws_iam_policy_document.logs",
            "module.lambda_example_container-image.module.lambda_function_with_docker_build_from_ecr.data.aws_partition.current",
            "module.lambda_example_container-image.module.lambda_function_with_docker_build_from_ecr.data.external.archive_prepare",
            "module.lambda_example_container-image.module.lambda_function_with_docker_build_from_ecr.local_file.archive_plan",
            "module.lambda_example_container-image.module.lambda_function_with_docker_build_from_ecr.null_resource.archive",
            "module.lambda_example_container-image.random_pet.this"
          ]
        }
      ]
    },
    {
      "module": "module.lambda_example_container-image.module.lambda_function_with_docker_build",
      "mode": "data",
      "type": "aws_caller_identity",
      "name": "current",
      "provider": "module.lambda_example_container-image.provider[\"registry.terraform.io/hashicorp/aws\"]",
      "instances": [
        {
          "schema_version": 0,
          "attributes": {
            "account_id": "470942945617",
            "arn": "arn:aws:iam::470942945617:user/Terraform",
            "id": "470942945617",
            "user_id": "AIDAW3JTDCFIVADYJ2SCP"
          },
          "sensitive_attributes": []
        }
      ]
    },
    {
      "module": "module.lambda_example_container-image.module.lambda_function_with_docker_build",
      "mode": "data",
      "type": "aws_iam_policy_document",
      "name": "assume_role",
      "provider": "module.lambda_example_container-image.provider[\"registry.terraform.io/hashicorp/aws\"]",
      "instances": [
        {
          "index_key": 0,
          "schema_version": 0,
          "attributes": {
            "id": "2690255455",
            "json": "{\n  \"Version\": \"2012-10-17\",\n  \"Statement\": [\n    {\n      \"Effect\": \"Allow\",\n      \"Action\": \"sts:AssumeRole\",\n      \"Principal\": {\n        \"Service\": \"lambda.amazonaws.com\"\n      }\n    }\n  ]\n}",
            "minified_json": "{\"Version\":\"2012-10-17\",\"Statement\":[{\"Effect\":\"Allow\",\"Action\":\"sts:AssumeRole\",\"Principal\":{\"Service\":\"lambda.amazonaws.com\"}}]}",
            "override_json": null,
            "override_policy_documents": null,
            "policy_id": null,
            "source_json": null,
            "source_policy_documents": null,
            "statement": [
              {
                "actions": [
                  "sts:AssumeRole"
                ],
                "condition": [],
                "effect": "Allow",
                "not_actions": [],
                "not_principals": [],
                "not_resources": [],
                "principals": [
                  {
                    "identifiers": [
                      "lambda.amazonaws.com"
                    ],
                    "type": "Service"
                  }
                ],
                "resources": [],
                "sid": ""
              }
            ],
            "version": "2012-10-17"
          },
          "sensitive_attributes": []
        }
      ]
    },
    {
      "module": "module.lambda_example_container-image.module.lambda_function_with_docker_build",
      "mode": "data",
      "type": "aws_iam_policy_document",
      "name": "logs",
      "provider": "module.lambda_example_container-image.provider[\"registry.terraform.io/hashicorp/aws\"]",
      "instances": [
        {
          "index_key": 0,
          "schema_version": 0,
          "attributes": {
            "id": "598973222",
            "json": "{\n  \"Version\": \"2012-10-17\",\n  \"Statement\": [\n    {\n      \"Effect\": \"Allow\",\n      \"Action\": [\n        \"logs:PutLogEvents\",\n        \"logs:CreateLogStream\",\n        \"logs:CreateLogGroup\"\n      ],\n      \"Resource\": [\n        \"arn:aws:logs:eu-west-1:470942945617:log-group:/aws/lambda/expert-iguana-lambda-with-docker-build:*:*\",\n        \"arn:aws:logs:eu-west-1:470942945617:log-group:/aws/lambda/expert-iguana-lambda-with-docker-build:*\"\n      ]\n    }\n  ]\n}",
            "minified_json": "{\"Version\":\"2012-10-17\",\"Statement\":[{\"Effect\":\"Allow\",\"Action\":[\"logs:PutLogEvents\",\"logs:CreateLogStream\",\"logs:CreateLogGroup\"],\"Resource\":[\"arn:aws:logs:eu-west-1:470942945617:log-group:/aws/lambda/expert-iguana-lambda-with-docker-build:*:*\",\"arn:aws:logs:eu-west-1:470942945617:log-group:/aws/lambda/expert-iguana-lambda-with-docker-build:*\"]}]}",
            "override_json": null,
            "override_policy_documents": null,
            "policy_id": null,
            "source_json": null,
            "source_policy_documents": null,
            "statement": [
              {
                "actions": [
                  "logs:CreateLogGroup",
                  "logs:CreateLogStream",
                  "logs:PutLogEvents"
                ],
                "condition": [],
                "effect": "Allow",
                "not_actions": [],
                "not_principals": [],
                "not_resources": [],
                "principals": [],
                "resources": [
                  "arn:aws:logs:eu-west-1:470942945617:log-group:/aws/lambda/expert-iguana-lambda-with-docker-build:*",
                  "arn:aws:logs:eu-west-1:470942945617:log-group:/aws/lambda/expert-iguana-lambda-with-docker-build:*:*"
                ],
                "sid": ""
              }
            ],
            "version": "2012-10-17"
          },
          "sensitive_attributes": []
        }
      ]
    },
    {
      "module": "module.lambda_example_container-image.module.lambda_function_with_docker_build",
      "mode": "data",
      "type": "aws_partition",
      "name": "current",
      "provider": "module.lambda_example_container-image.provider[\"registry.terraform.io/hashicorp/aws\"]",
      "instances": [
        {
          "schema_version": 0,
          "attributes": {
            "dns_suffix": "amazonaws.com",
            "id": "aws",
            "partition": "aws",
            "reverse_dns_prefix": "com.amazonaws"
          },
          "sensitive_attributes": []
        }
      ]
    },
    {
      "module": "module.lambda_example_container-image.module.lambda_function_with_docker_build",
      "mode": "data",
      "type": "aws_region",
      "name": "current",
      "provider": "module.lambda_example_container-image.provider[\"registry.terraform.io/hashicorp/aws\"]",
      "instances": [
        {
          "schema_version": 0,
          "attributes": {
            "description": "Europe (Ireland)",
            "endpoint": "ec2.eu-west-1.amazonaws.com",
            "id": "eu-west-1",
            "name": "eu-west-1"
          },
          "sensitive_attributes": []
        }
      ]
    },
    {
      "module": "module.lambda_example_container-image.module.lambda_function_with_docker_build",
      "mode": "managed",
      "type": "aws_cloudwatch_log_group",
      "name": "lambda",
      "provider": "module.lambda_example_container-image.provider[\"registry.terraform.io/hashicorp/aws\"]",
      "instances": [
        {
          "index_key": 0,
          "schema_version": 0,
          "attributes": {
            "arn": "arn:aws:logs:eu-west-1:470942945617:log-group:/aws/lambda/expert-iguana-lambda-with-docker-build",
            "id": "/aws/lambda/expert-iguana-lambda-with-docker-build",
            "kms_key_id": "",
            "log_group_class": "STANDARD",
            "name": "/aws/lambda/expert-iguana-lambda-with-docker-build",
            "name_prefix": "",
            "retention_in_days": 0,
            "skip_destroy": false,
            "tags": {},
            "tags_all": {}
          },
          "sensitive_attributes": [],
          "private": "bnVsbA==",
          "dependencies": [
            "module.lambda_example_container-image.random_pet.this"
          ],
          "create_before_destroy": true
        }
      ]
    },
    {
      "module": "module.lambda_example_container-image.module.lambda_function_with_docker_build",
      "mode": "managed",
      "type": "aws_iam_policy",
      "name": "logs",
      "provider": "module.lambda_example_container-image.provider[\"registry.terraform.io/hashicorp/aws\"]",
      "instances": [
        {
          "index_key": 0,
          "schema_version": 0,
          "attributes": {
            "arn": "arn:aws:iam::470942945617:policy/expert-iguana-lambda-with-docker-build-logs",
            "attachment_count": 0,
            "description": "",
            "id": "arn:aws:iam::470942945617:policy/expert-iguana-lambda-with-docker-build-logs",
            "name": "expert-iguana-lambda-with-docker-build-logs",
            "name_prefix": "",
            "path": "/",
            "policy": "{\"Statement\":[{\"Action\":[\"logs:PutLogEvents\",\"logs:CreateLogStream\",\"logs:CreateLogGroup\"],\"Effect\":\"Allow\",\"Resource\":[\"arn:aws:logs:eu-west-1:470942945617:log-group:/aws/lambda/expert-iguana-lambda-with-docker-build:*:*\",\"arn:aws:logs:eu-west-1:470942945617:log-group:/aws/lambda/expert-iguana-lambda-with-docker-build:*\"]}],\"Version\":\"2012-10-17\"}",
            "policy_id": "ANPAW3JTDCFITKVFMWYNS",
            "tags": null,
            "tags_all": {}
          },
          "sensitive_attributes": [],
          "private": "bnVsbA==",
          "dependencies": [
            "module.lambda_example_container-image.module.lambda_function_with_docker_build.aws_cloudwatch_log_group.lambda",
            "module.lambda_example_container-image.module.lambda_function_with_docker_build.data.aws_arn.log_group_arn",
            "module.lambda_example_container-image.module.lambda_function_with_docker_build.data.aws_cloudwatch_log_group.lambda",
            "module.lambda_example_container-image.module.lambda_function_with_docker_build.data.aws_iam_policy_document.logs",
            "module.lambda_example_container-image.random_pet.this"
          ]
        }
      ]
    },
    {
      "module": "module.lambda_example_container-image.module.lambda_function_with_docker_build",
      "mode": "managed",
      "type": "aws_iam_role",
      "name": "lambda",
      "provider": "module.lambda_example_container-image.provider[\"registry.terraform.io/hashicorp/aws\"]",
      "instances": [
        {
          "index_key": 0,
          "schema_version": 0,
          "attributes": {
            "arn": "arn:aws:iam::470942945617:role/expert-iguana-lambda-with-docker-build",
            "assume_role_policy": "{\"Statement\":[{\"Action\":\"sts:AssumeRole\",\"Effect\":\"Allow\",\"Principal\":{\"Service\":\"lambda.amazonaws.com\"}}],\"Version\":\"2012-10-17\"}",
            "create_date": "2024-10-17T22:40:43Z",
            "description": "",
            "force_detach_policies": true,
            "id": "expert-iguana-lambda-with-docker-build",
            "inline_policy": [],
            "managed_policy_arns": [],
            "max_session_duration": 3600,
            "name": "expert-iguana-lambda-with-docker-build",
            "name_prefix": "",
            "path": "/",
            "permissions_boundary": "",
            "tags": null,
            "tags_all": {},
            "unique_id": "AROAW3JTDCFIQABBRSCXJ"
          },
          "sensitive_attributes": [],
          "private": "bnVsbA==",
          "dependencies": [
            "module.lambda_example_container-image.module.lambda_function_with_docker_build.data.aws_iam_policy_document.assume_role",
            "module.lambda_example_container-image.random_pet.this"
          ]
        }
      ]
    },
    {
      "module": "module.lambda_example_container-image.module.lambda_function_with_docker_build",
      "mode": "managed",
      "type": "aws_iam_role_policy_attachment",
      "name": "logs",
      "provider": "module.lambda_example_container-image.provider[\"registry.terraform.io/hashicorp/aws\"]",
      "instances": [
        {
          "index_key": 0,
          "schema_version": 0,
          "attributes": {
            "id": "expert-iguana-lambda-with-docker-build-20241017224044646200000002",
            "policy_arn": "arn:aws:iam::470942945617:policy/expert-iguana-lambda-with-docker-build-logs",
            "role": "expert-iguana-lambda-with-docker-build"
          },
          "sensitive_attributes": [],
          "private": "bnVsbA==",
          "dependencies": [
            "module.lambda_example_container-image.module.lambda_function_with_docker_build.aws_cloudwatch_log_group.lambda",
            "module.lambda_example_container-image.module.lambda_function_with_docker_build.aws_iam_policy.logs",
            "module.lambda_example_container-image.module.lambda_function_with_docker_build.aws_iam_role.lambda",
            "module.lambda_example_container-image.module.lambda_function_with_docker_build.data.aws_arn.log_group_arn",
            "module.lambda_example_container-image.module.lambda_function_with_docker_build.data.aws_cloudwatch_log_group.lambda",
            "module.lambda_example_container-image.module.lambda_function_with_docker_build.data.aws_iam_policy_document.assume_role",
            "module.lambda_example_container-image.module.lambda_function_with_docker_build.data.aws_iam_policy_document.logs",
            "module.lambda_example_container-image.random_pet.this"
          ]
        }
      ]
    },
    {
      "module": "module.lambda_example_container-image.module.lambda_function_with_docker_build",
      "mode": "managed",
      "type": "aws_lambda_function",
      "name": "this",
      "provider": "module.lambda_example_container-image.provider[\"registry.terraform.io/hashicorp/aws\"]",
      "instances": [
        {
          "index_key": 0,
          "schema_version": 0,
          "attributes": {
            "architectures": [
              "arm64"
            ],
            "arn": "arn:aws:lambda:eu-west-1:470942945617:function:expert-iguana-lambda-with-docker-build",
            "code_sha256": "303c08225221c2f1e531325f6d55f88a41fb4371f61db1a21c934b3dc8c26450",
            "code_signing_config_arn": "",
            "dead_letter_config": [],
            "description": "My awesome lambda function with container image by modules/docker-build",
            "environment": [],
            "ephemeral_storage": [
              {
                "size": 512
              }
            ],
            "file_system_config": [],
            "filename": null,
            "function_name": "expert-iguana-lambda-with-docker-build",
            "handler": "",
            "id": "expert-iguana-lambda-with-docker-build",
            "image_config": [],
            "image_uri": "470942945617.dkr.ecr.eu-west-1.amazonaws.com/expert-iguana@sha256:303c08225221c2f1e531325f6d55f88a41fb4371f61db1a21c934b3dc8c26450",
            "invoke_arn": "arn:aws:apigateway:eu-west-1:lambda:path/2015-03-31/functions/arn:aws:lambda:eu-west-1:470942945617:function:expert-iguana-lambda-with-docker-build/invocations",
            "kms_key_arn": "",
            "last_modified": "2024-10-17T22:40:52.712+0000",
            "layers": null,
            "logging_config": [
              {
                "application_log_level": "",
                "log_format": "Text",
                "log_group": "/aws/lambda/expert-iguana-lambda-with-docker-build",
                "system_log_level": ""
              }
            ],
            "memory_size": 128,
            "package_type": "Image",
            "publish": false,
            "qualified_arn": "arn:aws:lambda:eu-west-1:470942945617:function:expert-iguana-lambda-with-docker-build:$LATEST",
            "qualified_invoke_arn": "arn:aws:apigateway:eu-west-1:lambda:path/2015-03-31/functions/arn:aws:lambda:eu-west-1:470942945617:function:expert-iguana-lambda-with-docker-build:$LATEST/invocations",
            "replace_security_groups_on_destroy": null,
            "replacement_security_group_ids": null,
            "reserved_concurrent_executions": -1,
            "role": "arn:aws:iam::470942945617:role/expert-iguana-lambda-with-docker-build",
            "runtime": "",
            "s3_bucket": null,
            "s3_key": null,
            "s3_object_version": null,
            "signing_job_arn": "",
            "signing_profile_version_arn": "",
            "skip_destroy": false,
            "snap_start": [],
            "source_code_hash": "",
            "source_code_size": 0,
            "tags": {
              "terraform-aws-modules": "lambda"
            },
            "tags_all": {
              "terraform-aws-modules": "lambda"
            },
            "timeout": 3,
            "timeouts": null,
            "tracing_config": [
              {
                "mode": "PassThrough"
              }
            ],
            "version": "$LATEST",
            "vpc_config": []
          },
          "sensitive_attributes": [],
          "private": "eyJlMmJmYjczMC1lY2FhLTExZTYtOGY4OC0zNDM2M2JjN2M0YzAiOnsiY3JlYXRlIjo2MDAwMDAwMDAwMDAsImRlbGV0ZSI6NjAwMDAwMDAwMDAwLCJ1cGRhdGUiOjYwMDAwMDAwMDAwMH19",
          "dependencies": [
            "module.lambda_example_container-image.data.aws_caller_identity.this",
            "module.lambda_example_container-image.data.aws_ecr_authorization_token.token",
            "module.lambda_example_container-image.data.aws_region.current",
            "module.lambda_example_container-image.module.docker_build.aws_ecr_repository.this",
            "module.lambda_example_container-image.module.docker_build.data.aws_caller_identity.this",
            "module.lambda_example_container-image.module.docker_build.data.aws_region.current",
            "module.lambda_example_container-image.module.docker_build.docker_image.this",
            "module.lambda_example_container-image.module.docker_build.docker_registry_image.this",
            "module.lambda_example_container-image.module.lambda_function_with_docker_build.aws_cloudwatch_log_group.lambda",
            "module.lambda_example_container-image.module.lambda_function_with_docker_build.aws_iam_policy.additional_inline",
            "module.lambda_example_container-image.module.lambda_function_with_docker_build.aws_iam_policy.additional_json",
            "module.lambda_example_container-image.module.lambda_function_with_docker_build.aws_iam_policy.additional_jsons",
            "module.lambda_example_container-image.module.lambda_function_with_docker_build.aws_iam_policy.async",
            "module.lambda_example_container-image.module.lambda_function_with_docker_build.aws_iam_policy.dead_letter",
            "module.lambda_example_container-image.module.lambda_function_with_docker_build.aws_iam_policy.logs",
            "module.lambda_example_container-image.module.lambda_function_with_docker_build.aws_iam_policy.tracing",
            "module.lambda_example_container-image.module.lambda_function_with_docker_build.aws_iam_policy.vpc",
            "module.lambda_example_container-image.module.lambda_function_with_docker_build.aws_iam_role.lambda",
            "module.lambda_example_container-image.module.lambda_function_with_docker_build.aws_iam_role_policy_attachment.additional_inline",
            "module.lambda_example_container-image.module.lambda_function_with_docker_build.aws_iam_role_policy_attachment.additional_json",
            "module.lambda_example_container-image.module.lambda_function_with_docker_build.aws_iam_role_policy_attachment.additional_jsons",
            "module.lambda_example_container-image.module.lambda_function_with_docker_build.aws_iam_role_policy_attachment.additional_many",
            "module.lambda_example_container-image.module.lambda_function_with_docker_build.aws_iam_role_policy_attachment.additional_one",
            "module.lambda_example_container-image.module.lambda_function_with_docker_build.aws_iam_role_policy_attachment.async",
            "module.lambda_example_container-image.module.lambda_function_with_docker_build.aws_iam_role_policy_attachment.dead_letter",
            "module.lambda_example_container-image.module.lambda_function_with_docker_build.aws_iam_role_policy_attachment.logs",
            "module.lambda_example_container-image.module.lambda_function_with_docker_build.aws_iam_role_policy_attachment.tracing",
            "module.lambda_example_container-image.module.lambda_function_with_docker_build.aws_iam_role_policy_attachment.vpc",
            "module.lambda_example_container-image.module.lambda_function_with_docker_build.aws_s3_object.lambda_package",
            "module.lambda_example_container-image.module.lambda_function_with_docker_build.data.aws_arn.log_group_arn",
            "module.lambda_example_container-image.module.lambda_function_with_docker_build.data.aws_cloudwatch_log_group.lambda",
            "module.lambda_example_container-image.module.lambda_function_with_docker_build.data.aws_iam_policy.tracing",
            "module.lambda_example_container-image.module.lambda_function_with_docker_build.data.aws_iam_policy.vpc",
            "module.lambda_example_container-image.module.lambda_function_with_docker_build.data.aws_iam_policy_document.additional_inline",
            "module.lambda_example_container-image.module.lambda_function_with_docker_build.data.aws_iam_policy_document.assume_role",
            "module.lambda_example_container-image.module.lambda_function_with_docker_build.data.aws_iam_policy_document.async",
            "module.lambda_example_container-image.module.lambda_function_with_docker_build.data.aws_iam_policy_document.dead_letter",
            "module.lambda_example_container-image.module.lambda_function_with_docker_build.data.aws_iam_policy_document.logs",
            "module.lambda_example_container-image.module.lambda_function_with_docker_build.data.aws_partition.current",
            "module.lambda_example_container-image.module.lambda_function_with_docker_build.data.external.archive_prepare",
            "module.lambda_example_container-image.module.lambda_function_with_docker_build.local_file.archive_plan",
            "module.lambda_example_container-image.module.lambda_function_with_docker_build.null_resource.archive",
            "module.lambda_example_container-image.random_pet.this"
          ]
        }
      ]
    },
    {
      "module": "module.lambda_example_container-image.module.lambda_function_with_docker_build_from_ecr",
      "mode": "data",
      "type": "aws_caller_identity",
      "name": "current",
      "provider": "module.lambda_example_container-image.provider[\"registry.terraform.io/hashicorp/aws\"]",
      "instances": [
        {
          "schema_version": 0,
          "attributes": {
            "account_id": "470942945617",
            "arn": "arn:aws:iam::470942945617:user/Terraform",
            "id": "470942945617",
            "user_id": "AIDAW3JTDCFIVADYJ2SCP"
          },
          "sensitive_attributes": []
        }
      ]
    },
    {
      "module": "module.lambda_example_container-image.module.lambda_function_with_docker_build_from_ecr",
      "mode": "data",
      "type": "aws_iam_policy_document",
      "name": "assume_role",
      "provider": "module.lambda_example_container-image.provider[\"registry.terraform.io/hashicorp/aws\"]",
      "instances": [
        {
          "index_key": 0,
          "schema_version": 0,
          "attributes": {
            "id": "2690255455",
            "json": "{\n  \"Version\": \"2012-10-17\",\n  \"Statement\": [\n    {\n      \"Effect\": \"Allow\",\n      \"Action\": \"sts:AssumeRole\",\n      \"Principal\": {\n        \"Service\": \"lambda.amazonaws.com\"\n      }\n    }\n  ]\n}",
            "minified_json": "{\"Version\":\"2012-10-17\",\"Statement\":[{\"Effect\":\"Allow\",\"Action\":\"sts:AssumeRole\",\"Principal\":{\"Service\":\"lambda.amazonaws.com\"}}]}",
            "override_json": null,
            "override_policy_documents": null,
            "policy_id": null,
            "source_json": null,
            "source_policy_documents": null,
            "statement": [
              {
                "actions": [
                  "sts:AssumeRole"
                ],
                "condition": [],
                "effect": "Allow",
                "not_actions": [],
                "not_principals": [],
                "not_resources": [],
                "principals": [
                  {
                    "identifiers": [
                      "lambda.amazonaws.com"
                    ],
                    "type": "Service"
                  }
                ],
                "resources": [],
                "sid": ""
              }
            ],
            "version": "2012-10-17"
          },
          "sensitive_attributes": []
        }
      ]
    },
    {
      "module": "module.lambda_example_container-image.module.lambda_function_with_docker_build_from_ecr",
      "mode": "data",
      "type": "aws_iam_policy_document",
      "name": "logs",
      "provider": "module.lambda_example_container-image.provider[\"registry.terraform.io/hashicorp/aws\"]",
      "instances": [
        {
          "index_key": 0,
          "schema_version": 0,
          "attributes": {
            "id": "4030626111",
            "json": "{\n  \"Version\": \"2012-10-17\",\n  \"Statement\": [\n    {\n      \"Effect\": \"Allow\",\n      \"Action\": [\n        \"logs:PutLogEvents\",\n        \"logs:CreateLogStream\",\n        \"logs:CreateLogGroup\"\n      ],\n      \"Resource\": [\n        \"arn:aws:logs:eu-west-1:470942945617:log-group:/aws/lambda/expert-iguana-lambda-with-docker-build-from-ecr:*:*\",\n        \"arn:aws:logs:eu-west-1:470942945617:log-group:/aws/lambda/expert-iguana-lambda-with-docker-build-from-ecr:*\"\n      ]\n    }\n  ]\n}",
            "minified_json": "{\"Version\":\"2012-10-17\",\"Statement\":[{\"Effect\":\"Allow\",\"Action\":[\"logs:PutLogEvents\",\"logs:CreateLogStream\",\"logs:CreateLogGroup\"],\"Resource\":[\"arn:aws:logs:eu-west-1:470942945617:log-group:/aws/lambda/expert-iguana-lambda-with-docker-build-from-ecr:*:*\",\"arn:aws:logs:eu-west-1:470942945617:log-group:/aws/lambda/expert-iguana-lambda-with-docker-build-from-ecr:*\"]}]}",
            "override_json": null,
            "override_policy_documents": null,
            "policy_id": null,
            "source_json": null,
            "source_policy_documents": null,
            "statement": [
              {
                "actions": [
                  "logs:CreateLogGroup",
                  "logs:CreateLogStream",
                  "logs:PutLogEvents"
                ],
                "condition": [],
                "effect": "Allow",
                "not_actions": [],
                "not_principals": [],
                "not_resources": [],
                "principals": [],
                "resources": [
                  "arn:aws:logs:eu-west-1:470942945617:log-group:/aws/lambda/expert-iguana-lambda-with-docker-build-from-ecr:*",
                  "arn:aws:logs:eu-west-1:470942945617:log-group:/aws/lambda/expert-iguana-lambda-with-docker-build-from-ecr:*:*"
                ],
                "sid": ""
              }
            ],
            "version": "2012-10-17"
          },
          "sensitive_attributes": []
        }
      ]
    },
    {
      "module": "module.lambda_example_container-image.module.lambda_function_with_docker_build_from_ecr",
      "mode": "data",
      "type": "aws_partition",
      "name": "current",
      "provider": "module.lambda_example_container-image.provider[\"registry.terraform.io/hashicorp/aws\"]",
      "instances": [
        {
          "schema_version": 0,
          "attributes": {
            "dns_suffix": "amazonaws.com",
            "id": "aws",
            "partition": "aws",
            "reverse_dns_prefix": "com.amazonaws"
          },
          "sensitive_attributes": []
        }
      ]
    },
    {
      "module": "module.lambda_example_container-image.module.lambda_function_with_docker_build_from_ecr",
      "mode": "data",
      "type": "aws_region",
      "name": "current",
      "provider": "module.lambda_example_container-image.provider[\"registry.terraform.io/hashicorp/aws\"]",
      "instances": [
        {
          "schema_version": 0,
          "attributes": {
            "description": "Europe (Ireland)",
            "endpoint": "ec2.eu-west-1.amazonaws.com",
            "id": "eu-west-1",
            "name": "eu-west-1"
          },
          "sensitive_attributes": []
        }
      ]
    },
    {
      "module": "module.lambda_example_container-image.module.lambda_function_with_docker_build_from_ecr",
      "mode": "managed",
      "type": "aws_cloudwatch_log_group",
      "name": "lambda",
      "provider": "module.lambda_example_container-image.provider[\"registry.terraform.io/hashicorp/aws\"]",
      "instances": [
        {
          "index_key": 0,
          "schema_version": 0,
          "attributes": {
            "arn": "arn:aws:logs:eu-west-1:470942945617:log-group:/aws/lambda/expert-iguana-lambda-with-docker-build-from-ecr",
            "id": "/aws/lambda/expert-iguana-lambda-with-docker-build-from-ecr",
            "kms_key_id": "",
            "log_group_class": "STANDARD",
            "name": "/aws/lambda/expert-iguana-lambda-with-docker-build-from-ecr",
            "name_prefix": "",
            "retention_in_days": 0,
            "skip_destroy": false,
            "tags": {},
            "tags_all": {}
          },
          "sensitive_attributes": [],
          "private": "bnVsbA==",
          "dependencies": [
            "module.lambda_example_container-image.random_pet.this"
          ],
          "create_before_destroy": true
        }
      ]
    },
    {
      "module": "module.lambda_example_container-image.module.lambda_function_with_docker_build_from_ecr",
      "mode": "managed",
      "type": "aws_iam_policy",
      "name": "logs",
      "provider": "module.lambda_example_container-image.provider[\"registry.terraform.io/hashicorp/aws\"]",
      "instances": [
        {
          "index_key": 0,
          "schema_version": 0,
          "attributes": {
            "arn": "arn:aws:iam::470942945617:policy/expert-iguana-lambda-with-docker-build-from-ecr-logs",
            "attachment_count": 0,
            "description": "",
            "id": "arn:aws:iam::470942945617:policy/expert-iguana-lambda-with-docker-build-from-ecr-logs",
            "name": "expert-iguana-lambda-with-docker-build-from-ecr-logs",
            "name_prefix": "",
            "path": "/",
            "policy": "{\"Statement\":[{\"Action\":[\"logs:PutLogEvents\",\"logs:CreateLogStream\",\"logs:CreateLogGroup\"],\"Effect\":\"Allow\",\"Resource\":[\"arn:aws:logs:eu-west-1:470942945617:log-group:/aws/lambda/expert-iguana-lambda-with-docker-build-from-ecr:*:*\",\"arn:aws:logs:eu-west-1:470942945617:log-group:/aws/lambda/expert-iguana-lambda-with-docker-build-from-ecr:*\"]}],\"Version\":\"2012-10-17\"}",
            "policy_id": "ANPAW3JTDCFIR3FL4W7IX",
            "tags": null,
            "tags_all": {}
          },
          "sensitive_attributes": [],
          "private": "bnVsbA==",
          "dependencies": [
            "module.lambda_example_container-image.module.lambda_function_with_docker_build_from_ecr.aws_cloudwatch_log_group.lambda",
            "module.lambda_example_container-image.module.lambda_function_with_docker_build_from_ecr.data.aws_arn.log_group_arn",
            "module.lambda_example_container-image.module.lambda_function_with_docker_build_from_ecr.data.aws_cloudwatch_log_group.lambda",
            "module.lambda_example_container-image.module.lambda_function_with_docker_build_from_ecr.data.aws_iam_policy_document.logs",
            "module.lambda_example_container-image.random_pet.this"
          ]
        }
      ]
    },
    {
      "module": "module.lambda_example_container-image.module.lambda_function_with_docker_build_from_ecr",
      "mode": "managed",
      "type": "aws_iam_role",
      "name": "lambda",
      "provider": "module.lambda_example_container-image.provider[\"registry.terraform.io/hashicorp/aws\"]",
      "instances": [
        {
          "index_key": 0,
          "schema_version": 0,
          "attributes": {
            "arn": "arn:aws:iam::470942945617:role/expert-iguana-lambda-with-docker-build-from-ecr",
            "assume_role_policy": "{\"Statement\":[{\"Action\":\"sts:AssumeRole\",\"Effect\":\"Allow\",\"Principal\":{\"Service\":\"lambda.amazonaws.com\"}}],\"Version\":\"2012-10-17\"}",
            "create_date": "2024-10-17T22:40:43Z",
            "description": "",
            "force_detach_policies": true,
            "id": "expert-iguana-lambda-with-docker-build-from-ecr",
            "inline_policy": [],
            "managed_policy_arns": [],
            "max_session_duration": 3600,
            "name": "expert-iguana-lambda-with-docker-build-from-ecr",
            "name_prefix": "",
            "path": "/",
            "permissions_boundary": "",
            "tags": null,
            "tags_all": {},
            "unique_id": "AROAW3JTDCFIRPSINTXUZ"
          },
          "sensitive_attributes": [],
          "private": "bnVsbA==",
          "dependencies": [
            "module.lambda_example_container-image.module.lambda_function_with_docker_build_from_ecr.data.aws_iam_policy_document.assume_role",
            "module.lambda_example_container-image.random_pet.this"
          ]
        }
      ]
    },
    {
      "module": "module.lambda_example_container-image.module.lambda_function_with_docker_build_from_ecr",
      "mode": "managed",
      "type": "aws_iam_role_policy_attachment",
      "name": "logs",
      "provider": "module.lambda_example_container-image.provider[\"registry.terraform.io/hashicorp/aws\"]",
      "instances": [
        {
          "index_key": 0,
          "schema_version": 0,
          "attributes": {
            "id": "expert-iguana-lambda-with-docker-build-from-ecr-20241017224044509700000001",
            "policy_arn": "arn:aws:iam::470942945617:policy/expert-iguana-lambda-with-docker-build-from-ecr-logs",
            "role": "expert-iguana-lambda-with-docker-build-from-ecr"
          },
          "sensitive_attributes": [],
          "private": "bnVsbA==",
          "dependencies": [
            "module.lambda_example_container-image.module.lambda_function_with_docker_build_from_ecr.aws_cloudwatch_log_group.lambda",
            "module.lambda_example_container-image.module.lambda_function_with_docker_build_from_ecr.aws_iam_policy.logs",
            "module.lambda_example_container-image.module.lambda_function_with_docker_build_from_ecr.aws_iam_role.lambda",
            "module.lambda_example_container-image.module.lambda_function_with_docker_build_from_ecr.data.aws_arn.log_group_arn",
            "module.lambda_example_container-image.module.lambda_function_with_docker_build_from_ecr.data.aws_cloudwatch_log_group.lambda",
            "module.lambda_example_container-image.module.lambda_function_with_docker_build_from_ecr.data.aws_iam_policy_document.assume_role",
            "module.lambda_example_container-image.module.lambda_function_with_docker_build_from_ecr.data.aws_iam_policy_document.logs",
            "module.lambda_example_container-image.random_pet.this"
          ]
        }
      ]
    },
    {
      "module": "module.lambda_example_container-image.module.lambda_function_with_docker_build_from_ecr",
      "mode": "managed",
      "type": "aws_lambda_function",
      "name": "this",
      "provider": "module.lambda_example_container-image.provider[\"registry.terraform.io/hashicorp/aws\"]",
      "instances": [
        {
          "index_key": 0,
          "schema_version": 0,
          "attributes": {
            "architectures": [
              "arm64"
            ],
            "arn": "arn:aws:lambda:eu-west-1:470942945617:function:expert-iguana-lambda-with-docker-build-from-ecr",
            "code_sha256": "303c08225221c2f1e531325f6d55f88a41fb4371f61db1a21c934b3dc8c26450",
            "code_signing_config_arn": "",
            "dead_letter_config": [],
            "description": "My awesome lambda function with container image by modules/docker-build and ECR repository created by terraform-aws-ecr module",
            "environment": [],
            "ephemeral_storage": [
              {
                "size": 512
              }
            ],
            "file_system_config": [],
            "filename": null,
            "function_name": "expert-iguana-lambda-with-docker-build-from-ecr",
            "handler": "",
            "id": "expert-iguana-lambda-with-docker-build-from-ecr",
            "image_config": [],
            "image_uri": "470942945617.dkr.ecr.eu-west-1.amazonaws.com/expert-iguana-ecr@sha256:303c08225221c2f1e531325f6d55f88a41fb4371f61db1a21c934b3dc8c26450",
            "invoke_arn": "arn:aws:apigateway:eu-west-1:lambda:path/2015-03-31/functions/arn:aws:lambda:eu-west-1:470942945617:function:expert-iguana-lambda-with-docker-build-from-ecr/invocations",
            "kms_key_arn": "",
            "last_modified": "2024-10-17T22:40:52.750+0000",
            "layers": null,
            "logging_config": [
              {
                "application_log_level": "",
                "log_format": "Text",
                "log_group": "/aws/lambda/expert-iguana-lambda-with-docker-build-from-ecr",
                "system_log_level": ""
              }
            ],
            "memory_size": 128,
            "package_type": "Image",
            "publish": false,
            "qualified_arn": "arn:aws:lambda:eu-west-1:470942945617:function:expert-iguana-lambda-with-docker-build-from-ecr:$LATEST",
            "qualified_invoke_arn": "arn:aws:apigateway:eu-west-1:lambda:path/2015-03-31/functions/arn:aws:lambda:eu-west-1:470942945617:function:expert-iguana-lambda-with-docker-build-from-ecr:$LATEST/invocations",
            "replace_security_groups_on_destroy": null,
            "replacement_security_group_ids": null,
            "reserved_concurrent_executions": -1,
            "role": "arn:aws:iam::470942945617:role/expert-iguana-lambda-with-docker-build-from-ecr",
            "runtime": "",
            "s3_bucket": null,
            "s3_key": null,
            "s3_object_version": null,
            "signing_job_arn": "",
            "signing_profile_version_arn": "",
            "skip_destroy": false,
            "snap_start": [],
            "source_code_hash": "",
            "source_code_size": 0,
            "tags": {
              "terraform-aws-modules": "lambda"
            },
            "tags_all": {
              "terraform-aws-modules": "lambda"
            },
            "timeout": 3,
            "timeouts": null,
            "tracing_config": [
              {
                "mode": "PassThrough"
              }
            ],
            "version": "$LATEST",
            "vpc_config": []
          },
          "sensitive_attributes": [],
          "private": "eyJlMmJmYjczMC1lY2FhLTExZTYtOGY4OC0zNDM2M2JjN2M0YzAiOnsiY3JlYXRlIjo2MDAwMDAwMDAwMDAsImRlbGV0ZSI6NjAwMDAwMDAwMDAwLCJ1cGRhdGUiOjYwMDAwMDAwMDAwMH19",
          "dependencies": [
            "module.lambda_example_container-image.data.aws_caller_identity.this",
            "module.lambda_example_container-image.data.aws_ecr_authorization_token.token",
            "module.lambda_example_container-image.data.aws_region.current",
            "module.lambda_example_container-image.module.docker_build_from_ecr.aws_ecr_repository.this",
            "module.lambda_example_container-image.module.docker_build_from_ecr.data.aws_caller_identity.this",
            "module.lambda_example_container-image.module.docker_build_from_ecr.data.aws_region.current",
            "module.lambda_example_container-image.module.docker_build_from_ecr.docker_image.this",
            "module.lambda_example_container-image.module.docker_build_from_ecr.docker_registry_image.this",
            "module.lambda_example_container-image.module.ecr.aws_ecr_repository.this",
            "module.lambda_example_container-image.module.ecr.aws_ecrpublic_repository.this",
            "module.lambda_example_container-image.module.lambda_function_with_docker_build_from_ecr.aws_cloudwatch_log_group.lambda",
            "module.lambda_example_container-image.module.lambda_function_with_docker_build_from_ecr.aws_iam_policy.additional_inline",
            "module.lambda_example_container-image.module.lambda_function_with_docker_build_from_ecr.aws_iam_policy.additional_json",
            "module.lambda_example_container-image.module.lambda_function_with_docker_build_from_ecr.aws_iam_policy.additional_jsons",
            "module.lambda_example_container-image.module.lambda_function_with_docker_build_from_ecr.aws_iam_policy.async",
            "module.lambda_example_container-image.module.lambda_function_with_docker_build_from_ecr.aws_iam_policy.dead_letter",
            "module.lambda_example_container-image.module.lambda_function_with_docker_build_from_ecr.aws_iam_policy.logs",
            "module.lambda_example_container-image.module.lambda_function_with_docker_build_from_ecr.aws_iam_policy.tracing",
            "module.lambda_example_container-image.module.lambda_function_with_docker_build_from_ecr.aws_iam_policy.vpc",
            "module.lambda_example_container-image.module.lambda_function_with_docker_build_from_ecr.aws_iam_role.lambda",
            "module.lambda_example_container-image.module.lambda_function_with_docker_build_from_ecr.aws_iam_role_policy_attachment.additional_inline",
            "module.lambda_example_container-image.module.lambda_function_with_docker_build_from_ecr.aws_iam_role_policy_attachment.additional_json",
            "module.lambda_example_container-image.module.lambda_function_with_docker_build_from_ecr.aws_iam_role_policy_attachment.additional_jsons",
            "module.lambda_example_container-image.module.lambda_function_with_docker_build_from_ecr.aws_iam_role_policy_attachment.additional_many",
            "module.lambda_example_container-image.module.lambda_function_with_docker_build_from_ecr.aws_iam_role_policy_attachment.additional_one",
            "module.lambda_example_container-image.module.lambda_function_with_docker_build_from_ecr.aws_iam_role_policy_attachment.async",
            "module.lambda_example_container-image.module.lambda_function_with_docker_build_from_ecr.aws_iam_role_policy_attachment.dead_letter",
            "module.lambda_example_container-image.module.lambda_function_with_docker_build_from_ecr.aws_iam_role_policy_attachment.logs",
            "module.lambda_example_container-image.module.lambda_function_with_docker_build_from_ecr.aws_iam_role_policy_attachment.tracing",
            "module.lambda_example_container-image.module.lambda_function_with_docker_build_from_ecr.aws_iam_role_policy_attachment.vpc",
            "module.lambda_example_container-image.module.lambda_function_with_docker_build_from_ecr.aws_s3_object.lambda_package",
            "module.lambda_example_container-image.module.lambda_function_with_docker_build_from_ecr.data.aws_arn.log_group_arn",
            "module.lambda_example_container-image.module.lambda_function_with_docker_build_from_ecr.data.aws_cloudwatch_log_group.lambda",
            "module.lambda_example_container-image.module.lambda_function_with_docker_build_from_ecr.data.aws_iam_policy.tracing",
            "module.lambda_example_container-image.module.lambda_function_with_docker_build_from_ecr.data.aws_iam_policy.vpc",
            "module.lambda_example_container-image.module.lambda_function_with_docker_build_from_ecr.data.aws_iam_policy_document.additional_inline",
            "module.lambda_example_container-image.module.lambda_function_with_docker_build_from_ecr.data.aws_iam_policy_document.assume_role",
            "module.lambda_example_container-image.module.lambda_function_with_docker_build_from_ecr.data.aws_iam_policy_document.async",
            "module.lambda_example_container-image.module.lambda_function_with_docker_build_from_ecr.data.aws_iam_policy_document.dead_letter",
            "module.lambda_example_container-image.module.lambda_function_with_docker_build_from_ecr.data.aws_iam_policy_document.logs",
            "module.lambda_example_container-image.module.lambda_function_with_docker_build_from_ecr.data.aws_partition.current",
            "module.lambda_example_container-image.module.lambda_function_with_docker_build_from_ecr.data.external.archive_prepare",
            "module.lambda_example_container-image.module.lambda_function_with_docker_build_from_ecr.local_file.archive_plan",
            "module.lambda_example_container-image.module.lambda_function_with_docker_build_from_ecr.null_resource.archive",
            "module.lambda_example_container-image.random_pet.this"
          ]
        }
      ]
    }
  ],
  "check_results": null
}
