{
  "version": 4,
  "terraform_version": "1.9.7",
  "serial": 8,
  "lineage": "e66b1fdd-e22f-d28d-9cbf-3ccaa23bafb2",
  "outputs": {},
  "resources": [
    {
      "module": "module.lambda_example_container-image",
      "mode": "data",
      "type": "aws_caller_identity",
      "name": "this",
      "provider": "module.lambda_example_container-image.provider[\"registry.terraform.io/hashicorp/aws\"]",
      "instances": [
        {
          "schema_version": 0,
          "attributes": {
            "account_id": "470942945617",
            "arn": "arn:aws:iam::470942945617:user/Terraform",
            "id": "470942945617",
            "user_id": "AIDAW3JTDCFIVADYJ2SCP"
          },
          "sensitive_attributes": []
        }
      ]
    },
    {
      "module": "module.lambda_example_container-image",
      "mode": "data",
      "type": "aws_ecr_authorization_token",
      "name": "token",
      "provider": "module.lambda_example_container-image.provider[\"registry.terraform.io/hashicorp/aws\"]",
      "instances": [
        {
          "schema_version": 0,
          "attributes": {
            "authorization_token": "QVdTOmV5SndZWGxzYjJGa0lqb2lUVkV4T1d0dFpHSm9PRUpUUzFZeVUyODJRekpuVDFOU1dXbGpWalZKYkd0WE5tcG1aRGRKU0cxRmFTODJVQzlUY0RoNGMyNHJlRVV6UWtwb2FERkJWbUZUWmpBeFNVVXZhbmw0ZUhWVGVITnViMlZ4YWxGcGFVZFZabWgxZERaM01ucFdTRkJxTTFwd2JFNXdPRmhOVTNVNFJtTnpVREZ3VEdGTWFuRlBkV3RUTlRKTldWVk5abHA2VWs5blNqQnJWWFI1ZDNBNU9XaFZTRGREVFdkaE9VdzRjVGRUUjNScWFtYzNZWFZMV0VKM1lqbHlhemRYT1VGM2NIZzJVVVZMUVdKdU9GQkZTR3hhY2l0VWNWcHVZMlF3Y1hoREwwMXpTV3hrYTNCdWNXaG1iVkZUT0c5VVUxVlhUbmx3TjIxSldqWnNkRFpNUmpOQlVuSTJaVWxNYkd4eFpGcHFWamd5T0dZNGRtMTVNUzlQVkhSQmRrSjNjMjVoY213NE1UWnFhRzV1WVhwaWMzTmFVWGt6WkdZeU9HbHBURm8zVEdOWmFHaGxWV2RITUZOd1NHWk1jWFJqUXk4eFdWTllRVnBuWVhabGMwTjJRMk0yYVdOSmIwcFRhRWsxVjNsUVlYaHFOVFpuVm5CdVEzZHhWWGQwV25oMlZXZHdaR05SUkdaWVNIRmFNblpVTjJGVldrbHZabTFITmxoT2QyRkdaMmR5ZFdKNE5XMU9hSE5qZUhsaWNYTlVObGw1VGpJelZGSkRXV1EwWkVGUlZraFJiWFkxTmxoTlRpczVaVEp4WjNadVdreERRV1ZXYTBGdWQwYzVjMVppU0V0WE1TODNTV0pNZFRGeGFISmpZelZRTkRadFIzSk1OSE5pUm5sUGFWRmpjVTkxZGsweldqaE9VbkpKZG1salRuVktkQzlvTjJWMWVIUkVSbTl3TVU1RlQzcGFLMGh0Y214VFkzTXlUalpOU21sdEx6Tm5jVzl0TTJreFpucExjbVV3VG1kYU1sTmhTSGRsUTNOc1pFa3pZVEl2VTJZM1pqWmtaVk5uYldWVWVreDZRMUZtWVZkbVZGSnVNSEprT1hoYVNqZExUVmx1T0hsd2FsVmtaVXMyWkVvd1ZVUlFNRzluZFN0cU9XdHJaRzFwWkVSb1IyWmhZMVZUZGs5VmEyTkRjMlZEZHl0cFUyTjJNWE5uYVdaUlZuWXpRV2xITHpWYVZrWnlhVWhtT1VRMlRHUmlUeXRwZDNGQlRpODJSM1pNVWpOMldrOVZaMjR2TkdnNVIzSmtkSFFyWWswcllsbGpSM2c1ZHpKNWVtUmlLMG96WldVeVlYQmtWSHBJWlZOaWFYTjVSSGROYjFGaU1tVjRZelExTkVremFFSm1SWE5TZEVsTEwyaEphV3BGWlVaNVNHTk5iR05UUzJwUU9ISjBWMEZvWjBzNFlUbFFhMWc0ZHpCNVpubDZhVzFoTUZCTmJUZENTMjl5ZVVwa1pXaG5SV3hCTlZCUVZYcE5VbVpWWkV4TksycG9WV1JtZEhFek9VWk9WblZJTVcwNFozSlRVRWRwVlZCV09XOTVkalZUYjJGUFZrdGhWMkZzVkdVMWRHTkhXSEY2T1hwa2MxVkVUakl5VEc5ek5WRllRM2xLVGpKclptRktObHAyVUVWb1VHaERTemhpWTNoVVQxVnNNVU4zTUVKQlEwTmpOVmQ1VDBoWldHZHllVlJtVjNka1drUkhSVm8xWTFCelZVSlNVemRSVERWSloybHZhRmhqYVRGV1dsRmljR2t5TTBRemRuUTRiRmM1V1hoc2JrZHdUbEJVVmpoS1IyVTJZaUlzSW1SaGRHRnJaWGtpT2lKQlVVVkNRVWhvSzJSVEswSnNUblV3VG5odVdIZHZkMkpKVEhNeE1UVjVhbVFyVEU1QldtaENURnB6ZFc1UGVHc3pRVUZCUVVnMGQyWkJXVXBMYjFwSmFIWmpUa0ZSWTBkdlJ6aDNZbEZKUWtGRVFtOUNaMnR4YUd0cFJ6bDNNRUpDZDBWM1NHZFpTbGxKV2tsQlYxVkVRa0ZGZFUxQ1JVVkVSVlY1VDNCWlNGUktjbmhpZEhFeFJtZEpRa1ZKUVRkREwyYzFNbTV1WjB0eWVFRlhiMGxhV0RaaE5FMHhlVFpyT1VKVVEyOXZSREE0VWxOQk9FSXpaVlkzYjNaeWVWSTBXbUZhV0Rsc2VtRTNZVFZFVjNoQ1VFSlhZVzA0T0hsb1QwTm9SVEpGUFNJc0luWmxjbk5wYjI0aU9pSXlJaXdpZEhsd1pTSTZJa1JCVkVGZlMwVlpJaXdpWlhod2FYSmhkR2x2YmlJNk1UY3lPVEkwTnpFM01YMD0=",
            "expires_at": "2024-10-18T10:26:11Z",
            "id": "eu-west-1",
            "password": "eyJwYXlsb2FkIjoiTVExOWttZGJoOEJTS1YyU282QzJnT1NSWWljVjVJbGtXNmpmZDdJSG1FaS82UC9TcDh4c24reEUzQkpoaDFBVmFTZjAxSUUvanl4eHVTeHNub2VxalFpaUdVZmh1dDZ3MnpWSFBqM1pwbE5wOFhNU3U4RmNzUDFwTGFManFPdWtTNTJNWVVNZlp6Uk9nSjBrVXR5d3A5OWhVSDdDTWdhOUw4cTdTR3Rqamc3YXVLWEJ3YjlyazdXOUF3cHg2UUVLQWJuOFBFSGxacitUcVpuY2QwcXhDL01zSWxka3BucWhmbVFTOG9UU1VXTnlwN21JWjZsdDZMRjNBUnI2ZUlMbGxxZFpqVjgyOGY4dm15MS9PVHRBdkJ3c25hcmw4MTZqaG5uYXpic3NaUXkzZGYyOGlpTFo3TGNZaGhlVWdHMFNwSGZMcXRjQy8xWVNYQVpnYXZlc0N2Q2M2aWNJb0pTaEk1V3lQYXhqNTZnVnBuQ3dxVXd0Wnh2VWdwZGNRRGZYSHFaMnZUN2FVWklvZm1HNlhOd2FGZ2dydWJ4NW1OaHNjeHlicXNUNll5TjIzVFJDWWQ0ZEFRVkhRbXY1NlhNTis5ZTJxZ3ZuWkxDQWVWa0Fud0c5c1ZiSEtXMS83SWJMdTFxaHJjYzVQNDZtR3JMNHNiRnlPaVFjcU91dk0zWjhOUnJJdmljTnVKdC9oN2V1eHRERm9wMU5FT3paK0htcmxTY3MyTjZNSmltLzNncW9tM2kxZnpLcmUwTmdaMlNhSHdlQ3NsZEkzYTIvU2Y3ZjZkZVNnbWVUekx6Q1FmYVdmVFJuMHJkOXhaSjdLTVluOHlwalVkZUs2ZEowVURQMG9ndStqOWtrZG1pZERoR2ZhY1VTdk9Va2NDc2VDdytpU2N2MXNnaWZRVnYzQWlHLzVaVkZyaUhmOUQ2TGRiTytpd3FBTi82R3ZMUjN2Wk9VZ24vNGg5R3JkdHQrYk0rYlljR3g5dzJ5emRiK0ozZWUyYXBkVHpIZVNiaXN5RHdNb1FiMmV4YzQ1NEkzaEJmRXNSdElLL2hJaWpFZUZ5SGNNbGNTS2pQOHJ0V0FoZ0s4YTlQa1g4dzB5Znl6aW1hMFBNbTdCS29yeUpkZWhnRWxBNVBQVXpNUmZVZExNK2poVWRmdHEzOUZOVnVIMW04Z3JTUEdpVVBWOW95djVTb2FPVkthV2FsVGU1dGNHWHF6OXpkc1VETjIyTG9zNVFYQ3lKTjJrZmFKNlp2UEVoUGhDSzhiY3hUT1VsMUN3MEJBQ0NjNVd5T0hZWGdyeVRmV3dkWkRHRVo1Y1BzVUJSUzdRTDVJZ2lvaFhjaTFWWlFicGkyM0QzdnQ4bFc5WXhsbkdwTlBUVjhKR2U2YiIsImRhdGFrZXkiOiJBUUVCQUhoK2RTK0JsTnUwTnhuWHdvd2JJTHMxMTV5amQrTE5BWmhCTFpzdW5PeGszQUFBQUg0d2ZBWUpLb1pJaHZjTkFRY0dvRzh3YlFJQkFEQm9CZ2txaGtpRzl3MEJCd0V3SGdZSllJWklBV1VEQkFFdU1CRUVERVV5T3BZSFRKcnhidHExRmdJQkVJQTdDL2c1Mm5uZ0tyeEFXb0laWDZhNE0xeTZrOUJUQ29vRDA4UlNBOEIzZVY3b3ZyeVI0WmFaWDlsemE3YTVEV3hCUEJXYW04OHloT0NoRTJFPSIsInZlcnNpb24iOiIyIiwidHlwZSI6IkRBVEFfS0VZIiwiZXhwaXJhdGlvbiI6MTcyOTI0NzE3MX0=",
            "proxy_endpoint": "https://470942945617.dkr.ecr.eu-west-1.amazonaws.com",
            "registry_id": null,
            "user_name": "AWS"
          },
          "sensitive_attributes": [
            [
              {
                "type": "get_attr",
                "value": "password"
              }
            ],
            [
              {
                "type": "get_attr",
                "value": "authorization_token"
              }
            ]
          ]
        }
      ]
    },
    {
      "module": "module.lambda_example_container-image",
      "mode": "data",
      "type": "aws_region",
      "name": "current",
      "provider": "module.lambda_example_container-image.provider[\"registry.terraform.io/hashicorp/aws\"]",
      "instances": [
        {
          "schema_version": 0,
          "attributes": {
            "description": "Europe (Ireland)",
            "endpoint": "ec2.eu-west-1.amazonaws.com",
            "id": "eu-west-1",
            "name": "eu-west-1"
          },
          "sensitive_attributes": []
        }
      ]
    },
    {
      "module": "module.lambda_example_container-image",
      "mode": "managed",
      "type": "random_pet",
      "name": "this",
      "provider": "provider[\"registry.terraform.io/hashicorp/random\"]",
      "instances": [
        {
          "schema_version": 0,
          "attributes": {
            "id": "expert-iguana",
            "keepers": null,
            "length": 2,
            "prefix": null,
            "separator": "-"
          },
          "sensitive_attributes": []
        }
      ]
    },
    {
      "module": "module.lambda_example_container-image.module.docker_build",
      "mode": "data",
      "type": "aws_caller_identity",
      "name": "this",
      "provider": "module.lambda_example_container-image.provider[\"registry.terraform.io/hashicorp/aws\"]",
      "instances": [
        {
          "schema_version": 0,
          "attributes": {
            "account_id": "470942945617",
            "arn": "arn:aws:iam::470942945617:user/Terraform",
            "id": "470942945617",
            "user_id": "AIDAW3JTDCFIVADYJ2SCP"
          },
          "sensitive_attributes": []
        }
      ]
    },
    {
      "module": "module.lambda_example_container-image.module.docker_build",
      "mode": "data",
      "type": "aws_region",
      "name": "current",
      "provider": "module.lambda_example_container-image.provider[\"registry.terraform.io/hashicorp/aws\"]",
      "instances": [
        {
          "schema_version": 0,
          "attributes": {
            "description": "Europe (Ireland)",
            "endpoint": "ec2.eu-west-1.amazonaws.com",
            "id": "eu-west-1",
            "name": "eu-west-1"
          },
          "sensitive_attributes": []
        }
      ]
    },
    {
      "module": "module.lambda_example_container-image.module.docker_build_from_ecr",
      "mode": "data",
      "type": "aws_caller_identity",
      "name": "this",
      "provider": "module.lambda_example_container-image.provider[\"registry.terraform.io/hashicorp/aws\"]",
      "instances": [
        {
          "schema_version": 0,
          "attributes": {
            "account_id": "470942945617",
            "arn": "arn:aws:iam::470942945617:user/Terraform",
            "id": "470942945617",
            "user_id": "AIDAW3JTDCFIVADYJ2SCP"
          },
          "sensitive_attributes": []
        }
      ]
    },
    {
      "module": "module.lambda_example_container-image.module.docker_build_from_ecr",
      "mode": "data",
      "type": "aws_region",
      "name": "current",
      "provider": "module.lambda_example_container-image.provider[\"registry.terraform.io/hashicorp/aws\"]",
      "instances": [
        {
          "schema_version": 0,
          "attributes": {
            "description": "Europe (Ireland)",
            "endpoint": "ec2.eu-west-1.amazonaws.com",
            "id": "eu-west-1",
            "name": "eu-west-1"
          },
          "sensitive_attributes": []
        }
      ]
    },
    {
      "module": "module.lambda_example_container-image.module.ecr",
      "mode": "data",
      "type": "aws_caller_identity",
      "name": "current",
      "provider": "module.lambda_example_container-image.provider[\"registry.terraform.io/hashicorp/aws\"]",
      "instances": [
        {
          "schema_version": 0,
          "attributes": {
            "account_id": "470942945617",
            "arn": "arn:aws:iam::470942945617:user/Terraform",
            "id": "470942945617",
            "user_id": "AIDAW3JTDCFIVADYJ2SCP"
          },
          "sensitive_attributes": []
        }
      ]
    },
    {
      "module": "module.lambda_example_container-image.module.ecr",
      "mode": "data",
      "type": "aws_partition",
      "name": "current",
      "provider": "module.lambda_example_container-image.provider[\"registry.terraform.io/hashicorp/aws\"]",
      "instances": [
        {
          "schema_version": 0,
          "attributes": {
            "dns_suffix": "amazonaws.com",
            "id": "aws",
            "partition": "aws",
            "reverse_dns_prefix": "com.amazonaws"
          },
          "sensitive_attributes": []
        }
      ]
    },
    {
      "module": "module.lambda_example_container-image.module.ecr",
      "mode": "managed",
      "type": "aws_ecrpublic_repository",
      "name": "this",
      "provider": "module.lambda_example_container-image.provider[\"registry.terraform.io/hashicorp/aws\"]",
      "instances": []
    },
    {
      "module": "module.lambda_example_container-image.module.lambda_function_with_docker_build",
      "mode": "data",
      "type": "aws_caller_identity",
      "name": "current",
      "provider": "module.lambda_example_container-image.provider[\"registry.terraform.io/hashicorp/aws\"]",
      "instances": [
        {
          "schema_version": 0,
          "attributes": {
            "account_id": "470942945617",
            "arn": "arn:aws:iam::470942945617:user/Terraform",
            "id": "470942945617",
            "user_id": "AIDAW3JTDCFIVADYJ2SCP"
          },
          "sensitive_attributes": []
        }
      ]
    },
    {
      "module": "module.lambda_example_container-image.module.lambda_function_with_docker_build",
      "mode": "data",
      "type": "aws_cloudwatch_log_group",
      "name": "lambda",
      "provider": "module.lambda_example_container-image.provider[\"registry.terraform.io/hashicorp/aws\"]",
      "instances": []
    },
    {
      "module": "module.lambda_example_container-image.module.lambda_function_with_docker_build",
      "mode": "data",
      "type": "aws_iam_policy",
      "name": "tracing",
      "provider": "module.lambda_example_container-image.provider[\"registry.terraform.io/hashicorp/aws\"]",
      "instances": []
    },
    {
      "module": "module.lambda_example_container-image.module.lambda_function_with_docker_build",
      "mode": "data",
      "type": "aws_iam_policy",
      "name": "vpc",
      "provider": "module.lambda_example_container-image.provider[\"registry.terraform.io/hashicorp/aws\"]",
      "instances": []
    },
    {
      "module": "module.lambda_example_container-image.module.lambda_function_with_docker_build",
      "mode": "data",
      "type": "aws_iam_policy_document",
      "name": "additional_inline",
      "provider": "module.lambda_example_container-image.provider[\"registry.terraform.io/hashicorp/aws\"]",
      "instances": []
    },
    {
      "module": "module.lambda_example_container-image.module.lambda_function_with_docker_build",
      "mode": "data",
      "type": "aws_iam_policy_document",
      "name": "assume_role",
      "provider": "module.lambda_example_container-image.provider[\"registry.terraform.io/hashicorp/aws\"]",
      "instances": [
        {
          "index_key": 0,
          "schema_version": 0,
          "attributes": {
            "id": "2690255455",
            "json": "{\n  \"Version\": \"2012-10-17\",\n  \"Statement\": [\n    {\n      \"Effect\": \"Allow\",\n      \"Action\": \"sts:AssumeRole\",\n      \"Principal\": {\n        \"Service\": \"lambda.amazonaws.com\"\n      }\n    }\n  ]\n}",
            "minified_json": "{\"Version\":\"2012-10-17\",\"Statement\":[{\"Effect\":\"Allow\",\"Action\":\"sts:AssumeRole\",\"Principal\":{\"Service\":\"lambda.amazonaws.com\"}}]}",
            "override_json": null,
            "override_policy_documents": null,
            "policy_id": null,
            "source_json": null,
            "source_policy_documents": null,
            "statement": [
              {
                "actions": [
                  "sts:AssumeRole"
                ],
                "condition": [],
                "effect": "Allow",
                "not_actions": [],
                "not_principals": [],
                "not_resources": [],
                "principals": [
                  {
                    "identifiers": [
                      "lambda.amazonaws.com"
                    ],
                    "type": "Service"
                  }
                ],
                "resources": [],
                "sid": ""
              }
            ],
            "version": "2012-10-17"
          },
          "sensitive_attributes": []
        }
      ]
    },
    {
      "module": "module.lambda_example_container-image.module.lambda_function_with_docker_build",
      "mode": "data",
      "type": "aws_iam_policy_document",
      "name": "async",
      "provider": "module.lambda_example_container-image.provider[\"registry.terraform.io/hashicorp/aws\"]",
      "instances": []
    },
    {
      "module": "module.lambda_example_container-image.module.lambda_function_with_docker_build",
      "mode": "data",
      "type": "aws_iam_policy_document",
      "name": "dead_letter",
      "provider": "module.lambda_example_container-image.provider[\"registry.terraform.io/hashicorp/aws\"]",
      "instances": []
    },
    {
      "module": "module.lambda_example_container-image.module.lambda_function_with_docker_build",
      "mode": "data",
      "type": "aws_partition",
      "name": "current",
      "provider": "module.lambda_example_container-image.provider[\"registry.terraform.io/hashicorp/aws\"]",
      "instances": [
        {
          "schema_version": 0,
          "attributes": {
            "dns_suffix": "amazonaws.com",
            "id": "aws",
            "partition": "aws",
            "reverse_dns_prefix": "com.amazonaws"
          },
          "sensitive_attributes": []
        }
      ]
    },
    {
      "module": "module.lambda_example_container-image.module.lambda_function_with_docker_build",
      "mode": "data",
      "type": "aws_region",
      "name": "current",
      "provider": "module.lambda_example_container-image.provider[\"registry.terraform.io/hashicorp/aws\"]",
      "instances": [
        {
          "schema_version": 0,
          "attributes": {
            "description": "Europe (Ireland)",
            "endpoint": "ec2.eu-west-1.amazonaws.com",
            "id": "eu-west-1",
            "name": "eu-west-1"
          },
          "sensitive_attributes": []
        }
      ]
    },
    {
      "module": "module.lambda_example_container-image.module.lambda_function_with_docker_build",
      "mode": "data",
      "type": "external",
      "name": "archive_prepare",
      "provider": "provider[\"registry.terraform.io/hashicorp/external\"]",
      "instances": []
    },
    {
      "module": "module.lambda_example_container-image.module.lambda_function_with_docker_build",
      "mode": "managed",
      "type": "aws_iam_policy",
      "name": "additional_inline",
      "provider": "module.lambda_example_container-image.provider[\"registry.terraform.io/hashicorp/aws\"]",
      "instances": []
    },
    {
      "module": "module.lambda_example_container-image.module.lambda_function_with_docker_build",
      "mode": "managed",
      "type": "aws_iam_policy",
      "name": "additional_json",
      "provider": "module.lambda_example_container-image.provider[\"registry.terraform.io/hashicorp/aws\"]",
      "instances": []
    },
    {
      "module": "module.lambda_example_container-image.module.lambda_function_with_docker_build",
      "mode": "managed",
      "type": "aws_iam_policy",
      "name": "additional_jsons",
      "provider": "module.lambda_example_container-image.provider[\"registry.terraform.io/hashicorp/aws\"]",
      "instances": []
    },
    {
      "module": "module.lambda_example_container-image.module.lambda_function_with_docker_build",
      "mode": "managed",
      "type": "aws_iam_policy",
      "name": "async",
      "provider": "module.lambda_example_container-image.provider[\"registry.terraform.io/hashicorp/aws\"]",
      "instances": []
    },
    {
      "module": "module.lambda_example_container-image.module.lambda_function_with_docker_build",
      "mode": "managed",
      "type": "aws_iam_policy",
      "name": "dead_letter",
      "provider": "module.lambda_example_container-image.provider[\"registry.terraform.io/hashicorp/aws\"]",
      "instances": []
    },
    {
      "module": "module.lambda_example_container-image.module.lambda_function_with_docker_build",
      "mode": "managed",
      "type": "aws_iam_policy",
      "name": "tracing",
      "provider": "module.lambda_example_container-image.provider[\"registry.terraform.io/hashicorp/aws\"]",
      "instances": []
    },
    {
      "module": "module.lambda_example_container-image.module.lambda_function_with_docker_build",
      "mode": "managed",
      "type": "aws_iam_policy",
      "name": "vpc",
      "provider": "module.lambda_example_container-image.provider[\"registry.terraform.io/hashicorp/aws\"]",
      "instances": []
    },
    {
      "module": "module.lambda_example_container-image.module.lambda_function_with_docker_build",
      "mode": "managed",
      "type": "aws_s3_object",
      "name": "lambda_package",
      "provider": "module.lambda_example_container-image.provider[\"registry.terraform.io/hashicorp/aws\"]",
      "instances": []
    },
    {
      "module": "module.lambda_example_container-image.module.lambda_function_with_docker_build",
      "mode": "managed",
      "type": "local_file",
      "name": "archive_plan",
      "provider": "provider[\"registry.terraform.io/hashicorp/local\"]",
      "instances": []
    },
    {
      "module": "module.lambda_example_container-image.module.lambda_function_with_docker_build",
      "mode": "managed",
      "type": "null_resource",
      "name": "archive",
      "provider": "provider[\"registry.terraform.io/hashicorp/null\"]",
      "instances": []
    },
    {
      "module": "module.lambda_example_container-image.module.lambda_function_with_docker_build_from_ecr",
      "mode": "data",
      "type": "aws_caller_identity",
      "name": "current",
      "provider": "module.lambda_example_container-image.provider[\"registry.terraform.io/hashicorp/aws\"]",
      "instances": [
        {
          "schema_version": 0,
          "attributes": {
            "account_id": "470942945617",
            "arn": "arn:aws:iam::470942945617:user/Terraform",
            "id": "470942945617",
            "user_id": "AIDAW3JTDCFIVADYJ2SCP"
          },
          "sensitive_attributes": []
        }
      ]
    },
    {
      "module": "module.lambda_example_container-image.module.lambda_function_with_docker_build_from_ecr",
      "mode": "data",
      "type": "aws_cloudwatch_log_group",
      "name": "lambda",
      "provider": "module.lambda_example_container-image.provider[\"registry.terraform.io/hashicorp/aws\"]",
      "instances": []
    },
    {
      "module": "module.lambda_example_container-image.module.lambda_function_with_docker_build_from_ecr",
      "mode": "data",
      "type": "aws_iam_policy",
      "name": "tracing",
      "provider": "module.lambda_example_container-image.provider[\"registry.terraform.io/hashicorp/aws\"]",
      "instances": []
    },
    {
      "module": "module.lambda_example_container-image.module.lambda_function_with_docker_build_from_ecr",
      "mode": "data",
      "type": "aws_iam_policy",
      "name": "vpc",
      "provider": "module.lambda_example_container-image.provider[\"registry.terraform.io/hashicorp/aws\"]",
      "instances": []
    },
    {
      "module": "module.lambda_example_container-image.module.lambda_function_with_docker_build_from_ecr",
      "mode": "data",
      "type": "aws_iam_policy_document",
      "name": "additional_inline",
      "provider": "module.lambda_example_container-image.provider[\"registry.terraform.io/hashicorp/aws\"]",
      "instances": []
    },
    {
      "module": "module.lambda_example_container-image.module.lambda_function_with_docker_build_from_ecr",
      "mode": "data",
      "type": "aws_iam_policy_document",
      "name": "assume_role",
      "provider": "module.lambda_example_container-image.provider[\"registry.terraform.io/hashicorp/aws\"]",
      "instances": [
        {
          "index_key": 0,
          "schema_version": 0,
          "attributes": {
            "id": "2690255455",
            "json": "{\n  \"Version\": \"2012-10-17\",\n  \"Statement\": [\n    {\n      \"Effect\": \"Allow\",\n      \"Action\": \"sts:AssumeRole\",\n      \"Principal\": {\n        \"Service\": \"lambda.amazonaws.com\"\n      }\n    }\n  ]\n}",
            "minified_json": "{\"Version\":\"2012-10-17\",\"Statement\":[{\"Effect\":\"Allow\",\"Action\":\"sts:AssumeRole\",\"Principal\":{\"Service\":\"lambda.amazonaws.com\"}}]}",
            "override_json": null,
            "override_policy_documents": null,
            "policy_id": null,
            "source_json": null,
            "source_policy_documents": null,
            "statement": [
              {
                "actions": [
                  "sts:AssumeRole"
                ],
                "condition": [],
                "effect": "Allow",
                "not_actions": [],
                "not_principals": [],
                "not_resources": [],
                "principals": [
                  {
                    "identifiers": [
                      "lambda.amazonaws.com"
                    ],
                    "type": "Service"
                  }
                ],
                "resources": [],
                "sid": ""
              }
            ],
            "version": "2012-10-17"
          },
          "sensitive_attributes": []
        }
      ]
    },
    {
      "module": "module.lambda_example_container-image.module.lambda_function_with_docker_build_from_ecr",
      "mode": "data",
      "type": "aws_iam_policy_document",
      "name": "async",
      "provider": "module.lambda_example_container-image.provider[\"registry.terraform.io/hashicorp/aws\"]",
      "instances": []
    },
    {
      "module": "module.lambda_example_container-image.module.lambda_function_with_docker_build_from_ecr",
      "mode": "data",
      "type": "aws_iam_policy_document",
      "name": "dead_letter",
      "provider": "module.lambda_example_container-image.provider[\"registry.terraform.io/hashicorp/aws\"]",
      "instances": []
    },
    {
      "module": "module.lambda_example_container-image.module.lambda_function_with_docker_build_from_ecr",
      "mode": "data",
      "type": "aws_partition",
      "name": "current",
      "provider": "module.lambda_example_container-image.provider[\"registry.terraform.io/hashicorp/aws\"]",
      "instances": [
        {
          "schema_version": 0,
          "attributes": {
            "dns_suffix": "amazonaws.com",
            "id": "aws",
            "partition": "aws",
            "reverse_dns_prefix": "com.amazonaws"
          },
          "sensitive_attributes": []
        }
      ]
    },
    {
      "module": "module.lambda_example_container-image.module.lambda_function_with_docker_build_from_ecr",
      "mode": "data",
      "type": "aws_region",
      "name": "current",
      "provider": "module.lambda_example_container-image.provider[\"registry.terraform.io/hashicorp/aws\"]",
      "instances": [
        {
          "schema_version": 0,
          "attributes": {
            "description": "Europe (Ireland)",
            "endpoint": "ec2.eu-west-1.amazonaws.com",
            "id": "eu-west-1",
            "name": "eu-west-1"
          },
          "sensitive_attributes": []
        }
      ]
    },
    {
      "module": "module.lambda_example_container-image.module.lambda_function_with_docker_build_from_ecr",
      "mode": "data",
      "type": "external",
      "name": "archive_prepare",
      "provider": "provider[\"registry.terraform.io/hashicorp/external\"]",
      "instances": []
    },
    {
      "module": "module.lambda_example_container-image.module.lambda_function_with_docker_build_from_ecr",
      "mode": "managed",
      "type": "aws_iam_policy",
      "name": "additional_inline",
      "provider": "module.lambda_example_container-image.provider[\"registry.terraform.io/hashicorp/aws\"]",
      "instances": []
    },
    {
      "module": "module.lambda_example_container-image.module.lambda_function_with_docker_build_from_ecr",
      "mode": "managed",
      "type": "aws_iam_policy",
      "name": "additional_json",
      "provider": "module.lambda_example_container-image.provider[\"registry.terraform.io/hashicorp/aws\"]",
      "instances": []
    },
    {
      "module": "module.lambda_example_container-image.module.lambda_function_with_docker_build_from_ecr",
      "mode": "managed",
      "type": "aws_iam_policy",
      "name": "additional_jsons",
      "provider": "module.lambda_example_container-image.provider[\"registry.terraform.io/hashicorp/aws\"]",
      "instances": []
    },
    {
      "module": "module.lambda_example_container-image.module.lambda_function_with_docker_build_from_ecr",
      "mode": "managed",
      "type": "aws_iam_policy",
      "name": "async",
      "provider": "module.lambda_example_container-image.provider[\"registry.terraform.io/hashicorp/aws\"]",
      "instances": []
    },
    {
      "module": "module.lambda_example_container-image.module.lambda_function_with_docker_build_from_ecr",
      "mode": "managed",
      "type": "aws_iam_policy",
      "name": "dead_letter",
      "provider": "module.lambda_example_container-image.provider[\"registry.terraform.io/hashicorp/aws\"]",
      "instances": []
    },
    {
      "module": "module.lambda_example_container-image.module.lambda_function_with_docker_build_from_ecr",
      "mode": "managed",
      "type": "aws_iam_policy",
      "name": "tracing",
      "provider": "module.lambda_example_container-image.provider[\"registry.terraform.io/hashicorp/aws\"]",
      "instances": []
    },
    {
      "module": "module.lambda_example_container-image.module.lambda_function_with_docker_build_from_ecr",
      "mode": "managed",
      "type": "aws_iam_policy",
      "name": "vpc",
      "provider": "module.lambda_example_container-image.provider[\"registry.terraform.io/hashicorp/aws\"]",
      "instances": []
    },
    {
      "module": "module.lambda_example_container-image.module.lambda_function_with_docker_build_from_ecr",
      "mode": "managed",
      "type": "aws_s3_object",
      "name": "lambda_package",
      "provider": "module.lambda_example_container-image.provider[\"registry.terraform.io/hashicorp/aws\"]",
      "instances": []
    },
    {
      "module": "module.lambda_example_container-image.module.lambda_function_with_docker_build_from_ecr",
      "mode": "managed",
      "type": "local_file",
      "name": "archive_plan",
      "provider": "provider[\"registry.terraform.io/hashicorp/local\"]",
      "instances": []
    },
    {
      "module": "module.lambda_example_container-image.module.lambda_function_with_docker_build_from_ecr",
      "mode": "managed",
      "type": "null_resource",
      "name": "archive",
      "provider": "provider[\"registry.terraform.io/hashicorp/null\"]",
      "instances": []
    }
  ],
  "check_results": null
}
