{
  "version": 4,
  "terraform_version": "1.9.7",
  "serial": 63,
  "lineage": "e66b1fdd-e22f-d28d-9cbf-3ccaa23bafb2",
  "outputs": {},
  "resources": [
    {
      "mode": "managed",
      "type": "aws_api_gateway_deployment",
      "name": "example",
      "provider": "provider[\"registry.terraform.io/hashicorp/aws\"]",
      "instances": [
        {
          "schema_version": 0,
          "attributes": {
            "canary_settings": [],
            "created_date": "2024-10-17T22:50:58Z",
            "description": "",
            "execution_arn": "arn:aws:execute-api:eu-central-1:470942945617:10ibs4ace3/",
            "id": "8unbw1",
            "invoke_url": "https://10ibs4ace3.execute-api.eu-central-1.amazonaws.com/",
            "rest_api_id": "10ibs4ace3",
            "stage_description": null,
            "stage_name": null,
            "triggers": {
              "redeployment": "749a3e4632ae859ac3de1fd58a1b0c737f283105"
            },
            "variables": null
          },
          "sensitive_attributes": [],
          "private": "bnVsbA==",
          "dependencies": [
            "aws_api_gateway_integration.example",
            "aws_api_gateway_method.example",
            "aws_api_gateway_resource.example",
            "aws_api_gateway_rest_api.example"
          ],
          "create_before_destroy": true
        }
      ]
    },
    {
      "mode": "managed",
      "type": "aws_api_gateway_integration",
      "name": "example",
      "provider": "provider[\"registry.terraform.io/hashicorp/aws\"]",
      "instances": [
        {
          "schema_version": 0,
          "attributes": {
            "cache_key_parameters": null,
            "cache_namespace": "3la1fb",
            "connection_id": "",
            "connection_type": "INTERNET",
            "content_handling": "",
            "credentials": "",
            "http_method": "GET",
            "id": "agi-10ibs4ace3-3la1fb-GET",
            "integration_http_method": "",
            "passthrough_behavior": "WHEN_NO_MATCH",
            "request_parameters": null,
            "request_templates": null,
            "resource_id": "3la1fb",
            "rest_api_id": "10ibs4ace3",
            "timeout_milliseconds": 29000,
            "tls_config": [],
            "type": "MOCK",
            "uri": ""
          },
          "sensitive_attributes": [],
          "private": "bnVsbA==",
          "dependencies": [
            "aws_api_gateway_method.example",
            "aws_api_gateway_resource.example",
            "aws_api_gateway_rest_api.example"
          ],
          "create_before_destroy": true
        }
      ]
    },
    {
      "mode": "managed",
      "type": "aws_api_gateway_method",
      "name": "example",
      "provider": "provider[\"registry.terraform.io/hashicorp/aws\"]",
      "instances": [
        {
          "schema_version": 0,
          "attributes": {
            "api_key_required": false,
            "authorization": "NONE",
            "authorization_scopes": null,
            "authorizer_id": null,
            "http_method": "GET",
            "id": "agm-10ibs4ace3-3la1fb-GET",
            "operation_name": null,
            "request_models": null,
            "request_parameters": null,
            "request_validator_id": null,
            "resource_id": "3la1fb",
            "rest_api_id": "10ibs4ace3"
          },
          "sensitive_attributes": [],
          "private": "bnVsbA==",
          "dependencies": [
            "aws_api_gateway_resource.example",
            "aws_api_gateway_rest_api.example"
          ],
          "create_before_destroy": true
        }
      ]
    },
    {
      "mode": "managed",
      "type": "aws_api_gateway_resource",
      "name": "example",
      "provider": "provider[\"registry.terraform.io/hashicorp/aws\"]",
      "instances": [
        {
          "schema_version": 0,
          "attributes": {
            "id": "3la1fb",
            "parent_id": "yj7gw5q5r7",
            "path": "/example",
            "path_part": "example",
            "rest_api_id": "10ibs4ace3"
          },
          "sensitive_attributes": [],
          "private": "bnVsbA==",
          "dependencies": [
            "aws_api_gateway_rest_api.example"
          ],
          "create_before_destroy": true
        }
      ]
    },
    {
      "mode": "managed",
      "type": "aws_api_gateway_rest_api",
      "name": "example",
      "provider": "provider[\"registry.terraform.io/hashicorp/aws\"]",
      "instances": [
        {
          "schema_version": 0,
          "attributes": {
            "api_key_source": "HEADER",
            "arn": "arn:aws:apigateway:eu-central-1::/restapis/10ibs4ace3",
            "binary_media_types": [],
            "body": null,
            "created_date": "2024-10-17T22:50:57Z",
            "description": "",
            "disable_execute_api_endpoint": false,
            "endpoint_configuration": [
              {
                "types": [
                  "EDGE"
                ],
                "vpc_endpoint_ids": []
              }
            ],
            "execution_arn": "arn:aws:execute-api:eu-central-1:470942945617:10ibs4ace3",
            "fail_on_warnings": null,
            "id": "10ibs4ace3",
            "minimum_compression_size": "",
            "name": "example",
            "parameters": null,
            "policy": "",
            "put_rest_api_mode": null,
            "root_resource_id": "yj7gw5q5r7",
            "tags": null,
            "tags_all": {}
          },
          "sensitive_attributes": [],
          "private": "bnVsbA==",
          "create_before_destroy": true
        }
      ]
    },
    {
      "mode": "managed",
      "type": "aws_api_gateway_stage",
      "name": "example",
      "provider": "provider[\"registry.terraform.io/hashicorp/aws\"]",
      "instances": [
        {
          "schema_version": 0,
          "attributes": {
            "access_log_settings": [],
            "arn": "arn:aws:apigateway:eu-central-1::/restapis/10ibs4ace3/stages/example",
            "cache_cluster_enabled": false,
            "cache_cluster_size": "",
            "canary_settings": [],
            "client_certificate_id": "",
            "deployment_id": "8unbw1",
            "description": "",
            "documentation_version": "",
            "execution_arn": "arn:aws:execute-api:eu-central-1:470942945617:10ibs4ace3/example",
            "id": "ags-10ibs4ace3-example",
            "invoke_url": "https://10ibs4ace3.execute-api.eu-central-1.amazonaws.com/example",
            "rest_api_id": "10ibs4ace3",
            "stage_name": "example",
            "tags": null,
            "tags_all": {},
            "variables": null,
            "web_acl_arn": "",
            "xray_tracing_enabled": false
          },
          "sensitive_attributes": [],
          "private": "bnVsbA==",
          "dependencies": [
            "aws_api_gateway_deployment.example",
            "aws_api_gateway_integration.example",
            "aws_api_gateway_method.example",
            "aws_api_gateway_resource.example",
            "aws_api_gateway_rest_api.example"
          ]
        }
      ]
    },
    {
      "module": "module.lambda_example_container-image",
      "mode": "data",
      "type": "aws_caller_identity",
      "name": "this",
      "provider": "module.lambda_example_container-image.provider[\"registry.terraform.io/hashicorp/aws\"]",
      "instances": [
        {
          "schema_version": 0,
          "attributes": {
            "account_id": "470942945617",
            "arn": "arn:aws:iam::470942945617:user/Terraform",
            "id": "470942945617",
            "user_id": "AIDAW3JTDCFIVADYJ2SCP"
          },
          "sensitive_attributes": []
        }
      ]
    },
    {
      "module": "module.lambda_example_container-image",
      "mode": "data",
      "type": "aws_ecr_authorization_token",
      "name": "token",
      "provider": "module.lambda_example_container-image.provider[\"registry.terraform.io/hashicorp/aws\"]",
      "instances": [
        {
          "schema_version": 0,
          "attributes": {
            "authorization_token": "QVdTOmV5SndZWGxzYjJGa0lqb2ljMkZTTUdSTVoxbG9iR296TUVoeFQxZGxjVVZtWlRGVloxaE9VRXQyV0RFek4yZFJZMUl2V2pOdWJrMVFVRzh2Y2xadGFYTk5PWFEyUjIwNWJXSlRNWEprY0dkVU9XTmtiVlF2WmtsVFQzUjFkVVJPYkVOMVJsaGhaa1p6TkhabU1XczFXR3BxYWpkVlVrWk5hWEF3SzNsU1dWQm5TRWRpYmtKaEsybHBlbmxXVHl0WVNHTklRa2wyTjJ0cFpUWnFia2c1WTBoRkx6SXJLMGxHWkhsVkwycG9OV0ZDVjJWTFdrOUJkaXR5T1dzNFVGaGtVbnBYYlU5UWFUVnVhR05yUzBWMVNVdHFUSGwzTTNOb2FrOWxVazA1YURGUlVVWnJia05tUkd0VFUzUkhObkJWSzNkWVpERmFaQzlQUzJrMWRsVjVXRmgzU1dOU00wRkdaM2hVVjNCR1NtZzFVR3MzVlV3cmFWTkVXa1J3U0Rsa1UyZHJWbFlyVlZreVdYcFJPR3MxVUhwSFVYZENXRmsyUVZoV2FqRTRlVlpTZFRNNE5VdFNTakZhUkVWcFVraDFUMVpRU0ZNcmNUbFVRbmMyYnpKV2RHbERNVGhFVW5CT1RtaG9SRFo1YlRNNWJtMVdWbGxJVWtkSFZFUlJlbXhFVm1vNVdISXdibE52UzFCSVVVMWpiM1V4U0d0eGVFUkZWbXBRYTBwNlkySjFTeTgzWWpCTFpIWk5UamRRZW5aU1pISlJSazF1TkdWeFVucDVhMGR4WlZKS2JVaHJVV3BpVGxCR1dHSnliM0V6UTNJMmRrTmhiMVZ0ZDBaNWFqbDRSV041TjBGRmMwaElVMEl2UmpCS04xRXZRbVZpVURBNU4xVmtUazgxVmxOYWVrWXJSWHBuUXpVMFl6UnVhMlZXUVVSWGJsaExTVXgyVTNNd1QzY3pSVGx2YUVodE0yeHNWVTgwWTI5dmJub3dTVmhJVGxVck5WcFZlV3d6T1UxVlYxWTJaMnRFVldobE5XdHhXWGhNUjI5dmIxQjFjSE5rTkRneFNIZHpPRk5vUlU1NFFrdHlaa1ZxT1ROT1kwbGhjRU5yYWtKclpVOTBMM0YyTVZWa1YyaG9jR3RqVWxReFRVdEZTbGw2TUM5SlV6aE5LMDV1TUZSMUx6TTNUbkZZWWtScFJVWjVPVUZ3UTFCRVlVOU5XRkpvUTFaV01ubE1lWEZwUkZSU2RscElUMDAzV2tkU05YZHJXRTluT1N0VVYzSTNWVkpOZEc0MVptZFRTbWRCUzNvdmFGTXdZbmxZVW5rclpUbElWa3NyWlZwelppOWtOMFZ3WjNwMWVEQllTak00U2xaaVZXTXpTM051VDBGaVNUZ3JNSFpqUWtGQ1RuaDBSblJZV1dSMVdXVmlhR1pFUjA5S01EaDJXVVIzUVdVd2NURnZabkIyZVZwbFVqTmtOR3h1TDB0NFpEVlRUbWxET0VGT2RsRnFhbVZSZVRWblRtOWxhRU5OUVVsWmFFdFZTR0Z6TW1ZeGFsTmhWRFYzUldScFVIZE5NbVJUWms1R1VWazNNVTE0TlZwaEx6SlBVRUp2ZVdFNVRFMDBNM0JpVkVkcFlVUnROR2hHVlU1VVZFTkNiV05xTW5sYVJuTTFPR0pLY0Vkb1RVOUZla1puWXpnelJuSnNjakpvVVdoTFprdFFaREpOWm05NU1WUXljMmR0U205TWFVUlpVQzkwVTJWeFFqTnRlUzlPY1VWS1dFaHpSMGNyVlZCUFEzbDFNMFYyTjBoclduUkVSRkJyZG1OWE1uQjNPRGMzY2pBeVZIbFpaaXRyYUdsMVRTdFVUQ0lzSW1SaGRHRnJaWGtpT2lKQlVVVkNRVWhvSzJSVEswSnNUblV3VG5odVdIZHZkMkpKVEhNeE1UVjVhbVFyVEU1QldtaENURnB6ZFc1UGVHc3pRVUZCUVVnMGQyWkJXVXBMYjFwSmFIWmpUa0ZSWTBkdlJ6aDNZbEZKUWtGRVFtOUNaMnR4YUd0cFJ6bDNNRUpDZDBWM1NHZFpTbGxKV2tsQlYxVkVRa0ZGZFUxQ1JVVkVTMHBUU1RSS1NXOWpiWGhIUjNaV1ZXZEpRa1ZKUVRjdmVFWlJTV0ZCUm14b1JWSm1SbG8wUWxWRVpEaGxTM0ZNT1ZNMlRFc3djVkp1TTFkcmRFVmpSMXB5TUVaRFNIQTJiVlJLYjJGdVdtTjZTSEJJZVVkb1JYbDNUMU5ZYWxkMldEVlNUVzkzUFNJc0luWmxjbk5wYjI0aU9pSXlJaXdpZEhsd1pTSTZJa1JCVkVGZlMwVlpJaXdpWlhod2FYSmhkR2x2YmlJNk1UY3lPVEkwT0RZMU0zMD0=",
            "expires_at": "2024-10-18T10:50:53Z",
            "id": "eu-west-1",
            "password": "eyJwYXlsb2FkIjoic2FSMGRMZ1lobGozMEhxT1dlcUVmZTFVZ1hOUEt2WDEzN2dRY1IvWjNubk1QUG8vclZtaXNNOXQ2R205bWJTMXJkcGdUOWNkbVQvZklTT3R1dURObEN1RlhhZkZzNHZmMWs1WGpqajdVUkZNaXAwK3lSWVBnSEdibkJhK2lpenlWTytYSGNIQkl2N2tpZTZqbkg5Y0hFLzIrK0lGZHlVL2poNWFCV2VLWk9BdityOWs4UFhkUnpXbU9QaTVuaGNrS0V1SUtqTHl3M3Noak9lUk05aDFRUUZrbkNmRGtTU3RHNnBVK3dYZDFaZC9PS2k1dlV5WFh3SWNSM0FGZ3hUV3BGSmg1UGs3VUwraVNEWkRwSDlkU2drVlYrVVkyWXpROGs1UHpHUXdCWFk2QVhWajE4eVZSdTM4NUtSSjFaREVpUkh1T1ZQSFMrcTlUQnc2bzJWdGlDMThEUnBOTmhoRDZ5bTM5bm1WVllIUkdHVERRemxEVmo5WHIwblNvS1BIUU1jb3UxSGtxeERFVmpQa0p6Y2J1Sy83YjBLZHZNTjdQenZSZHJRRk1uNGVxUnp5a0dxZVJKbUhrUWpiTlBGWGJyb3EzQ3I2dkNhb1Vtd0Z5ajl4RWN5N0FFc0hIU0IvRjBKN1EvQmViUDA5N1VkTk81VlNaekYrRXpnQzU0YzRua2VWQURXblhLSUx2U3MwT3czRTlvaEhtM2xsVU80Y29vbnowSVhITlUrNVpVeWwzOU1VV1Y2Z2tEVWhlNWtxWXhMR29vb1B1cHNkNDgxSHdzOFNoRU54QktyZkVqOTNOY0lhcENrakJrZU90L3F2MVVkV2hocGtjUlQxTUtFSll6MC9JUzhNK05uMFR1LzM3TnFYYkRpRUZ5OUFwQ1BEYU9NWFJoQ1ZWMnlMeXFpRFRSdlpIT003WkdSNXdrWE9nOStUV3I3VVJNdG41ZmdTSmdBS3ovaFMwYnlYUnkrZTlIVksrZVpzZi9kN0VwZ3p1eDBYSjM4SlZiVWMzS3NuT0FiSTgrMHZjQkFCTnh0RnRYWWR1WWViaGZER09KMDh2WUR3QWUwcTFvZnB2eVplUjNkNGxuL0t4ZDVTTmlDOEFOdlFqamVReTVnTm9laENNQUlZaEtVSGFzMmYxalNhVDV3RWRpUHdNMmRTZk5GUVk3MU14NVphLzJPUEJveWE5TE00M3BiVEdpYURtNGhGVU5UVENCbWNqMnlaRnM1OGJKcEdoTU9FekZnYzgzRnJscjJoUWhLZktQZDJNZm95MVQyc2dtSm9MaURZUC90U2VxQjNteS9OcUVKWEhzR0crVVBPQ3l1M0V2N0hrWnRERFBrdmNXMnB3ODc3cjAyVHlZZitraGl1TStUTCIsImRhdGFrZXkiOiJBUUVCQUhoK2RTK0JsTnUwTnhuWHdvd2JJTHMxMTV5amQrTE5BWmhCTFpzdW5PeGszQUFBQUg0d2ZBWUpLb1pJaHZjTkFRY0dvRzh3YlFJQkFEQm9CZ2txaGtpRzl3MEJCd0V3SGdZSllJWklBV1VEQkFFdU1CRUVES0pTSTRKSW9jbXhHR3ZWVWdJQkVJQTcveEZRSWFBRmxoRVJmRlo0QlVEZDhlS3FMOVM2TEswcVJuM1drdEVjR1pyMEZDSHA2bVRKb2FuWmN6SHBIeUdoRXl3T1NYald2WDVSTW93PSIsInZlcnNpb24iOiIyIiwidHlwZSI6IkRBVEFfS0VZIiwiZXhwaXJhdGlvbiI6MTcyOTI0ODY1M30=",
            "proxy_endpoint": "https://470942945617.dkr.ecr.eu-west-1.amazonaws.com",
            "registry_id": null,
            "user_name": "AWS"
          },
          "sensitive_attributes": [
            [
              {
                "type": "get_attr",
                "value": "authorization_token"
              }
            ],
            [
              {
                "type": "get_attr",
                "value": "password"
              }
            ]
          ]
        }
      ]
    },
    {
      "module": "module.lambda_example_container-image",
      "mode": "data",
      "type": "aws_region",
      "name": "current",
      "provider": "module.lambda_example_container-image.provider[\"registry.terraform.io/hashicorp/aws\"]",
      "instances": [
        {
          "schema_version": 0,
          "attributes": {
            "description": "Europe (Ireland)",
            "endpoint": "ec2.eu-west-1.amazonaws.com",
            "id": "eu-west-1",
            "name": "eu-west-1"
          },
          "sensitive_attributes": []
        }
      ]
    },
    {
      "module": "module.lambda_example_container-image",
      "mode": "managed",
      "type": "random_pet",
      "name": "this",
      "provider": "provider[\"registry.terraform.io/hashicorp/random\"]",
      "instances": [
        {
          "schema_version": 0,
          "attributes": {
            "id": "expert-iguana",
            "keepers": null,
            "length": 2,
            "prefix": null,
            "separator": "-"
          },
          "sensitive_attributes": [],
          "create_before_destroy": true
        }
      ]
    },
    {
      "module": "module.lambda_example_container-image.module.docker_build",
      "mode": "data",
      "type": "aws_caller_identity",
      "name": "this",
      "provider": "module.lambda_example_container-image.provider[\"registry.terraform.io/hashicorp/aws\"]",
      "instances": [
        {
          "schema_version": 0,
          "attributes": {
            "account_id": "470942945617",
            "arn": "arn:aws:iam::470942945617:user/Terraform",
            "id": "470942945617",
            "user_id": "AIDAW3JTDCFIVADYJ2SCP"
          },
          "sensitive_attributes": []
        }
      ]
    },
    {
      "module": "module.lambda_example_container-image.module.docker_build",
      "mode": "data",
      "type": "aws_region",
      "name": "current",
      "provider": "module.lambda_example_container-image.provider[\"registry.terraform.io/hashicorp/aws\"]",
      "instances": [
        {
          "schema_version": 0,
          "attributes": {
            "description": "Europe (Ireland)",
            "endpoint": "ec2.eu-west-1.amazonaws.com",
            "id": "eu-west-1",
            "name": "eu-west-1"
          },
          "sensitive_attributes": []
        }
      ]
    },
    {
      "module": "module.lambda_example_container-image.module.docker_build",
      "mode": "managed",
      "type": "aws_ecr_lifecycle_policy",
      "name": "this",
      "provider": "module.lambda_example_container-image.provider[\"registry.terraform.io/hashicorp/aws\"]",
      "instances": [
        {
          "index_key": 0,
          "schema_version": 0,
          "attributes": {
            "id": "expert-iguana",
            "policy": "{\"rules\":[{\"action\":{\"type\":\"expire\"},\"description\":\"Keep only the last 2 images\",\"rulePriority\":1,\"selection\":{\"countNumber\":2,\"countType\":\"imageCountMoreThan\",\"tagStatus\":\"any\"}}]}",
            "registry_id": "470942945617",
            "repository": "expert-iguana"
          },
          "sensitive_attributes": [],
          "private": "bnVsbA==",
          "dependencies": [
            "module.lambda_example_container-image.module.docker_build.aws_ecr_repository.this",
            "module.lambda_example_container-image.random_pet.this"
          ]
        }
      ]
    },
    {
      "module": "module.lambda_example_container-image.module.docker_build",
      "mode": "managed",
      "type": "aws_ecr_repository",
      "name": "this",
      "provider": "module.lambda_example_container-image.provider[\"registry.terraform.io/hashicorp/aws\"]",
      "instances": [
        {
          "index_key": 0,
          "schema_version": 0,
          "attributes": {
            "arn": "arn:aws:ecr:eu-west-1:470942945617:repository/expert-iguana",
            "encryption_configuration": [
              {
                "encryption_type": "AES256",
                "kms_key": ""
              }
            ],
            "force_delete": true,
            "id": "expert-iguana",
            "image_scanning_configuration": [
              {
                "scan_on_push": false
              }
            ],
            "image_tag_mutability": "MUTABLE",
            "name": "expert-iguana",
            "registry_id": "470942945617",
            "repository_url": "470942945617.dkr.ecr.eu-west-1.amazonaws.com/expert-iguana",
            "tags": {},
            "tags_all": {},
            "timeouts": null
          },
          "sensitive_attributes": [],
          "private": "eyJlMmJmYjczMC1lY2FhLTExZTYtOGY4OC0zNDM2M2JjN2M0YzAiOnsiZGVsZXRlIjoxMjAwMDAwMDAwMDAwfX0=",
          "dependencies": [
            "module.lambda_example_container-image.random_pet.this"
          ],
          "create_before_destroy": true
        }
      ]
    },
    {
      "module": "module.lambda_example_container-image.module.docker_build",
      "mode": "managed",
      "type": "docker_image",
      "name": "this",
      "provider": "module.lambda_example_container-image.provider[\"registry.terraform.io/kreuzwerker/docker\"]",
      "instances": [
        {
          "schema_version": 0,
          "attributes": {
            "build": [
              {
                "auth_config": [],
                "build_arg": {},
                "build_args": {
                  "FOO": "bar"
                },
                "build_id": "",
                "cache_from": [],
                "cgroup_parent": "",
                "context": "context",
                "cpu_period": 0,
                "cpu_quota": 0,
                "cpu_set_cpus": "",
                "cpu_set_mems": "",
                "cpu_shares": 0,
                "dockerfile": "Dockerfile",
                "extra_hosts": [],
                "force_remove": false,
                "isolation": "",
                "label": {},
                "labels": {},
                "memory": 0,
                "memory_swap": 0,
                "network_mode": "",
                "no_cache": false,
                "platform": "linux/amd64",
                "pull_parent": false,
                "remote_context": "",
                "remove": true,
                "security_opt": [],
                "session_id": "",
                "shm_size": 0,
                "squash": false,
                "suppress_output": false,
                "tag": [],
                "target": "",
                "ulimit": [],
                "version": ""
              }
            ],
            "force_remove": false,
            "id": "sha256:52e5c3c9110827ad2c3c4219ea86d916b464d41bbd4d6d1e1cf532afef64b824470942945617.dkr.ecr.eu-west-1.amazonaws.com/expert-iguana",
            "image_id": "sha256:52e5c3c9110827ad2c3c4219ea86d916b464d41bbd4d6d1e1cf532afef64b824",
            "keep_locally": false,
            "name": "470942945617.dkr.ecr.eu-west-1.amazonaws.com/expert-iguana",
            "platform": null,
            "pull_triggers": null,
            "repo_digest": "470942945617.dkr.ecr.eu-west-1.amazonaws.com/expert-iguana-ecr@sha256:303c08225221c2f1e531325f6d55f88a41fb4371f61db1a21c934b3dc8c26450",
            "triggers": {
              "dir_sha": "da39a3ee5e6b4b0d3255bfef95601890afd80709"
            }
          },
          "sensitive_attributes": [],
          "private": "bnVsbA==",
          "dependencies": [
            "module.lambda_example_container-image.data.aws_caller_identity.this",
            "module.lambda_example_container-image.data.aws_ecr_authorization_token.token",
            "module.lambda_example_container-image.data.aws_region.current",
            "module.lambda_example_container-image.module.docker_build.aws_ecr_repository.this",
            "module.lambda_example_container-image.module.docker_build.data.aws_caller_identity.this",
            "module.lambda_example_container-image.module.docker_build.data.aws_region.current",
            "module.lambda_example_container-image.random_pet.this"
          ],
          "create_before_destroy": true
        }
      ]
    },
    {
      "module": "module.lambda_example_container-image.module.docker_build",
      "mode": "managed",
      "type": "docker_registry_image",
      "name": "this",
      "provider": "module.lambda_example_container-image.provider[\"registry.terraform.io/kreuzwerker/docker\"]",
      "instances": [
        {
          "schema_version": 0,
          "attributes": {
            "id": "sha256:303c08225221c2f1e531325f6d55f88a41fb4371f61db1a21c934b3dc8c26450",
            "insecure_skip_verify": false,
            "keep_remotely": false,
            "name": "470942945617.dkr.ecr.eu-west-1.amazonaws.com/expert-iguana",
            "sha256_digest": "sha256:303c08225221c2f1e531325f6d55f88a41fb4371f61db1a21c934b3dc8c26450",
            "triggers": {
              "dir_sha": "da39a3ee5e6b4b0d3255bfef95601890afd80709"
            }
          },
          "sensitive_attributes": [],
          "private": "bnVsbA==",
          "dependencies": [
            "module.lambda_example_container-image.data.aws_caller_identity.this",
            "module.lambda_example_container-image.data.aws_ecr_authorization_token.token",
            "module.lambda_example_container-image.data.aws_region.current",
            "module.lambda_example_container-image.module.docker_build.aws_ecr_repository.this",
            "module.lambda_example_container-image.module.docker_build.data.aws_caller_identity.this",
            "module.lambda_example_container-image.module.docker_build.data.aws_region.current",
            "module.lambda_example_container-image.module.docker_build.docker_image.this",
            "module.lambda_example_container-image.random_pet.this"
          ],
          "create_before_destroy": true
        }
      ]
    },
    {
      "module": "module.lambda_example_container-image.module.docker_build_from_ecr",
      "mode": "data",
      "type": "aws_caller_identity",
      "name": "this",
      "provider": "module.lambda_example_container-image.provider[\"registry.terraform.io/hashicorp/aws\"]",
      "instances": [
        {
          "schema_version": 0,
          "attributes": {
            "account_id": "470942945617",
            "arn": "arn:aws:iam::470942945617:user/Terraform",
            "id": "470942945617",
            "user_id": "AIDAW3JTDCFIVADYJ2SCP"
          },
          "sensitive_attributes": []
        }
      ]
    },
    {
      "module": "module.lambda_example_container-image.module.docker_build_from_ecr",
      "mode": "data",
      "type": "aws_region",
      "name": "current",
      "provider": "module.lambda_example_container-image.provider[\"registry.terraform.io/hashicorp/aws\"]",
      "instances": [
        {
          "schema_version": 0,
          "attributes": {
            "description": "Europe (Ireland)",
            "endpoint": "ec2.eu-west-1.amazonaws.com",
            "id": "eu-west-1",
            "name": "eu-west-1"
          },
          "sensitive_attributes": []
        }
      ]
    },
    {
      "module": "module.lambda_example_container-image.module.docker_build_from_ecr",
      "mode": "managed",
      "type": "docker_image",
      "name": "this",
      "provider": "module.lambda_example_container-image.provider[\"registry.terraform.io/kreuzwerker/docker\"]",
      "instances": [
        {
          "schema_version": 0,
          "attributes": {
            "build": [
              {
                "auth_config": [],
                "build_arg": {},
                "build_args": {
                  "FOO": "bar"
                },
                "build_id": "",
                "cache_from": [],
                "cgroup_parent": "",
                "context": "context",
                "cpu_period": 0,
                "cpu_quota": 0,
                "cpu_set_cpus": "",
                "cpu_set_mems": "",
                "cpu_shares": 0,
                "dockerfile": "Dockerfile",
                "extra_hosts": [],
                "force_remove": false,
                "isolation": "",
                "label": {},
                "labels": {},
                "memory": 0,
                "memory_swap": 0,
                "network_mode": "",
                "no_cache": false,
                "platform": "linux/amd64",
                "pull_parent": false,
                "remote_context": "",
                "remove": true,
                "security_opt": [],
                "session_id": "",
                "shm_size": 0,
                "squash": false,
                "suppress_output": false,
                "tag": [],
                "target": "",
                "ulimit": [],
                "version": ""
              }
            ],
            "force_remove": false,
            "id": "sha256:52e5c3c9110827ad2c3c4219ea86d916b464d41bbd4d6d1e1cf532afef64b824470942945617.dkr.ecr.eu-west-1.amazonaws.com/expert-iguana-ecr",
            "image_id": "sha256:52e5c3c9110827ad2c3c4219ea86d916b464d41bbd4d6d1e1cf532afef64b824",
            "keep_locally": false,
            "name": "470942945617.dkr.ecr.eu-west-1.amazonaws.com/expert-iguana-ecr",
            "platform": null,
            "pull_triggers": null,
            "repo_digest": "470942945617.dkr.ecr.eu-west-1.amazonaws.com/expert-iguana-ecr@sha256:303c08225221c2f1e531325f6d55f88a41fb4371f61db1a21c934b3dc8c26450",
            "triggers": {
              "dir_sha": "da39a3ee5e6b4b0d3255bfef95601890afd80709"
            }
          },
          "sensitive_attributes": [],
          "private": "bnVsbA==",
          "dependencies": [
            "module.lambda_example_container-image.data.aws_caller_identity.this",
            "module.lambda_example_container-image.data.aws_ecr_authorization_token.token",
            "module.lambda_example_container-image.data.aws_region.current",
            "module.lambda_example_container-image.module.docker_build_from_ecr.aws_ecr_repository.this",
            "module.lambda_example_container-image.module.docker_build_from_ecr.data.aws_caller_identity.this",
            "module.lambda_example_container-image.module.docker_build_from_ecr.data.aws_region.current",
            "module.lambda_example_container-image.module.ecr.aws_ecr_repository.this",
            "module.lambda_example_container-image.module.ecr.aws_ecrpublic_repository.this",
            "module.lambda_example_container-image.random_pet.this"
          ],
          "create_before_destroy": true
        }
      ]
    },
    {
      "module": "module.lambda_example_container-image.module.docker_build_from_ecr",
      "mode": "managed",
      "type": "docker_registry_image",
      "name": "this",
      "provider": "module.lambda_example_container-image.provider[\"registry.terraform.io/kreuzwerker/docker\"]",
      "instances": [
        {
          "schema_version": 0,
          "attributes": {
            "id": "sha256:303c08225221c2f1e531325f6d55f88a41fb4371f61db1a21c934b3dc8c26450",
            "insecure_skip_verify": false,
            "keep_remotely": false,
            "name": "470942945617.dkr.ecr.eu-west-1.amazonaws.com/expert-iguana-ecr",
            "sha256_digest": "sha256:303c08225221c2f1e531325f6d55f88a41fb4371f61db1a21c934b3dc8c26450",
            "triggers": {
              "dir_sha": "da39a3ee5e6b4b0d3255bfef95601890afd80709"
            }
          },
          "sensitive_attributes": [],
          "private": "bnVsbA==",
          "dependencies": [
            "module.lambda_example_container-image.data.aws_caller_identity.this",
            "module.lambda_example_container-image.data.aws_ecr_authorization_token.token",
            "module.lambda_example_container-image.data.aws_region.current",
            "module.lambda_example_container-image.module.docker_build_from_ecr.aws_ecr_repository.this",
            "module.lambda_example_container-image.module.docker_build_from_ecr.data.aws_caller_identity.this",
            "module.lambda_example_container-image.module.docker_build_from_ecr.data.aws_region.current",
            "module.lambda_example_container-image.module.docker_build_from_ecr.docker_image.this",
            "module.lambda_example_container-image.module.ecr.aws_ecr_repository.this",
            "module.lambda_example_container-image.module.ecr.aws_ecrpublic_repository.this",
            "module.lambda_example_container-image.random_pet.this"
          ],
          "create_before_destroy": true
        }
      ]
    },
    {
      "module": "module.lambda_example_container-image.module.ecr",
      "mode": "data",
      "type": "aws_caller_identity",
      "name": "current",
      "provider": "module.lambda_example_container-image.provider[\"registry.terraform.io/hashicorp/aws\"]",
      "instances": [
        {
          "schema_version": 0,
          "attributes": {
            "account_id": "470942945617",
            "arn": "arn:aws:iam::470942945617:user/Terraform",
            "id": "470942945617",
            "user_id": "AIDAW3JTDCFIVADYJ2SCP"
          },
          "sensitive_attributes": []
        }
      ]
    },
    {
      "module": "module.lambda_example_container-image.module.ecr",
      "mode": "data",
      "type": "aws_iam_policy_document",
      "name": "repository",
      "provider": "module.lambda_example_container-image.provider[\"registry.terraform.io/hashicorp/aws\"]",
      "instances": [
        {
          "index_key": 0,
          "schema_version": 0,
          "attributes": {
            "id": "909065731",
            "json": "{\n  \"Version\": \"2012-10-17\",\n  \"Statement\": [\n    {\n      \"Sid\": \"PrivateReadOnly\",\n      \"Effect\": \"Allow\",\n      \"Action\": [\n        \"ecr:ListTagsForResource\",\n        \"ecr:ListImages\",\n        \"ecr:GetRepositoryPolicy\",\n        \"ecr:GetLifecyclePolicyPreview\",\n        \"ecr:GetLifecyclePolicy\",\n        \"ecr:GetDownloadUrlForLayer\",\n        \"ecr:GetAuthorizationToken\",\n        \"ecr:DescribeRepositories\",\n        \"ecr:DescribeImages\",\n        \"ecr:DescribeImageScanFindings\",\n        \"ecr:BatchGetImage\",\n        \"ecr:BatchCheckLayerAvailability\"\n      ],\n      \"Principal\": {\n        \"AWS\": \"arn:aws:iam::470942945617:root\"\n      }\n    },\n    {\n      \"Sid\": \"PrivateLambdaReadOnly\",\n      \"Effect\": \"Allow\",\n      \"Action\": [\n        \"ecr:GetDownloadUrlForLayer\",\n        \"ecr:BatchGetImage\"\n      ],\n      \"Principal\": {\n        \"Service\": \"lambda.amazonaws.com\"\n      },\n      \"Condition\": {\n        \"StringLike\": {\n          \"aws:sourceArn\": \"arn:aws:lambda:eu-west-1:470942945617:function:expert-iguana-lambda-with-docker-build-from-ecr\"\n        }\n      }\n    }\n  ]\n}",
            "minified_json": "{\"Version\":\"2012-10-17\",\"Statement\":[{\"Sid\":\"PrivateReadOnly\",\"Effect\":\"Allow\",\"Action\":[\"ecr:ListTagsForResource\",\"ecr:ListImages\",\"ecr:GetRepositoryPolicy\",\"ecr:GetLifecyclePolicyPreview\",\"ecr:GetLifecyclePolicy\",\"ecr:GetDownloadUrlForLayer\",\"ecr:GetAuthorizationToken\",\"ecr:DescribeRepositories\",\"ecr:DescribeImages\",\"ecr:DescribeImageScanFindings\",\"ecr:BatchGetImage\",\"ecr:BatchCheckLayerAvailability\"],\"Principal\":{\"AWS\":\"arn:aws:iam::470942945617:root\"}},{\"Sid\":\"PrivateLambdaReadOnly\",\"Effect\":\"Allow\",\"Action\":[\"ecr:GetDownloadUrlForLayer\",\"ecr:BatchGetImage\"],\"Principal\":{\"Service\":\"lambda.amazonaws.com\"},\"Condition\":{\"StringLike\":{\"aws:sourceArn\":\"arn:aws:lambda:eu-west-1:470942945617:function:expert-iguana-lambda-with-docker-build-from-ecr\"}}}]}",
            "override_json": null,
            "override_policy_documents": null,
            "policy_id": null,
            "source_json": null,
            "source_policy_documents": null,
            "statement": [
              {
                "actions": [
                  "ecr:BatchCheckLayerAvailability",
                  "ecr:BatchGetImage",
                  "ecr:DescribeImageScanFindings",
                  "ecr:DescribeImages",
                  "ecr:DescribeRepositories",
                  "ecr:GetAuthorizationToken",
                  "ecr:GetDownloadUrlForLayer",
                  "ecr:GetLifecyclePolicy",
                  "ecr:GetLifecyclePolicyPreview",
                  "ecr:GetRepositoryPolicy",
                  "ecr:ListImages",
                  "ecr:ListTagsForResource"
                ],
                "condition": [],
                "effect": "Allow",
                "not_actions": [],
                "not_principals": [],
                "not_resources": [],
                "principals": [
                  {
                    "identifiers": [
                      "arn:aws:iam::470942945617:root"
                    ],
                    "type": "AWS"
                  }
                ],
                "resources": [],
                "sid": "PrivateReadOnly"
              },
              {
                "actions": [
                  "ecr:BatchGetImage",
                  "ecr:GetDownloadUrlForLayer"
                ],
                "condition": [
                  {
                    "test": "StringLike",
                    "values": [
                      "arn:aws:lambda:eu-west-1:470942945617:function:expert-iguana-lambda-with-docker-build-from-ecr"
                    ],
                    "variable": "aws:sourceArn"
                  }
                ],
                "effect": "Allow",
                "not_actions": [],
                "not_principals": [],
                "not_resources": [],
                "principals": [
                  {
                    "identifiers": [
                      "lambda.amazonaws.com"
                    ],
                    "type": "Service"
                  }
                ],
                "resources": [],
                "sid": "PrivateLambdaReadOnly"
              }
            ],
            "version": "2012-10-17"
          },
          "sensitive_attributes": []
        }
      ]
    },
    {
      "module": "module.lambda_example_container-image.module.ecr",
      "mode": "data",
      "type": "aws_partition",
      "name": "current",
      "provider": "module.lambda_example_container-image.provider[\"registry.terraform.io/hashicorp/aws\"]",
      "instances": [
        {
          "schema_version": 0,
          "attributes": {
            "dns_suffix": "amazonaws.com",
            "id": "aws",
            "partition": "aws",
            "reverse_dns_prefix": "com.amazonaws"
          },
          "sensitive_attributes": []
        }
      ]
    },
    {
      "module": "module.lambda_example_container-image.module.ecr",
      "mode": "managed",
      "type": "aws_ecr_repository",
      "name": "this",
      "provider": "module.lambda_example_container-image.provider[\"registry.terraform.io/hashicorp/aws\"]",
      "instances": [
        {
          "index_key": 0,
          "schema_version": 0,
          "attributes": {
            "arn": "arn:aws:ecr:eu-west-1:470942945617:repository/expert-iguana-ecr",
            "encryption_configuration": [
              {
                "encryption_type": "AES256",
                "kms_key": ""
              }
            ],
            "force_delete": true,
            "id": "expert-iguana-ecr",
            "image_scanning_configuration": [
              {
                "scan_on_push": true
              }
            ],
            "image_tag_mutability": "IMMUTABLE",
            "name": "expert-iguana-ecr",
            "registry_id": "470942945617",
            "repository_url": "470942945617.dkr.ecr.eu-west-1.amazonaws.com/expert-iguana-ecr",
            "tags": {},
            "tags_all": {},
            "timeouts": null
          },
          "sensitive_attributes": [],
          "private": "eyJlMmJmYjczMC1lY2FhLTExZTYtOGY4OC0zNDM2M2JjN2M0YzAiOnsiZGVsZXRlIjoxMjAwMDAwMDAwMDAwfX0=",
          "dependencies": [
            "module.lambda_example_container-image.random_pet.this"
          ],
          "create_before_destroy": true
        }
      ]
    },
    {
      "module": "module.lambda_example_container-image.module.ecr",
      "mode": "managed",
      "type": "aws_ecr_repository_policy",
      "name": "this",
      "provider": "module.lambda_example_container-image.provider[\"registry.terraform.io/hashicorp/aws\"]",
      "instances": [
        {
          "index_key": 0,
          "schema_version": 0,
          "attributes": {
            "id": "expert-iguana-ecr",
            "policy": "{\"Statement\":[{\"Action\":[\"ecr:ListTagsForResource\",\"ecr:ListImages\",\"ecr:GetRepositoryPolicy\",\"ecr:GetLifecyclePolicyPreview\",\"ecr:GetLifecyclePolicy\",\"ecr:GetDownloadUrlForLayer\",\"ecr:GetAuthorizationToken\",\"ecr:DescribeRepositories\",\"ecr:DescribeImages\",\"ecr:DescribeImageScanFindings\",\"ecr:BatchGetImage\",\"ecr:BatchCheckLayerAvailability\"],\"Effect\":\"Allow\",\"Principal\":{\"AWS\":\"arn:aws:iam::470942945617:root\"},\"Sid\":\"PrivateReadOnly\"},{\"Action\":[\"ecr:GetDownloadUrlForLayer\",\"ecr:BatchGetImage\"],\"Condition\":{\"StringLike\":{\"aws:sourceArn\":\"arn:aws:lambda:eu-west-1:470942945617:function:expert-iguana-lambda-with-docker-build-from-ecr\"}},\"Effect\":\"Allow\",\"Principal\":{\"Service\":\"lambda.amazonaws.com\"},\"Sid\":\"PrivateLambdaReadOnly\"}],\"Version\":\"2012-10-17\"}",
            "registry_id": "470942945617",
            "repository": "expert-iguana-ecr"
          },
          "sensitive_attributes": [],
          "private": "bnVsbA==",
          "dependencies": [
            "module.lambda_example_container-image.data.aws_caller_identity.this",
            "module.lambda_example_container-image.data.aws_ecr_authorization_token.token",
            "module.lambda_example_container-image.data.aws_region.current",
            "module.lambda_example_container-image.module.docker_build_from_ecr.aws_ecr_repository.this",
            "module.lambda_example_container-image.module.docker_build_from_ecr.data.aws_caller_identity.this",
            "module.lambda_example_container-image.module.docker_build_from_ecr.data.aws_region.current",
            "module.lambda_example_container-image.module.docker_build_from_ecr.docker_image.this",
            "module.lambda_example_container-image.module.docker_build_from_ecr.docker_registry_image.this",
            "module.lambda_example_container-image.module.ecr.aws_ecr_repository.this",
            "module.lambda_example_container-image.module.ecr.aws_ecrpublic_repository.this",
            "module.lambda_example_container-image.module.ecr.data.aws_caller_identity.current",
            "module.lambda_example_container-image.module.ecr.data.aws_iam_policy_document.repository",
            "module.lambda_example_container-image.module.ecr.data.aws_partition.current",
            "module.lambda_example_container-image.module.lambda_function_with_docker_build_from_ecr.aws_cloudwatch_log_group.lambda",
            "module.lambda_example_container-image.module.lambda_function_with_docker_build_from_ecr.aws_iam_policy.additional_inline",
            "module.lambda_example_container-image.module.lambda_function_with_docker_build_from_ecr.aws_iam_policy.additional_json",
            "module.lambda_example_container-image.module.lambda_function_with_docker_build_from_ecr.aws_iam_policy.additional_jsons",
            "module.lambda_example_container-image.module.lambda_function_with_docker_build_from_ecr.aws_iam_policy.async",
            "module.lambda_example_container-image.module.lambda_function_with_docker_build_from_ecr.aws_iam_policy.dead_letter",
            "module.lambda_example_container-image.module.lambda_function_with_docker_build_from_ecr.aws_iam_policy.logs",
            "module.lambda_example_container-image.module.lambda_function_with_docker_build_from_ecr.aws_iam_policy.tracing",
            "module.lambda_example_container-image.module.lambda_function_with_docker_build_from_ecr.aws_iam_policy.vpc",
            "module.lambda_example_container-image.module.lambda_function_with_docker_build_from_ecr.aws_iam_role.lambda",
            "module.lambda_example_container-image.module.lambda_function_with_docker_build_from_ecr.aws_iam_role_policy_attachment.additional_inline",
            "module.lambda_example_container-image.module.lambda_function_with_docker_build_from_ecr.aws_iam_role_policy_attachment.additional_json",
            "module.lambda_example_container-image.module.lambda_function_with_docker_build_from_ecr.aws_iam_role_policy_attachment.additional_jsons",
            "module.lambda_example_container-image.module.lambda_function_with_docker_build_from_ecr.aws_iam_role_policy_attachment.additional_many",
            "module.lambda_example_container-image.module.lambda_function_with_docker_build_from_ecr.aws_iam_role_policy_attachment.additional_one",
            "module.lambda_example_container-image.module.lambda_function_with_docker_build_from_ecr.aws_iam_role_policy_attachment.async",
            "module.lambda_example_container-image.module.lambda_function_with_docker_build_from_ecr.aws_iam_role_policy_attachment.dead_letter",
            "module.lambda_example_container-image.module.lambda_function_with_docker_build_from_ecr.aws_iam_role_policy_attachment.logs",
            "module.lambda_example_container-image.module.lambda_function_with_docker_build_from_ecr.aws_iam_role_policy_attachment.tracing",
            "module.lambda_example_container-image.module.lambda_function_with_docker_build_from_ecr.aws_iam_role_policy_attachment.vpc",
            "module.lambda_example_container-image.module.lambda_function_with_docker_build_from_ecr.aws_lambda_function.this",
            "module.lambda_example_container-image.module.lambda_function_with_docker_build_from_ecr.aws_s3_object.lambda_package",
            "module.lambda_example_container-image.module.lambda_function_with_docker_build_from_ecr.data.aws_arn.log_group_arn",
            "module.lambda_example_container-image.module.lambda_function_with_docker_build_from_ecr.data.aws_cloudwatch_log_group.lambda",
            "module.lambda_example_container-image.module.lambda_function_with_docker_build_from_ecr.data.aws_iam_policy.tracing",
            "module.lambda_example_container-image.module.lambda_function_with_docker_build_from_ecr.data.aws_iam_policy.vpc",
            "module.lambda_example_container-image.module.lambda_function_with_docker_build_from_ecr.data.aws_iam_policy_document.additional_inline",
            "module.lambda_example_container-image.module.lambda_function_with_docker_build_from_ecr.data.aws_iam_policy_document.assume_role",
            "module.lambda_example_container-image.module.lambda_function_with_docker_build_from_ecr.data.aws_iam_policy_document.async",
            "module.lambda_example_container-image.module.lambda_function_with_docker_build_from_ecr.data.aws_iam_policy_document.dead_letter",
            "module.lambda_example_container-image.module.lambda_function_with_docker_build_from_ecr.data.aws_iam_policy_document.logs",
            "module.lambda_example_container-image.module.lambda_function_with_docker_build_from_ecr.data.aws_partition.current",
            "module.lambda_example_container-image.module.lambda_function_with_docker_build_from_ecr.data.external.archive_prepare",
            "module.lambda_example_container-image.module.lambda_function_with_docker_build_from_ecr.local_file.archive_plan",
            "module.lambda_example_container-image.module.lambda_function_with_docker_build_from_ecr.null_resource.archive",
            "module.lambda_example_container-image.random_pet.this"
          ]
        }
      ]
    },
    {
      "module": "module.lambda_example_container-image.module.lambda_function_with_docker_build",
      "mode": "data",
      "type": "aws_caller_identity",
      "name": "current",
      "provider": "module.lambda_example_container-image.provider[\"registry.terraform.io/hashicorp/aws\"]",
      "instances": [
        {
          "schema_version": 0,
          "attributes": {
            "account_id": "470942945617",
            "arn": "arn:aws:iam::470942945617:user/Terraform",
            "id": "470942945617",
            "user_id": "AIDAW3JTDCFIVADYJ2SCP"
          },
          "sensitive_attributes": []
        }
      ]
    },
    {
      "module": "module.lambda_example_container-image.module.lambda_function_with_docker_build",
      "mode": "data",
      "type": "aws_iam_policy_document",
      "name": "assume_role",
      "provider": "module.lambda_example_container-image.provider[\"registry.terraform.io/hashicorp/aws\"]",
      "instances": [
        {
          "index_key": 0,
          "schema_version": 0,
          "attributes": {
            "id": "2690255455",
            "json": "{\n  \"Version\": \"2012-10-17\",\n  \"Statement\": [\n    {\n      \"Effect\": \"Allow\",\n      \"Action\": \"sts:AssumeRole\",\n      \"Principal\": {\n        \"Service\": \"lambda.amazonaws.com\"\n      }\n    }\n  ]\n}",
            "minified_json": "{\"Version\":\"2012-10-17\",\"Statement\":[{\"Effect\":\"Allow\",\"Action\":\"sts:AssumeRole\",\"Principal\":{\"Service\":\"lambda.amazonaws.com\"}}]}",
            "override_json": null,
            "override_policy_documents": null,
            "policy_id": null,
            "source_json": null,
            "source_policy_documents": null,
            "statement": [
              {
                "actions": [
                  "sts:AssumeRole"
                ],
                "condition": [],
                "effect": "Allow",
                "not_actions": [],
                "not_principals": [],
                "not_resources": [],
                "principals": [
                  {
                    "identifiers": [
                      "lambda.amazonaws.com"
                    ],
                    "type": "Service"
                  }
                ],
                "resources": [],
                "sid": ""
              }
            ],
            "version": "2012-10-17"
          },
          "sensitive_attributes": []
        }
      ]
    },
    {
      "module": "module.lambda_example_container-image.module.lambda_function_with_docker_build",
      "mode": "data",
      "type": "aws_iam_policy_document",
      "name": "logs",
      "provider": "module.lambda_example_container-image.provider[\"registry.terraform.io/hashicorp/aws\"]",
      "instances": [
        {
          "index_key": 0,
          "schema_version": 0,
          "attributes": {
            "id": "598973222",
            "json": "{\n  \"Version\": \"2012-10-17\",\n  \"Statement\": [\n    {\n      \"Effect\": \"Allow\",\n      \"Action\": [\n        \"logs:PutLogEvents\",\n        \"logs:CreateLogStream\",\n        \"logs:CreateLogGroup\"\n      ],\n      \"Resource\": [\n        \"arn:aws:logs:eu-west-1:470942945617:log-group:/aws/lambda/expert-iguana-lambda-with-docker-build:*:*\",\n        \"arn:aws:logs:eu-west-1:470942945617:log-group:/aws/lambda/expert-iguana-lambda-with-docker-build:*\"\n      ]\n    }\n  ]\n}",
            "minified_json": "{\"Version\":\"2012-10-17\",\"Statement\":[{\"Effect\":\"Allow\",\"Action\":[\"logs:PutLogEvents\",\"logs:CreateLogStream\",\"logs:CreateLogGroup\"],\"Resource\":[\"arn:aws:logs:eu-west-1:470942945617:log-group:/aws/lambda/expert-iguana-lambda-with-docker-build:*:*\",\"arn:aws:logs:eu-west-1:470942945617:log-group:/aws/lambda/expert-iguana-lambda-with-docker-build:*\"]}]}",
            "override_json": null,
            "override_policy_documents": null,
            "policy_id": null,
            "source_json": null,
            "source_policy_documents": null,
            "statement": [
              {
                "actions": [
                  "logs:CreateLogGroup",
                  "logs:CreateLogStream",
                  "logs:PutLogEvents"
                ],
                "condition": [],
                "effect": "Allow",
                "not_actions": [],
                "not_principals": [],
                "not_resources": [],
                "principals": [],
                "resources": [
                  "arn:aws:logs:eu-west-1:470942945617:log-group:/aws/lambda/expert-iguana-lambda-with-docker-build:*",
                  "arn:aws:logs:eu-west-1:470942945617:log-group:/aws/lambda/expert-iguana-lambda-with-docker-build:*:*"
                ],
                "sid": ""
              }
            ],
            "version": "2012-10-17"
          },
          "sensitive_attributes": []
        }
      ]
    },
    {
      "module": "module.lambda_example_container-image.module.lambda_function_with_docker_build",
      "mode": "data",
      "type": "aws_partition",
      "name": "current",
      "provider": "module.lambda_example_container-image.provider[\"registry.terraform.io/hashicorp/aws\"]",
      "instances": [
        {
          "schema_version": 0,
          "attributes": {
            "dns_suffix": "amazonaws.com",
            "id": "aws",
            "partition": "aws",
            "reverse_dns_prefix": "com.amazonaws"
          },
          "sensitive_attributes": []
        }
      ]
    },
    {
      "module": "module.lambda_example_container-image.module.lambda_function_with_docker_build",
      "mode": "data",
      "type": "aws_region",
      "name": "current",
      "provider": "module.lambda_example_container-image.provider[\"registry.terraform.io/hashicorp/aws\"]",
      "instances": [
        {
          "schema_version": 0,
          "attributes": {
            "description": "Europe (Ireland)",
            "endpoint": "ec2.eu-west-1.amazonaws.com",
            "id": "eu-west-1",
            "name": "eu-west-1"
          },
          "sensitive_attributes": []
        }
      ]
    },
    {
      "module": "module.lambda_example_container-image.module.lambda_function_with_docker_build",
      "mode": "managed",
      "type": "aws_cloudwatch_log_group",
      "name": "lambda",
      "provider": "module.lambda_example_container-image.provider[\"registry.terraform.io/hashicorp/aws\"]",
      "instances": [
        {
          "index_key": 0,
          "schema_version": 0,
          "attributes": {
            "arn": "arn:aws:logs:eu-west-1:470942945617:log-group:/aws/lambda/expert-iguana-lambda-with-docker-build",
            "id": "/aws/lambda/expert-iguana-lambda-with-docker-build",
            "kms_key_id": "",
            "log_group_class": "STANDARD",
            "name": "/aws/lambda/expert-iguana-lambda-with-docker-build",
            "name_prefix": "",
            "retention_in_days": 0,
            "skip_destroy": false,
            "tags": {},
            "tags_all": {}
          },
          "sensitive_attributes": [],
          "private": "bnVsbA==",
          "dependencies": [
            "module.lambda_example_container-image.random_pet.this"
          ],
          "create_before_destroy": true
        }
      ]
    },
    {
      "module": "module.lambda_example_container-image.module.lambda_function_with_docker_build",
      "mode": "managed",
      "type": "aws_iam_policy",
      "name": "logs",
      "provider": "module.lambda_example_container-image.provider[\"registry.terraform.io/hashicorp/aws\"]",
      "instances": [
        {
          "index_key": 0,
          "schema_version": 0,
          "attributes": {
            "arn": "arn:aws:iam::470942945617:policy/expert-iguana-lambda-with-docker-build-logs",
            "attachment_count": 1,
            "description": "",
            "id": "arn:aws:iam::470942945617:policy/expert-iguana-lambda-with-docker-build-logs",
            "name": "expert-iguana-lambda-with-docker-build-logs",
            "name_prefix": "",
            "path": "/",
            "policy": "{\"Statement\":[{\"Action\":[\"logs:PutLogEvents\",\"logs:CreateLogStream\",\"logs:CreateLogGroup\"],\"Effect\":\"Allow\",\"Resource\":[\"arn:aws:logs:eu-west-1:470942945617:log-group:/aws/lambda/expert-iguana-lambda-with-docker-build:*:*\",\"arn:aws:logs:eu-west-1:470942945617:log-group:/aws/lambda/expert-iguana-lambda-with-docker-build:*\"]}],\"Version\":\"2012-10-17\"}",
            "policy_id": "ANPAW3JTDCFITKVFMWYNS",
            "tags": {},
            "tags_all": {}
          },
          "sensitive_attributes": [],
          "private": "bnVsbA==",
          "dependencies": [
            "module.lambda_example_container-image.module.lambda_function_with_docker_build.aws_cloudwatch_log_group.lambda",
            "module.lambda_example_container-image.module.lambda_function_with_docker_build.data.aws_arn.log_group_arn",
            "module.lambda_example_container-image.module.lambda_function_with_docker_build.data.aws_cloudwatch_log_group.lambda",
            "module.lambda_example_container-image.module.lambda_function_with_docker_build.data.aws_iam_policy_document.logs",
            "module.lambda_example_container-image.random_pet.this"
          ],
          "create_before_destroy": true
        }
      ]
    },
    {
      "module": "module.lambda_example_container-image.module.lambda_function_with_docker_build",
      "mode": "managed",
      "type": "aws_iam_role",
      "name": "lambda",
      "provider": "module.lambda_example_container-image.provider[\"registry.terraform.io/hashicorp/aws\"]",
      "instances": [
        {
          "index_key": 0,
          "schema_version": 0,
          "attributes": {
            "arn": "arn:aws:iam::470942945617:role/expert-iguana-lambda-with-docker-build",
            "assume_role_policy": "{\"Statement\":[{\"Action\":\"sts:AssumeRole\",\"Effect\":\"Allow\",\"Principal\":{\"Service\":\"lambda.amazonaws.com\"}}],\"Version\":\"2012-10-17\"}",
            "create_date": "2024-10-17T22:40:43Z",
            "description": "",
            "force_detach_policies": true,
            "id": "expert-iguana-lambda-with-docker-build",
            "inline_policy": [],
            "managed_policy_arns": [
              "arn:aws:iam::470942945617:policy/expert-iguana-lambda-with-docker-build-logs"
            ],
            "max_session_duration": 3600,
            "name": "expert-iguana-lambda-with-docker-build",
            "name_prefix": "",
            "path": "/",
            "permissions_boundary": "",
            "tags": {},
            "tags_all": {},
            "unique_id": "AROAW3JTDCFIQABBRSCXJ"
          },
          "sensitive_attributes": [],
          "private": "bnVsbA==",
          "dependencies": [
            "module.lambda_example_container-image.module.lambda_function_with_docker_build.data.aws_iam_policy_document.assume_role",
            "module.lambda_example_container-image.random_pet.this"
          ],
          "create_before_destroy": true
        }
      ]
    },
    {
      "module": "module.lambda_example_container-image.module.lambda_function_with_docker_build",
      "mode": "managed",
      "type": "aws_iam_role_policy_attachment",
      "name": "logs",
      "provider": "module.lambda_example_container-image.provider[\"registry.terraform.io/hashicorp/aws\"]",
      "instances": [
        {
          "index_key": 0,
          "schema_version": 0,
          "attributes": {
            "id": "expert-iguana-lambda-with-docker-build-20241017224044646200000002",
            "policy_arn": "arn:aws:iam::470942945617:policy/expert-iguana-lambda-with-docker-build-logs",
            "role": "expert-iguana-lambda-with-docker-build"
          },
          "sensitive_attributes": [],
          "private": "bnVsbA==",
          "dependencies": [
            "module.lambda_example_container-image.module.lambda_function_with_docker_build.aws_cloudwatch_log_group.lambda",
            "module.lambda_example_container-image.module.lambda_function_with_docker_build.aws_iam_policy.logs",
            "module.lambda_example_container-image.module.lambda_function_with_docker_build.aws_iam_role.lambda",
            "module.lambda_example_container-image.module.lambda_function_with_docker_build.data.aws_arn.log_group_arn",
            "module.lambda_example_container-image.module.lambda_function_with_docker_build.data.aws_cloudwatch_log_group.lambda",
            "module.lambda_example_container-image.module.lambda_function_with_docker_build.data.aws_iam_policy_document.assume_role",
            "module.lambda_example_container-image.module.lambda_function_with_docker_build.data.aws_iam_policy_document.logs",
            "module.lambda_example_container-image.random_pet.this"
          ],
          "create_before_destroy": true
        }
      ]
    },
    {
      "module": "module.lambda_example_container-image.module.lambda_function_with_docker_build",
      "mode": "managed",
      "type": "aws_lambda_function",
      "name": "this",
      "provider": "module.lambda_example_container-image.provider[\"registry.terraform.io/hashicorp/aws\"]",
      "instances": [
        {
          "index_key": 0,
          "schema_version": 0,
          "attributes": {
            "architectures": [
              "arm64"
            ],
            "arn": "arn:aws:lambda:eu-west-1:470942945617:function:expert-iguana-lambda-with-docker-build",
            "code_sha256": "303c08225221c2f1e531325f6d55f88a41fb4371f61db1a21c934b3dc8c26450",
            "code_signing_config_arn": "",
            "dead_letter_config": [],
            "description": "My awesome lambda function with container image by modules/docker-build",
            "environment": [],
            "ephemeral_storage": [
              {
                "size": 512
              }
            ],
            "file_system_config": [],
            "filename": null,
            "function_name": "expert-iguana-lambda-with-docker-build",
            "handler": "",
            "id": "expert-iguana-lambda-with-docker-build",
            "image_config": [],
            "image_uri": "470942945617.dkr.ecr.eu-west-1.amazonaws.com/expert-iguana@sha256:303c08225221c2f1e531325f6d55f88a41fb4371f61db1a21c934b3dc8c26450",
            "invoke_arn": "arn:aws:apigateway:eu-west-1:lambda:path/2015-03-31/functions/arn:aws:lambda:eu-west-1:470942945617:function:expert-iguana-lambda-with-docker-build/invocations",
            "kms_key_arn": "",
            "last_modified": "2024-10-17T22:40:52.712+0000",
            "layers": [],
            "logging_config": [
              {
                "application_log_level": "",
                "log_format": "Text",
                "log_group": "/aws/lambda/expert-iguana-lambda-with-docker-build",
                "system_log_level": ""
              }
            ],
            "memory_size": 128,
            "package_type": "Image",
            "publish": false,
            "qualified_arn": "arn:aws:lambda:eu-west-1:470942945617:function:expert-iguana-lambda-with-docker-build:$LATEST",
            "qualified_invoke_arn": "arn:aws:apigateway:eu-west-1:lambda:path/2015-03-31/functions/arn:aws:lambda:eu-west-1:470942945617:function:expert-iguana-lambda-with-docker-build:$LATEST/invocations",
            "replace_security_groups_on_destroy": null,
            "replacement_security_group_ids": null,
            "reserved_concurrent_executions": -1,
            "role": "arn:aws:iam::470942945617:role/expert-iguana-lambda-with-docker-build",
            "runtime": "",
            "s3_bucket": null,
            "s3_key": null,
            "s3_object_version": null,
            "signing_job_arn": "",
            "signing_profile_version_arn": "",
            "skip_destroy": false,
            "snap_start": [],
            "source_code_hash": "",
            "source_code_size": 0,
            "tags": {
              "terraform-aws-modules": "lambda"
            },
            "tags_all": {
              "terraform-aws-modules": "lambda"
            },
            "timeout": 3,
            "timeouts": null,
            "tracing_config": [
              {
                "mode": "PassThrough"
              }
            ],
            "version": "$LATEST",
            "vpc_config": []
          },
          "sensitive_attributes": [],
          "private": "eyJlMmJmYjczMC1lY2FhLTExZTYtOGY4OC0zNDM2M2JjN2M0YzAiOnsiY3JlYXRlIjo2MDAwMDAwMDAwMDAsImRlbGV0ZSI6NjAwMDAwMDAwMDAwLCJ1cGRhdGUiOjYwMDAwMDAwMDAwMH19",
          "dependencies": [
            "module.lambda_example_container-image.data.aws_caller_identity.this",
            "module.lambda_example_container-image.data.aws_ecr_authorization_token.token",
            "module.lambda_example_container-image.data.aws_region.current",
            "module.lambda_example_container-image.module.docker_build.aws_ecr_repository.this",
            "module.lambda_example_container-image.module.docker_build.data.aws_caller_identity.this",
            "module.lambda_example_container-image.module.docker_build.data.aws_region.current",
            "module.lambda_example_container-image.module.docker_build.docker_image.this",
            "module.lambda_example_container-image.module.docker_build.docker_registry_image.this",
            "module.lambda_example_container-image.module.lambda_function_with_docker_build.aws_cloudwatch_log_group.lambda",
            "module.lambda_example_container-image.module.lambda_function_with_docker_build.aws_iam_policy.additional_inline",
            "module.lambda_example_container-image.module.lambda_function_with_docker_build.aws_iam_policy.additional_json",
            "module.lambda_example_container-image.module.lambda_function_with_docker_build.aws_iam_policy.additional_jsons",
            "module.lambda_example_container-image.module.lambda_function_with_docker_build.aws_iam_policy.async",
            "module.lambda_example_container-image.module.lambda_function_with_docker_build.aws_iam_policy.dead_letter",
            "module.lambda_example_container-image.module.lambda_function_with_docker_build.aws_iam_policy.logs",
            "module.lambda_example_container-image.module.lambda_function_with_docker_build.aws_iam_policy.tracing",
            "module.lambda_example_container-image.module.lambda_function_with_docker_build.aws_iam_policy.vpc",
            "module.lambda_example_container-image.module.lambda_function_with_docker_build.aws_iam_role.lambda",
            "module.lambda_example_container-image.module.lambda_function_with_docker_build.aws_iam_role_policy_attachment.additional_inline",
            "module.lambda_example_container-image.module.lambda_function_with_docker_build.aws_iam_role_policy_attachment.additional_json",
            "module.lambda_example_container-image.module.lambda_function_with_docker_build.aws_iam_role_policy_attachment.additional_jsons",
            "module.lambda_example_container-image.module.lambda_function_with_docker_build.aws_iam_role_policy_attachment.additional_many",
            "module.lambda_example_container-image.module.lambda_function_with_docker_build.aws_iam_role_policy_attachment.additional_one",
            "module.lambda_example_container-image.module.lambda_function_with_docker_build.aws_iam_role_policy_attachment.async",
            "module.lambda_example_container-image.module.lambda_function_with_docker_build.aws_iam_role_policy_attachment.dead_letter",
            "module.lambda_example_container-image.module.lambda_function_with_docker_build.aws_iam_role_policy_attachment.logs",
            "module.lambda_example_container-image.module.lambda_function_with_docker_build.aws_iam_role_policy_attachment.tracing",
            "module.lambda_example_container-image.module.lambda_function_with_docker_build.aws_iam_role_policy_attachment.vpc",
            "module.lambda_example_container-image.module.lambda_function_with_docker_build.aws_s3_object.lambda_package",
            "module.lambda_example_container-image.module.lambda_function_with_docker_build.data.aws_arn.log_group_arn",
            "module.lambda_example_container-image.module.lambda_function_with_docker_build.data.aws_cloudwatch_log_group.lambda",
            "module.lambda_example_container-image.module.lambda_function_with_docker_build.data.aws_iam_policy.tracing",
            "module.lambda_example_container-image.module.lambda_function_with_docker_build.data.aws_iam_policy.vpc",
            "module.lambda_example_container-image.module.lambda_function_with_docker_build.data.aws_iam_policy_document.additional_inline",
            "module.lambda_example_container-image.module.lambda_function_with_docker_build.data.aws_iam_policy_document.assume_role",
            "module.lambda_example_container-image.module.lambda_function_with_docker_build.data.aws_iam_policy_document.async",
            "module.lambda_example_container-image.module.lambda_function_with_docker_build.data.aws_iam_policy_document.dead_letter",
            "module.lambda_example_container-image.module.lambda_function_with_docker_build.data.aws_iam_policy_document.logs",
            "module.lambda_example_container-image.module.lambda_function_with_docker_build.data.aws_partition.current",
            "module.lambda_example_container-image.module.lambda_function_with_docker_build.data.external.archive_prepare",
            "module.lambda_example_container-image.module.lambda_function_with_docker_build.local_file.archive_plan",
            "module.lambda_example_container-image.module.lambda_function_with_docker_build.null_resource.archive",
            "module.lambda_example_container-image.random_pet.this"
          ],
          "create_before_destroy": true
        }
      ]
    },
    {
      "module": "module.lambda_example_container-image.module.lambda_function_with_docker_build_from_ecr",
      "mode": "data",
      "type": "aws_caller_identity",
      "name": "current",
      "provider": "module.lambda_example_container-image.provider[\"registry.terraform.io/hashicorp/aws\"]",
      "instances": [
        {
          "schema_version": 0,
          "attributes": {
            "account_id": "470942945617",
            "arn": "arn:aws:iam::470942945617:user/Terraform",
            "id": "470942945617",
            "user_id": "AIDAW3JTDCFIVADYJ2SCP"
          },
          "sensitive_attributes": []
        }
      ]
    },
    {
      "module": "module.lambda_example_container-image.module.lambda_function_with_docker_build_from_ecr",
      "mode": "data",
      "type": "aws_iam_policy_document",
      "name": "assume_role",
      "provider": "module.lambda_example_container-image.provider[\"registry.terraform.io/hashicorp/aws\"]",
      "instances": [
        {
          "index_key": 0,
          "schema_version": 0,
          "attributes": {
            "id": "2690255455",
            "json": "{\n  \"Version\": \"2012-10-17\",\n  \"Statement\": [\n    {\n      \"Effect\": \"Allow\",\n      \"Action\": \"sts:AssumeRole\",\n      \"Principal\": {\n        \"Service\": \"lambda.amazonaws.com\"\n      }\n    }\n  ]\n}",
            "minified_json": "{\"Version\":\"2012-10-17\",\"Statement\":[{\"Effect\":\"Allow\",\"Action\":\"sts:AssumeRole\",\"Principal\":{\"Service\":\"lambda.amazonaws.com\"}}]}",
            "override_json": null,
            "override_policy_documents": null,
            "policy_id": null,
            "source_json": null,
            "source_policy_documents": null,
            "statement": [
              {
                "actions": [
                  "sts:AssumeRole"
                ],
                "condition": [],
                "effect": "Allow",
                "not_actions": [],
                "not_principals": [],
                "not_resources": [],
                "principals": [
                  {
                    "identifiers": [
                      "lambda.amazonaws.com"
                    ],
                    "type": "Service"
                  }
                ],
                "resources": [],
                "sid": ""
              }
            ],
            "version": "2012-10-17"
          },
          "sensitive_attributes": []
        }
      ]
    },
    {
      "module": "module.lambda_example_container-image.module.lambda_function_with_docker_build_from_ecr",
      "mode": "data",
      "type": "aws_iam_policy_document",
      "name": "logs",
      "provider": "module.lambda_example_container-image.provider[\"registry.terraform.io/hashicorp/aws\"]",
      "instances": [
        {
          "index_key": 0,
          "schema_version": 0,
          "attributes": {
            "id": "4030626111",
            "json": "{\n  \"Version\": \"2012-10-17\",\n  \"Statement\": [\n    {\n      \"Effect\": \"Allow\",\n      \"Action\": [\n        \"logs:PutLogEvents\",\n        \"logs:CreateLogStream\",\n        \"logs:CreateLogGroup\"\n      ],\n      \"Resource\": [\n        \"arn:aws:logs:eu-west-1:470942945617:log-group:/aws/lambda/expert-iguana-lambda-with-docker-build-from-ecr:*:*\",\n        \"arn:aws:logs:eu-west-1:470942945617:log-group:/aws/lambda/expert-iguana-lambda-with-docker-build-from-ecr:*\"\n      ]\n    }\n  ]\n}",
            "minified_json": "{\"Version\":\"2012-10-17\",\"Statement\":[{\"Effect\":\"Allow\",\"Action\":[\"logs:PutLogEvents\",\"logs:CreateLogStream\",\"logs:CreateLogGroup\"],\"Resource\":[\"arn:aws:logs:eu-west-1:470942945617:log-group:/aws/lambda/expert-iguana-lambda-with-docker-build-from-ecr:*:*\",\"arn:aws:logs:eu-west-1:470942945617:log-group:/aws/lambda/expert-iguana-lambda-with-docker-build-from-ecr:*\"]}]}",
            "override_json": null,
            "override_policy_documents": null,
            "policy_id": null,
            "source_json": null,
            "source_policy_documents": null,
            "statement": [
              {
                "actions": [
                  "logs:CreateLogGroup",
                  "logs:CreateLogStream",
                  "logs:PutLogEvents"
                ],
                "condition": [],
                "effect": "Allow",
                "not_actions": [],
                "not_principals": [],
                "not_resources": [],
                "principals": [],
                "resources": [
                  "arn:aws:logs:eu-west-1:470942945617:log-group:/aws/lambda/expert-iguana-lambda-with-docker-build-from-ecr:*",
                  "arn:aws:logs:eu-west-1:470942945617:log-group:/aws/lambda/expert-iguana-lambda-with-docker-build-from-ecr:*:*"
                ],
                "sid": ""
              }
            ],
            "version": "2012-10-17"
          },
          "sensitive_attributes": []
        }
      ]
    },
    {
      "module": "module.lambda_example_container-image.module.lambda_function_with_docker_build_from_ecr",
      "mode": "data",
      "type": "aws_partition",
      "name": "current",
      "provider": "module.lambda_example_container-image.provider[\"registry.terraform.io/hashicorp/aws\"]",
      "instances": [
        {
          "schema_version": 0,
          "attributes": {
            "dns_suffix": "amazonaws.com",
            "id": "aws",
            "partition": "aws",
            "reverse_dns_prefix": "com.amazonaws"
          },
          "sensitive_attributes": []
        }
      ]
    },
    {
      "module": "module.lambda_example_container-image.module.lambda_function_with_docker_build_from_ecr",
      "mode": "data",
      "type": "aws_region",
      "name": "current",
      "provider": "module.lambda_example_container-image.provider[\"registry.terraform.io/hashicorp/aws\"]",
      "instances": [
        {
          "schema_version": 0,
          "attributes": {
            "description": "Europe (Ireland)",
            "endpoint": "ec2.eu-west-1.amazonaws.com",
            "id": "eu-west-1",
            "name": "eu-west-1"
          },
          "sensitive_attributes": []
        }
      ]
    },
    {
      "module": "module.lambda_example_container-image.module.lambda_function_with_docker_build_from_ecr",
      "mode": "managed",
      "type": "aws_cloudwatch_log_group",
      "name": "lambda",
      "provider": "module.lambda_example_container-image.provider[\"registry.terraform.io/hashicorp/aws\"]",
      "instances": [
        {
          "index_key": 0,
          "schema_version": 0,
          "attributes": {
            "arn": "arn:aws:logs:eu-west-1:470942945617:log-group:/aws/lambda/expert-iguana-lambda-with-docker-build-from-ecr",
            "id": "/aws/lambda/expert-iguana-lambda-with-docker-build-from-ecr",
            "kms_key_id": "",
            "log_group_class": "STANDARD",
            "name": "/aws/lambda/expert-iguana-lambda-with-docker-build-from-ecr",
            "name_prefix": "",
            "retention_in_days": 0,
            "skip_destroy": false,
            "tags": {},
            "tags_all": {}
          },
          "sensitive_attributes": [],
          "private": "bnVsbA==",
          "dependencies": [
            "module.lambda_example_container-image.random_pet.this"
          ],
          "create_before_destroy": true
        }
      ]
    },
    {
      "module": "module.lambda_example_container-image.module.lambda_function_with_docker_build_from_ecr",
      "mode": "managed",
      "type": "aws_iam_policy",
      "name": "logs",
      "provider": "module.lambda_example_container-image.provider[\"registry.terraform.io/hashicorp/aws\"]",
      "instances": [
        {
          "index_key": 0,
          "schema_version": 0,
          "attributes": {
            "arn": "arn:aws:iam::470942945617:policy/expert-iguana-lambda-with-docker-build-from-ecr-logs",
            "attachment_count": 1,
            "description": "",
            "id": "arn:aws:iam::470942945617:policy/expert-iguana-lambda-with-docker-build-from-ecr-logs",
            "name": "expert-iguana-lambda-with-docker-build-from-ecr-logs",
            "name_prefix": "",
            "path": "/",
            "policy": "{\"Statement\":[{\"Action\":[\"logs:PutLogEvents\",\"logs:CreateLogStream\",\"logs:CreateLogGroup\"],\"Effect\":\"Allow\",\"Resource\":[\"arn:aws:logs:eu-west-1:470942945617:log-group:/aws/lambda/expert-iguana-lambda-with-docker-build-from-ecr:*:*\",\"arn:aws:logs:eu-west-1:470942945617:log-group:/aws/lambda/expert-iguana-lambda-with-docker-build-from-ecr:*\"]}],\"Version\":\"2012-10-17\"}",
            "policy_id": "ANPAW3JTDCFIR3FL4W7IX",
            "tags": {},
            "tags_all": {}
          },
          "sensitive_attributes": [],
          "private": "bnVsbA==",
          "dependencies": [
            "module.lambda_example_container-image.module.lambda_function_with_docker_build_from_ecr.aws_cloudwatch_log_group.lambda",
            "module.lambda_example_container-image.module.lambda_function_with_docker_build_from_ecr.data.aws_arn.log_group_arn",
            "module.lambda_example_container-image.module.lambda_function_with_docker_build_from_ecr.data.aws_cloudwatch_log_group.lambda",
            "module.lambda_example_container-image.module.lambda_function_with_docker_build_from_ecr.data.aws_iam_policy_document.logs",
            "module.lambda_example_container-image.random_pet.this"
          ],
          "create_before_destroy": true
        }
      ]
    },
    {
      "module": "module.lambda_example_container-image.module.lambda_function_with_docker_build_from_ecr",
      "mode": "managed",
      "type": "aws_iam_role",
      "name": "lambda",
      "provider": "module.lambda_example_container-image.provider[\"registry.terraform.io/hashicorp/aws\"]",
      "instances": [
        {
          "index_key": 0,
          "schema_version": 0,
          "attributes": {
            "arn": "arn:aws:iam::470942945617:role/expert-iguana-lambda-with-docker-build-from-ecr",
            "assume_role_policy": "{\"Statement\":[{\"Action\":\"sts:AssumeRole\",\"Effect\":\"Allow\",\"Principal\":{\"Service\":\"lambda.amazonaws.com\"}}],\"Version\":\"2012-10-17\"}",
            "create_date": "2024-10-17T22:40:43Z",
            "description": "",
            "force_detach_policies": true,
            "id": "expert-iguana-lambda-with-docker-build-from-ecr",
            "inline_policy": [],
            "managed_policy_arns": [
              "arn:aws:iam::470942945617:policy/expert-iguana-lambda-with-docker-build-from-ecr-logs"
            ],
            "max_session_duration": 3600,
            "name": "expert-iguana-lambda-with-docker-build-from-ecr",
            "name_prefix": "",
            "path": "/",
            "permissions_boundary": "",
            "tags": {},
            "tags_all": {},
            "unique_id": "AROAW3JTDCFIRPSINTXUZ"
          },
          "sensitive_attributes": [],
          "private": "bnVsbA==",
          "dependencies": [
            "module.lambda_example_container-image.module.lambda_function_with_docker_build_from_ecr.data.aws_iam_policy_document.assume_role",
            "module.lambda_example_container-image.random_pet.this"
          ],
          "create_before_destroy": true
        }
      ]
    },
    {
      "module": "module.lambda_example_container-image.module.lambda_function_with_docker_build_from_ecr",
      "mode": "managed",
      "type": "aws_iam_role_policy_attachment",
      "name": "logs",
      "provider": "module.lambda_example_container-image.provider[\"registry.terraform.io/hashicorp/aws\"]",
      "instances": [
        {
          "index_key": 0,
          "schema_version": 0,
          "attributes": {
            "id": "expert-iguana-lambda-with-docker-build-from-ecr-20241017224044509700000001",
            "policy_arn": "arn:aws:iam::470942945617:policy/expert-iguana-lambda-with-docker-build-from-ecr-logs",
            "role": "expert-iguana-lambda-with-docker-build-from-ecr"
          },
          "sensitive_attributes": [],
          "private": "bnVsbA==",
          "dependencies": [
            "module.lambda_example_container-image.module.lambda_function_with_docker_build_from_ecr.aws_cloudwatch_log_group.lambda",
            "module.lambda_example_container-image.module.lambda_function_with_docker_build_from_ecr.aws_iam_policy.logs",
            "module.lambda_example_container-image.module.lambda_function_with_docker_build_from_ecr.aws_iam_role.lambda",
            "module.lambda_example_container-image.module.lambda_function_with_docker_build_from_ecr.data.aws_arn.log_group_arn",
            "module.lambda_example_container-image.module.lambda_function_with_docker_build_from_ecr.data.aws_cloudwatch_log_group.lambda",
            "module.lambda_example_container-image.module.lambda_function_with_docker_build_from_ecr.data.aws_iam_policy_document.assume_role",
            "module.lambda_example_container-image.module.lambda_function_with_docker_build_from_ecr.data.aws_iam_policy_document.logs",
            "module.lambda_example_container-image.random_pet.this"
          ],
          "create_before_destroy": true
        }
      ]
    },
    {
      "module": "module.lambda_example_container-image.module.lambda_function_with_docker_build_from_ecr",
      "mode": "managed",
      "type": "aws_lambda_function",
      "name": "this",
      "provider": "module.lambda_example_container-image.provider[\"registry.terraform.io/hashicorp/aws\"]",
      "instances": [
        {
          "index_key": 0,
          "schema_version": 0,
          "attributes": {
            "architectures": [
              "arm64"
            ],
            "arn": "arn:aws:lambda:eu-west-1:470942945617:function:expert-iguana-lambda-with-docker-build-from-ecr",
            "code_sha256": "303c08225221c2f1e531325f6d55f88a41fb4371f61db1a21c934b3dc8c26450",
            "code_signing_config_arn": "",
            "dead_letter_config": [],
            "description": "My awesome lambda function with container image by modules/docker-build and ECR repository created by terraform-aws-ecr module",
            "environment": [],
            "ephemeral_storage": [
              {
                "size": 512
              }
            ],
            "file_system_config": [],
            "filename": null,
            "function_name": "expert-iguana-lambda-with-docker-build-from-ecr",
            "handler": "",
            "id": "expert-iguana-lambda-with-docker-build-from-ecr",
            "image_config": [],
            "image_uri": "470942945617.dkr.ecr.eu-west-1.amazonaws.com/expert-iguana-ecr@sha256:303c08225221c2f1e531325f6d55f88a41fb4371f61db1a21c934b3dc8c26450",
            "invoke_arn": "arn:aws:apigateway:eu-west-1:lambda:path/2015-03-31/functions/arn:aws:lambda:eu-west-1:470942945617:function:expert-iguana-lambda-with-docker-build-from-ecr/invocations",
            "kms_key_arn": "",
            "last_modified": "2024-10-17T22:40:52.750+0000",
            "layers": [],
            "logging_config": [
              {
                "application_log_level": "",
                "log_format": "Text",
                "log_group": "/aws/lambda/expert-iguana-lambda-with-docker-build-from-ecr",
                "system_log_level": ""
              }
            ],
            "memory_size": 128,
            "package_type": "Image",
            "publish": false,
            "qualified_arn": "arn:aws:lambda:eu-west-1:470942945617:function:expert-iguana-lambda-with-docker-build-from-ecr:$LATEST",
            "qualified_invoke_arn": "arn:aws:apigateway:eu-west-1:lambda:path/2015-03-31/functions/arn:aws:lambda:eu-west-1:470942945617:function:expert-iguana-lambda-with-docker-build-from-ecr:$LATEST/invocations",
            "replace_security_groups_on_destroy": null,
            "replacement_security_group_ids": null,
            "reserved_concurrent_executions": -1,
            "role": "arn:aws:iam::470942945617:role/expert-iguana-lambda-with-docker-build-from-ecr",
            "runtime": "",
            "s3_bucket": null,
            "s3_key": null,
            "s3_object_version": null,
            "signing_job_arn": "",
            "signing_profile_version_arn": "",
            "skip_destroy": false,
            "snap_start": [],
            "source_code_hash": "",
            "source_code_size": 0,
            "tags": {
              "terraform-aws-modules": "lambda"
            },
            "tags_all": {
              "terraform-aws-modules": "lambda"
            },
            "timeout": 3,
            "timeouts": null,
            "tracing_config": [
              {
                "mode": "PassThrough"
              }
            ],
            "version": "$LATEST",
            "vpc_config": []
          },
          "sensitive_attributes": [],
          "private": "eyJlMmJmYjczMC1lY2FhLTExZTYtOGY4OC0zNDM2M2JjN2M0YzAiOnsiY3JlYXRlIjo2MDAwMDAwMDAwMDAsImRlbGV0ZSI6NjAwMDAwMDAwMDAwLCJ1cGRhdGUiOjYwMDAwMDAwMDAwMH19",
          "dependencies": [
            "module.lambda_example_container-image.data.aws_caller_identity.this",
            "module.lambda_example_container-image.data.aws_ecr_authorization_token.token",
            "module.lambda_example_container-image.data.aws_region.current",
            "module.lambda_example_container-image.module.docker_build_from_ecr.aws_ecr_repository.this",
            "module.lambda_example_container-image.module.docker_build_from_ecr.data.aws_caller_identity.this",
            "module.lambda_example_container-image.module.docker_build_from_ecr.data.aws_region.current",
            "module.lambda_example_container-image.module.docker_build_from_ecr.docker_image.this",
            "module.lambda_example_container-image.module.docker_build_from_ecr.docker_registry_image.this",
            "module.lambda_example_container-image.module.ecr.aws_ecr_repository.this",
            "module.lambda_example_container-image.module.ecr.aws_ecrpublic_repository.this",
            "module.lambda_example_container-image.module.lambda_function_with_docker_build_from_ecr.aws_cloudwatch_log_group.lambda",
            "module.lambda_example_container-image.module.lambda_function_with_docker_build_from_ecr.aws_iam_policy.additional_inline",
            "module.lambda_example_container-image.module.lambda_function_with_docker_build_from_ecr.aws_iam_policy.additional_json",
            "module.lambda_example_container-image.module.lambda_function_with_docker_build_from_ecr.aws_iam_policy.additional_jsons",
            "module.lambda_example_container-image.module.lambda_function_with_docker_build_from_ecr.aws_iam_policy.async",
            "module.lambda_example_container-image.module.lambda_function_with_docker_build_from_ecr.aws_iam_policy.dead_letter",
            "module.lambda_example_container-image.module.lambda_function_with_docker_build_from_ecr.aws_iam_policy.logs",
            "module.lambda_example_container-image.module.lambda_function_with_docker_build_from_ecr.aws_iam_policy.tracing",
            "module.lambda_example_container-image.module.lambda_function_with_docker_build_from_ecr.aws_iam_policy.vpc",
            "module.lambda_example_container-image.module.lambda_function_with_docker_build_from_ecr.aws_iam_role.lambda",
            "module.lambda_example_container-image.module.lambda_function_with_docker_build_from_ecr.aws_iam_role_policy_attachment.additional_inline",
            "module.lambda_example_container-image.module.lambda_function_with_docker_build_from_ecr.aws_iam_role_policy_attachment.additional_json",
            "module.lambda_example_container-image.module.lambda_function_with_docker_build_from_ecr.aws_iam_role_policy_attachment.additional_jsons",
            "module.lambda_example_container-image.module.lambda_function_with_docker_build_from_ecr.aws_iam_role_policy_attachment.additional_many",
            "module.lambda_example_container-image.module.lambda_function_with_docker_build_from_ecr.aws_iam_role_policy_attachment.additional_one",
            "module.lambda_example_container-image.module.lambda_function_with_docker_build_from_ecr.aws_iam_role_policy_attachment.async",
            "module.lambda_example_container-image.module.lambda_function_with_docker_build_from_ecr.aws_iam_role_policy_attachment.dead_letter",
            "module.lambda_example_container-image.module.lambda_function_with_docker_build_from_ecr.aws_iam_role_policy_attachment.logs",
            "module.lambda_example_container-image.module.lambda_function_with_docker_build_from_ecr.aws_iam_role_policy_attachment.tracing",
            "module.lambda_example_container-image.module.lambda_function_with_docker_build_from_ecr.aws_iam_role_policy_attachment.vpc",
            "module.lambda_example_container-image.module.lambda_function_with_docker_build_from_ecr.aws_s3_object.lambda_package",
            "module.lambda_example_container-image.module.lambda_function_with_docker_build_from_ecr.data.aws_arn.log_group_arn",
            "module.lambda_example_container-image.module.lambda_function_with_docker_build_from_ecr.data.aws_cloudwatch_log_group.lambda",
            "module.lambda_example_container-image.module.lambda_function_with_docker_build_from_ecr.data.aws_iam_policy.tracing",
            "module.lambda_example_container-image.module.lambda_function_with_docker_build_from_ecr.data.aws_iam_policy.vpc",
            "module.lambda_example_container-image.module.lambda_function_with_docker_build_from_ecr.data.aws_iam_policy_document.additional_inline",
            "module.lambda_example_container-image.module.lambda_function_with_docker_build_from_ecr.data.aws_iam_policy_document.assume_role",
            "module.lambda_example_container-image.module.lambda_function_with_docker_build_from_ecr.data.aws_iam_policy_document.async",
            "module.lambda_example_container-image.module.lambda_function_with_docker_build_from_ecr.data.aws_iam_policy_document.dead_letter",
            "module.lambda_example_container-image.module.lambda_function_with_docker_build_from_ecr.data.aws_iam_policy_document.logs",
            "module.lambda_example_container-image.module.lambda_function_with_docker_build_from_ecr.data.aws_partition.current",
            "module.lambda_example_container-image.module.lambda_function_with_docker_build_from_ecr.data.external.archive_prepare",
            "module.lambda_example_container-image.module.lambda_function_with_docker_build_from_ecr.local_file.archive_plan",
            "module.lambda_example_container-image.module.lambda_function_with_docker_build_from_ecr.null_resource.archive",
            "module.lambda_example_container-image.random_pet.this"
          ],
          "create_before_destroy": true
        }
      ]
    }
  ],
  "check_results": null
}
